{
    "version": 3,
    "terraform_version": "0.9.1",
    "serial": 5,
    "lineage": "8e73748a-f857-45f9-88f6-134490b86583",
    "modules": [
        {
            "path": [
                "root"
            ],
            "outputs": {},
            "resources": {
                "data.aws_route53_zone.primary": {
                    "type": "aws_route53_zone",
                    "depends_on": [],
                    "primary": {
                        "id": "Z1SF9WIPWYI9IH",
                        "attributes": {
                            "caller_reference": "52923508-F90B-0794-9770-78108F58D89A",
                            "comment": "Root domain",
                            "id": "Z1SF9WIPWYI9IH",
                            "name": "artrunde.com.",
                            "private_zone": "false",
                            "resource_record_set_count": "11",
                            "zone_id": "Z1SF9WIPWYI9IH"
                        },
                        "meta": {},
                        "tainted": false
                    },
                    "deposed": [],
                    "provider": ""
                }
            },
            "depends_on": []
        },
        {
            "path": [
                "root",
                "apis"
            ],
            "outputs": {},
            "resources": {},
            "depends_on": []
        },
        {
            "path": [
                "root",
                "custom_domain"
            ],
            "outputs": {
                "domain_name": {
                    "sensitive": false,
                    "type": "string",
                    "value": "api-rodin-dev.artrunde.com"
                }
            },
            "resources": {
                "aws_api_gateway_domain_name.api_domain_name": {
                    "type": "aws_api_gateway_domain_name",
                    "depends_on": [],
                    "primary": {
                        "id": "api-rodin-dev.artrunde.com",
                        "attributes": {
                            "certificate_arn": "arn:aws:acm:us-east-1:401237329133:certificate/890f1dd0-214f-48ab-a600-0e49942fbde5",
                            "certificate_name": "",
                            "certificate_upload_date": "2017-04-02T18:11:29Z",
                            "cloudfront_domain_name": "d1p7bts9p31ejz.cloudfront.net",
                            "cloudfront_zone_id": "Z2FDTNDATAQYW2",
                            "domain_name": "api-rodin-dev.artrunde.com",
                            "id": "api-rodin-dev.artrunde.com"
                        },
                        "meta": {},
                        "tainted": false
                    },
                    "deposed": [],
                    "provider": ""
                },
                "aws_route53_record.example": {
                    "type": "aws_route53_record",
                    "depends_on": [
                        "aws_api_gateway_domain_name.api_domain_name",
                        "aws_api_gateway_domain_name.api_domain_name",
                        "aws_api_gateway_domain_name.api_domain_name"
                    ],
                    "primary": {
                        "id": "Z1SF9WIPWYI9IH_api-rodin-dev.artrunde.com_A",
                        "attributes": {
                            "alias.#": "1",
                            "alias.1020636135.evaluate_target_health": "true",
                            "alias.1020636135.name": "d1p7bts9p31ejz.cloudfront.net",
                            "alias.1020636135.zone_id": "Z2FDTNDATAQYW2",
                            "fqdn": "api-rodin-dev.artrunde.com",
                            "health_check_id": "",
                            "id": "Z1SF9WIPWYI9IH_api-rodin-dev.artrunde.com_A",
                            "name": "api-rodin-dev.artrunde.com",
                            "records.#": "0",
                            "set_identifier": "",
                            "ttl": "0",
                            "type": "A",
                            "zone_id": "Z1SF9WIPWYI9IH"
                        },
                        "meta": {
                            "schema_version": "2"
                        },
                        "tainted": false
                    },
                    "deposed": [],
                    "provider": ""
                }
            },
            "depends_on": []
        },
        {
            "path": [
                "root",
                "mapping_version"
            ],
            "outputs": {},
            "resources": {},
            "depends_on": []
        },
        {
            "path": [
                "root",
                "v1"
            ],
            "outputs": {
                "api_lambda_integrations": {
                    "sensitive": false,
                    "type": "map",
                    "value": {
                        "c3gnas1d5f": "rodin_php_lambda_proxy_dev_1",
                        "jm12257toj": "rodin_php_lambda_proxy_dev_0"
                    }
                },
                "api_stage_map": {
                    "sensitive": false,
                    "type": "map",
                    "value": {
                        "c3gnas1d5f": "1",
                        "jm12257toj": "0"
                    }
                },
                "api_urls": {
                    "sensitive": false,
                    "type": "list",
                    "value": [
                        "https://jm12257toj.execute-api.eu-west-1.amazonaws.com/0/",
                        "https://c3gnas1d5f.execute-api.eu-west-1.amazonaws.com/1/"
                    ]
                }
            },
            "resources": {},
            "depends_on": []
        }
    ]
}
