{
    "version": 3,
    "terraform_version": "0.9.1",
    "serial": 3,
    "lineage": "433ad877-84ab-4ba4-9490-c79092ec0dd0",
    "modules": [
        {
            "path": [
                "root"
            ],
            "outputs": {},
            "resources": {
                "aws_api_gateway_rest_api.rodin_proxy_api": {
                    "type": "aws_api_gateway_rest_api",
                    "depends_on": [],
                    "primary": {
                        "id": "n5laipwfx3",
                        "attributes": {
                            "binary_media_types.#": "0",
                            "created_date": "2017-03-23T09:53:21Z",
                            "description": "",
                            "id": "n5laipwfx3",
                            "name": "rodin_api_dev",
                            "root_resource_id": "ik8svevboh"
                        },
                        "meta": {},
                        "tainted": false
                    },
                    "deposed": [],
                    "provider": ""
                }
            },
            "depends_on": []
        },
        {
            "path": [
                "root",
                "lambda"
            ],
            "outputs": {},
            "resources": {},
            "depends_on": []
        },
        {
            "path": [
                "root",
                "rodin_public_http_proxy_resource"
            ],
            "outputs": {},
            "resources": {},
            "depends_on": []
        }
    ]
}
