{
    "version": 3,
    "terraform_version": "0.9.1",
    "serial": 12,
    "lineage": "65311679-b1f2-4912-adb2-44ce3c89d0ad",
    "modules": [
        {
            "path": [
                "root"
            ],
            "outputs": {},
            "resources": {
                "aws_api_gateway_rest_api.rodin_proxy_api": {
                    "type": "aws_api_gateway_rest_api",
                    "depends_on": [],
                    "primary": {
                        "id": "l1kdmw1lv7",
                        "attributes": {
                            "binary_media_types.#": "0",
                            "created_date": "2017-03-23T09:38:35Z",
                            "description": "",
                            "id": "l1kdmw1lv7",
                            "name": "rodin_dev_api",
                            "root_resource_id": "2rmpfgicqg"
                        },
                        "meta": {},
                        "tainted": false
                    },
                    "deposed": [],
                    "provider": ""
                },
                "aws_iam_policy.rodin_policy_lambda": {
                    "type": "aws_iam_policy",
                    "depends_on": [],
                    "primary": {
                        "id": "arn:aws:iam::401237329133:policy/rodin_policy_dev",
                        "attributes": {
                            "arn": "arn:aws:iam::401237329133:policy/rodin_policy_dev",
                            "id": "arn:aws:iam::401237329133:policy/rodin_policy_dev",
                            "name": "rodin_policy_dev",
                            "path": "/",
                            "policy": "{\r\n  \"Version\": \"2012-10-17\",\r\n  \"Statement\": [\r\n    {\r\n      \"Sid\": \"AccessCloudwatchLogs\",\r\n      \"Action\": [\"logs:*\"],\r\n      \"Effect\": \"Allow\",\r\n      \"Resource\": \"arn:aws:logs:*:*:*\"\r\n    },\r\n    {\r\n      \"Sid\": \"RodinDevDynamoDBReadWrite\",\r\n      \"Effect\": \"Allow\",\r\n      \"Action\": [\r\n        \"dynamodb:BatchGetItem\",\r\n        \"dynamodb:Query\",\r\n        \"dynamodb:DeleteItem\",\r\n        \"dynamodb:GetItem\",\r\n        \"dynamodb:PutItem\",\r\n        \"dynamodb:UpdateItem\",\r\n        \"dynamodb:Scan\"\r\n        ],\r\n      \"Resource\": \"arn:aws:dynamodb:eu-west-1:401237329133:table/tate_*_dev\"\r\n    }\r\n   ]\r\n}\r\n"
                        },
                        "meta": {},
                        "tainted": false
                    },
                    "deposed": [],
                    "provider": ""
                },
                "aws_iam_role.rodin_role_lambda": {
                    "type": "aws_iam_role",
                    "depends_on": [],
                    "primary": {
                        "id": "rodin_role_lambda_dev",
                        "attributes": {
                            "arn": "arn:aws:iam::401237329133:role/rodin_role_lambda_dev",
                            "assume_role_policy": "{\r\n  \"Version\": \"2012-10-17\",\r\n  \"Statement\": [\r\n    {\r\n      \"Effect\": \"Allow\",\r\n      \"Principal\": {\r\n        \"Service\": \"lambda.amazonaws.com\"\r\n      },\r\n      \"Action\": \"sts:AssumeRole\"\r\n    }\r\n  ]\r\n}\r\n",
                            "create_date": "2017-03-23T09:38:35Z",
                            "id": "rodin_role_lambda_dev",
                            "name": "rodin_role_lambda_dev",
                            "path": "/",
                            "unique_id": "AROAIUIT3C3YRGLFANNDW"
                        },
                        "meta": {},
                        "tainted": false
                    },
                    "deposed": [],
                    "provider": ""
                },
                "aws_iam_role_policy_attachment.rodin_role_attach_policy": {
                    "type": "aws_iam_role_policy_attachment",
                    "depends_on": [
                        "aws_iam_policy.rodin_policy_lambda",
                        "aws_iam_role.rodin_role_lambda"
                    ],
                    "primary": {
                        "id": "rodin_role_lambda_dev-00f54bbe183c994444f5454bda",
                        "attributes": {
                            "id": "rodin_role_lambda_dev-00f54bbe183c994444f5454bda",
                            "policy_arn": "arn:aws:iam::401237329133:policy/rodin_policy_dev",
                            "role": "rodin_role_lambda_dev"
                        },
                        "meta": {},
                        "tainted": false
                    },
                    "deposed": [],
                    "provider": ""
                }
            },
            "depends_on": []
        },
        {
            "path": [
                "root",
                "dali_public_http_proxy_resource"
            ],
            "outputs": {},
            "resources": {},
            "depends_on": []
        },
        {
            "path": [
                "root",
                "lambda"
            ],
            "outputs": {
                "auto_deployment_filename": {
                    "sensitive": false,
                    "type": "string",
                    "value": "rodin.zip"
                },
                "function_name": {
                    "sensitive": false,
                    "type": "string",
                    "value": "rodin"
                }
            },
            "resources": {
                "aws_lambda_function.lambda-dummy": {
                    "type": "aws_lambda_function",
                    "depends_on": [],
                    "primary": {
                        "id": "rodin",
                        "attributes": {
                            "arn": "arn:aws:lambda:eu-west-1:401237329133:function:rodin",
                            "dead_letter_config.#": "0",
                            "description": "",
                            "environment.#": "0",
                            "filename": "/home/kkkj/artrunde/terraform-infrastructure/dev/services/api/rodin/.terraform/modules/ae461942a88afb72a9861f4f21a7aab4/dummy-nodejs4.3.zip",
                            "function_name": "rodin",
                            "handler": "index.handler",
                            "id": "rodin",
                            "kms_key_arn": "",
                            "last_modified": "2017-03-23T09:38:46.352+0000",
                            "memory_size": "1536",
                            "publish": "false",
                            "qualified_arn": "arn:aws:lambda:eu-west-1:401237329133:function:rodin:$LATEST",
                            "role": "arn:aws:iam::401237329133:role/rodin_role_lambda_dev",
                            "runtime": "nodejs4.3",
                            "source_code_hash": "k5Fn2FlrMl081GaoS9MjQySzylshsxNCDEdwE3aWpPw=",
                            "timeout": "3",
                            "version": "$LATEST",
                            "vpc_config.#": "0"
                        },
                        "meta": {},
                        "tainted": false
                    },
                    "deposed": [],
                    "provider": ""
                }
            },
            "depends_on": []
        },
        {
            "path": [
                "root",
                "rodin_public_http_proxy_resource"
            ],
            "outputs": {},
            "resources": {
                "aws_api_gateway_integration.request_method_integration": {
                    "type": "aws_api_gateway_integration",
                    "depends_on": [
                        "aws_api_gateway_method.proxy_request_method",
                        "aws_api_gateway_resource.proxy_api_resource"
                    ],
                    "primary": {
                        "id": "agi-l1kdmw1lv7-gyp3g0-ANY",
                        "attributes": {
                            "http_method": "ANY",
                            "id": "agi-l1kdmw1lv7-gyp3g0-ANY",
                            "integration_http_method": "POST",
                            "resource_id": "gyp3g0",
                            "rest_api_id": "l1kdmw1lv7",
                            "type": "AWS_PROXY",
                            "uri": "arn:aws:apigateway:eu-west-1:lambda:path/2015-03-31/functions/arn:aws:lambda:eu-west-1:401237329133:function:rodin/invocations"
                        },
                        "meta": {},
                        "tainted": false
                    },
                    "deposed": [],
                    "provider": ""
                },
                "aws_api_gateway_method.proxy_request_method": {
                    "type": "aws_api_gateway_method",
                    "depends_on": [
                        "aws_api_gateway_resource.proxy_api_resource"
                    ],
                    "primary": {
                        "id": "agm-l1kdmw1lv7-gyp3g0-ANY",
                        "attributes": {
                            "api_key_required": "false",
                            "authorization": "NONE",
                            "http_method": "ANY",
                            "id": "agm-l1kdmw1lv7-gyp3g0-ANY",
                            "resource_id": "gyp3g0",
                            "rest_api_id": "l1kdmw1lv7"
                        },
                        "meta": {},
                        "tainted": false
                    },
                    "deposed": [],
                    "provider": ""
                },
                "aws_api_gateway_method_response.200": {
                    "type": "aws_api_gateway_method_response",
                    "depends_on": [
                        "aws_api_gateway_resource.proxy_api_resource"
                    ],
                    "primary": {
                        "id": "agmr-l1kdmw1lv7-gyp3g0-ANY-200",
                        "attributes": {
                            "http_method": "ANY",
                            "id": "agmr-l1kdmw1lv7-gyp3g0-ANY-200",
                            "resource_id": "gyp3g0",
                            "rest_api_id": "l1kdmw1lv7",
                            "status_code": "200"
                        },
                        "meta": {},
                        "tainted": false
                    },
                    "deposed": [],
                    "provider": ""
                },
                "aws_api_gateway_resource.api_resource": {
                    "type": "aws_api_gateway_resource",
                    "depends_on": [],
                    "primary": {
                        "id": "xw2r1e",
                        "attributes": {
                            "id": "xw2r1e",
                            "parent_id": "2rmpfgicqg",
                            "path": "/rodin-public",
                            "path_part": "rodin-public",
                            "rest_api_id": "l1kdmw1lv7"
                        },
                        "meta": {},
                        "tainted": false
                    },
                    "deposed": [],
                    "provider": ""
                },
                "aws_api_gateway_resource.proxy_api_resource": {
                    "type": "aws_api_gateway_resource",
                    "depends_on": [
                        "aws_api_gateway_resource.api_resource"
                    ],
                    "primary": {
                        "id": "gyp3g0",
                        "attributes": {
                            "id": "gyp3g0",
                            "parent_id": "xw2r1e",
                            "path": "/rodin-public/{proxy+}",
                            "path_part": "{proxy+}",
                            "rest_api_id": "l1kdmw1lv7"
                        },
                        "meta": {},
                        "tainted": false
                    },
                    "deposed": [],
                    "provider": ""
                },
                "aws_lambda_permission.allow_api_gateway": {
                    "type": "aws_lambda_permission",
                    "depends_on": [],
                    "primary": {
                        "id": "AllowExecutionFromApiGateway",
                        "attributes": {
                            "action": "lambda:InvokeFunction",
                            "function_name": "rodin",
                            "id": "AllowExecutionFromApiGateway",
                            "principal": "apigateway.amazonaws.com",
                            "qualifier": "",
                            "source_arn": "arn:aws:execute-api:eu-west-1:401237329133:l1kdmw1lv7/*/*",
                            "statement_id": "AllowExecutionFromApiGateway"
                        },
                        "meta": {},
                        "tainted": false
                    },
                    "deposed": [],
                    "provider": ""
                }
            },
            "depends_on": []
        }
    ]
}
