{
    "version": 3,
    "terraform_version": "0.9.1",
    "serial": 23,
    "lineage": "433ad877-84ab-4ba4-9490-c79092ec0dd0",
    "modules": [
        {
            "path": [
                "root"
            ],
            "outputs": {},
            "resources": {
                "aws_api_gateway_base_path_mapping.rodin_proxy_admin_api_mapping": {
                    "type": "aws_api_gateway_base_path_mapping",
                    "depends_on": [
                        "aws_api_gateway_deployment.proxy_admin_api_deployment",
                        "aws_api_gateway_domain_name.rodin_api_domain_name",
                        "aws_api_gateway_rest_api.rodin_proxy_admin_api"
                    ],
                    "primary": {
                        "id": "api-rodin-dev.artrunde.com/admin",
                        "attributes": {
                            "api_id": "uc4w132gej",
                            "base_path": "admin",
                            "domain_name": "api-rodin-dev.artrunde.com",
                            "id": "api-rodin-dev.artrunde.com/admin",
                            "stage_name": "rodin"
                        },
                        "meta": {},
                        "tainted": false
                    },
                    "deposed": [],
                    "provider": ""
                },
                "aws_api_gateway_base_path_mapping.rodin_proxy_public_api_mapping": {
                    "type": "aws_api_gateway_base_path_mapping",
                    "depends_on": [
                        "aws_api_gateway_deployment.proxy_public_api_deployment",
                        "aws_api_gateway_domain_name.rodin_api_domain_name",
                        "aws_api_gateway_rest_api.rodin_proxy_public_api"
                    ],
                    "primary": {
                        "id": "api-rodin-dev.artrunde.com/public",
                        "attributes": {
                            "api_id": "wjr8a69t96",
                            "base_path": "public",
                            "domain_name": "api-rodin-dev.artrunde.com",
                            "id": "api-rodin-dev.artrunde.com/public",
                            "stage_name": "rodin"
                        },
                        "meta": {},
                        "tainted": false
                    },
                    "deposed": [],
                    "provider": ""
                },
                "aws_api_gateway_deployment.proxy_admin_api_deployment": {
                    "type": "aws_api_gateway_deployment",
                    "depends_on": [
                        "aws_api_gateway_rest_api.rodin_proxy_admin_api",
                        "module.rodin_admin_http_proxy_resource"
                    ],
                    "primary": {
                        "id": "yymspu",
                        "attributes": {
                            "created_date": "2017-03-24T12:37:38Z",
                            "description": "",
                            "id": "yymspu",
                            "rest_api_id": "uc4w132gej",
                            "stage_name": "rodin"
                        },
                        "meta": {},
                        "tainted": false
                    },
                    "deposed": [],
                    "provider": ""
                },
                "aws_api_gateway_deployment.proxy_public_api_deployment": {
                    "type": "aws_api_gateway_deployment",
                    "depends_on": [
                        "aws_api_gateway_rest_api.rodin_proxy_public_api",
                        "module.rodin_public_http_proxy_resource"
                    ],
                    "primary": {
                        "id": "elrstk",
                        "attributes": {
                            "created_date": "2017-03-24T12:26:26Z",
                            "description": "",
                            "id": "elrstk",
                            "rest_api_id": "wjr8a69t96",
                            "stage_name": "rodin"
                        },
                        "meta": {},
                        "tainted": false
                    },
                    "deposed": [],
                    "provider": ""
                },
                "aws_api_gateway_domain_name.rodin_api_domain_name": {
                    "type": "aws_api_gateway_domain_name",
                    "depends_on": [],
                    "primary": {
                        "id": "api-rodin-dev.artrunde.com",
                        "attributes": {
                            "certificate_arn": "arn:aws:acm:us-east-1:401237329133:certificate/890f1dd0-214f-48ab-a600-0e49942fbde5",
                            "certificate_name": "",
                            "certificate_upload_date": "2017-03-24T12:43:15Z",
                            "cloudfront_domain_name": "df0e91oo00all.cloudfront.net",
                            "cloudfront_zone_id": "Z2FDTNDATAQYW2",
                            "domain_name": "api-rodin-dev.artrunde.com",
                            "id": "api-rodin-dev.artrunde.com"
                        },
                        "meta": {},
                        "tainted": false
                    },
                    "deposed": [],
                    "provider": ""
                },
                "aws_api_gateway_rest_api.rodin_proxy_admin_api": {
                    "type": "aws_api_gateway_rest_api",
                    "depends_on": [],
                    "primary": {
                        "id": "uc4w132gej",
                        "attributes": {
                            "binary_media_types.#": "0",
                            "created_date": "2017-03-24T12:31:37Z",
                            "description": "",
                            "id": "uc4w132gej",
                            "name": "rodin_admin_api_dev",
                            "root_resource_id": "fduidtchng"
                        },
                        "meta": {},
                        "tainted": false
                    },
                    "deposed": [],
                    "provider": ""
                },
                "aws_api_gateway_rest_api.rodin_proxy_public_api": {
                    "type": "aws_api_gateway_rest_api",
                    "depends_on": [],
                    "primary": {
                        "id": "wjr8a69t96",
                        "attributes": {
                            "binary_media_types.#": "0",
                            "created_date": "2017-03-24T12:25:27Z",
                            "description": "",
                            "id": "wjr8a69t96",
                            "name": "rodin_public_api_dev",
                            "root_resource_id": "ar2m8tciag"
                        },
                        "meta": {},
                        "tainted": false
                    },
                    "deposed": [],
                    "provider": ""
                },
                "aws_iam_policy.rodin_policy_lambda": {
                    "type": "aws_iam_policy",
                    "depends_on": [],
                    "primary": {
                        "id": "arn:aws:iam::401237329133:policy/rodin_policy_dev",
                        "attributes": {
                            "arn": "arn:aws:iam::401237329133:policy/rodin_policy_dev",
                            "id": "arn:aws:iam::401237329133:policy/rodin_policy_dev",
                            "name": "rodin_policy_dev",
                            "path": "/",
                            "policy": "{\r\n  \"Version\": \"2012-10-17\",\r\n  \"Statement\": [\r\n    {\r\n      \"Sid\": \"AccessCloudwatchLogs\",\r\n      \"Action\": [\"logs:*\"],\r\n      \"Effect\": \"Allow\",\r\n      \"Resource\": \"arn:aws:logs:*:*:*\"\r\n    },\r\n    {\r\n      \"Sid\": \"RodinDevDynamoDBReadWrite\",\r\n      \"Effect\": \"Allow\",\r\n      \"Action\": [\r\n        \"dynamodb:BatchGetItem\",\r\n        \"dynamodb:Query\",\r\n        \"dynamodb:DeleteItem\",\r\n        \"dynamodb:GetItem\",\r\n        \"dynamodb:PutItem\",\r\n        \"dynamodb:UpdateItem\",\r\n        \"dynamodb:Scan\"\r\n        ],\r\n      \"Resource\": \"arn:aws:dynamodb:eu-west-1:401237329133:table/tate_*_dev\"\r\n    }\r\n   ]\r\n}\r\n"
                        },
                        "meta": {},
                        "tainted": false
                    },
                    "deposed": [],
                    "provider": ""
                },
                "aws_iam_role.rodin_role_lambda": {
                    "type": "aws_iam_role",
                    "depends_on": [],
                    "primary": {
                        "id": "rodin_role_lambda_dev",
                        "attributes": {
                            "arn": "arn:aws:iam::401237329133:role/rodin_role_lambda_dev",
                            "assume_role_policy": "{\"Version\":\"2012-10-17\",\"Statement\":[{\"Effect\":\"Allow\",\"Principal\":{\"Service\":\"lambda.amazonaws.com\"},\"Action\":\"sts:AssumeRole\"}]}",
                            "create_date": "2017-03-24T12:25:28Z",
                            "id": "rodin_role_lambda_dev",
                            "name": "rodin_role_lambda_dev",
                            "path": "/",
                            "unique_id": "AROAIBYRLCTMEJLS36VF2"
                        },
                        "meta": {},
                        "tainted": false
                    },
                    "deposed": [],
                    "provider": ""
                },
                "aws_iam_role_policy_attachment.rodin_role_attach_policy": {
                    "type": "aws_iam_role_policy_attachment",
                    "depends_on": [
                        "aws_iam_policy.rodin_policy_lambda",
                        "aws_iam_role.rodin_role_lambda"
                    ],
                    "primary": {
                        "id": "rodin_role_lambda_dev-00617078bbf8da84a272250529",
                        "attributes": {
                            "id": "rodin_role_lambda_dev-00617078bbf8da84a272250529",
                            "policy_arn": "arn:aws:iam::401237329133:policy/rodin_policy_dev",
                            "role": "rodin_role_lambda_dev"
                        },
                        "meta": {},
                        "tainted": false
                    },
                    "deposed": [],
                    "provider": ""
                },
                "aws_route53_record.example": {
                    "type": "aws_route53_record",
                    "depends_on": [
                        "aws_api_gateway_domain_name.rodin_api_domain_name",
                        "aws_api_gateway_domain_name.rodin_api_domain_name",
                        "aws_api_gateway_domain_name.rodin_api_domain_name",
                        "data.aws_route53_zone.primary"
                    ],
                    "primary": {
                        "id": "Z1SF9WIPWYI9IH_api-rodin-dev.artrunde.com_A",
                        "attributes": {
                            "alias.#": "1",
                            "alias.1230121125.evaluate_target_health": "true",
                            "alias.1230121125.name": "df0e91oo00all.cloudfront.net",
                            "alias.1230121125.zone_id": "Z2FDTNDATAQYW2",
                            "fqdn": "api-rodin-dev.artrunde.com",
                            "health_check_id": "",
                            "id": "Z1SF9WIPWYI9IH_api-rodin-dev.artrunde.com_A",
                            "name": "api-rodin-dev.artrunde.com",
                            "records.#": "0",
                            "set_identifier": "",
                            "ttl": "0",
                            "type": "A",
                            "zone_id": "Z1SF9WIPWYI9IH"
                        },
                        "meta": {
                            "schema_version": "2"
                        },
                        "tainted": false
                    },
                    "deposed": [],
                    "provider": ""
                },
                "data.aws_route53_zone.primary": {
                    "type": "aws_route53_zone",
                    "depends_on": [],
                    "primary": {
                        "id": "Z1SF9WIPWYI9IH",
                        "attributes": {
                            "caller_reference": "52923508-F90B-0794-9770-78108F58D89A",
                            "comment": "Root domain",
                            "id": "Z1SF9WIPWYI9IH",
                            "name": "artrunde.com.",
                            "private_zone": "false",
                            "resource_record_set_count": "12",
                            "zone_id": "Z1SF9WIPWYI9IH"
                        },
                        "meta": {},
                        "tainted": false
                    },
                    "deposed": [],
                    "provider": ""
                }
            },
            "depends_on": []
        },
        {
            "path": [
                "root",
                "lambda"
            ],
            "outputs": {
                "auto_deployment_filename": {
                    "sensitive": false,
                    "type": "string",
                    "value": "rodin_php_lambda_proxy_dev.zip"
                },
                "function_name": {
                    "sensitive": false,
                    "type": "string",
                    "value": "rodin_php_lambda_proxy_dev"
                }
            },
            "resources": {
                "aws_lambda_function.lambda-dummy": {
                    "type": "aws_lambda_function",
                    "depends_on": [],
                    "primary": {
                        "id": "rodin_php_lambda_proxy_dev",
                        "attributes": {
                            "arn": "arn:aws:lambda:eu-west-1:401237329133:function:rodin_php_lambda_proxy_dev",
                            "dead_letter_config.#": "0",
                            "description": "",
                            "environment.#": "0",
                            "filename": "/home/kkkj/artrunde/terraform-infrastructure/dev/services/api/rodin/.terraform/modules/ae461942a88afb72a9861f4f21a7aab4/dummy-nodejs4.3.zip",
                            "function_name": "rodin_php_lambda_proxy_dev",
                            "handler": "index.handler",
                            "id": "rodin_php_lambda_proxy_dev",
                            "kms_key_arn": "",
                            "last_modified": "2017-03-24T12:25:37.827+0000",
                            "memory_size": "1536",
                            "publish": "false",
                            "qualified_arn": "arn:aws:lambda:eu-west-1:401237329133:function:rodin_php_lambda_proxy_dev:$LATEST",
                            "role": "arn:aws:iam::401237329133:role/rodin_role_lambda_dev",
                            "runtime": "nodejs4.3",
                            "source_code_hash": "k5Fn2FlrMl081GaoS9MjQySzylshsxNCDEdwE3aWpPw=",
                            "timeout": "3",
                            "version": "$LATEST",
                            "vpc_config.#": "0"
                        },
                        "meta": {},
                        "tainted": false
                    },
                    "deposed": [],
                    "provider": ""
                }
            },
            "depends_on": []
        },
        {
            "path": [
                "root",
                "rodin_admin_http_proxy_resource"
            ],
            "outputs": {},
            "resources": {
                "aws_api_gateway_integration.request_method_integration": {
                    "type": "aws_api_gateway_integration",
                    "depends_on": [
                        "aws_api_gateway_method.proxy_request_method",
                        "aws_api_gateway_resource.proxy_api_resource"
                    ],
                    "primary": {
                        "id": "agi-uc4w132gej-fj0o9i-ANY",
                        "attributes": {
                            "content_handling": "",
                            "credentials": "",
                            "http_method": "ANY",
                            "id": "agi-uc4w132gej-fj0o9i-ANY",
                            "integration_http_method": "POST",
                            "passthrough_behavior": "WHEN_NO_MATCH",
                            "request_parameters.%": "0",
                            "request_templates.%": "0",
                            "resource_id": "fj0o9i",
                            "rest_api_id": "uc4w132gej",
                            "type": "AWS_PROXY",
                            "uri": "arn:aws:apigateway:eu-west-1:lambda:path/2015-03-31/functions/arn:aws:lambda:eu-west-1:401237329133:function:rodin_php_lambda_proxy_dev/invocations"
                        },
                        "meta": {},
                        "tainted": false
                    },
                    "deposed": [],
                    "provider": ""
                },
                "aws_api_gateway_integration_response.proxy_api_integration_response": {
                    "type": "aws_api_gateway_integration_response",
                    "depends_on": [
                        "aws_api_gateway_method_response.200",
                        "aws_api_gateway_resource.proxy_api_resource"
                    ],
                    "primary": {
                        "id": "agir-uc4w132gej-fj0o9i-ANY-200",
                        "attributes": {
                            "http_method": "ANY",
                            "id": "agir-uc4w132gej-fj0o9i-ANY-200",
                            "resource_id": "fj0o9i",
                            "response_parameters.%": "0",
                            "response_templates.%": "0",
                            "rest_api_id": "uc4w132gej",
                            "selection_pattern": "",
                            "status_code": "200"
                        },
                        "meta": {},
                        "tainted": false
                    },
                    "deposed": [],
                    "provider": ""
                },
                "aws_api_gateway_method.proxy_request_method": {
                    "type": "aws_api_gateway_method",
                    "depends_on": [
                        "aws_api_gateway_resource.proxy_api_resource"
                    ],
                    "primary": {
                        "id": "agm-uc4w132gej-fj0o9i-ANY",
                        "attributes": {
                            "api_key_required": "false",
                            "authorization": "NONE",
                            "authorizer_id": "",
                            "http_method": "ANY",
                            "id": "agm-uc4w132gej-fj0o9i-ANY",
                            "request_models.%": "0",
                            "request_parameters.%": "0",
                            "resource_id": "fj0o9i",
                            "rest_api_id": "uc4w132gej"
                        },
                        "meta": {},
                        "tainted": false
                    },
                    "deposed": [],
                    "provider": ""
                },
                "aws_api_gateway_method_response.200": {
                    "type": "aws_api_gateway_method_response",
                    "depends_on": [
                        "aws_api_gateway_resource.proxy_api_resource"
                    ],
                    "primary": {
                        "id": "agmr-uc4w132gej-fj0o9i-ANY-200",
                        "attributes": {
                            "http_method": "ANY",
                            "id": "agmr-uc4w132gej-fj0o9i-ANY-200",
                            "resource_id": "fj0o9i",
                            "response_models.%": "0",
                            "response_parameters.%": "0",
                            "rest_api_id": "uc4w132gej",
                            "status_code": "200"
                        },
                        "meta": {},
                        "tainted": false
                    },
                    "deposed": [],
                    "provider": ""
                },
                "aws_api_gateway_resource.proxy_api_resource": {
                    "type": "aws_api_gateway_resource",
                    "depends_on": [],
                    "primary": {
                        "id": "fj0o9i",
                        "attributes": {
                            "id": "fj0o9i",
                            "parent_id": "fduidtchng",
                            "path": "/{proxy+}",
                            "path_part": "{proxy+}",
                            "rest_api_id": "uc4w132gej"
                        },
                        "meta": {},
                        "tainted": false
                    },
                    "deposed": [],
                    "provider": ""
                },
                "aws_lambda_permission.allow_api_gateway": {
                    "type": "aws_lambda_permission",
                    "depends_on": [],
                    "primary": {
                        "id": "AllowExecutionFromApiGateway_uc4w132gej",
                        "attributes": {
                            "action": "lambda:InvokeFunction",
                            "function_name": "rodin_php_lambda_proxy_dev",
                            "id": "AllowExecutionFromApiGateway_uc4w132gej",
                            "principal": "apigateway.amazonaws.com",
                            "qualifier": "",
                            "source_arn": "arn:aws:execute-api:eu-west-1:401237329133:uc4w132gej/*/*",
                            "statement_id": "AllowExecutionFromApiGateway_uc4w132gej"
                        },
                        "meta": {},
                        "tainted": false
                    },
                    "deposed": [],
                    "provider": ""
                }
            },
            "depends_on": []
        },
        {
            "path": [
                "root",
                "rodin_public_http_proxy_resource"
            ],
            "outputs": {},
            "resources": {
                "aws_api_gateway_integration.request_method_integration": {
                    "type": "aws_api_gateway_integration",
                    "depends_on": [
                        "aws_api_gateway_method.proxy_request_method",
                        "aws_api_gateway_resource.proxy_api_resource"
                    ],
                    "primary": {
                        "id": "agi-wjr8a69t96-szr99w-ANY",
                        "attributes": {
                            "content_handling": "",
                            "credentials": "",
                            "http_method": "ANY",
                            "id": "agi-wjr8a69t96-szr99w-ANY",
                            "integration_http_method": "POST",
                            "passthrough_behavior": "WHEN_NO_MATCH",
                            "request_parameters.%": "0",
                            "request_templates.%": "0",
                            "resource_id": "szr99w",
                            "rest_api_id": "wjr8a69t96",
                            "type": "AWS_PROXY",
                            "uri": "arn:aws:apigateway:eu-west-1:lambda:path/2015-03-31/functions/arn:aws:lambda:eu-west-1:401237329133:function:rodin_php_lambda_proxy_dev/invocations"
                        },
                        "meta": {},
                        "tainted": false
                    },
                    "deposed": [],
                    "provider": ""
                },
                "aws_api_gateway_integration_response.proxy_api_integration_response": {
                    "type": "aws_api_gateway_integration_response",
                    "depends_on": [
                        "aws_api_gateway_method_response.200",
                        "aws_api_gateway_resource.proxy_api_resource"
                    ],
                    "primary": {
                        "id": "agir-wjr8a69t96-szr99w-ANY-200",
                        "attributes": {
                            "http_method": "ANY",
                            "id": "agir-wjr8a69t96-szr99w-ANY-200",
                            "resource_id": "szr99w",
                            "response_parameters.%": "0",
                            "response_templates.%": "0",
                            "rest_api_id": "wjr8a69t96",
                            "selection_pattern": "",
                            "status_code": "200"
                        },
                        "meta": {},
                        "tainted": false
                    },
                    "deposed": [],
                    "provider": ""
                },
                "aws_api_gateway_method.proxy_request_method": {
                    "type": "aws_api_gateway_method",
                    "depends_on": [
                        "aws_api_gateway_resource.proxy_api_resource"
                    ],
                    "primary": {
                        "id": "agm-wjr8a69t96-szr99w-ANY",
                        "attributes": {
                            "api_key_required": "false",
                            "authorization": "NONE",
                            "authorizer_id": "",
                            "http_method": "ANY",
                            "id": "agm-wjr8a69t96-szr99w-ANY",
                            "request_models.%": "0",
                            "request_parameters.%": "0",
                            "resource_id": "szr99w",
                            "rest_api_id": "wjr8a69t96"
                        },
                        "meta": {},
                        "tainted": false
                    },
                    "deposed": [],
                    "provider": ""
                },
                "aws_api_gateway_method_response.200": {
                    "type": "aws_api_gateway_method_response",
                    "depends_on": [
                        "aws_api_gateway_resource.proxy_api_resource"
                    ],
                    "primary": {
                        "id": "agmr-wjr8a69t96-szr99w-ANY-200",
                        "attributes": {
                            "http_method": "ANY",
                            "id": "agmr-wjr8a69t96-szr99w-ANY-200",
                            "resource_id": "szr99w",
                            "response_models.%": "0",
                            "response_parameters.%": "0",
                            "rest_api_id": "wjr8a69t96",
                            "status_code": "200"
                        },
                        "meta": {},
                        "tainted": false
                    },
                    "deposed": [],
                    "provider": ""
                },
                "aws_api_gateway_resource.proxy_api_resource": {
                    "type": "aws_api_gateway_resource",
                    "depends_on": [],
                    "primary": {
                        "id": "szr99w",
                        "attributes": {
                            "id": "szr99w",
                            "parent_id": "ar2m8tciag",
                            "path": "/{proxy+}",
                            "path_part": "{proxy+}",
                            "rest_api_id": "wjr8a69t96"
                        },
                        "meta": {},
                        "tainted": false
                    },
                    "deposed": [],
                    "provider": ""
                },
                "aws_lambda_permission.allow_api_gateway": {
                    "type": "aws_lambda_permission",
                    "depends_on": [],
                    "primary": {
                        "id": "AllowExecutionFromApiGateway_wjr8a69t96",
                        "attributes": {
                            "action": "lambda:InvokeFunction",
                            "function_name": "rodin_php_lambda_proxy_dev",
                            "id": "AllowExecutionFromApiGateway_wjr8a69t96",
                            "principal": "apigateway.amazonaws.com",
                            "qualifier": "",
                            "source_arn": "arn:aws:execute-api:eu-west-1:401237329133:wjr8a69t96/*/*",
                            "statement_id": "AllowExecutionFromApiGateway_wjr8a69t96"
                        },
                        "meta": {},
                        "tainted": false
                    },
                    "deposed": [],
                    "provider": ""
                }
            },
            "depends_on": []
        }
    ]
}
