{
    "version": 3,
    "terraform_version": "0.9.1",
    "serial": 2,
    "lineage": "22832d3b-bbf6-47a8-8226-9c191faafbc1",
    "modules": [
        {
            "path": [
                "root"
            ],
            "outputs": {},
            "resources": {
                "aws_dynamodb_table.places_dynamodb_table": {
                    "type": "aws_dynamodb_table",
                    "depends_on": [],
                    "primary": {
                        "id": "rodin_places_v1_prd",
                        "attributes": {
                            "arn": "arn:aws:dynamodb:eu-west-1:401237329133:table/rodin_places_v1_prd",
                            "attribute.#": "1",
                            "attribute.4089167258.name": "place_id",
                            "attribute.4089167258.type": "S",
                            "global_secondary_index.#": "0",
                            "hash_key": "place_id",
                            "id": "rodin_places_v1_prd",
                            "local_secondary_index.#": "0",
                            "name": "rodin_places_v1_prd",
                            "read_capacity": "3",
                            "tags.%": "2",
                            "tags.env": "prd",
                            "tags.name": "rodin_prd_places",
                            "write_capacity": "3"
                        },
                        "meta": {},
                        "tainted": false
                    },
                    "deposed": [],
                    "provider": ""
                },
                "aws_dynamodb_table.search_terms_dynamodb_table": {
                    "type": "aws_dynamodb_table",
                    "depends_on": [],
                    "primary": {
                        "id": "rodin_search_terms_v1_prd",
                        "attributes": {
                            "arn": "arn:aws:dynamodb:eu-west-1:401237329133:table/rodin_search_terms_v1_prd",
                            "attribute.#": "3",
                            "attribute.4258742633.name": "tag_id",
                            "attribute.4258742633.type": "S",
                            "attribute.809795691.name": "search_term",
                            "attribute.809795691.type": "S",
                            "attribute.956464866.name": "label",
                            "attribute.956464866.type": "S",
                            "global_secondary_index.#": "1",
                            "global_secondary_index.2604231957.hash_key": "tag_id",
                            "global_secondary_index.2604231957.name": "TagSearchTermIndex",
                            "global_secondary_index.2604231957.non_key_attributes.#": "0",
                            "global_secondary_index.2604231957.projection_type": "ALL",
                            "global_secondary_index.2604231957.range_key": "search_term",
                            "global_secondary_index.2604231957.read_capacity": "3",
                            "global_secondary_index.2604231957.write_capacity": "3",
                            "hash_key": "search_term",
                            "id": "rodin_search_terms_v1_prd",
                            "local_secondary_index.#": "0",
                            "name": "rodin_search_terms_v1_prd",
                            "range_key": "label",
                            "read_capacity": "3",
                            "tags.%": "2",
                            "tags.env": "prd",
                            "tags.name": "rodin_prd_search_terms",
                            "write_capacity": "3"
                        },
                        "meta": {},
                        "tainted": false
                    },
                    "deposed": [],
                    "provider": ""
                },
                "aws_dynamodb_table.tags_dynamodb_table": {
                    "type": "aws_dynamodb_table",
                    "depends_on": [],
                    "primary": {
                        "id": "rodin_tags_v1_prd",
                        "attributes": {
                            "arn": "arn:aws:dynamodb:eu-west-1:401237329133:table/rodin_tags_v1_prd",
                            "attribute.#": "3",
                            "attribute.4031510438.name": "belongs_to",
                            "attribute.4031510438.type": "S",
                            "attribute.4258742633.name": "tag_id",
                            "attribute.4258742633.type": "S",
                            "attribute.956464866.name": "label",
                            "attribute.956464866.type": "S",
                            "global_secondary_index.#": "2",
                            "global_secondary_index.3433344701.hash_key": "label",
                            "global_secondary_index.3433344701.name": "LabelBelongsToIndex",
                            "global_secondary_index.3433344701.non_key_attributes.#": "0",
                            "global_secondary_index.3433344701.projection_type": "KEYS_ONLY",
                            "global_secondary_index.3433344701.range_key": "belongs_to",
                            "global_secondary_index.3433344701.read_capacity": "3",
                            "global_secondary_index.3433344701.write_capacity": "3",
                            "global_secondary_index.907715474.hash_key": "belongs_to",
                            "global_secondary_index.907715474.name": "BelongsToTagIndex",
                            "global_secondary_index.907715474.non_key_attributes.#": "0",
                            "global_secondary_index.907715474.projection_type": "ALL",
                            "global_secondary_index.907715474.range_key": "tag_id",
                            "global_secondary_index.907715474.read_capacity": "3",
                            "global_secondary_index.907715474.write_capacity": "3",
                            "hash_key": "tag_id",
                            "id": "rodin_tags_v1_prd",
                            "local_secondary_index.#": "0",
                            "name": "rodin_tags_v1_prd",
                            "range_key": "belongs_to",
                            "read_capacity": "3",
                            "tags.%": "2",
                            "tags.env": "prd",
                            "tags.name": "rodin_prd_tags",
                            "write_capacity": "3"
                        },
                        "meta": {},
                        "tainted": false
                    },
                    "deposed": [],
                    "provider": ""
                }
            },
            "depends_on": []
        }
    ]
}
