{
    "version": 3,
    "terraform_version": "0.9.1",
    "serial": 34,
    "lineage": "7ea9f5d4-b88a-4cf8-82fa-cd832b973767",
    "modules": [
        {
            "path": [
                "root"
            ],
            "outputs": {
                "active": {
                    "sensitive": false,
                    "type": "string",
                    "value": "green"
                },
                "active_url": {
                    "sensitive": false,
                    "type": "string",
                    "value": "https://api-rodin-dev.artrunde.com/v1/"
                },
                "lambda_integrations": {
                    "sensitive": false,
                    "type": "map",
                    "value": {
                        "blue": "rodin_v1_blue_dev",
                        "green": "rodin_v1_green_dev"
                    }
                },
                "stage_map": {
                    "sensitive": false,
                    "type": "map",
                    "value": {
                        "blue": "zjt07xt367",
                        "green": "86dnw99iul"
                    }
                },
                "urls": {
                    "sensitive": false,
                    "type": "map",
                    "value": {
                        "blue": "https://zjt07xt367.execute-api.eu-west-1.amazonaws.com/blue/",
                        "green": "https://86dnw99iul.execute-api.eu-west-1.amazonaws.com/green/"
                    }
                }
            },
            "resources": {
                "aws_iam_policy.policy_lambda": {
                    "type": "aws_iam_policy",
                    "depends_on": [],
                    "primary": {
                        "id": "arn:aws:iam::401237329133:policy/rodin_policy_lambda_v1_dev",
                        "attributes": {
                            "arn": "arn:aws:iam::401237329133:policy/rodin_policy_lambda_v1_dev",
                            "id": "arn:aws:iam::401237329133:policy/rodin_policy_lambda_v1_dev",
                            "name": "rodin_policy_lambda_v1_dev",
                            "path": "/",
                            "policy": "{\r\n  \"Version\": \"2012-10-17\",\r\n  \"Statement\": [\r\n    {\r\n      \"Sid\": \"AccessCloudwatchLogs\",\r\n      \"Action\": [\"logs:*\"],\r\n      \"Effect\": \"Allow\",\r\n      \"Resource\": \"arn:aws:logs:*:*:*\"\r\n    },\r\n    {\r\n      \"Effect\": \"Allow\",\r\n      \"Action\": [\r\n        \"dynamodb:BatchGetItem\",\r\n        \"dynamodb:Query\",\r\n        \"dynamodb:DeleteItem\",\r\n        \"dynamodb:GetItem\",\r\n        \"dynamodb:PutItem\",\r\n        \"dynamodb:UpdateItem\",\r\n        \"dynamodb:Scan\"\r\n        ],\r\n      \"Resource\": \"arn:aws:dynamodb:eu-west-1:401237329133:table/rodin_*_dev\"\r\n    }\r\n   ]\r\n}\r\n"
                        },
                        "meta": {},
                        "tainted": false
                    },
                    "deposed": [],
                    "provider": ""
                },
                "aws_iam_role.role_lambda": {
                    "type": "aws_iam_role",
                    "depends_on": [],
                    "primary": {
                        "id": "rodin_role_lambda_v1_dev",
                        "attributes": {
                            "arn": "arn:aws:iam::401237329133:role/rodin_role_lambda_v1_dev",
                            "assume_role_policy": "{\"Version\":\"2012-10-17\",\"Statement\":[{\"Effect\":\"Allow\",\"Principal\":{\"Service\":\"lambda.amazonaws.com\"},\"Action\":\"sts:AssumeRole\"}]}",
                            "create_date": "2017-04-02T17:02:44Z",
                            "id": "rodin_role_lambda_v1_dev",
                            "name": "rodin_role_lambda_v1_dev",
                            "path": "/",
                            "unique_id": "AROAJL6VZT4L3OPEFP7DA"
                        },
                        "meta": {},
                        "tainted": false
                    },
                    "deposed": [],
                    "provider": ""
                },
                "aws_iam_role_policy_attachment.role_attach_policy": {
                    "type": "aws_iam_role_policy_attachment",
                    "depends_on": [
                        "aws_iam_policy.policy_lambda",
                        "aws_iam_role.role_lambda"
                    ],
                    "primary": {
                        "id": "rodin_role_lambda_v1_dev-003f178e0263e81a2ad09f9a99",
                        "attributes": {
                            "id": "rodin_role_lambda_v1_dev-003f178e0263e81a2ad09f9a99",
                            "policy_arn": "arn:aws:iam::401237329133:policy/rodin_policy_lambda_v1_dev",
                            "role": "rodin_role_lambda_v1_dev"
                        },
                        "meta": {},
                        "tainted": false
                    },
                    "deposed": [],
                    "provider": ""
                }
            },
            "depends_on": []
        },
        {
            "path": [
                "root",
                "blue"
            ],
            "outputs": {
                "api_id": {
                    "sensitive": false,
                    "type": "string",
                    "value": "zjt07xt367"
                },
                "lambda_integration": {
                    "sensitive": false,
                    "type": "map",
                    "value": {
                        "blue": "rodin_v1_blue_dev"
                    }
                },
                "stage_map": {
                    "sensitive": false,
                    "type": "map",
                    "value": {
                        "blue": "zjt07xt367"
                    }
                },
                "stage_name": {
                    "sensitive": false,
                    "type": "string",
                    "value": "blue"
                },
                "url": {
                    "sensitive": false,
                    "type": "map",
                    "value": {
                        "blue": "https://zjt07xt367.execute-api.eu-west-1.amazonaws.com/blue/"
                    }
                }
            },
            "resources": {
                "aws_api_gateway_deployment.proxy_public_api_deployment": {
                    "type": "aws_api_gateway_deployment",
                    "depends_on": [
                        "aws_api_gateway_integration_response.proxy_api_integration_response",
                        "aws_api_gateway_method.proxy_request_method",
                        "aws_api_gateway_method_response.200",
                        "aws_api_gateway_rest_api.proxy_public_api"
                    ],
                    "primary": {
                        "id": "l5l3vp",
                        "attributes": {
                            "created_date": "2017-04-02T18:37:46Z",
                            "description": "",
                            "id": "l5l3vp",
                            "rest_api_id": "zjt07xt367",
                            "stage_name": "blue"
                        },
                        "meta": {},
                        "tainted": false
                    },
                    "deposed": [],
                    "provider": ""
                },
                "aws_api_gateway_integration.request_method_integration": {
                    "type": "aws_api_gateway_integration",
                    "depends_on": [
                        "aws_api_gateway_method.proxy_request_method",
                        "aws_api_gateway_resource.proxy_api_resource_proxy",
                        "aws_api_gateway_rest_api.proxy_public_api",
                        "aws_lambda_function.lambda_dummy"
                    ],
                    "primary": {
                        "id": "agi-zjt07xt367-8r8jz7-ANY",
                        "attributes": {
                            "content_handling": "",
                            "credentials": "",
                            "http_method": "ANY",
                            "id": "agi-zjt07xt367-8r8jz7-ANY",
                            "integration_http_method": "POST",
                            "passthrough_behavior": "WHEN_NO_MATCH",
                            "request_parameters.%": "0",
                            "request_templates.%": "0",
                            "resource_id": "8r8jz7",
                            "rest_api_id": "zjt07xt367",
                            "type": "AWS_PROXY",
                            "uri": "arn:aws:apigateway:eu-west-1:lambda:path/2015-03-31/functions/arn:aws:lambda:eu-west-1:401237329133:function:rodin_v1_blue_dev/invocations"
                        },
                        "meta": {},
                        "tainted": false
                    },
                    "deposed": [],
                    "provider": ""
                },
                "aws_api_gateway_integration_response.proxy_api_integration_response": {
                    "type": "aws_api_gateway_integration_response",
                    "depends_on": [
                        "aws_api_gateway_integration.request_method_integration",
                        "aws_api_gateway_method_response.200",
                        "aws_api_gateway_resource.proxy_api_resource_proxy",
                        "aws_api_gateway_rest_api.proxy_public_api",
                        "aws_lambda_permission.allow_api_gateway"
                    ],
                    "primary": {
                        "id": "agir-zjt07xt367-8r8jz7-ANY-200",
                        "attributes": {
                            "http_method": "ANY",
                            "id": "agir-zjt07xt367-8r8jz7-ANY-200",
                            "resource_id": "8r8jz7",
                            "response_parameters.%": "0",
                            "response_templates.%": "0",
                            "rest_api_id": "zjt07xt367",
                            "selection_pattern": "",
                            "status_code": "200"
                        },
                        "meta": {},
                        "tainted": false
                    },
                    "deposed": [],
                    "provider": ""
                },
                "aws_api_gateway_method.proxy_request_method": {
                    "type": "aws_api_gateway_method",
                    "depends_on": [
                        "aws_api_gateway_resource.proxy_api_resource_proxy",
                        "aws_api_gateway_rest_api.proxy_public_api"
                    ],
                    "primary": {
                        "id": "agm-zjt07xt367-8r8jz7-ANY",
                        "attributes": {
                            "api_key_required": "false",
                            "authorization": "NONE",
                            "authorizer_id": "",
                            "http_method": "ANY",
                            "id": "agm-zjt07xt367-8r8jz7-ANY",
                            "request_models.%": "0",
                            "request_parameters.%": "0",
                            "resource_id": "8r8jz7",
                            "rest_api_id": "zjt07xt367"
                        },
                        "meta": {},
                        "tainted": false
                    },
                    "deposed": [],
                    "provider": ""
                },
                "aws_api_gateway_method_response.200": {
                    "type": "aws_api_gateway_method_response",
                    "depends_on": [
                        "aws_api_gateway_method.proxy_request_method",
                        "aws_api_gateway_resource.proxy_api_resource_proxy",
                        "aws_api_gateway_resource.proxy_api_resource_proxy",
                        "aws_api_gateway_rest_api.proxy_public_api"
                    ],
                    "primary": {
                        "id": "agmr-zjt07xt367-8r8jz7-ANY-200",
                        "attributes": {
                            "http_method": "ANY",
                            "id": "agmr-zjt07xt367-8r8jz7-ANY-200",
                            "resource_id": "8r8jz7",
                            "response_models.%": "0",
                            "response_parameters.%": "0",
                            "rest_api_id": "zjt07xt367",
                            "status_code": "200"
                        },
                        "meta": {},
                        "tainted": false
                    },
                    "deposed": [],
                    "provider": ""
                },
                "aws_api_gateway_resource.proxy_api_resource_proxy": {
                    "type": "aws_api_gateway_resource",
                    "depends_on": [
                        "aws_api_gateway_rest_api.proxy_public_api",
                        "aws_api_gateway_rest_api.proxy_public_api"
                    ],
                    "primary": {
                        "id": "8r8jz7",
                        "attributes": {
                            "id": "8r8jz7",
                            "parent_id": "xypa8sqnyj",
                            "path": "/{proxy+}",
                            "path_part": "{proxy+}",
                            "rest_api_id": "zjt07xt367"
                        },
                        "meta": {},
                        "tainted": false
                    },
                    "deposed": [],
                    "provider": ""
                },
                "aws_api_gateway_rest_api.proxy_public_api": {
                    "type": "aws_api_gateway_rest_api",
                    "depends_on": [],
                    "primary": {
                        "id": "zjt07xt367",
                        "attributes": {
                            "binary_media_types.#": "0",
                            "created_date": "2017-04-02T18:37:44Z",
                            "description": "",
                            "id": "zjt07xt367",
                            "name": "rodin_v1_blue_dev",
                            "root_resource_id": "xypa8sqnyj"
                        },
                        "meta": {},
                        "tainted": true
                    },
                    "deposed": [],
                    "provider": ""
                },
                "aws_lambda_function.lambda_dummy": {
                    "type": "aws_lambda_function",
                    "depends_on": [],
                    "primary": {
                        "id": "rodin_v1_blue_dev",
                        "attributes": {
                            "arn": "arn:aws:lambda:eu-west-1:401237329133:function:rodin_v1_blue_dev",
                            "dead_letter_config.#": "0",
                            "description": "",
                            "environment.#": "0",
                            "filename": "/home/kkkj/artrunde/terraform-infrastructure/dev/services/rodin-multideploy/v1/.terraform/modules/af66ecb6b2337760a3ffd5465a20c7cf/dummy-nodejs4.3.zip",
                            "function_name": "rodin_v1_blue_dev",
                            "handler": "index.handler",
                            "id": "rodin_v1_blue_dev",
                            "kms_key_arn": "",
                            "last_modified": "2017-04-02T17:02:50.428+0000",
                            "memory_size": "1536",
                            "publish": "false",
                            "qualified_arn": "arn:aws:lambda:eu-west-1:401237329133:function:rodin_v1_blue_dev:$LATEST",
                            "role": "arn:aws:iam::401237329133:role/rodin_role_lambda_v1_dev",
                            "runtime": "nodejs4.3",
                            "source_code_hash": "k5Fn2FlrMl081GaoS9MjQySzylshsxNCDEdwE3aWpPw=",
                            "timeout": "3",
                            "version": "$LATEST",
                            "vpc_config.#": "0"
                        },
                        "meta": {},
                        "tainted": false
                    },
                    "deposed": [],
                    "provider": ""
                },
                "aws_lambda_permission.allow_api_gateway": {
                    "type": "aws_lambda_permission",
                    "depends_on": [
                        "aws_api_gateway_resource.proxy_api_resource_proxy",
                        "aws_api_gateway_rest_api.proxy_public_api",
                        "aws_lambda_function.lambda_dummy"
                    ],
                    "primary": {
                        "id": "AllowExecutionFromApiGateway_zjt07xt367_8r8jz7",
                        "attributes": {
                            "action": "lambda:InvokeFunction",
                            "function_name": "rodin_v1_blue_dev",
                            "id": "AllowExecutionFromApiGateway_zjt07xt367_8r8jz7",
                            "principal": "apigateway.amazonaws.com",
                            "qualifier": "",
                            "source_arn": "arn:aws:execute-api:eu-west-1:401237329133:zjt07xt367/*/*",
                            "statement_id": "AllowExecutionFromApiGateway_zjt07xt367_8r8jz7"
                        },
                        "meta": {},
                        "tainted": false
                    },
                    "deposed": [],
                    "provider": ""
                }
            },
            "depends_on": []
        },
        {
            "path": [
                "root",
                "green"
            ],
            "outputs": {
                "api_id": {
                    "sensitive": false,
                    "type": "string",
                    "value": "86dnw99iul"
                },
                "lambda_integration": {
                    "sensitive": false,
                    "type": "map",
                    "value": {
                        "green": "rodin_v1_green_dev"
                    }
                },
                "stage_map": {
                    "sensitive": false,
                    "type": "map",
                    "value": {
                        "green": "86dnw99iul"
                    }
                },
                "stage_name": {
                    "sensitive": false,
                    "type": "string",
                    "value": "green"
                },
                "url": {
                    "sensitive": false,
                    "type": "map",
                    "value": {
                        "green": "https://86dnw99iul.execute-api.eu-west-1.amazonaws.com/green/"
                    }
                }
            },
            "resources": {
                "aws_api_gateway_deployment.proxy_public_api_deployment": {
                    "type": "aws_api_gateway_deployment",
                    "depends_on": [
                        "aws_api_gateway_integration_response.proxy_api_integration_response",
                        "aws_api_gateway_method.proxy_request_method",
                        "aws_api_gateway_method_response.200",
                        "aws_api_gateway_rest_api.proxy_public_api"
                    ],
                    "primary": {
                        "id": "gm4gnk",
                        "attributes": {
                            "created_date": "2017-04-02T17:34:36Z",
                            "description": "",
                            "id": "gm4gnk",
                            "rest_api_id": "86dnw99iul",
                            "stage_name": "green"
                        },
                        "meta": {},
                        "tainted": false
                    },
                    "deposed": [],
                    "provider": ""
                },
                "aws_api_gateway_integration.request_method_integration": {
                    "type": "aws_api_gateway_integration",
                    "depends_on": [
                        "aws_api_gateway_method.proxy_request_method",
                        "aws_api_gateway_resource.proxy_api_resource_proxy",
                        "aws_api_gateway_rest_api.proxy_public_api",
                        "aws_lambda_function.lambda_dummy"
                    ],
                    "primary": {
                        "id": "agi-86dnw99iul-hldv7z-ANY",
                        "attributes": {
                            "content_handling": "",
                            "credentials": "",
                            "http_method": "ANY",
                            "id": "agi-86dnw99iul-hldv7z-ANY",
                            "integration_http_method": "POST",
                            "passthrough_behavior": "WHEN_NO_MATCH",
                            "request_parameters.%": "0",
                            "request_templates.%": "0",
                            "resource_id": "hldv7z",
                            "rest_api_id": "86dnw99iul",
                            "type": "AWS_PROXY",
                            "uri": "arn:aws:apigateway:eu-west-1:lambda:path/2015-03-31/functions/arn:aws:lambda:eu-west-1:401237329133:function:rodin_v1_green_dev/invocations"
                        },
                        "meta": {},
                        "tainted": false
                    },
                    "deposed": [],
                    "provider": ""
                },
                "aws_api_gateway_integration_response.proxy_api_integration_response": {
                    "type": "aws_api_gateway_integration_response",
                    "depends_on": [
                        "aws_api_gateway_integration.request_method_integration",
                        "aws_api_gateway_method_response.200",
                        "aws_api_gateway_resource.proxy_api_resource_proxy",
                        "aws_api_gateway_rest_api.proxy_public_api",
                        "aws_lambda_permission.allow_api_gateway"
                    ],
                    "primary": {
                        "id": "agir-86dnw99iul-hldv7z-ANY-200",
                        "attributes": {
                            "http_method": "ANY",
                            "id": "agir-86dnw99iul-hldv7z-ANY-200",
                            "resource_id": "hldv7z",
                            "response_parameters.%": "0",
                            "response_templates.%": "0",
                            "rest_api_id": "86dnw99iul",
                            "selection_pattern": "",
                            "status_code": "200"
                        },
                        "meta": {},
                        "tainted": false
                    },
                    "deposed": [],
                    "provider": ""
                },
                "aws_api_gateway_method.proxy_request_method": {
                    "type": "aws_api_gateway_method",
                    "depends_on": [
                        "aws_api_gateway_resource.proxy_api_resource_proxy",
                        "aws_api_gateway_rest_api.proxy_public_api"
                    ],
                    "primary": {
                        "id": "agm-86dnw99iul-hldv7z-ANY",
                        "attributes": {
                            "api_key_required": "false",
                            "authorization": "NONE",
                            "authorizer_id": "",
                            "http_method": "ANY",
                            "id": "agm-86dnw99iul-hldv7z-ANY",
                            "request_models.%": "0",
                            "request_parameters.%": "0",
                            "resource_id": "hldv7z",
                            "rest_api_id": "86dnw99iul"
                        },
                        "meta": {},
                        "tainted": false
                    },
                    "deposed": [],
                    "provider": ""
                },
                "aws_api_gateway_method_response.200": {
                    "type": "aws_api_gateway_method_response",
                    "depends_on": [
                        "aws_api_gateway_method.proxy_request_method",
                        "aws_api_gateway_resource.proxy_api_resource_proxy",
                        "aws_api_gateway_resource.proxy_api_resource_proxy",
                        "aws_api_gateway_rest_api.proxy_public_api"
                    ],
                    "primary": {
                        "id": "agmr-86dnw99iul-hldv7z-ANY-200",
                        "attributes": {
                            "http_method": "ANY",
                            "id": "agmr-86dnw99iul-hldv7z-ANY-200",
                            "resource_id": "hldv7z",
                            "response_models.%": "0",
                            "response_parameters.%": "0",
                            "rest_api_id": "86dnw99iul",
                            "status_code": "200"
                        },
                        "meta": {},
                        "tainted": false
                    },
                    "deposed": [],
                    "provider": ""
                },
                "aws_api_gateway_resource.proxy_api_resource_proxy": {
                    "type": "aws_api_gateway_resource",
                    "depends_on": [
                        "aws_api_gateway_rest_api.proxy_public_api",
                        "aws_api_gateway_rest_api.proxy_public_api"
                    ],
                    "primary": {
                        "id": "hldv7z",
                        "attributes": {
                            "id": "hldv7z",
                            "parent_id": "9gjqj8kye7",
                            "path": "/{proxy+}",
                            "path_part": "{proxy+}",
                            "rest_api_id": "86dnw99iul"
                        },
                        "meta": {},
                        "tainted": false
                    },
                    "deposed": [],
                    "provider": ""
                },
                "aws_api_gateway_rest_api.proxy_public_api": {
                    "type": "aws_api_gateway_rest_api",
                    "depends_on": [],
                    "primary": {
                        "id": "86dnw99iul",
                        "attributes": {
                            "binary_media_types.#": "0",
                            "created_date": "2017-04-02T17:34:35Z",
                            "description": "",
                            "id": "86dnw99iul",
                            "name": "rodin_v1_green_dev",
                            "root_resource_id": "9gjqj8kye7"
                        },
                        "meta": {},
                        "tainted": false
                    },
                    "deposed": [],
                    "provider": ""
                },
                "aws_lambda_function.lambda_dummy": {
                    "type": "aws_lambda_function",
                    "depends_on": [],
                    "primary": {
                        "id": "rodin_v1_green_dev",
                        "attributes": {
                            "arn": "arn:aws:lambda:eu-west-1:401237329133:function:rodin_v1_green_dev",
                            "dead_letter_config.#": "0",
                            "description": "",
                            "environment.#": "0",
                            "filename": "/home/kkkj/artrunde/terraform-infrastructure/dev/services/rodin-multideploy/v1/.terraform/modules/5d16cffd1be5788b13411c4751ee698b/dummy-nodejs4.3.zip",
                            "function_name": "rodin_v1_green_dev",
                            "handler": "index.handler",
                            "id": "rodin_v1_green_dev",
                            "kms_key_arn": "",
                            "last_modified": "2017-04-02T17:02:49.735+0000",
                            "memory_size": "1536",
                            "publish": "false",
                            "qualified_arn": "arn:aws:lambda:eu-west-1:401237329133:function:rodin_v1_green_dev:$LATEST",
                            "role": "arn:aws:iam::401237329133:role/rodin_role_lambda_v1_dev",
                            "runtime": "nodejs4.3",
                            "source_code_hash": "k5Fn2FlrMl081GaoS9MjQySzylshsxNCDEdwE3aWpPw=",
                            "timeout": "3",
                            "version": "$LATEST",
                            "vpc_config.#": "0"
                        },
                        "meta": {},
                        "tainted": false
                    },
                    "deposed": [],
                    "provider": ""
                },
                "aws_lambda_permission.allow_api_gateway": {
                    "type": "aws_lambda_permission",
                    "depends_on": [
                        "aws_api_gateway_resource.proxy_api_resource_proxy",
                        "aws_api_gateway_rest_api.proxy_public_api",
                        "aws_lambda_function.lambda_dummy"
                    ],
                    "primary": {
                        "id": "AllowExecutionFromApiGateway_86dnw99iul_hldv7z",
                        "attributes": {
                            "action": "lambda:InvokeFunction",
                            "function_name": "rodin_v1_green_dev",
                            "id": "AllowExecutionFromApiGateway_86dnw99iul_hldv7z",
                            "principal": "apigateway.amazonaws.com",
                            "qualifier": "",
                            "source_arn": "arn:aws:execute-api:eu-west-1:401237329133:86dnw99iul/*/*",
                            "statement_id": "AllowExecutionFromApiGateway_86dnw99iul_hldv7z"
                        },
                        "meta": {},
                        "tainted": false
                    },
                    "deposed": [],
                    "provider": ""
                }
            },
            "depends_on": []
        },
        {
            "path": [
                "root",
                "mapping"
            ],
            "outputs": {
                "active": {
                    "sensitive": false,
                    "type": "string",
                    "value": "green"
                },
                "active_url": {
                    "sensitive": false,
                    "type": "string",
                    "value": "https://api-rodin-dev.artrunde.com/v1/"
                }
            },
            "resources": {
                "aws_api_gateway_base_path_mapping.proxy_public_api_mapping": {
                    "type": "aws_api_gateway_base_path_mapping",
                    "depends_on": [],
                    "primary": {
                        "id": "api-rodin-dev.artrunde.com/v1",
                        "attributes": {
                            "api_id": "86dnw99iul",
                            "base_path": "v1",
                            "domain_name": "api-rodin-dev.artrunde.com",
                            "id": "api-rodin-dev.artrunde.com/v1",
                            "stage_name": "green"
                        },
                        "meta": {},
                        "tainted": false
                    },
                    "deposed": [],
                    "provider": ""
                }
            },
            "depends_on": []
        }
    ]
}
