{
    "version": 3,
    "terraform_version": "0.9.1",
    "serial": 40,
    "lineage": "7ea9f5d4-b88a-4cf8-82fa-cd832b973767",
    "modules": [
        {
            "path": [
                "root"
            ],
            "outputs": {
                "active": {
                    "sensitive": false,
                    "type": "string",
                    "value": "blue"
                },
                "active_url": {
                    "sensitive": false,
                    "type": "string",
                    "value": "https://api-rodin-dev.artrunde.com/v1/"
                },
                "lambda_integrations": {
                    "sensitive": false,
                    "type": "map",
                    "value": {
                        "blue": "rodin_v1_blue_dev",
                        "green": "rodin_v1_green_dev"
                    }
                },
                "stage_map": {
                    "sensitive": false,
                    "type": "map",
                    "value": {
                        "blue": "ihc7m54cde",
                        "green": "wu1ns0a4v9"
                    }
                },
                "urls": {
                    "sensitive": false,
                    "type": "map",
                    "value": {
                        "blue": "https://ihc7m54cde.execute-api.eu-west-1.amazonaws.com/blue/",
                        "green": "https://wu1ns0a4v9.execute-api.eu-west-1.amazonaws.com/green/"
                    }
                }
            },
            "resources": {
                "aws_iam_policy.policy_lambda": {
                    "type": "aws_iam_policy",
                    "depends_on": [],
                    "primary": {
                        "id": "arn:aws:iam::401237329133:policy/rodin_policy_lambda_v1_dev",
                        "attributes": {
                            "arn": "arn:aws:iam::401237329133:policy/rodin_policy_lambda_v1_dev",
                            "id": "arn:aws:iam::401237329133:policy/rodin_policy_lambda_v1_dev",
                            "name": "rodin_policy_lambda_v1_dev",
                            "path": "/",
                            "policy": "{\r\n  \"Version\": \"2012-10-17\",\r\n  \"Statement\": [\r\n    {\r\n      \"Sid\": \"AccessCloudwatchLogs\",\r\n      \"Action\": [\"logs:*\"],\r\n      \"Effect\": \"Allow\",\r\n      \"Resource\": \"arn:aws:logs:*:*:*\"\r\n    },\r\n    {\r\n      \"Effect\": \"Allow\",\r\n      \"Action\": [\r\n        \"dynamodb:BatchGetItem\",\r\n        \"dynamodb:Query\",\r\n        \"dynamodb:DeleteItem\",\r\n        \"dynamodb:GetItem\",\r\n        \"dynamodb:PutItem\",\r\n        \"dynamodb:UpdateItem\",\r\n        \"dynamodb:Scan\"\r\n        ],\r\n      \"Resource\": \"arn:aws:dynamodb:eu-west-1:401237329133:table/rodin_*_dev\"\r\n    }\r\n   ]\r\n}\r\n"
                        },
                        "meta": {},
                        "tainted": false
                    },
                    "deposed": [],
                    "provider": ""
                },
                "aws_iam_role.role_lambda": {
                    "type": "aws_iam_role",
                    "depends_on": [],
                    "primary": {
                        "id": "rodin_role_lambda_v1_dev",
                        "attributes": {
                            "arn": "arn:aws:iam::401237329133:role/rodin_role_lambda_v1_dev",
                            "assume_role_policy": "{\r\n  \"Version\": \"2012-10-17\",\r\n  \"Statement\": [\r\n    {\r\n      \"Effect\": \"Allow\",\r\n      \"Principal\": {\r\n        \"Service\": \"lambda.amazonaws.com\"\r\n      },\r\n      \"Action\": \"sts:AssumeRole\"\r\n    }\r\n  ]\r\n}\r\n",
                            "create_date": "2017-04-04T11:17:53Z",
                            "id": "rodin_role_lambda_v1_dev",
                            "name": "rodin_role_lambda_v1_dev",
                            "path": "/",
                            "unique_id": "AROAIIE46YDVWFO5VOTLY"
                        },
                        "meta": {},
                        "tainted": false
                    },
                    "deposed": [],
                    "provider": ""
                },
                "aws_iam_role_policy_attachment.role_attach_policy": {
                    "type": "aws_iam_role_policy_attachment",
                    "depends_on": [
                        "aws_iam_policy.policy_lambda",
                        "aws_iam_role.role_lambda"
                    ],
                    "primary": {
                        "id": "rodin_role_lambda_v1_dev-00223a8880f27519077257aa39",
                        "attributes": {
                            "id": "rodin_role_lambda_v1_dev-00223a8880f27519077257aa39",
                            "policy_arn": "arn:aws:iam::401237329133:policy/rodin_policy_lambda_v1_dev",
                            "role": "rodin_role_lambda_v1_dev"
                        },
                        "meta": {},
                        "tainted": false
                    },
                    "deposed": [],
                    "provider": ""
                }
            },
            "depends_on": []
        },
        {
            "path": [
                "root",
                "blue"
            ],
            "outputs": {
                "api_id": {
                    "sensitive": false,
                    "type": "string",
                    "value": "ihc7m54cde"
                },
                "lambda_integration": {
                    "sensitive": false,
                    "type": "map",
                    "value": {
                        "blue": "rodin_v1_blue_dev"
                    }
                },
                "stage_map": {
                    "sensitive": false,
                    "type": "map",
                    "value": {
                        "blue": "ihc7m54cde"
                    }
                },
                "stage_name": {
                    "sensitive": false,
                    "type": "string",
                    "value": "blue"
                },
                "url": {
                    "sensitive": false,
                    "type": "map",
                    "value": {
                        "blue": "https://ihc7m54cde.execute-api.eu-west-1.amazonaws.com/blue/"
                    }
                }
            },
            "resources": {
                "aws_api_gateway_deployment.proxy_public_api_deployment": {
                    "type": "aws_api_gateway_deployment",
                    "depends_on": [
                        "aws_api_gateway_integration_response.proxy_api_integration_response",
                        "aws_api_gateway_method.proxy_request_method",
                        "aws_api_gateway_method_response.200",
                        "aws_api_gateway_rest_api.proxy_public_api"
                    ],
                    "primary": {
                        "id": "ewr2ob",
                        "attributes": {
                            "created_date": "2017-04-04T11:18:27Z",
                            "description": "",
                            "id": "ewr2ob",
                            "rest_api_id": "ihc7m54cde",
                            "stage_name": "blue"
                        },
                        "meta": {},
                        "tainted": false
                    },
                    "deposed": [],
                    "provider": ""
                },
                "aws_api_gateway_integration.request_method_integration": {
                    "type": "aws_api_gateway_integration",
                    "depends_on": [
                        "aws_api_gateway_method.proxy_request_method",
                        "aws_api_gateway_resource.proxy_api_resource_proxy",
                        "aws_api_gateway_rest_api.proxy_public_api",
                        "aws_lambda_function.lambda_dummy"
                    ],
                    "primary": {
                        "id": "agi-ihc7m54cde-fymyqi-ANY",
                        "attributes": {
                            "http_method": "ANY",
                            "id": "agi-ihc7m54cde-fymyqi-ANY",
                            "integration_http_method": "POST",
                            "resource_id": "fymyqi",
                            "rest_api_id": "ihc7m54cde",
                            "type": "AWS_PROXY",
                            "uri": "arn:aws:apigateway:eu-west-1:lambda:path/2015-03-31/functions/arn:aws:lambda:eu-west-1:401237329133:function:rodin_v1_blue_dev/invocations"
                        },
                        "meta": {},
                        "tainted": false
                    },
                    "deposed": [],
                    "provider": ""
                },
                "aws_api_gateway_integration_response.proxy_api_integration_response": {
                    "type": "aws_api_gateway_integration_response",
                    "depends_on": [
                        "aws_api_gateway_integration.request_method_integration",
                        "aws_api_gateway_method_response.200",
                        "aws_api_gateway_resource.proxy_api_resource_proxy",
                        "aws_api_gateway_rest_api.proxy_public_api",
                        "aws_lambda_permission.allow_api_gateway"
                    ],
                    "primary": {
                        "id": "agir-ihc7m54cde-fymyqi-ANY-200",
                        "attributes": {
                            "http_method": "ANY",
                            "id": "agir-ihc7m54cde-fymyqi-ANY-200",
                            "resource_id": "fymyqi",
                            "response_parameters.%": "0",
                            "response_templates.%": "0",
                            "rest_api_id": "ihc7m54cde",
                            "selection_pattern": "",
                            "status_code": "200"
                        },
                        "meta": {},
                        "tainted": false
                    },
                    "deposed": [],
                    "provider": ""
                },
                "aws_api_gateway_method.proxy_request_method": {
                    "type": "aws_api_gateway_method",
                    "depends_on": [
                        "aws_api_gateway_resource.proxy_api_resource_proxy",
                        "aws_api_gateway_rest_api.proxy_public_api"
                    ],
                    "primary": {
                        "id": "agm-ihc7m54cde-fymyqi-ANY",
                        "attributes": {
                            "api_key_required": "false",
                            "authorization": "NONE",
                            "http_method": "ANY",
                            "id": "agm-ihc7m54cde-fymyqi-ANY",
                            "resource_id": "fymyqi",
                            "rest_api_id": "ihc7m54cde"
                        },
                        "meta": {},
                        "tainted": false
                    },
                    "deposed": [],
                    "provider": ""
                },
                "aws_api_gateway_method_response.200": {
                    "type": "aws_api_gateway_method_response",
                    "depends_on": [
                        "aws_api_gateway_method.proxy_request_method",
                        "aws_api_gateway_resource.proxy_api_resource_proxy",
                        "aws_api_gateway_resource.proxy_api_resource_proxy",
                        "aws_api_gateway_rest_api.proxy_public_api"
                    ],
                    "primary": {
                        "id": "agmr-ihc7m54cde-fymyqi-ANY-200",
                        "attributes": {
                            "http_method": "ANY",
                            "id": "agmr-ihc7m54cde-fymyqi-ANY-200",
                            "resource_id": "fymyqi",
                            "rest_api_id": "ihc7m54cde",
                            "status_code": "200"
                        },
                        "meta": {},
                        "tainted": false
                    },
                    "deposed": [],
                    "provider": ""
                },
                "aws_api_gateway_resource.proxy_api_resource_proxy": {
                    "type": "aws_api_gateway_resource",
                    "depends_on": [
                        "aws_api_gateway_rest_api.proxy_public_api",
                        "aws_api_gateway_rest_api.proxy_public_api"
                    ],
                    "primary": {
                        "id": "fymyqi",
                        "attributes": {
                            "id": "fymyqi",
                            "parent_id": "v6q482ykh0",
                            "path": "/{proxy+}",
                            "path_part": "{proxy+}",
                            "rest_api_id": "ihc7m54cde"
                        },
                        "meta": {},
                        "tainted": false
                    },
                    "deposed": [],
                    "provider": ""
                },
                "aws_api_gateway_rest_api.proxy_public_api": {
                    "type": "aws_api_gateway_rest_api",
                    "depends_on": [],
                    "primary": {
                        "id": "ihc7m54cde",
                        "attributes": {
                            "binary_media_types.#": "0",
                            "created_date": "2017-04-04T11:17:55Z",
                            "description": "",
                            "id": "ihc7m54cde",
                            "name": "rodin_v1_blue_dev",
                            "root_resource_id": "v6q482ykh0"
                        },
                        "meta": {},
                        "tainted": false
                    },
                    "deposed": [],
                    "provider": ""
                },
                "aws_lambda_function.lambda_dummy": {
                    "type": "aws_lambda_function",
                    "depends_on": [],
                    "primary": {
                        "id": "rodin_v1_blue_dev",
                        "attributes": {
                            "arn": "arn:aws:lambda:eu-west-1:401237329133:function:rodin_v1_blue_dev",
                            "dead_letter_config.#": "0",
                            "description": "",
                            "environment.#": "0",
                            "filename": "/home/kkkj/artrunde/terraform-infrastructure/dev/services/rodin/v1/.terraform/modules/af66ecb6b2337760a3ffd5465a20c7cf/dummy-nodejs4.3.zip",
                            "function_name": "rodin_v1_blue_dev",
                            "handler": "index.handler",
                            "id": "rodin_v1_blue_dev",
                            "kms_key_arn": "",
                            "last_modified": "2017-04-04T11:18:03.932+0000",
                            "memory_size": "1536",
                            "publish": "false",
                            "qualified_arn": "arn:aws:lambda:eu-west-1:401237329133:function:rodin_v1_blue_dev:$LATEST",
                            "role": "arn:aws:iam::401237329133:role/rodin_role_lambda_v1_dev",
                            "runtime": "nodejs4.3",
                            "source_code_hash": "k5Fn2FlrMl081GaoS9MjQySzylshsxNCDEdwE3aWpPw=",
                            "timeout": "3",
                            "version": "$LATEST",
                            "vpc_config.#": "0"
                        },
                        "meta": {},
                        "tainted": false
                    },
                    "deposed": [],
                    "provider": ""
                },
                "aws_lambda_permission.allow_api_gateway": {
                    "type": "aws_lambda_permission",
                    "depends_on": [
                        "aws_api_gateway_resource.proxy_api_resource_proxy",
                        "aws_api_gateway_rest_api.proxy_public_api",
                        "aws_lambda_function.lambda_dummy"
                    ],
                    "primary": {
                        "id": "AllowExecutionFromApiGateway_ihc7m54cde_fymyqi",
                        "attributes": {
                            "action": "lambda:InvokeFunction",
                            "function_name": "rodin_v1_blue_dev",
                            "id": "AllowExecutionFromApiGateway_ihc7m54cde_fymyqi",
                            "principal": "apigateway.amazonaws.com",
                            "qualifier": "",
                            "source_arn": "arn:aws:execute-api:eu-west-1:401237329133:ihc7m54cde/*/*",
                            "statement_id": "AllowExecutionFromApiGateway_ihc7m54cde_fymyqi"
                        },
                        "meta": {},
                        "tainted": false
                    },
                    "deposed": [],
                    "provider": ""
                }
            },
            "depends_on": []
        },
        {
            "path": [
                "root",
                "green"
            ],
            "outputs": {
                "api_id": {
                    "sensitive": false,
                    "type": "string",
                    "value": "wu1ns0a4v9"
                },
                "lambda_integration": {
                    "sensitive": false,
                    "type": "map",
                    "value": {
                        "green": "rodin_v1_green_dev"
                    }
                },
                "stage_map": {
                    "sensitive": false,
                    "type": "map",
                    "value": {
                        "green": "wu1ns0a4v9"
                    }
                },
                "stage_name": {
                    "sensitive": false,
                    "type": "string",
                    "value": "green"
                },
                "url": {
                    "sensitive": false,
                    "type": "map",
                    "value": {
                        "green": "https://wu1ns0a4v9.execute-api.eu-west-1.amazonaws.com/green/"
                    }
                }
            },
            "resources": {
                "aws_api_gateway_deployment.proxy_public_api_deployment": {
                    "type": "aws_api_gateway_deployment",
                    "depends_on": [
                        "aws_api_gateway_integration_response.proxy_api_integration_response",
                        "aws_api_gateway_method.proxy_request_method",
                        "aws_api_gateway_method_response.200",
                        "aws_api_gateway_rest_api.proxy_public_api"
                    ],
                    "primary": {
                        "id": "5f5vnu",
                        "attributes": {
                            "created_date": "2017-04-04T11:18:04Z",
                            "description": "",
                            "id": "5f5vnu",
                            "rest_api_id": "wu1ns0a4v9",
                            "stage_name": "green"
                        },
                        "meta": {},
                        "tainted": false
                    },
                    "deposed": [],
                    "provider": ""
                },
                "aws_api_gateway_integration.request_method_integration": {
                    "type": "aws_api_gateway_integration",
                    "depends_on": [
                        "aws_api_gateway_method.proxy_request_method",
                        "aws_api_gateway_resource.proxy_api_resource_proxy",
                        "aws_api_gateway_rest_api.proxy_public_api",
                        "aws_lambda_function.lambda_dummy"
                    ],
                    "primary": {
                        "id": "agi-wu1ns0a4v9-ast5z2-ANY",
                        "attributes": {
                            "http_method": "ANY",
                            "id": "agi-wu1ns0a4v9-ast5z2-ANY",
                            "integration_http_method": "POST",
                            "resource_id": "ast5z2",
                            "rest_api_id": "wu1ns0a4v9",
                            "type": "AWS_PROXY",
                            "uri": "arn:aws:apigateway:eu-west-1:lambda:path/2015-03-31/functions/arn:aws:lambda:eu-west-1:401237329133:function:rodin_v1_green_dev/invocations"
                        },
                        "meta": {},
                        "tainted": false
                    },
                    "deposed": [],
                    "provider": ""
                },
                "aws_api_gateway_integration_response.proxy_api_integration_response": {
                    "type": "aws_api_gateway_integration_response",
                    "depends_on": [
                        "aws_api_gateway_integration.request_method_integration",
                        "aws_api_gateway_method_response.200",
                        "aws_api_gateway_resource.proxy_api_resource_proxy",
                        "aws_api_gateway_rest_api.proxy_public_api",
                        "aws_lambda_permission.allow_api_gateway"
                    ],
                    "primary": {
                        "id": "agir-wu1ns0a4v9-ast5z2-ANY-200",
                        "attributes": {
                            "http_method": "ANY",
                            "id": "agir-wu1ns0a4v9-ast5z2-ANY-200",
                            "resource_id": "ast5z2",
                            "response_parameters.%": "0",
                            "response_templates.%": "0",
                            "rest_api_id": "wu1ns0a4v9",
                            "selection_pattern": "",
                            "status_code": "200"
                        },
                        "meta": {},
                        "tainted": false
                    },
                    "deposed": [],
                    "provider": ""
                },
                "aws_api_gateway_method.proxy_request_method": {
                    "type": "aws_api_gateway_method",
                    "depends_on": [
                        "aws_api_gateway_resource.proxy_api_resource_proxy",
                        "aws_api_gateway_rest_api.proxy_public_api"
                    ],
                    "primary": {
                        "id": "agm-wu1ns0a4v9-ast5z2-ANY",
                        "attributes": {
                            "api_key_required": "false",
                            "authorization": "NONE",
                            "http_method": "ANY",
                            "id": "agm-wu1ns0a4v9-ast5z2-ANY",
                            "resource_id": "ast5z2",
                            "rest_api_id": "wu1ns0a4v9"
                        },
                        "meta": {},
                        "tainted": false
                    },
                    "deposed": [],
                    "provider": ""
                },
                "aws_api_gateway_method_response.200": {
                    "type": "aws_api_gateway_method_response",
                    "depends_on": [
                        "aws_api_gateway_method.proxy_request_method",
                        "aws_api_gateway_resource.proxy_api_resource_proxy",
                        "aws_api_gateway_resource.proxy_api_resource_proxy",
                        "aws_api_gateway_rest_api.proxy_public_api"
                    ],
                    "primary": {
                        "id": "agmr-wu1ns0a4v9-ast5z2-ANY-200",
                        "attributes": {
                            "http_method": "ANY",
                            "id": "agmr-wu1ns0a4v9-ast5z2-ANY-200",
                            "resource_id": "ast5z2",
                            "rest_api_id": "wu1ns0a4v9",
                            "status_code": "200"
                        },
                        "meta": {},
                        "tainted": false
                    },
                    "deposed": [],
                    "provider": ""
                },
                "aws_api_gateway_resource.proxy_api_resource_proxy": {
                    "type": "aws_api_gateway_resource",
                    "depends_on": [
                        "aws_api_gateway_rest_api.proxy_public_api",
                        "aws_api_gateway_rest_api.proxy_public_api"
                    ],
                    "primary": {
                        "id": "ast5z2",
                        "attributes": {
                            "id": "ast5z2",
                            "parent_id": "n44a7njrl0",
                            "path": "/{proxy+}",
                            "path_part": "{proxy+}",
                            "rest_api_id": "wu1ns0a4v9"
                        },
                        "meta": {},
                        "tainted": false
                    },
                    "deposed": [],
                    "provider": ""
                },
                "aws_api_gateway_rest_api.proxy_public_api": {
                    "type": "aws_api_gateway_rest_api",
                    "depends_on": [],
                    "primary": {
                        "id": "wu1ns0a4v9",
                        "attributes": {
                            "binary_media_types.#": "0",
                            "created_date": "2017-04-04T11:17:55Z",
                            "description": "",
                            "id": "wu1ns0a4v9",
                            "name": "rodin_v1_green_dev",
                            "root_resource_id": "n44a7njrl0"
                        },
                        "meta": {},
                        "tainted": false
                    },
                    "deposed": [],
                    "provider": ""
                },
                "aws_lambda_function.lambda_dummy": {
                    "type": "aws_lambda_function",
                    "depends_on": [],
                    "primary": {
                        "id": "rodin_v1_green_dev",
                        "attributes": {
                            "arn": "arn:aws:lambda:eu-west-1:401237329133:function:rodin_v1_green_dev",
                            "dead_letter_config.#": "0",
                            "description": "",
                            "environment.#": "0",
                            "filename": "/home/kkkj/artrunde/terraform-infrastructure/dev/services/rodin/v1/.terraform/modules/5d16cffd1be5788b13411c4751ee698b/dummy-nodejs4.3.zip",
                            "function_name": "rodin_v1_green_dev",
                            "handler": "index.handler",
                            "id": "rodin_v1_green_dev",
                            "kms_key_arn": "",
                            "last_modified": "2017-04-04T11:18:03.379+0000",
                            "memory_size": "1536",
                            "publish": "false",
                            "qualified_arn": "arn:aws:lambda:eu-west-1:401237329133:function:rodin_v1_green_dev:$LATEST",
                            "role": "arn:aws:iam::401237329133:role/rodin_role_lambda_v1_dev",
                            "runtime": "nodejs4.3",
                            "source_code_hash": "k5Fn2FlrMl081GaoS9MjQySzylshsxNCDEdwE3aWpPw=",
                            "timeout": "3",
                            "version": "$LATEST",
                            "vpc_config.#": "0"
                        },
                        "meta": {},
                        "tainted": false
                    },
                    "deposed": [],
                    "provider": ""
                },
                "aws_lambda_permission.allow_api_gateway": {
                    "type": "aws_lambda_permission",
                    "depends_on": [
                        "aws_api_gateway_resource.proxy_api_resource_proxy",
                        "aws_api_gateway_rest_api.proxy_public_api",
                        "aws_lambda_function.lambda_dummy"
                    ],
                    "primary": {
                        "id": "AllowExecutionFromApiGateway_wu1ns0a4v9_ast5z2",
                        "attributes": {
                            "action": "lambda:InvokeFunction",
                            "function_name": "rodin_v1_green_dev",
                            "id": "AllowExecutionFromApiGateway_wu1ns0a4v9_ast5z2",
                            "principal": "apigateway.amazonaws.com",
                            "qualifier": "",
                            "source_arn": "arn:aws:execute-api:eu-west-1:401237329133:wu1ns0a4v9/*/*",
                            "statement_id": "AllowExecutionFromApiGateway_wu1ns0a4v9_ast5z2"
                        },
                        "meta": {},
                        "tainted": false
                    },
                    "deposed": [],
                    "provider": ""
                }
            },
            "depends_on": []
        },
        {
            "path": [
                "root",
                "mapping"
            ],
            "outputs": {
                "active": {
                    "sensitive": false,
                    "type": "string",
                    "value": "blue"
                },
                "active_url": {
                    "sensitive": false,
                    "type": "string",
                    "value": "https://api-rodin-dev.artrunde.com/v1/"
                }
            },
            "resources": {
                "aws_api_gateway_base_path_mapping.proxy_public_api_mapping": {
                    "type": "aws_api_gateway_base_path_mapping",
                    "depends_on": [],
                    "primary": {
                        "id": "api-rodin-dev.artrunde.com/v1",
                        "attributes": {
                            "api_id": "ihc7m54cde",
                            "base_path": "v1",
                            "domain_name": "api-rodin-dev.artrunde.com",
                            "id": "api-rodin-dev.artrunde.com/v1",
                            "stage_name": "blue"
                        },
                        "meta": {},
                        "tainted": false
                    },
                    "deposed": [],
                    "provider": ""
                }
            },
            "depends_on": []
        }
    ]
}
