{
    "version": 3,
    "terraform_version": "0.8.6",
    "serial": 12,
    "lineage": "0097562a-6c21-4a8e-9185-31cdaecf8195",
    "modules": [
        {
            "path": [
                "root"
            ],
            "outputs": {},
            "resources": {
                "aws_iam_policy.lambda-deploy-policy": {
                    "type": "aws_iam_policy",
                    "depends_on": [
                        "module.lambda-deploy"
                    ],
                    "primary": {
                        "id": "arn:aws:iam::401237329133:policy/lambda_auto_deploy_policy",
                        "attributes": {
                            "arn": "arn:aws:iam::401237329133:policy/lambda_auto_deploy_policy",
                            "id": "arn:aws:iam::401237329133:policy/lambda_auto_deploy_policy",
                            "name": "lambda_auto_deploy_policy",
                            "path": "/",
                            "policy": "{\r\n  \"Version\": \"2012-10-17\",\r\n  \"Statement\": [\r\n    {\r\n      \"Sid\": \"AccessCloudwatchLogs\",\r\n      \"Action\": [\"logs:*\"],\r\n      \"Effect\": \"Allow\",\r\n      \"Resource\": \"arn:aws:logs:*:*:*\"\r\n    },\r\n    {\r\n      \"Sid\": \"AccessAutoDeployLambda\",\r\n      \"Action\": [\r\n        \"lambda:GetFunction\",\r\n        \"lambda:updateFunctionCode\"\r\n      ],\r\n      \"Effect\": \"Allow\",\r\n      \"Resource\": \"arn:aws:lambda:*:*:*\"\r\n    },\r\n    {\r\n      \"Sid\": \"AccessS3AutoDeployLambda\",\r\n      \"Action\": [\r\n        \"s3:GetObject\"\r\n      ],\r\n      \"Effect\": \"Allow\",\r\n      \"Resource\": \"arn:aws:s3:::kalles-autodeploy-terraform.artrunde.com/*\"\r\n    }\r\n   ]\r\n}\r\n"
                        },
                        "meta": {},
                        "tainted": false
                    },
                    "deposed": [],
                    "provider": ""
                },
                "aws_iam_role.lambda-deploy-role": {
                    "type": "aws_iam_role",
                    "depends_on": [],
                    "primary": {
                        "id": "lambda_auto_deploy",
                        "attributes": {
                            "arn": "arn:aws:iam::401237329133:role/lambda_auto_deploy",
                            "assume_role_policy": "{\"Version\":\"2012-10-17\",\"Statement\":[{\"Effect\":\"Allow\",\"Principal\":{\"Service\":\"lambda.amazonaws.com\"},\"Action\":\"sts:AssumeRole\"}]}",
                            "create_date": "2017-02-25T15:59:57Z",
                            "id": "lambda_auto_deploy",
                            "name": "lambda_auto_deploy",
                            "path": "/",
                            "unique_id": "AROAJBN3L3KTOJM6G6LJ6"
                        },
                        "meta": {},
                        "tainted": false
                    },
                    "deposed": [],
                    "provider": ""
                },
                "aws_iam_role_policy_attachment.attach-deploy-policy": {
                    "type": "aws_iam_role_policy_attachment",
                    "depends_on": [
                        "aws_iam_policy.lambda-deploy-policy",
                        "aws_iam_role.lambda-deploy-role"
                    ],
                    "primary": {
                        "id": "lambda_auto_deploy-00a55a88f762995f053935ee5f",
                        "attributes": {
                            "id": "lambda_auto_deploy-00a55a88f762995f053935ee5f",
                            "policy_arn": "arn:aws:iam::401237329133:policy/lambda_auto_deploy_policy",
                            "role": "lambda_auto_deploy"
                        },
                        "meta": {},
                        "tainted": false
                    },
                    "deposed": [],
                    "provider": ""
                }
            },
            "depends_on": []
        },
        {
            "path": [
                "root",
                "lambda-deploy"
            ],
            "outputs": {
                "bucket_arn": {
                    "sensitive": false,
                    "type": "string",
                    "value": "arn:aws:s3:::kalles-autodeploy-terraform.artrunde.com"
                }
            },
            "resources": {
                "aws_lambda_function.lambda-deploy": {
                    "type": "aws_lambda_function",
                    "depends_on": [],
                    "primary": {
                        "id": "auto_deploy_with_s3_dev",
                        "attributes": {
                            "arn": "arn:aws:lambda:eu-west-1:401237329133:function:auto_deploy_with_s3_dev",
                            "description": "",
                            "environment.#": "0",
                            "filename": "/home/kkkj/artrunde/terraform-infrastructure/dev/services/backend/lambda-deploy/.terraform/modules/c21bc84b5511f996713f4bbbf1f74673/lambda-deploy.zip",
                            "function_name": "auto_deploy_with_s3_dev",
                            "handler": "index.handler",
                            "id": "auto_deploy_with_s3_dev",
                            "kms_key_arn": "",
                            "last_modified": "2017-02-25T16:00:09.883+0000",
                            "memory_size": "1536",
                            "publish": "false",
                            "qualified_arn": "arn:aws:lambda:eu-west-1:401237329133:function:auto_deploy_with_s3_dev:$LATEST",
                            "role": "arn:aws:iam::401237329133:role/lambda_auto_deploy",
                            "runtime": "nodejs4.3",
                            "source_code_hash": "+g1xX/h3N8u/+IvYmTSyqdJJ4GsU1tgtXCscwocya8M=",
                            "timeout": "3",
                            "version": "$LATEST",
                            "vpc_config.#": "0"
                        },
                        "meta": {},
                        "tainted": false
                    },
                    "deposed": [],
                    "provider": ""
                },
                "aws_lambda_permission.allow_bucket": {
                    "type": "aws_lambda_permission",
                    "depends_on": [
                        "aws_lambda_function.lambda-deploy",
                        "aws_s3_bucket.lambda-deploy-bucket"
                    ],
                    "primary": {
                        "id": "AllowExecutionFromS3Bucket",
                        "attributes": {
                            "action": "lambda:InvokeFunction",
                            "function_name": "arn:aws:lambda:eu-west-1:401237329133:function:auto_deploy_with_s3_dev",
                            "id": "AllowExecutionFromS3Bucket",
                            "principal": "s3.amazonaws.com",
                            "source_arn": "arn:aws:s3:::kalles-autodeploy-terraform.artrunde.com",
                            "statement_id": "AllowExecutionFromS3Bucket"
                        },
                        "meta": {},
                        "tainted": false
                    },
                    "deposed": [],
                    "provider": ""
                },
                "aws_s3_bucket.lambda-deploy-bucket": {
                    "type": "aws_s3_bucket",
                    "depends_on": [],
                    "primary": {
                        "id": "kalles-autodeploy-terraform.artrunde.com",
                        "attributes": {
                            "acceleration_status": "",
                            "acl": "authenticated-read",
                            "arn": "arn:aws:s3:::kalles-autodeploy-terraform.artrunde.com",
                            "bucket": "kalles-autodeploy-terraform.artrunde.com",
                            "bucket_domain_name": "kalles-autodeploy-terraform.artrunde.com.s3.amazonaws.com",
                            "force_destroy": "true",
                            "hosted_zone_id": "Z1BKCTXD74EZPE",
                            "id": "kalles-autodeploy-terraform.artrunde.com",
                            "region": "eu-west-1",
                            "request_payer": "BucketOwner",
                            "tags.%": "1",
                            "tags.env": "dev",
                            "versioning.#": "1",
                            "versioning.0.enabled": "false",
                            "versioning.0.mfa_delete": "false",
                            "website.#": "0"
                        },
                        "meta": {},
                        "tainted": false
                    },
                    "deposed": [],
                    "provider": ""
                },
                "aws_s3_bucket_notification.bucket_notification": {
                    "type": "aws_s3_bucket_notification",
                    "depends_on": [
                        "aws_lambda_function.lambda-deploy",
                        "aws_s3_bucket.lambda-deploy-bucket"
                    ],
                    "primary": {
                        "id": "kalles-autodeploy-terraform.artrunde.com",
                        "attributes": {
                            "bucket": "kalles-autodeploy-terraform.artrunde.com",
                            "id": "kalles-autodeploy-terraform.artrunde.com",
                            "lambda_function.#": "1",
                            "lambda_function.0.events.#": "1",
                            "lambda_function.0.events.3356830603": "s3:ObjectCreated:*",
                            "lambda_function.0.filter_prefix": "",
                            "lambda_function.0.filter_suffix": "",
                            "lambda_function.0.id": "tf-s3-lambda-001243a526e8f0372ad9d78c4b",
                            "lambda_function.0.lambda_function_arn": "arn:aws:lambda:eu-west-1:401237329133:function:auto_deploy_with_s3_dev",
                            "queue.#": "0",
                            "topic.#": "0"
                        },
                        "meta": {},
                        "tainted": false
                    },
                    "deposed": [],
                    "provider": ""
                }
            },
            "depends_on": []
        }
    ]
}
