{
    "version": 3,
    "terraform_version": "0.9.1",
    "serial": 10,
    "lineage": "c4bf2e93-7b64-4ec5-865e-200e6cfeeee4",
    "modules": [
        {
            "path": [
                "root"
            ],
            "outputs": {
                "assets_bucket_id": {
                    "sensitive": false,
                    "type": "string",
                    "value": "assets-dev.artrunde.com"
                },
                "assets_s3_website_endpoint": {
                    "sensitive": false,
                    "type": "string",
                    "value": "https://assets-dev.artrunde.com.s3-website-us-east-1.amazonaws.com"
                },
                "html_bucket_id": {
                    "sensitive": false,
                    "type": "string",
                    "value": "www-dev.artrunde.com"
                },
                "html_s3_website_endpoint": {
                    "sensitive": false,
                    "type": "string",
                    "value": "https://www-dev.artrunde.com.s3-website-us-east-1.amazonaws.com"
                }
            },
            "resources": {
                "aws_iam_user_policy.dali_circleci_policy": {
                    "type": "aws_iam_user_policy",
                    "depends_on": [
                        "module.dali_assets",
                        "module.dali_html"
                    ],
                    "primary": {
                        "id": "circle_ci_dali_dev:circleci_dali_policy_dev",
                        "attributes": {
                            "id": "circle_ci_dali_dev:circleci_dali_policy_dev",
                            "name": "circleci_dali_policy_dev",
                            "policy": "{\r\n  \"Version\": \"2012-10-17\",\r\n  \"Statement\": [\r\n    {\r\n      \"Sid\": \"CircleCIS3\",\r\n      \"Action\": [\r\n        \"s3:*\"\r\n      ],\r\n      \"Effect\": \"Allow\",\r\n      \"Resource\": [\r\n        \"arn:aws:s3:::www-dev.artrunde.com/*\",\r\n        \"arn:aws:s3:::assets-dev.artrunde.com/*\"\r\n      ]\r\n    }\r\n  ]\r\n}\r\n",
                            "user": "circle_ci_dali_dev"
                        },
                        "meta": {},
                        "tainted": false
                    },
                    "deposed": [],
                    "provider": ""
                }
            },
            "depends_on": []
        },
        {
            "path": [
                "root",
                "dali_assets"
            ],
            "outputs": {
                "s3_bucket_id": {
                    "sensitive": false,
                    "type": "string",
                    "value": "assets-dev.artrunde.com"
                },
                "s3_website_endpoint": {
                    "sensitive": false,
                    "type": "string",
                    "value": "assets-dev.artrunde.com.s3-website-us-east-1.amazonaws.com"
                }
            },
            "resources": {
                "aws_route53_record.s3-website-dns-record": {
                    "type": "aws_route53_record",
                    "depends_on": [
                        "aws_s3_bucket.s3-website",
                        "aws_s3_bucket.s3-website",
                        "data.aws_route53_zone.root-domain"
                    ],
                    "primary": {
                        "id": "Z1SF9WIPWYI9IH_assets-dev_A",
                        "attributes": {
                            "alias.#": "1",
                            "alias.3804557109.evaluate_target_health": "true",
                            "alias.3804557109.name": "s3-website-us-east-1.amazonaws.com",
                            "alias.3804557109.zone_id": "Z3AQBSTGFYJSTF",
                            "fqdn": "assets-dev.artrunde.com",
                            "health_check_id": "",
                            "id": "Z1SF9WIPWYI9IH_assets-dev_A",
                            "name": "assets-dev",
                            "records.#": "0",
                            "set_identifier": "",
                            "ttl": "0",
                            "type": "A",
                            "zone_id": "Z1SF9WIPWYI9IH"
                        },
                        "meta": {
                            "schema_version": "2"
                        },
                        "tainted": false
                    },
                    "deposed": [],
                    "provider": ""
                },
                "aws_s3_bucket.s3-website": {
                    "type": "aws_s3_bucket",
                    "depends_on": [
                        "aws_s3_bucket.s3-website-log"
                    ],
                    "primary": {
                        "id": "assets-dev.artrunde.com",
                        "attributes": {
                            "acceleration_status": "",
                            "acl": "public-read",
                            "arn": "arn:aws:s3:::assets-dev.artrunde.com",
                            "bucket": "assets-dev.artrunde.com",
                            "bucket_domain_name": "assets-dev.artrunde.com.s3.amazonaws.com",
                            "cors_rule.#": "1",
                            "cors_rule.0.allowed_headers.#": "1",
                            "cors_rule.0.allowed_headers.0": "*",
                            "cors_rule.0.allowed_methods.#": "1",
                            "cors_rule.0.allowed_methods.0": "GET",
                            "cors_rule.0.allowed_origins.#": "1",
                            "cors_rule.0.allowed_origins.0": "*",
                            "cors_rule.0.expose_headers.#": "1",
                            "cors_rule.0.expose_headers.0": "ETag",
                            "cors_rule.0.max_age_seconds": "300",
                            "force_destroy": "true",
                            "hosted_zone_id": "Z3AQBSTGFYJSTF",
                            "id": "assets-dev.artrunde.com",
                            "logging.#": "1",
                            "logging.978404226.target_bucket": "assets-dev.artrunde.com-logs-9d53a836406678aa",
                            "logging.978404226.target_prefix": "",
                            "policy": "{\"Statement\":[{\"Action\":\"s3:GetObject\",\"Effect\":\"Allow\",\"Principal\":\"*\",\"Resource\":\"arn:aws:s3:::assets-dev.artrunde.com/*\",\"Sid\":\"PublicReadGetObject\"}],\"Version\":\"2012-10-17\"}",
                            "region": "us-east-1",
                            "request_payer": "BucketOwner",
                            "tags.%": "1",
                            "tags.env": "dev",
                            "versioning.#": "1",
                            "versioning.0.enabled": "false",
                            "versioning.0.mfa_delete": "false",
                            "website.#": "1",
                            "website.0.error_document": "error.html",
                            "website.0.index_document": "index.html",
                            "website.0.redirect_all_requests_to": "",
                            "website.0.routing_rules": "",
                            "website_domain": "s3-website-us-east-1.amazonaws.com",
                            "website_endpoint": "assets-dev.artrunde.com.s3-website-us-east-1.amazonaws.com"
                        },
                        "meta": {},
                        "tainted": false
                    },
                    "deposed": [],
                    "provider": ""
                },
                "aws_s3_bucket.s3-website-log": {
                    "type": "aws_s3_bucket",
                    "depends_on": [
                        "random_id.log-suffix"
                    ],
                    "primary": {
                        "id": "assets-dev.artrunde.com-logs-9d53a836406678aa",
                        "attributes": {
                            "acceleration_status": "",
                            "acl": "log-delivery-write",
                            "arn": "arn:aws:s3:::assets-dev.artrunde.com-logs-9d53a836406678aa",
                            "bucket": "assets-dev.artrunde.com-logs-9d53a836406678aa",
                            "bucket_domain_name": "assets-dev.artrunde.com-logs-9d53a836406678aa.s3.amazonaws.com",
                            "force_destroy": "true",
                            "hosted_zone_id": "Z3AQBSTGFYJSTF",
                            "id": "assets-dev.artrunde.com-logs-9d53a836406678aa",
                            "region": "us-east-1",
                            "request_payer": "BucketOwner",
                            "tags.%": "1",
                            "tags.env": "dev",
                            "versioning.#": "1",
                            "versioning.0.enabled": "false",
                            "versioning.0.mfa_delete": "false",
                            "website.#": "0"
                        },
                        "meta": {},
                        "tainted": false
                    },
                    "deposed": [],
                    "provider": ""
                },
                "data.aws_route53_zone.root-domain": {
                    "type": "aws_route53_zone",
                    "depends_on": [],
                    "primary": {
                        "id": "Z1SF9WIPWYI9IH",
                        "attributes": {
                            "caller_reference": "52923508-F90B-0794-9770-78108F58D89A",
                            "comment": "Root domain",
                            "id": "Z1SF9WIPWYI9IH",
                            "name": "artrunde.com.",
                            "private_zone": "false",
                            "resource_record_set_count": "12",
                            "zone_id": "Z1SF9WIPWYI9IH"
                        },
                        "meta": {},
                        "tainted": false
                    },
                    "deposed": [],
                    "provider": ""
                },
                "random_id.log-suffix": {
                    "type": "random_id",
                    "depends_on": [],
                    "primary": {
                        "id": "nVOoNkBmeKo",
                        "attributes": {
                            "b64": "nVOoNkBmeKo",
                            "b64_std": "nVOoNkBmeKo=",
                            "b64_url": "nVOoNkBmeKo",
                            "byte_length": "8",
                            "dec": "11336589637983828138",
                            "hex": "9d53a836406678aa",
                            "id": "nVOoNkBmeKo"
                        },
                        "meta": {},
                        "tainted": false
                    },
                    "deposed": [],
                    "provider": ""
                }
            },
            "depends_on": []
        },
        {
            "path": [
                "root",
                "dali_html"
            ],
            "outputs": {
                "s3_bucket_id": {
                    "sensitive": false,
                    "type": "string",
                    "value": "www-dev.artrunde.com"
                },
                "s3_website_endpoint": {
                    "sensitive": false,
                    "type": "string",
                    "value": "www-dev.artrunde.com.s3-website-us-east-1.amazonaws.com"
                }
            },
            "resources": {
                "aws_route53_record.s3-website-dns-record": {
                    "type": "aws_route53_record",
                    "depends_on": [
                        "aws_s3_bucket.s3-website",
                        "aws_s3_bucket.s3-website",
                        "data.aws_route53_zone.root-domain"
                    ],
                    "primary": {
                        "id": "Z1SF9WIPWYI9IH_www-dev_A",
                        "attributes": {
                            "alias.#": "1",
                            "alias.3804557109.evaluate_target_health": "true",
                            "alias.3804557109.name": "s3-website-us-east-1.amazonaws.com",
                            "alias.3804557109.zone_id": "Z3AQBSTGFYJSTF",
                            "fqdn": "www-dev.artrunde.com",
                            "health_check_id": "",
                            "id": "Z1SF9WIPWYI9IH_www-dev_A",
                            "name": "www-dev",
                            "records.#": "0",
                            "set_identifier": "",
                            "ttl": "0",
                            "type": "A",
                            "zone_id": "Z1SF9WIPWYI9IH"
                        },
                        "meta": {
                            "schema_version": "2"
                        },
                        "tainted": false
                    },
                    "deposed": [],
                    "provider": ""
                },
                "aws_s3_bucket.s3-website": {
                    "type": "aws_s3_bucket",
                    "depends_on": [
                        "aws_s3_bucket.s3-website-log"
                    ],
                    "primary": {
                        "id": "www-dev.artrunde.com",
                        "attributes": {
                            "acceleration_status": "",
                            "acl": "public-read",
                            "arn": "arn:aws:s3:::www-dev.artrunde.com",
                            "bucket": "www-dev.artrunde.com",
                            "bucket_domain_name": "www-dev.artrunde.com.s3.amazonaws.com",
                            "cors_rule.#": "1",
                            "cors_rule.0.allowed_headers.#": "1",
                            "cors_rule.0.allowed_headers.0": "*",
                            "cors_rule.0.allowed_methods.#": "1",
                            "cors_rule.0.allowed_methods.0": "GET",
                            "cors_rule.0.allowed_origins.#": "1",
                            "cors_rule.0.allowed_origins.0": "*",
                            "cors_rule.0.expose_headers.#": "1",
                            "cors_rule.0.expose_headers.0": "ETag",
                            "cors_rule.0.max_age_seconds": "300",
                            "force_destroy": "true",
                            "hosted_zone_id": "Z3AQBSTGFYJSTF",
                            "id": "www-dev.artrunde.com",
                            "logging.#": "1",
                            "logging.718933590.target_bucket": "www-dev.artrunde.com-logs-dd74b683ca2c0de6",
                            "logging.718933590.target_prefix": "",
                            "policy": "{\"Statement\":[{\"Action\":\"s3:GetObject\",\"Effect\":\"Allow\",\"Principal\":\"*\",\"Resource\":\"arn:aws:s3:::www-dev.artrunde.com/*\",\"Sid\":\"PublicReadGetObject\"}],\"Version\":\"2012-10-17\"}",
                            "region": "us-east-1",
                            "request_payer": "BucketOwner",
                            "tags.%": "1",
                            "tags.env": "dev",
                            "versioning.#": "1",
                            "versioning.0.enabled": "false",
                            "versioning.0.mfa_delete": "false",
                            "website.#": "1",
                            "website.0.error_document": "error.html",
                            "website.0.index_document": "index.html",
                            "website.0.redirect_all_requests_to": "",
                            "website.0.routing_rules": "",
                            "website_domain": "s3-website-us-east-1.amazonaws.com",
                            "website_endpoint": "www-dev.artrunde.com.s3-website-us-east-1.amazonaws.com"
                        },
                        "meta": {},
                        "tainted": false
                    },
                    "deposed": [],
                    "provider": ""
                },
                "aws_s3_bucket.s3-website-log": {
                    "type": "aws_s3_bucket",
                    "depends_on": [
                        "random_id.log-suffix"
                    ],
                    "primary": {
                        "id": "www-dev.artrunde.com-logs-dd74b683ca2c0de6",
                        "attributes": {
                            "acceleration_status": "",
                            "acl": "log-delivery-write",
                            "arn": "arn:aws:s3:::www-dev.artrunde.com-logs-dd74b683ca2c0de6",
                            "bucket": "www-dev.artrunde.com-logs-dd74b683ca2c0de6",
                            "bucket_domain_name": "www-dev.artrunde.com-logs-dd74b683ca2c0de6.s3.amazonaws.com",
                            "force_destroy": "true",
                            "hosted_zone_id": "Z3AQBSTGFYJSTF",
                            "id": "www-dev.artrunde.com-logs-dd74b683ca2c0de6",
                            "region": "us-east-1",
                            "request_payer": "BucketOwner",
                            "tags.%": "1",
                            "tags.env": "dev",
                            "versioning.#": "1",
                            "versioning.0.enabled": "false",
                            "versioning.0.mfa_delete": "false",
                            "website.#": "0"
                        },
                        "meta": {},
                        "tainted": false
                    },
                    "deposed": [],
                    "provider": ""
                },
                "data.aws_route53_zone.root-domain": {
                    "type": "aws_route53_zone",
                    "depends_on": [],
                    "primary": {
                        "id": "Z1SF9WIPWYI9IH",
                        "attributes": {
                            "caller_reference": "52923508-F90B-0794-9770-78108F58D89A",
                            "comment": "Root domain",
                            "id": "Z1SF9WIPWYI9IH",
                            "name": "artrunde.com.",
                            "private_zone": "false",
                            "resource_record_set_count": "12",
                            "zone_id": "Z1SF9WIPWYI9IH"
                        },
                        "meta": {},
                        "tainted": false
                    },
                    "deposed": [],
                    "provider": ""
                },
                "random_id.log-suffix": {
                    "type": "random_id",
                    "depends_on": [],
                    "primary": {
                        "id": "3XS2g8osDeY",
                        "attributes": {
                            "b64": "3XS2g8osDeY",
                            "b64_std": "3XS2g8osDeY=",
                            "b64_url": "3XS2g8osDeY",
                            "byte_length": "8",
                            "dec": "15957580056829365734",
                            "hex": "dd74b683ca2c0de6",
                            "id": "3XS2g8osDeY"
                        },
                        "meta": {},
                        "tainted": false
                    },
                    "deposed": [],
                    "provider": ""
                }
            },
            "depends_on": []
        }
    ]
}
