{
    "version": 3,
    "terraform_version": "0.9.1",
    "serial": 0,
    "lineage": "c4bf2e93-7b64-4ec5-865e-200e6cfeeee4",
    "modules": [
        {
            "path": [
                "root"
            ],
            "outputs": {
                "dali_assets_bucket_id": {
                    "sensitive": false,
                    "type": "string",
                    "value": "assets-c524ee7f396864bf-dev.artrunde.com"
                },
                "dali_assets_s3_website_endpoint": {
                    "sensitive": false,
                    "type": "string",
                    "value": "assets-c524ee7f396864bf-dev.artrunde.com.s3-website-us-east-1.amazonaws.com"
                },
                "dali_html_bucket_id": {
                    "sensitive": false,
                    "type": "string",
                    "value": "www-c524ee7f396864bf-dev.artrunde.com"
                },
                "dali_html_s3_website_endpoint": {
                    "sensitive": false,
                    "type": "string",
                    "value": "www-c524ee7f396864bf-dev.artrunde.com.s3-website-us-east-1.amazonaws.com"
                }
            },
            "resources": {
                "aws_iam_user_policy.dali_circleci_policy": {
                    "type": "aws_iam_user_policy",
                    "depends_on": [
                        "module.dali_assets",
                        "module.dali_html"
                    ],
                    "primary": {
                        "id": "circle_ci_dali_dev:circleci_dali_policy_dev",
                        "attributes": {
                            "id": "circle_ci_dali_dev:circleci_dali_policy_dev",
                            "name": "circleci_dali_policy_dev",
                            "policy": "{\r\n  \"Version\": \"2012-10-17\",\r\n  \"Statement\": [\r\n    {\r\n      \"Sid\": \"CircleCIS3\",\r\n      \"Action\": [\r\n        \"s3:*\"\r\n      ],\r\n      \"Effect\": \"Allow\",\r\n      \"Resource\": [\r\n        \"arn:aws:s3:::www-c524ee7f396864bf-dev.artrunde.com/*\",\r\n        \"arn:aws:s3:::assets-c524ee7f396864bf-dev.artrunde.com/*\"\r\n      ]\r\n    }\r\n  ]\r\n}\r\n",
                            "user": "circle_ci_dali_dev"
                        },
                        "meta": {},
                        "tainted": false
                    },
                    "deposed": [],
                    "provider": ""
                },
                "random_id.random_name": {
                    "type": "random_id",
                    "depends_on": [],
                    "primary": {
                        "id": "xSTufzloZL8",
                        "attributes": {
                            "b64": "xSTufzloZL8",
                            "b64_std": "xSTufzloZL8=",
                            "b64_url": "xSTufzloZL8",
                            "byte_length": "8",
                            "dec": "14205741354824787135",
                            "hex": "c524ee7f396864bf",
                            "id": "xSTufzloZL8"
                        },
                        "meta": {},
                        "tainted": false
                    },
                    "deposed": [],
                    "provider": ""
                }
            },
            "depends_on": []
        },
        {
            "path": [
                "root",
                "dali_assets"
            ],
            "outputs": {
                "s3_bucket_id": {
                    "sensitive": false,
                    "type": "string",
                    "value": "assets-c524ee7f396864bf-dev.artrunde.com"
                },
                "s3_website_endpoint": {
                    "sensitive": false,
                    "type": "string",
                    "value": "assets-c524ee7f396864bf-dev.artrunde.com.s3-website-us-east-1.amazonaws.com"
                }
            },
            "resources": {
                "aws_route53_record.s3-website-dns-record": {
                    "type": "aws_route53_record",
                    "depends_on": [
                        "aws_s3_bucket.s3-website",
                        "aws_s3_bucket.s3-website",
                        "data.aws_route53_zone.root-domain"
                    ],
                    "primary": {
                        "id": "Z1SF9WIPWYI9IH_assets-dev_A",
                        "attributes": {
                            "alias.#": "1",
                            "alias.3804557109.evaluate_target_health": "true",
                            "alias.3804557109.name": "s3-website-us-east-1.amazonaws.com",
                            "alias.3804557109.zone_id": "Z3AQBSTGFYJSTF",
                            "fqdn": "assets-dev.artrunde.com",
                            "health_check_id": "",
                            "id": "Z1SF9WIPWYI9IH_assets-dev_A",
                            "name": "assets-dev",
                            "records.#": "0",
                            "set_identifier": "",
                            "ttl": "0",
                            "type": "A",
                            "zone_id": "Z1SF9WIPWYI9IH"
                        },
                        "meta": {
                            "schema_version": "2"
                        },
                        "tainted": false
                    },
                    "deposed": [],
                    "provider": ""
                },
                "aws_s3_bucket.s3-website": {
                    "type": "aws_s3_bucket",
                    "depends_on": [
                        "aws_s3_bucket.s3-website-log"
                    ],
                    "primary": {
                        "id": "assets-c524ee7f396864bf-dev.artrunde.com",
                        "attributes": {
                            "acceleration_status": "",
                            "acl": "public-read",
                            "arn": "arn:aws:s3:::assets-c524ee7f396864bf-dev.artrunde.com",
                            "bucket": "assets-c524ee7f396864bf-dev.artrunde.com",
                            "bucket_domain_name": "assets-c524ee7f396864bf-dev.artrunde.com.s3.amazonaws.com",
                            "cors_rule.#": "1",
                            "cors_rule.0.allowed_headers.#": "1",
                            "cors_rule.0.allowed_headers.0": "*",
                            "cors_rule.0.allowed_methods.#": "1",
                            "cors_rule.0.allowed_methods.0": "GET",
                            "cors_rule.0.allowed_origins.#": "1",
                            "cors_rule.0.allowed_origins.0": "*",
                            "cors_rule.0.expose_headers.#": "1",
                            "cors_rule.0.expose_headers.0": "ETag",
                            "cors_rule.0.max_age_seconds": "300",
                            "force_destroy": "true",
                            "hosted_zone_id": "Z3AQBSTGFYJSTF",
                            "id": "assets-c524ee7f396864bf-dev.artrunde.com",
                            "logging.#": "1",
                            "logging.3789433030.target_bucket": "assets-c524ee7f396864bf-dev.artrunde.com-logs-532029ad15736bb3",
                            "logging.3789433030.target_prefix": "",
                            "policy": "{\"Statement\":[{\"Action\":\"s3:GetObject\",\"Effect\":\"Allow\",\"Principal\":\"*\",\"Resource\":\"arn:aws:s3:::assets-c524ee7f396864bf-dev.artrunde.com/*\",\"Sid\":\"PublicReadGetObject\"}],\"Version\":\"2012-10-17\"}",
                            "region": "us-east-1",
                            "request_payer": "BucketOwner",
                            "tags.%": "1",
                            "tags.env": "dev",
                            "versioning.#": "1",
                            "versioning.0.enabled": "false",
                            "versioning.0.mfa_delete": "false",
                            "website.#": "1",
                            "website.0.error_document": "error.html",
                            "website.0.index_document": "index.html",
                            "website.0.redirect_all_requests_to": "",
                            "website.0.routing_rules": "",
                            "website_domain": "s3-website-us-east-1.amazonaws.com",
                            "website_endpoint": "assets-c524ee7f396864bf-dev.artrunde.com.s3-website-us-east-1.amazonaws.com"
                        },
                        "meta": {},
                        "tainted": false
                    },
                    "deposed": [],
                    "provider": ""
                },
                "aws_s3_bucket.s3-website-log": {
                    "type": "aws_s3_bucket",
                    "depends_on": [
                        "random_id.log-suffix"
                    ],
                    "primary": {
                        "id": "assets-c524ee7f396864bf-dev.artrunde.com-logs-532029ad15736bb3",
                        "attributes": {
                            "acceleration_status": "",
                            "acl": "log-delivery-write",
                            "arn": "arn:aws:s3:::assets-c524ee7f396864bf-dev.artrunde.com-logs-532029ad15736bb3",
                            "bucket": "assets-c524ee7f396864bf-dev.artrunde.com-logs-532029ad15736bb3",
                            "bucket_domain_name": "assets-c524ee7f396864bf-dev.artrunde.com-logs-532029ad15736bb3.s3.amazonaws.com",
                            "force_destroy": "false",
                            "hosted_zone_id": "Z3AQBSTGFYJSTF",
                            "id": "assets-c524ee7f396864bf-dev.artrunde.com-logs-532029ad15736bb3",
                            "region": "us-east-1",
                            "request_payer": "BucketOwner",
                            "tags.%": "1",
                            "tags.env": "dev",
                            "versioning.#": "1",
                            "versioning.0.enabled": "false",
                            "versioning.0.mfa_delete": "false",
                            "website.#": "0"
                        },
                        "meta": {},
                        "tainted": false
                    },
                    "deposed": [],
                    "provider": ""
                },
                "data.aws_route53_zone.root-domain": {
                    "type": "aws_route53_zone",
                    "depends_on": [],
                    "primary": {
                        "id": "Z1SF9WIPWYI9IH",
                        "attributes": {
                            "caller_reference": "52923508-F90B-0794-9770-78108F58D89A",
                            "comment": "Root domain",
                            "id": "Z1SF9WIPWYI9IH",
                            "name": "artrunde.com.",
                            "private_zone": "false",
                            "resource_record_set_count": "9",
                            "zone_id": "Z1SF9WIPWYI9IH"
                        },
                        "meta": {},
                        "tainted": false
                    },
                    "deposed": [],
                    "provider": ""
                },
                "random_id.log-suffix": {
                    "type": "random_id",
                    "depends_on": [],
                    "primary": {
                        "id": "UyAprRVza7M",
                        "attributes": {
                            "b64": "UyAprRVza7M",
                            "b64_std": "UyAprRVza7M=",
                            "b64_url": "UyAprRVza7M",
                            "byte_length": "8",
                            "dec": "5989833327768726451",
                            "hex": "532029ad15736bb3",
                            "id": "UyAprRVza7M"
                        },
                        "meta": {},
                        "tainted": false
                    },
                    "deposed": [],
                    "provider": ""
                }
            },
            "depends_on": []
        },
        {
            "path": [
                "root",
                "dali_html"
            ],
            "outputs": {
                "s3_bucket_id": {
                    "sensitive": false,
                    "type": "string",
                    "value": "www-c524ee7f396864bf-dev.artrunde.com"
                },
                "s3_website_endpoint": {
                    "sensitive": false,
                    "type": "string",
                    "value": "www-c524ee7f396864bf-dev.artrunde.com.s3-website-us-east-1.amazonaws.com"
                }
            },
            "resources": {
                "aws_route53_record.s3-website-dns-record": {
                    "type": "aws_route53_record",
                    "depends_on": [
                        "aws_s3_bucket.s3-website",
                        "aws_s3_bucket.s3-website",
                        "data.aws_route53_zone.root-domain"
                    ],
                    "primary": {
                        "id": "Z1SF9WIPWYI9IH_www-dev_A",
                        "attributes": {
                            "alias.#": "1",
                            "alias.3804557109.evaluate_target_health": "true",
                            "alias.3804557109.name": "s3-website-us-east-1.amazonaws.com",
                            "alias.3804557109.zone_id": "Z3AQBSTGFYJSTF",
                            "fqdn": "www-dev.artrunde.com",
                            "health_check_id": "",
                            "id": "Z1SF9WIPWYI9IH_www-dev_A",
                            "name": "www-dev",
                            "records.#": "0",
                            "set_identifier": "",
                            "ttl": "0",
                            "type": "A",
                            "zone_id": "Z1SF9WIPWYI9IH"
                        },
                        "meta": {
                            "schema_version": "2"
                        },
                        "tainted": false
                    },
                    "deposed": [],
                    "provider": ""
                },
                "aws_s3_bucket.s3-website": {
                    "type": "aws_s3_bucket",
                    "depends_on": [
                        "aws_s3_bucket.s3-website-log"
                    ],
                    "primary": {
                        "id": "www-c524ee7f396864bf-dev.artrunde.com",
                        "attributes": {
                            "acceleration_status": "",
                            "acl": "public-read",
                            "arn": "arn:aws:s3:::www-c524ee7f396864bf-dev.artrunde.com",
                            "bucket": "www-c524ee7f396864bf-dev.artrunde.com",
                            "bucket_domain_name": "www-c524ee7f396864bf-dev.artrunde.com.s3.amazonaws.com",
                            "cors_rule.#": "1",
                            "cors_rule.0.allowed_headers.#": "1",
                            "cors_rule.0.allowed_headers.0": "*",
                            "cors_rule.0.allowed_methods.#": "1",
                            "cors_rule.0.allowed_methods.0": "GET",
                            "cors_rule.0.allowed_origins.#": "1",
                            "cors_rule.0.allowed_origins.0": "*",
                            "cors_rule.0.expose_headers.#": "1",
                            "cors_rule.0.expose_headers.0": "ETag",
                            "cors_rule.0.max_age_seconds": "300",
                            "force_destroy": "true",
                            "hosted_zone_id": "Z3AQBSTGFYJSTF",
                            "id": "www-c524ee7f396864bf-dev.artrunde.com",
                            "logging.#": "1",
                            "logging.1745702424.target_bucket": "www-c524ee7f396864bf-dev.artrunde.com-logs-af2eeccdaaed4ed2",
                            "logging.1745702424.target_prefix": "",
                            "policy": "{\"Statement\":[{\"Action\":\"s3:GetObject\",\"Effect\":\"Allow\",\"Principal\":\"*\",\"Resource\":\"arn:aws:s3:::www-c524ee7f396864bf-dev.artrunde.com/*\",\"Sid\":\"PublicReadGetObject\"}],\"Version\":\"2012-10-17\"}",
                            "region": "us-east-1",
                            "request_payer": "BucketOwner",
                            "tags.%": "1",
                            "tags.env": "dev",
                            "versioning.#": "1",
                            "versioning.0.enabled": "false",
                            "versioning.0.mfa_delete": "false",
                            "website.#": "1",
                            "website.0.error_document": "error.html",
                            "website.0.index_document": "index.html",
                            "website.0.redirect_all_requests_to": "",
                            "website.0.routing_rules": "",
                            "website_domain": "s3-website-us-east-1.amazonaws.com",
                            "website_endpoint": "www-c524ee7f396864bf-dev.artrunde.com.s3-website-us-east-1.amazonaws.com"
                        },
                        "meta": {},
                        "tainted": false
                    },
                    "deposed": [],
                    "provider": ""
                },
                "aws_s3_bucket.s3-website-log": {
                    "type": "aws_s3_bucket",
                    "depends_on": [
                        "random_id.log-suffix"
                    ],
                    "primary": {
                        "id": "www-c524ee7f396864bf-dev.artrunde.com-logs-af2eeccdaaed4ed2",
                        "attributes": {
                            "acceleration_status": "",
                            "acl": "log-delivery-write",
                            "arn": "arn:aws:s3:::www-c524ee7f396864bf-dev.artrunde.com-logs-af2eeccdaaed4ed2",
                            "bucket": "www-c524ee7f396864bf-dev.artrunde.com-logs-af2eeccdaaed4ed2",
                            "bucket_domain_name": "www-c524ee7f396864bf-dev.artrunde.com-logs-af2eeccdaaed4ed2.s3.amazonaws.com",
                            "force_destroy": "false",
                            "hosted_zone_id": "Z3AQBSTGFYJSTF",
                            "id": "www-c524ee7f396864bf-dev.artrunde.com-logs-af2eeccdaaed4ed2",
                            "region": "us-east-1",
                            "request_payer": "BucketOwner",
                            "tags.%": "1",
                            "tags.env": "dev",
                            "versioning.#": "1",
                            "versioning.0.enabled": "false",
                            "versioning.0.mfa_delete": "false",
                            "website.#": "0"
                        },
                        "meta": {},
                        "tainted": false
                    },
                    "deposed": [],
                    "provider": ""
                },
                "data.aws_route53_zone.root-domain": {
                    "type": "aws_route53_zone",
                    "depends_on": [],
                    "primary": {
                        "id": "Z1SF9WIPWYI9IH",
                        "attributes": {
                            "caller_reference": "52923508-F90B-0794-9770-78108F58D89A",
                            "comment": "Root domain",
                            "id": "Z1SF9WIPWYI9IH",
                            "name": "artrunde.com.",
                            "private_zone": "false",
                            "resource_record_set_count": "9",
                            "zone_id": "Z1SF9WIPWYI9IH"
                        },
                        "meta": {},
                        "tainted": false
                    },
                    "deposed": [],
                    "provider": ""
                },
                "random_id.log-suffix": {
                    "type": "random_id",
                    "depends_on": [],
                    "primary": {
                        "id": "ry7szartTtI",
                        "attributes": {
                            "b64": "ry7szartTtI",
                            "b64_std": "ry7szartTtI=",
                            "b64_url": "ry7szartTtI",
                            "byte_length": "8",
                            "dec": "12623287173646208722",
                            "hex": "af2eeccdaaed4ed2",
                            "id": "ry7szartTtI"
                        },
                        "meta": {},
                        "tainted": false
                    },
                    "deposed": [],
                    "provider": ""
                }
            },
            "depends_on": []
        }
    ]
}
