{
    "version": 3,
    "terraform_version": "0.8.6",
    "serial": 3,
    "lineage": "576c6fb4-6106-45c5-ab04-c2e6deef462e",
    "modules": [
        {
            "path": [
                "root"
            ],
            "outputs": {
                "auto_deployment_filename": {
                    "sensitive": false,
                    "type": "string",
                    "value": "swagger_hello_word_dev.zip"
                }
            },
            "resources": {
                "aws_api_gateway_rest_api.test_api": {
                    "type": "aws_api_gateway_rest_api",
                    "depends_on": [],
                    "primary": {
                        "id": "k4p0c5e9c4",
                        "attributes": {
                            "binary_media_types.#": "0",
                            "created_date": "2017-02-26T07:50:54Z",
                            "description": "",
                            "id": "k4p0c5e9c4",
                            "name": "TestSwagger",
                            "root_resource_id": "9k10bhij51"
                        },
                        "meta": {},
                        "tainted": false
                    },
                    "deposed": [],
                    "provider": ""
                },
                "aws_iam_policy.test_policy_lambda": {
                    "type": "aws_iam_policy",
                    "depends_on": [],
                    "primary": {
                        "id": "arn:aws:iam::401237329133:policy/test_policy_swagger",
                        "attributes": {
                            "arn": "arn:aws:iam::401237329133:policy/test_policy_swagger",
                            "id": "arn:aws:iam::401237329133:policy/test_policy_swagger",
                            "name": "test_policy_swagger",
                            "path": "/",
                            "policy": "{\r\n  \"Version\": \"2012-10-17\",\r\n  \"Statement\": [\r\n    {\r\n      \"Sid\": \"AccessCloudwatchLogs\",\r\n      \"Action\": [\"logs:*\"],\r\n      \"Effect\": \"Allow\",\r\n      \"Resource\": \"arn:aws:logs:*:*:*\"\r\n    }\r\n   ]\r\n}\r\n"
                        },
                        "meta": {},
                        "tainted": false
                    },
                    "deposed": [],
                    "provider": ""
                },
                "aws_iam_role.test_role_lambda": {
                    "type": "aws_iam_role",
                    "depends_on": [],
                    "primary": {
                        "id": "test_role_swagger_lambda",
                        "attributes": {
                            "arn": "arn:aws:iam::401237329133:role/test_role_swagger_lambda",
                            "assume_role_policy": "{\r\n  \"Version\": \"2012-10-17\",\r\n  \"Statement\": [\r\n    {\r\n      \"Effect\": \"Allow\",\r\n      \"Principal\": {\r\n        \"Service\": \"lambda.amazonaws.com\"\r\n      },\r\n      \"Action\": \"sts:AssumeRole\"\r\n    }\r\n  ]\r\n}\r\n",
                            "create_date": "2017-02-26T07:50:54Z",
                            "id": "test_role_swagger_lambda",
                            "name": "test_role_swagger_lambda",
                            "path": "/",
                            "unique_id": "AROAIAFTALB3EZ6LYSZDO"
                        },
                        "meta": {},
                        "tainted": false
                    },
                    "deposed": [],
                    "provider": ""
                },
                "aws_iam_role_policy_attachment.test_attach_policy": {
                    "type": "aws_iam_role_policy_attachment",
                    "depends_on": [
                        "aws_iam_policy.test_policy_lambda",
                        "aws_iam_role.test_role_lambda"
                    ],
                    "primary": {
                        "id": "test_role_swagger_lambda-0092ccf9a756a0401b53a92e2f",
                        "attributes": {
                            "id": "test_role_swagger_lambda-0092ccf9a756a0401b53a92e2f",
                            "policy_arn": "arn:aws:iam::401237329133:policy/test_policy_swagger",
                            "role": "test_role_swagger_lambda"
                        },
                        "meta": {},
                        "tainted": false
                    },
                    "deposed": [],
                    "provider": ""
                },
                "aws_lambda_permission.allow_api_gateway": {
                    "type": "aws_lambda_permission",
                    "depends_on": [
                        "aws_api_gateway_rest_api.test_api",
                        "module.lambda"
                    ],
                    "primary": {
                        "id": "AllowExecutionFromApiGateway",
                        "attributes": {
                            "action": "lambda:InvokeFunction",
                            "function_name": "swagger_hello_word_dev",
                            "id": "AllowExecutionFromApiGateway",
                            "principal": "apigateway.amazonaws.com",
                            "source_arn": "arn:aws:execute-api:eu-west-1:401237329133:k4p0c5e9c4/*",
                            "statement_id": "AllowExecutionFromApiGateway"
                        },
                        "meta": {},
                        "tainted": false
                    },
                    "deposed": [],
                    "provider": ""
                }
            },
            "depends_on": []
        },
        {
            "path": [
                "root",
                "lambda"
            ],
            "outputs": {
                "auto_deployment_filename": {
                    "sensitive": false,
                    "type": "string",
                    "value": "swagger_hello_word_dev.zip"
                },
                "function_name": {
                    "sensitive": false,
                    "type": "string",
                    "value": "swagger_hello_word_dev"
                }
            },
            "resources": {
                "aws_lambda_function.lambda-dummy": {
                    "type": "aws_lambda_function",
                    "depends_on": [],
                    "primary": {
                        "id": "swagger_hello_word_dev",
                        "attributes": {
                            "arn": "arn:aws:lambda:eu-west-1:401237329133:function:swagger_hello_word_dev",
                            "description": "",
                            "environment.#": "0",
                            "filename": "/home/kkkj/artrunde/terraform-infrastructure/dev/services/backend/api/swagger-api/v1/.terraform/modules/0f3c3922714b6c66c8749d6f8cf8ee5d/dummy-nodejs4.3.zip",
                            "function_name": "swagger_hello_word_dev",
                            "handler": "index.handler",
                            "id": "swagger_hello_word_dev",
                            "kms_key_arn": "",
                            "last_modified": "2017-02-26T07:51:07.568+0000",
                            "memory_size": "1536",
                            "publish": "false",
                            "qualified_arn": "arn:aws:lambda:eu-west-1:401237329133:function:swagger_hello_word_dev:$LATEST",
                            "role": "arn:aws:iam::401237329133:role/test_role_swagger_lambda",
                            "runtime": "nodejs4.3",
                            "source_code_hash": "ZeMJCrBrMnRnBQfMzoponw/BHDfsJbHmUUoMLXegWfE=",
                            "timeout": "3",
                            "version": "$LATEST",
                            "vpc_config.#": "0"
                        },
                        "meta": {},
                        "tainted": false
                    },
                    "deposed": [],
                    "provider": ""
                }
            },
            "depends_on": []
        }
    ]
}
