{
    "version": 3,
    "terraform_version": "0.9.1",
    "serial": 15,
    "lineage": "3fa54bf3-f52e-4f06-a7f3-54c2f86f9fe1",
    "modules": [
        {
            "path": [
                "root"
            ],
            "outputs": {
                "auto_deploy_bucket_name": {
                    "sensitive": false,
                    "type": "string",
                    "value": "osman-s3-deploy-7581044604c63594-dev"
                }
            },
            "resources": {
                "aws_iam_policy.osman_lambda_deploy_policy": {
                    "type": "aws_iam_policy",
                    "depends_on": [
                        "module.osman_lambda_deploy"
                    ],
                    "primary": {
                        "id": "arn:aws:iam::401237329133:policy/osman_lambda_deploy_policy_dev",
                        "attributes": {
                            "arn": "arn:aws:iam::401237329133:policy/osman_lambda_deploy_policy_dev",
                            "id": "arn:aws:iam::401237329133:policy/osman_lambda_deploy_policy_dev",
                            "name": "osman_lambda_deploy_policy_dev",
                            "path": "/",
                            "policy": "{\r\n  \"Version\": \"2012-10-17\",\r\n  \"Statement\": [\r\n    {\r\n      \"Sid\": \"AccessCloudwatchLogs\",\r\n      \"Action\": [\"logs:*\"],\r\n      \"Effect\": \"Allow\",\r\n      \"Resource\": \"arn:aws:logs:*:*:*\"\r\n    },\r\n    {\r\n      \"Sid\": \"AccessAutoDeployLambda\",\r\n      \"Action\": [\r\n        \"lambda:GetFunction\",\r\n        \"lambda:updateFunctionCode\"\r\n      ],\r\n      \"Effect\": \"Allow\",\r\n      \"Resource\": \"arn:aws:lambda:*:*:*\"\r\n    },\r\n    {\r\n      \"Sid\": \"AccessS3AutoDeployLambda\",\r\n      \"Action\": [\r\n        \"s3:GetObject\"\r\n      ],\r\n      \"Effect\": \"Allow\",\r\n      \"Resource\": \"arn:aws:s3:::osman-s3-deploy-7581044604c63594-dev/*\"\r\n    }\r\n   ]\r\n}\r\n"
                        },
                        "meta": {},
                        "tainted": false
                    },
                    "deposed": [],
                    "provider": ""
                },
                "aws_iam_policy.policy_osman_s3": {
                    "type": "aws_iam_policy",
                    "depends_on": [],
                    "primary": {
                        "id": "arn:aws:iam::401237329133:policy/osman_policy_s3_dev",
                        "attributes": {
                            "arn": "arn:aws:iam::401237329133:policy/osman_policy_s3_dev",
                            "id": "arn:aws:iam::401237329133:policy/osman_policy_s3_dev",
                            "name": "osman_policy_s3_dev",
                            "path": "/",
                            "policy": "{\r\n  \"Version\": \"2012-10-17\",\r\n  \"Statement\": [\r\n      {\r\n          \"Effect\": \"Allow\",\r\n          \"Action\": [\r\n              \"s3:DeleteObject\",\r\n              \"s3:GetObject\",\r\n              \"s3:ListAllMyBuckets\",\r\n              \"s3:ListBucket\",\r\n              \"s3:ListBucketMultipartUploads\",\r\n              \"s3:ListBucketVersions\",\r\n              \"s3:ListMultipartUploadParts\",\r\n              \"s3:PutObject\",\r\n              \"s3:ReplicateObject\"\r\n          ],\r\n          \"Resource\": [\r\n              \"arn:aws:s3:::osman-s3-deploy-*-dev\"\r\n          ]\r\n      }\r\n  ]\r\n}\r\n"
                        },
                        "meta": {},
                        "tainted": false
                    },
                    "deposed": [],
                    "provider": ""
                },
                "aws_iam_role.osman_lambda_deploy_role": {
                    "type": "aws_iam_role",
                    "depends_on": [],
                    "primary": {
                        "id": "osman_lambda_deploy_role_dev",
                        "attributes": {
                            "arn": "arn:aws:iam::401237329133:role/osman_lambda_deploy_role_dev",
                            "assume_role_policy": "{\"Version\":\"2012-10-17\",\"Statement\":[{\"Effect\":\"Allow\",\"Principal\":{\"Service\":\"lambda.amazonaws.com\"},\"Action\":\"sts:AssumeRole\"}]}",
                            "create_date": "2017-04-04T11:40:43Z",
                            "id": "osman_lambda_deploy_role_dev",
                            "name": "osman_lambda_deploy_role_dev",
                            "path": "/",
                            "unique_id": "AROAJRISO6YMQY4IGELF2"
                        },
                        "meta": {},
                        "tainted": false
                    },
                    "deposed": [],
                    "provider": ""
                },
                "aws_iam_role_policy_attachment.attach_osman_policy": {
                    "type": "aws_iam_role_policy_attachment",
                    "depends_on": [
                        "aws_iam_policy.osman_lambda_deploy_policy",
                        "aws_iam_role.osman_lambda_deploy_role"
                    ],
                    "primary": {
                        "id": "osman_lambda_deploy_role_dev-004f58fe3caa5d355fc25880cf",
                        "attributes": {
                            "id": "osman_lambda_deploy_role_dev-004f58fe3caa5d355fc25880cf",
                            "policy_arn": "arn:aws:iam::401237329133:policy/osman_lambda_deploy_policy_dev",
                            "role": "osman_lambda_deploy_role_dev"
                        },
                        "meta": {},
                        "tainted": false
                    },
                    "deposed": [],
                    "provider": ""
                },
                "random_id.random_name": {
                    "type": "random_id",
                    "depends_on": [],
                    "primary": {
                        "id": "dYEERgTGNZQ",
                        "attributes": {
                            "b64": "dYEERgTGNZQ",
                            "b64_std": "dYEERgTGNZQ=",
                            "b64_url": "dYEERgTGNZQ",
                            "byte_length": "8",
                            "dec": "8467053473207563668",
                            "hex": "7581044604c63594",
                            "id": "dYEERgTGNZQ"
                        },
                        "meta": {},
                        "tainted": false
                    },
                    "deposed": [],
                    "provider": ""
                }
            },
            "depends_on": []
        },
        {
            "path": [
                "root",
                "osman_lambda_deploy"
            ],
            "outputs": {
                "auto_deploy_bucket_name": {
                    "sensitive": false,
                    "type": "string",
                    "value": "osman-s3-deploy-7581044604c63594-dev"
                },
                "bucket_arn": {
                    "sensitive": false,
                    "type": "string",
                    "value": "arn:aws:s3:::osman-s3-deploy-7581044604c63594-dev"
                }
            },
            "resources": {
                "aws_lambda_function.lambda-deploy": {
                    "type": "aws_lambda_function",
                    "depends_on": [],
                    "primary": {
                        "id": "osman_lambda_deploy_7581044604c63594_dev",
                        "attributes": {
                            "arn": "arn:aws:lambda:eu-west-1:401237329133:function:osman_lambda_deploy_7581044604c63594_dev",
                            "dead_letter_config.#": "0",
                            "description": "",
                            "environment.#": "0",
                            "filename": "/home/kkkj/artrunde/terraform-infrastructure/dev/services/osman/.terraform/modules/8429e5d429da43e96add4f9446f296f3/lambda-deploy.zip",
                            "function_name": "osman_lambda_deploy_7581044604c63594_dev",
                            "handler": "index.handler",
                            "id": "osman_lambda_deploy_7581044604c63594_dev",
                            "kms_key_arn": "",
                            "last_modified": "2017-04-04T11:40:53.604+0000",
                            "memory_size": "1536",
                            "publish": "false",
                            "qualified_arn": "arn:aws:lambda:eu-west-1:401237329133:function:osman_lambda_deploy_7581044604c63594_dev:$LATEST",
                            "role": "arn:aws:iam::401237329133:role/osman_lambda_deploy_role_dev",
                            "runtime": "nodejs4.3",
                            "source_code_hash": "Y67reGiKqtg2ZgjOKH3coMwndx4dpQ3JW1qK8N/miV0=",
                            "timeout": "3",
                            "version": "$LATEST",
                            "vpc_config.#": "0"
                        },
                        "meta": {},
                        "tainted": false
                    },
                    "deposed": [],
                    "provider": ""
                },
                "aws_lambda_permission.allow_bucket": {
                    "type": "aws_lambda_permission",
                    "depends_on": [
                        "aws_lambda_function.lambda-deploy",
                        "aws_s3_bucket.lambda-deploy-bucket"
                    ],
                    "primary": {
                        "id": "AllowExecutionFromS3Bucket",
                        "attributes": {
                            "action": "lambda:InvokeFunction",
                            "function_name": "arn:aws:lambda:eu-west-1:401237329133:function:osman_lambda_deploy_7581044604c63594_dev",
                            "id": "AllowExecutionFromS3Bucket",
                            "principal": "s3.amazonaws.com",
                            "qualifier": "",
                            "source_arn": "arn:aws:s3:::osman-s3-deploy-7581044604c63594-dev",
                            "statement_id": "AllowExecutionFromS3Bucket"
                        },
                        "meta": {},
                        "tainted": false
                    },
                    "deposed": [],
                    "provider": ""
                },
                "aws_s3_bucket.lambda-deploy-bucket": {
                    "type": "aws_s3_bucket",
                    "depends_on": [],
                    "primary": {
                        "id": "osman-s3-deploy-7581044604c63594-dev",
                        "attributes": {
                            "acceleration_status": "",
                            "acl": "authenticated-read",
                            "arn": "arn:aws:s3:::osman-s3-deploy-7581044604c63594-dev",
                            "bucket": "osman-s3-deploy-7581044604c63594-dev",
                            "bucket_domain_name": "osman-s3-deploy-7581044604c63594-dev.s3.amazonaws.com",
                            "force_destroy": "true",
                            "hosted_zone_id": "Z1BKCTXD74EZPE",
                            "id": "osman-s3-deploy-7581044604c63594-dev",
                            "region": "eu-west-1",
                            "request_payer": "BucketOwner",
                            "tags.%": "1",
                            "tags.env": "dev",
                            "versioning.#": "1",
                            "versioning.0.enabled": "false",
                            "versioning.0.mfa_delete": "false",
                            "website.#": "0"
                        },
                        "meta": {},
                        "tainted": false
                    },
                    "deposed": [],
                    "provider": ""
                },
                "aws_s3_bucket_notification.bucket_notification": {
                    "type": "aws_s3_bucket_notification",
                    "depends_on": [
                        "aws_lambda_function.lambda-deploy",
                        "aws_s3_bucket.lambda-deploy-bucket"
                    ],
                    "primary": {
                        "id": "osman-s3-deploy-7581044604c63594-dev",
                        "attributes": {
                            "bucket": "osman-s3-deploy-7581044604c63594-dev",
                            "id": "osman-s3-deploy-7581044604c63594-dev",
                            "lambda_function.#": "1",
                            "lambda_function.0.events.#": "1",
                            "lambda_function.0.events.3356830603": "s3:ObjectCreated:*",
                            "lambda_function.0.filter_prefix": "",
                            "lambda_function.0.filter_suffix": "",
                            "lambda_function.0.id": "tf-s3-lambda-004f58fe3caa5d355fc25880d0",
                            "lambda_function.0.lambda_function_arn": "arn:aws:lambda:eu-west-1:401237329133:function:osman_lambda_deploy_7581044604c63594_dev",
                            "queue.#": "0",
                            "topic.#": "0"
                        },
                        "meta": {},
                        "tainted": false
                    },
                    "deposed": [],
                    "provider": ""
                }
            },
            "depends_on": []
        }
    ]
}
