{
    "version": 3,
    "terraform_version": "0.9.1",
    "serial": 24,
    "lineage": "3fa54bf3-f52e-4f06-a7f3-54c2f86f9fe1",
    "modules": [
        {
            "path": [
                "root"
            ],
            "outputs": {},
            "resources": {
                "aws_iam_policy.policy_osman_s3": {
                    "type": "aws_iam_policy",
                    "depends_on": [],
                    "primary": {
                        "id": "arn:aws:iam::401237329133:policy/osman_policy_s3_dev",
                        "attributes": {
                            "arn": "arn:aws:iam::401237329133:policy/osman_policy_s3_dev",
                            "id": "arn:aws:iam::401237329133:policy/osman_policy_s3_dev",
                            "name": "osman_policy_s3_dev",
                            "path": "/",
                            "policy": "{\r\n  \"Version\": \"2012-10-17\",\r\n  \"Statement\": [\r\n      {\r\n          \"Effect\": \"Allow\",\r\n          \"Action\": [\r\n              \"s3:*\"\r\n          ],\r\n          \"Resource\": [\r\n              \"arn:aws:s3:::osman*_dev\"\r\n          ]\r\n      }\r\n  ]\r\n}\r\n"
                        },
                        "meta": {},
                        "tainted": false
                    },
                    "deposed": [],
                    "provider": ""
                },
                "aws_iam_role.osman_lambda_deploy_role": {
                    "type": "aws_iam_role",
                    "depends_on": [],
                    "primary": {
                        "id": "osman_lambda_deploy_role_dev",
                        "attributes": {
                            "arn": "arn:aws:iam::401237329133:role/osman_lambda_deploy_role_dev",
                            "assume_role_policy": "{\r\n  \"Version\": \"2012-10-17\",\r\n  \"Statement\": [\r\n    {\r\n      \"Effect\": \"Allow\",\r\n      \"Principal\": {\r\n        \"Service\": \"lambda.amazonaws.com\"\r\n      },\r\n      \"Action\": \"sts:AssumeRole\"\r\n    }\r\n  ]\r\n}\r\n",
                            "create_date": "2017-04-04T12:53:46Z",
                            "id": "osman_lambda_deploy_role_dev",
                            "name": "osman_lambda_deploy_role_dev",
                            "path": "/",
                            "unique_id": "AROAJIC24KIWCXO3A6D7S"
                        },
                        "meta": {},
                        "tainted": false
                    },
                    "deposed": [],
                    "provider": ""
                },
                "random_id.random_name": {
                    "type": "random_id",
                    "depends_on": [],
                    "primary": {
                        "id": "9YIJjQh3k3Y",
                        "attributes": {
                            "b64": "9YIJjQh3k3Y",
                            "b64_std": "9YIJjQh3k3Y=",
                            "b64_url": "9YIJjQh3k3Y",
                            "byte_length": "8",
                            "dec": "17690712787601822582",
                            "hex": "f582098d08779376",
                            "id": "9YIJjQh3k3Y"
                        },
                        "meta": {},
                        "tainted": false
                    },
                    "deposed": [],
                    "provider": ""
                }
            },
            "depends_on": []
        },
        {
            "path": [
                "root",
                "osman_lambda_deploy"
            ],
            "outputs": {},
            "resources": {
                "aws_lambda_function.lambda-deploy": {
                    "type": "aws_lambda_function",
                    "depends_on": [],
                    "primary": {
                        "id": "osman_lambda_deploy_f582098d08779376_dev",
                        "attributes": {
                            "arn": "arn:aws:lambda:eu-west-1:401237329133:function:osman_lambda_deploy_f582098d08779376_dev",
                            "dead_letter_config.#": "0",
                            "description": "",
                            "environment.#": "0",
                            "filename": "/home/kkkj/artrunde/terraform-infrastructure/dev/services/osman/.terraform/modules/8429e5d429da43e96add4f9446f296f3/lambda-deploy.zip",
                            "function_name": "osman_lambda_deploy_f582098d08779376_dev",
                            "handler": "index.handler",
                            "id": "osman_lambda_deploy_f582098d08779376_dev",
                            "kms_key_arn": "",
                            "last_modified": "2017-04-04T12:53:51.704+0000",
                            "memory_size": "1536",
                            "publish": "false",
                            "qualified_arn": "arn:aws:lambda:eu-west-1:401237329133:function:osman_lambda_deploy_f582098d08779376_dev:$LATEST",
                            "role": "arn:aws:iam::401237329133:role/osman_lambda_deploy_role_dev",
                            "runtime": "nodejs4.3",
                            "source_code_hash": "Y67reGiKqtg2ZgjOKH3coMwndx4dpQ3JW1qK8N/miV0=",
                            "timeout": "3",
                            "version": "$LATEST",
                            "vpc_config.#": "0"
                        },
                        "meta": {},
                        "tainted": false
                    },
                    "deposed": [],
                    "provider": ""
                }
            },
            "depends_on": []
        }
    ]
}
