{
    "version": 3,
    "terraform_version": "0.8.6",
    "serial": 8,
    "lineage": "7d35bdc7-87fb-4abd-8e03-6301dac61172",
    "modules": [
        {
            "path": [
                "root"
            ],
            "outputs": {},
            "resources": {
                "aws_dynamodb_table.basic-dynamodb-table": {
                    "type": "aws_dynamodb_table",
                    "depends_on": [],
                    "primary": {
                        "id": "subscribers",
                        "attributes": {
                            "arn": "arn:aws:dynamodb:eu-west-1:401237329133:table/subscribers",
                            "attribute.#": "1",
                            "attribute.3226637473.name": "email",
                            "attribute.3226637473.type": "S",
                            "global_secondary_index.#": "0",
                            "hash_key": "email",
                            "id": "subscribers",
                            "local_secondary_index.#": "0",
                            "name": "subscribers",
                            "read_capacity": "3",
                            "tags.%": "2",
                            "tags.env": "dev",
                            "tags.name": "dynamo-table-subscribers",
                            "write_capacity": "3"
                        },
                        "meta": {},
                        "tainted": false
                    },
                    "deposed": [],
                    "provider": ""
                },
                "aws_iam_policy.test-policy-lambda": {
                    "type": "aws_iam_policy",
                    "depends_on": [
                        "aws_dynamodb_table.basic-dynamodb-table"
                    ],
                    "primary": {
                        "id": "arn:aws:iam::401237329133:policy/test_policy",
                        "attributes": {
                            "arn": "arn:aws:iam::401237329133:policy/test_policy",
                            "id": "arn:aws:iam::401237329133:policy/test_policy",
                            "name": "test_policy",
                            "path": "/",
                            "policy": "{\r\n  \"Version\": \"2012-10-17\",\r\n  \"Statement\": [\r\n    {\r\n      \"Sid\": \"AccessCloudwatchLogs\",\r\n      \"Action\": [\"logs:*\"],\r\n      \"Effect\": \"Allow\",\r\n      \"Resource\": \"arn:aws:logs:*:*:*\"\r\n    },\r\n    {\r\n      \"Sid\": \"SubscribersDynamoDBReadWrite\",\r\n      \"Effect\": \"Allow\",\r\n      \"Action\": [\r\n                  \"dynamodb:DeleteItem\",\r\n                  \"dynamodb:GetItem\",\r\n                  \"dynamodb:PutItem\",\r\n                  \"dynamodb:UpdateItem\"\r\n                  ],\r\n      \"Resource\": \"arn:aws:dynamodb:eu-west-1:401237329133:table/subscribers\"\r\n    }\r\n   ]\r\n}\r\n"
                        },
                        "meta": {},
                        "tainted": false
                    },
                    "deposed": [],
                    "provider": ""
                },
                "aws_iam_role.test-role-lambda": {
                    "type": "aws_iam_role",
                    "depends_on": [],
                    "primary": {
                        "id": "test_role_lambda",
                        "attributes": {
                            "arn": "arn:aws:iam::401237329133:role/test_role_lambda",
                            "assume_role_policy": "{\r\n  \"Version\": \"2012-10-17\",\r\n  \"Statement\": [\r\n    {\r\n      \"Effect\": \"Allow\",\r\n      \"Principal\": {\r\n        \"Service\": \"lambda.amazonaws.com\"\r\n      },\r\n      \"Action\": \"sts:AssumeRole\"\r\n    }\r\n  ]\r\n}\r\n",
                            "create_date": "2017-02-24T17:27:32Z",
                            "id": "test_role_lambda",
                            "name": "test_role_lambda",
                            "path": "/",
                            "unique_id": "AROAJR2SGHO4ZQZAMLKXE"
                        },
                        "meta": {},
                        "tainted": false
                    },
                    "deposed": [],
                    "provider": ""
                },
                "aws_iam_role_policy_attachment.test-attach-policy": {
                    "type": "aws_iam_role_policy_attachment",
                    "depends_on": [
                        "aws_iam_policy.test-policy-lambda",
                        "aws_iam_role.test-role-lambda"
                    ],
                    "primary": {
                        "id": "test_role_lambda-0052ef7f31bdfb6bfe77011e1d",
                        "attributes": {
                            "id": "test_role_lambda-0052ef7f31bdfb6bfe77011e1d",
                            "policy_arn": "arn:aws:iam::401237329133:policy/test_policy",
                            "role": "test_role_lambda"
                        },
                        "meta": {},
                        "tainted": false
                    },
                    "deposed": [],
                    "provider": ""
                }
            },
            "depends_on": []
        },
        {
            "path": [
                "root",
                "lambda"
            ],
            "outputs": {
                "name": {
                    "sensitive": false,
                    "type": "string",
                    "value": "kalles-hello-word"
                }
            },
            "resources": {
                "aws_lambda_function.lambda": {
                    "type": "aws_lambda_function",
                    "depends_on": [],
                    "primary": {
                        "id": "kalles-hello-word",
                        "attributes": {
                            "arn": "arn:aws:lambda:eu-west-1:401237329133:function:kalles-hello-word",
                            "description": "",
                            "environment.#": "0",
                            "filename": "/home/kkkj/artrunde/terraform-infrastructure/dev/services/backend/api/test-api/v1/.terraform/modules/0f3c3922714b6c66c8749d6f8cf8ee5d/helloworld.zip",
                            "function_name": "kalles-hello-word",
                            "handler": "index.handler",
                            "id": "kalles-hello-word",
                            "kms_key_arn": "",
                            "last_modified": "2017-02-24T17:27:38.472+0000",
                            "memory_size": "1536",
                            "publish": "false",
                            "qualified_arn": "arn:aws:lambda:eu-west-1:401237329133:function:kalles-hello-word:$LATEST",
                            "role": "arn:aws:iam::401237329133:role/test_role_lambda",
                            "runtime": "nodejs4.3",
                            "source_code_hash": "DifnhtYbMr8ARCKnxjFdMb0qlmhDdkx/ElKMaR0k2Uk=",
                            "timeout": "3",
                            "version": "$LATEST",
                            "vpc_config.#": "0"
                        },
                        "meta": {},
                        "tainted": false
                    },
                    "deposed": [],
                    "provider": ""
                }
            },
            "depends_on": []
        }
    ]
}
