{
    "version": 3,
    "terraform_version": "0.8.6",
    "serial": 22,
    "lineage": "7d35bdc7-87fb-4abd-8e03-6301dac61172",
    "modules": [
        {
            "path": [
                "root"
            ],
            "outputs": {
                "auto_deployment_filename": {
                    "sensitive": false,
                    "type": "string",
                    "value": "kalles_hello_word_dev.zip"
                }
            },
            "resources": {
                "aws_api_gateway_deployment.test_api_deployment": {
                    "type": "aws_api_gateway_deployment",
                    "depends_on": [
                        "aws_api_gateway_rest_api.test_api",
                        "module.test_get"
                    ],
                    "primary": {
                        "id": "3oupoq",
                        "attributes": {
                            "created_date": "2017-02-26T07:32:54Z",
                            "description": "Deploy methods: GET",
                            "id": "3oupoq",
                            "rest_api_id": "ajxruqiu0f",
                            "stage_name": "v1"
                        },
                        "meta": {},
                        "tainted": false
                    },
                    "deposed": [],
                    "provider": ""
                },
                "aws_api_gateway_resource.test_api_res_hello": {
                    "type": "aws_api_gateway_resource",
                    "depends_on": [
                        "aws_api_gateway_rest_api.test_api",
                        "aws_api_gateway_rest_api.test_api"
                    ],
                    "primary": {
                        "id": "besva7",
                        "attributes": {
                            "id": "besva7",
                            "parent_id": "1a0e89q486",
                            "path": "/hello",
                            "path_part": "hello",
                            "rest_api_id": "ajxruqiu0f"
                        },
                        "meta": {},
                        "tainted": false
                    },
                    "deposed": [],
                    "provider": ""
                },
                "aws_api_gateway_rest_api.test_api": {
                    "type": "aws_api_gateway_rest_api",
                    "depends_on": [],
                    "primary": {
                        "id": "ajxruqiu0f",
                        "attributes": {
                            "binary_media_types.#": "0",
                            "created_date": "2017-02-26T07:31:32Z",
                            "description": "",
                            "id": "ajxruqiu0f",
                            "name": "TestAPI",
                            "root_resource_id": "1a0e89q486"
                        },
                        "meta": {},
                        "tainted": false
                    },
                    "deposed": [],
                    "provider": ""
                },
                "aws_dynamodb_table.basic_dynamodb_table": {
                    "type": "aws_dynamodb_table",
                    "depends_on": [],
                    "primary": {
                        "id": "subscribers",
                        "attributes": {
                            "arn": "arn:aws:dynamodb:eu-west-1:401237329133:table/subscribers",
                            "attribute.#": "1",
                            "attribute.3226637473.name": "email",
                            "attribute.3226637473.type": "S",
                            "global_secondary_index.#": "0",
                            "hash_key": "email",
                            "id": "subscribers",
                            "local_secondary_index.#": "0",
                            "name": "subscribers",
                            "read_capacity": "3",
                            "tags.%": "2",
                            "tags.env": "dev",
                            "tags.name": "dynamo-table-subscribers",
                            "write_capacity": "3"
                        },
                        "meta": {},
                        "tainted": false
                    },
                    "deposed": [],
                    "provider": ""
                },
                "aws_iam_policy.test_policy_lambda": {
                    "type": "aws_iam_policy",
                    "depends_on": [
                        "aws_dynamodb_table.basic_dynamodb_table"
                    ],
                    "primary": {
                        "id": "arn:aws:iam::401237329133:policy/test_policy",
                        "attributes": {
                            "arn": "arn:aws:iam::401237329133:policy/test_policy",
                            "id": "arn:aws:iam::401237329133:policy/test_policy",
                            "name": "test_policy",
                            "path": "/",
                            "policy": "{\r\n  \"Version\": \"2012-10-17\",\r\n  \"Statement\": [\r\n    {\r\n      \"Sid\": \"AccessCloudwatchLogs\",\r\n      \"Action\": [\"logs:*\"],\r\n      \"Effect\": \"Allow\",\r\n      \"Resource\": \"arn:aws:logs:*:*:*\"\r\n    },\r\n    {\r\n      \"Sid\": \"SubscribersDynamoDBReadWrite\",\r\n      \"Effect\": \"Allow\",\r\n      \"Action\": [\r\n                  \"dynamodb:DeleteItem\",\r\n                  \"dynamodb:GetItem\",\r\n                  \"dynamodb:PutItem\",\r\n                  \"dynamodb:UpdateItem\",\r\n                  \"dynamodb:Scan\"\r\n                  ],\r\n      \"Resource\": \"arn:aws:dynamodb:eu-west-1:401237329133:table/subscribers\"\r\n    }\r\n   ]\r\n}\r\n"
                        },
                        "meta": {},
                        "tainted": false
                    },
                    "deposed": [],
                    "provider": ""
                },
                "aws_iam_role.test_role_lambda": {
                    "type": "aws_iam_role",
                    "depends_on": [],
                    "primary": {
                        "id": "test_role_lambda",
                        "attributes": {
                            "arn": "arn:aws:iam::401237329133:role/test_role_lambda",
                            "assume_role_policy": "{\r\n  \"Version\": \"2012-10-17\",\r\n  \"Statement\": [\r\n    {\r\n      \"Effect\": \"Allow\",\r\n      \"Principal\": {\r\n        \"Service\": \"lambda.amazonaws.com\"\r\n      },\r\n      \"Action\": \"sts:AssumeRole\"\r\n    }\r\n  ]\r\n}\r\n",
                            "create_date": "2017-02-26T07:31:22Z",
                            "id": "test_role_lambda",
                            "name": "test_role_lambda",
                            "path": "/",
                            "unique_id": "AROAIRUQ43MQI7RGIHMLW"
                        },
                        "meta": {},
                        "tainted": false
                    },
                    "deposed": [],
                    "provider": ""
                },
                "aws_iam_role_policy_attachment.test_attach_policy": {
                    "type": "aws_iam_role_policy_attachment",
                    "depends_on": [
                        "aws_iam_policy.test_policy_lambda",
                        "aws_iam_role.test_role_lambda"
                    ],
                    "primary": {
                        "id": "test_role_lambda-002a17826ac00194f43cde28c1",
                        "attributes": {
                            "id": "test_role_lambda-002a17826ac00194f43cde28c1",
                            "policy_arn": "arn:aws:iam::401237329133:policy/test_policy",
                            "role": "test_role_lambda"
                        },
                        "meta": {},
                        "tainted": false
                    },
                    "deposed": [],
                    "provider": ""
                }
            },
            "depends_on": []
        },
        {
            "path": [
                "root",
                "lambda"
            ],
            "outputs": {
                "auto_deployment_filename": {
                    "sensitive": false,
                    "type": "string",
                    "value": "kalles_hello_word_dev.zip"
                },
                "function_name": {
                    "sensitive": false,
                    "type": "string",
                    "value": "kalles_hello_word_dev"
                }
            },
            "resources": {
                "aws_lambda_function.lambda-dummy": {
                    "type": "aws_lambda_function",
                    "depends_on": [],
                    "primary": {
                        "id": "kalles_hello_word_dev",
                        "attributes": {
                            "arn": "arn:aws:lambda:eu-west-1:401237329133:function:kalles_hello_word_dev",
                            "description": "",
                            "environment.#": "0",
                            "filename": "/home/kkkj/artrunde/terraform-infrastructure/dev/services/backend/api/test-api/v1/.terraform/modules/0f3c3922714b6c66c8749d6f8cf8ee5d/dummy-nodejs4.3.zip",
                            "function_name": "kalles_hello_word_dev",
                            "handler": "index.handler",
                            "id": "kalles_hello_word_dev",
                            "kms_key_arn": "",
                            "last_modified": "2017-02-26T07:31:31.032+0000",
                            "memory_size": "1536",
                            "publish": "false",
                            "qualified_arn": "arn:aws:lambda:eu-west-1:401237329133:function:kalles_hello_word_dev:$LATEST",
                            "role": "arn:aws:iam::401237329133:role/test_role_lambda",
                            "runtime": "nodejs4.3",
                            "source_code_hash": "ZeMJCrBrMnRnBQfMzoponw/BHDfsJbHmUUoMLXegWfE=",
                            "timeout": "3",
                            "version": "$LATEST",
                            "vpc_config.#": "0"
                        },
                        "meta": {},
                        "tainted": false
                    },
                    "deposed": [],
                    "provider": ""
                }
            },
            "depends_on": []
        },
        {
            "path": [
                "root",
                "test_get"
            ],
            "outputs": {
                "http_method": {
                    "sensitive": false,
                    "type": "string",
                    "value": "GET"
                }
            },
            "resources": {
                "aws_api_gateway_integration.request_method_integration": {
                    "type": "aws_api_gateway_integration",
                    "depends_on": [
                        "aws_api_gateway_method.request_method"
                    ],
                    "primary": {
                        "id": "agi-ajxruqiu0f-besva7-GET",
                        "attributes": {
                            "http_method": "GET",
                            "id": "agi-ajxruqiu0f-besva7-GET",
                            "integration_http_method": "POST",
                            "resource_id": "besva7",
                            "rest_api_id": "ajxruqiu0f",
                            "type": "AWS",
                            "uri": "arn:aws:apigateway:eu-west-1:lambda:path/2015-03-31/functions/arn:aws:lambda:eu-west-1:401237329133:function:kalles_hello_word_dev/invocations"
                        },
                        "meta": {},
                        "tainted": false
                    },
                    "deposed": [],
                    "provider": ""
                },
                "aws_api_gateway_integration_response.response_method_integration": {
                    "type": "aws_api_gateway_integration_response",
                    "depends_on": [
                        "aws_api_gateway_method_response.response_method",
                        "aws_api_gateway_method_response.response_method"
                    ],
                    "primary": {
                        "id": "agir-ajxruqiu0f-besva7-GET-200",
                        "attributes": {
                            "http_method": "GET",
                            "id": "agir-ajxruqiu0f-besva7-GET-200",
                            "resource_id": "besva7",
                            "response_parameters.%": "0",
                            "response_templates.%": "1",
                            "response_templates.application/json": "",
                            "rest_api_id": "ajxruqiu0f",
                            "selection_pattern": "",
                            "status_code": "200"
                        },
                        "meta": {},
                        "tainted": false
                    },
                    "deposed": [],
                    "provider": ""
                },
                "aws_api_gateway_method.request_method": {
                    "type": "aws_api_gateway_method",
                    "depends_on": [],
                    "primary": {
                        "id": "agm-ajxruqiu0f-besva7-GET",
                        "attributes": {
                            "api_key_required": "false",
                            "authorization": "NONE",
                            "http_method": "GET",
                            "id": "agm-ajxruqiu0f-besva7-GET",
                            "resource_id": "besva7",
                            "rest_api_id": "ajxruqiu0f"
                        },
                        "meta": {},
                        "tainted": false
                    },
                    "deposed": [],
                    "provider": ""
                },
                "aws_api_gateway_method_response.response_method": {
                    "type": "aws_api_gateway_method_response",
                    "depends_on": [
                        "aws_api_gateway_integration.request_method_integration"
                    ],
                    "primary": {
                        "id": "agmr-ajxruqiu0f-besva7-GET-200",
                        "attributes": {
                            "http_method": "GET",
                            "id": "agmr-ajxruqiu0f-besva7-GET-200",
                            "resource_id": "besva7",
                            "response_models.%": "1",
                            "response_models.application/json": "Empty",
                            "rest_api_id": "ajxruqiu0f",
                            "status_code": "200"
                        },
                        "meta": {},
                        "tainted": false
                    },
                    "deposed": [],
                    "provider": ""
                },
                "aws_lambda_permission.allow_api_gateway": {
                    "type": "aws_lambda_permission",
                    "depends_on": [],
                    "primary": {
                        "id": "AllowExecutionFromApiGateway",
                        "attributes": {
                            "action": "lambda:InvokeFunction",
                            "function_name": "kalles_hello_word_dev",
                            "id": "AllowExecutionFromApiGateway",
                            "principal": "apigateway.amazonaws.com",
                            "source_arn": "arn:aws:execute-api:eu-west-1:401237329133:ajxruqiu0f/*/GET/hello",
                            "statement_id": "AllowExecutionFromApiGateway"
                        },
                        "meta": {},
                        "tainted": false
                    },
                    "deposed": [],
                    "provider": ""
                }
            },
            "depends_on": []
        }
    ]
}
