{
    "version": 3,
    "terraform_version": "0.9.1",
    "serial": 45,
    "lineage": "5568bfff-d36e-4051-884b-5d3a9ebaadb8",
    "modules": [
        {
            "path": [
                "root"
            ],
            "outputs": {
                "api_lambda_integrations": {
                    "sensitive": false,
                    "type": "map",
                    "value": {
                        "ugvqt1wmje": "rodin_php_lambda_proxy_dev_0",
                        "uqnz4lo6e8": "rodin_php_lambda_proxy_dev_1"
                    }
                },
                "api_stage_map": {
                    "sensitive": false,
                    "type": "map",
                    "value": {
                        "ugvqt1wmje": "0",
                        "uqnz4lo6e8": "1"
                    }
                },
                "api_urls": {
                    "sensitive": false,
                    "type": "list",
                    "value": [
                        "https://ugvqt1wmje.execute-api.eu-west-1.amazonaws.com/0/",
                        "https://uqnz4lo6e8.execute-api.eu-west-1.amazonaws.com/1/"
                    ]
                },
                "lambda_active_v1": {
                    "sensitive": false,
                    "type": "string",
                    "value": "rodin_php_lambda_proxy_dev_0"
                },
                "lambda_staging_v1": {
                    "sensitive": false,
                    "type": "string",
                    "value": "rodin_php_lambda_proxy_dev_1"
                }
            },
            "resources": {
                "data.aws_route53_zone.primary": {
                    "type": "aws_route53_zone",
                    "depends_on": [],
                    "primary": {
                        "id": "Z1SF9WIPWYI9IH",
                        "attributes": {
                            "caller_reference": "52923508-F90B-0794-9770-78108F58D89A",
                            "comment": "Root domain",
                            "id": "Z1SF9WIPWYI9IH",
                            "name": "artrunde.com.",
                            "private_zone": "false",
                            "resource_record_set_count": "12",
                            "zone_id": "Z1SF9WIPWYI9IH"
                        },
                        "meta": {},
                        "tainted": false
                    },
                    "deposed": [],
                    "provider": ""
                }
            },
            "depends_on": []
        },
        {
            "path": [
                "root",
                "custom_domain"
            ],
            "outputs": {
                "domain_name": {
                    "sensitive": false,
                    "type": "string",
                    "value": "api-rodin-dev.artrunde.com"
                }
            },
            "resources": {
                "aws_api_gateway_domain_name.api_domain_name": {
                    "type": "aws_api_gateway_domain_name",
                    "depends_on": [],
                    "primary": {
                        "id": "api-rodin-dev.artrunde.com",
                        "attributes": {
                            "certificate_arn": "arn:aws:acm:us-east-1:401237329133:certificate/890f1dd0-214f-48ab-a600-0e49942fbde5",
                            "certificate_name": "",
                            "certificate_upload_date": "2017-03-31T12:09:18Z",
                            "cloudfront_domain_name": "d2q2zox84fvi78.cloudfront.net",
                            "cloudfront_zone_id": "Z2FDTNDATAQYW2",
                            "domain_name": "api-rodin-dev.artrunde.com",
                            "id": "api-rodin-dev.artrunde.com"
                        },
                        "meta": {},
                        "tainted": false
                    },
                    "deposed": [],
                    "provider": ""
                },
                "aws_route53_record.example": {
                    "type": "aws_route53_record",
                    "depends_on": [
                        "aws_api_gateway_domain_name.api_domain_name",
                        "aws_api_gateway_domain_name.api_domain_name",
                        "aws_api_gateway_domain_name.api_domain_name"
                    ],
                    "primary": {
                        "id": "Z1SF9WIPWYI9IH_api-rodin-dev.artrunde.com_A",
                        "attributes": {
                            "alias.#": "1",
                            "alias.477378128.evaluate_target_health": "true",
                            "alias.477378128.name": "d2q2zox84fvi78.cloudfront.net",
                            "alias.477378128.zone_id": "Z2FDTNDATAQYW2",
                            "fqdn": "api-rodin-dev.artrunde.com",
                            "health_check_id": "",
                            "id": "Z1SF9WIPWYI9IH_api-rodin-dev.artrunde.com_A",
                            "name": "api-rodin-dev.artrunde.com",
                            "records.#": "0",
                            "set_identifier": "",
                            "ttl": "0",
                            "type": "A",
                            "zone_id": "Z1SF9WIPWYI9IH"
                        },
                        "meta": {
                            "schema_version": "2"
                        },
                        "tainted": false
                    },
                    "deposed": [],
                    "provider": ""
                }
            },
            "depends_on": []
        },
        {
            "path": [
                "root",
                "deployments"
            ],
            "outputs": {
                "api_lambda_integrations": {
                    "sensitive": false,
                    "type": "map",
                    "value": {
                        "ugvqt1wmje": "rodin_php_lambda_proxy_dev_0",
                        "uqnz4lo6e8": "rodin_php_lambda_proxy_dev_1"
                    }
                },
                "api_stage_map": {
                    "sensitive": false,
                    "type": "map",
                    "value": {
                        "ugvqt1wmje": "0",
                        "uqnz4lo6e8": "1"
                    }
                },
                "api_urls": {
                    "sensitive": false,
                    "type": "list",
                    "value": [
                        "https://ugvqt1wmje.execute-api.eu-west-1.amazonaws.com/0/",
                        "https://uqnz4lo6e8.execute-api.eu-west-1.amazonaws.com/1/"
                    ]
                }
            },
            "resources": {
                "aws_api_gateway_deployment.proxy_public_api_deployment.0": {
                    "type": "aws_api_gateway_deployment",
                    "depends_on": [
                        "aws_api_gateway_integration_response.proxy_api_integration_response",
                        "aws_api_gateway_method.proxy_request_method",
                        "aws_api_gateway_method_response.200",
                        "aws_api_gateway_rest_api.rodin_proxy_public_api.*"
                    ],
                    "primary": {
                        "id": "8su72p",
                        "attributes": {
                            "created_date": "2017-03-31T12:09:27Z",
                            "description": "",
                            "id": "8su72p",
                            "rest_api_id": "ugvqt1wmje",
                            "stage_name": "0"
                        },
                        "meta": {},
                        "tainted": false
                    },
                    "deposed": [],
                    "provider": ""
                },
                "aws_api_gateway_deployment.proxy_public_api_deployment.1": {
                    "type": "aws_api_gateway_deployment",
                    "depends_on": [
                        "aws_api_gateway_integration_response.proxy_api_integration_response",
                        "aws_api_gateway_method.proxy_request_method",
                        "aws_api_gateway_method_response.200",
                        "aws_api_gateway_rest_api.rodin_proxy_public_api.*"
                    ],
                    "primary": {
                        "id": "g5nrbb",
                        "attributes": {
                            "created_date": "2017-03-31T12:09:27Z",
                            "description": "",
                            "id": "g5nrbb",
                            "rest_api_id": "uqnz4lo6e8",
                            "stage_name": "1"
                        },
                        "meta": {},
                        "tainted": false
                    },
                    "deposed": [],
                    "provider": ""
                },
                "aws_api_gateway_integration.request_method_integration.0": {
                    "type": "aws_api_gateway_integration",
                    "depends_on": [
                        "aws_api_gateway_method.proxy_request_method.*",
                        "aws_api_gateway_resource.proxy_api_resource_proxy.*",
                        "aws_api_gateway_rest_api.rodin_proxy_public_api.*",
                        "aws_lambda_function.lambda_dummy.*"
                    ],
                    "primary": {
                        "id": "agi-ugvqt1wmje-7uud7f-ANY",
                        "attributes": {
                            "content_handling": "",
                            "credentials": "",
                            "http_method": "ANY",
                            "id": "agi-ugvqt1wmje-7uud7f-ANY",
                            "integration_http_method": "POST",
                            "passthrough_behavior": "WHEN_NO_MATCH",
                            "request_parameters.%": "0",
                            "request_templates.%": "0",
                            "resource_id": "7uud7f",
                            "rest_api_id": "ugvqt1wmje",
                            "type": "AWS_PROXY",
                            "uri": "arn:aws:apigateway:eu-west-1:lambda:path/2015-03-31/functions/arn:aws:lambda:eu-west-1:401237329133:function:rodin_php_lambda_proxy_dev_0/invocations"
                        },
                        "meta": {},
                        "tainted": false
                    },
                    "deposed": [],
                    "provider": ""
                },
                "aws_api_gateway_integration.request_method_integration.1": {
                    "type": "aws_api_gateway_integration",
                    "depends_on": [
                        "aws_api_gateway_method.proxy_request_method.*",
                        "aws_api_gateway_resource.proxy_api_resource_proxy.*",
                        "aws_api_gateway_rest_api.rodin_proxy_public_api.*",
                        "aws_lambda_function.lambda_dummy.*"
                    ],
                    "primary": {
                        "id": "agi-uqnz4lo6e8-p3nob7-ANY",
                        "attributes": {
                            "content_handling": "",
                            "credentials": "",
                            "http_method": "ANY",
                            "id": "agi-uqnz4lo6e8-p3nob7-ANY",
                            "integration_http_method": "POST",
                            "passthrough_behavior": "WHEN_NO_MATCH",
                            "request_parameters.%": "0",
                            "request_templates.%": "0",
                            "resource_id": "p3nob7",
                            "rest_api_id": "uqnz4lo6e8",
                            "type": "AWS_PROXY",
                            "uri": "arn:aws:apigateway:eu-west-1:lambda:path/2015-03-31/functions/arn:aws:lambda:eu-west-1:401237329133:function:rodin_php_lambda_proxy_dev_1/invocations"
                        },
                        "meta": {},
                        "tainted": false
                    },
                    "deposed": [],
                    "provider": ""
                },
                "aws_api_gateway_integration_response.proxy_api_integration_response.0": {
                    "type": "aws_api_gateway_integration_response",
                    "depends_on": [
                        "aws_api_gateway_integration.request_method_integration",
                        "aws_api_gateway_method_response.200.*",
                        "aws_api_gateway_resource.proxy_api_resource_proxy.*",
                        "aws_api_gateway_rest_api.rodin_proxy_public_api.*",
                        "aws_lambda_permission.allow_api_gateway"
                    ],
                    "primary": {
                        "id": "agir-ugvqt1wmje-7uud7f-ANY-200",
                        "attributes": {
                            "http_method": "ANY",
                            "id": "agir-ugvqt1wmje-7uud7f-ANY-200",
                            "resource_id": "7uud7f",
                            "response_parameters.%": "0",
                            "response_templates.%": "0",
                            "rest_api_id": "ugvqt1wmje",
                            "selection_pattern": "",
                            "status_code": "200"
                        },
                        "meta": {},
                        "tainted": false
                    },
                    "deposed": [],
                    "provider": ""
                },
                "aws_api_gateway_integration_response.proxy_api_integration_response.1": {
                    "type": "aws_api_gateway_integration_response",
                    "depends_on": [
                        "aws_api_gateway_integration.request_method_integration",
                        "aws_api_gateway_method_response.200.*",
                        "aws_api_gateway_resource.proxy_api_resource_proxy.*",
                        "aws_api_gateway_rest_api.rodin_proxy_public_api.*",
                        "aws_lambda_permission.allow_api_gateway"
                    ],
                    "primary": {
                        "id": "agir-uqnz4lo6e8-p3nob7-ANY-200",
                        "attributes": {
                            "http_method": "ANY",
                            "id": "agir-uqnz4lo6e8-p3nob7-ANY-200",
                            "resource_id": "p3nob7",
                            "response_parameters.%": "0",
                            "response_templates.%": "0",
                            "rest_api_id": "uqnz4lo6e8",
                            "selection_pattern": "",
                            "status_code": "200"
                        },
                        "meta": {},
                        "tainted": false
                    },
                    "deposed": [],
                    "provider": ""
                },
                "aws_api_gateway_method.proxy_request_method.0": {
                    "type": "aws_api_gateway_method",
                    "depends_on": [
                        "aws_api_gateway_resource.proxy_api_resource_proxy.*",
                        "aws_api_gateway_rest_api.rodin_proxy_public_api.*"
                    ],
                    "primary": {
                        "id": "agm-ugvqt1wmje-7uud7f-ANY",
                        "attributes": {
                            "api_key_required": "false",
                            "authorization": "NONE",
                            "authorizer_id": "",
                            "http_method": "ANY",
                            "id": "agm-ugvqt1wmje-7uud7f-ANY",
                            "request_models.%": "0",
                            "request_parameters.%": "0",
                            "resource_id": "7uud7f",
                            "rest_api_id": "ugvqt1wmje"
                        },
                        "meta": {},
                        "tainted": false
                    },
                    "deposed": [],
                    "provider": ""
                },
                "aws_api_gateway_method.proxy_request_method.1": {
                    "type": "aws_api_gateway_method",
                    "depends_on": [
                        "aws_api_gateway_resource.proxy_api_resource_proxy.*",
                        "aws_api_gateway_rest_api.rodin_proxy_public_api.*"
                    ],
                    "primary": {
                        "id": "agm-uqnz4lo6e8-p3nob7-ANY",
                        "attributes": {
                            "api_key_required": "false",
                            "authorization": "NONE",
                            "authorizer_id": "",
                            "http_method": "ANY",
                            "id": "agm-uqnz4lo6e8-p3nob7-ANY",
                            "request_models.%": "0",
                            "request_parameters.%": "0",
                            "resource_id": "p3nob7",
                            "rest_api_id": "uqnz4lo6e8"
                        },
                        "meta": {},
                        "tainted": false
                    },
                    "deposed": [],
                    "provider": ""
                },
                "aws_api_gateway_method_response.200.0": {
                    "type": "aws_api_gateway_method_response",
                    "depends_on": [
                        "aws_api_gateway_method.proxy_request_method",
                        "aws_api_gateway_resource.proxy_api_resource_proxy",
                        "aws_api_gateway_resource.proxy_api_resource_proxy.*",
                        "aws_api_gateway_rest_api.rodin_proxy_public_api.*"
                    ],
                    "primary": {
                        "id": "agmr-ugvqt1wmje-7uud7f-ANY-200",
                        "attributes": {
                            "http_method": "ANY",
                            "id": "agmr-ugvqt1wmje-7uud7f-ANY-200",
                            "resource_id": "7uud7f",
                            "response_models.%": "0",
                            "response_parameters.%": "0",
                            "rest_api_id": "ugvqt1wmje",
                            "status_code": "200"
                        },
                        "meta": {},
                        "tainted": false
                    },
                    "deposed": [],
                    "provider": ""
                },
                "aws_api_gateway_method_response.200.1": {
                    "type": "aws_api_gateway_method_response",
                    "depends_on": [
                        "aws_api_gateway_method.proxy_request_method",
                        "aws_api_gateway_resource.proxy_api_resource_proxy",
                        "aws_api_gateway_resource.proxy_api_resource_proxy.*",
                        "aws_api_gateway_rest_api.rodin_proxy_public_api.*"
                    ],
                    "primary": {
                        "id": "agmr-uqnz4lo6e8-p3nob7-ANY-200",
                        "attributes": {
                            "http_method": "ANY",
                            "id": "agmr-uqnz4lo6e8-p3nob7-ANY-200",
                            "resource_id": "p3nob7",
                            "response_models.%": "0",
                            "response_parameters.%": "0",
                            "rest_api_id": "uqnz4lo6e8",
                            "status_code": "200"
                        },
                        "meta": {},
                        "tainted": false
                    },
                    "deposed": [],
                    "provider": ""
                },
                "aws_api_gateway_resource.proxy_api_resource_proxy.0": {
                    "type": "aws_api_gateway_resource",
                    "depends_on": [
                        "aws_api_gateway_rest_api.rodin_proxy_public_api.*",
                        "aws_api_gateway_rest_api.rodin_proxy_public_api.*"
                    ],
                    "primary": {
                        "id": "7uud7f",
                        "attributes": {
                            "id": "7uud7f",
                            "parent_id": "uap4hmcwwi",
                            "path": "/{proxy+}",
                            "path_part": "{proxy+}",
                            "rest_api_id": "ugvqt1wmje"
                        },
                        "meta": {},
                        "tainted": false
                    },
                    "deposed": [],
                    "provider": ""
                },
                "aws_api_gateway_resource.proxy_api_resource_proxy.1": {
                    "type": "aws_api_gateway_resource",
                    "depends_on": [
                        "aws_api_gateway_rest_api.rodin_proxy_public_api.*",
                        "aws_api_gateway_rest_api.rodin_proxy_public_api.*"
                    ],
                    "primary": {
                        "id": "p3nob7",
                        "attributes": {
                            "id": "p3nob7",
                            "parent_id": "snmcnw05na",
                            "path": "/{proxy+}",
                            "path_part": "{proxy+}",
                            "rest_api_id": "uqnz4lo6e8"
                        },
                        "meta": {},
                        "tainted": false
                    },
                    "deposed": [],
                    "provider": ""
                },
                "aws_api_gateway_rest_api.rodin_proxy_public_api.0": {
                    "type": "aws_api_gateway_rest_api",
                    "depends_on": [],
                    "primary": {
                        "id": "ugvqt1wmje",
                        "attributes": {
                            "binary_media_types.#": "0",
                            "created_date": "2017-03-31T12:09:16Z",
                            "description": "",
                            "id": "ugvqt1wmje",
                            "name": "rodin_dev_0",
                            "root_resource_id": "uap4hmcwwi"
                        },
                        "meta": {},
                        "tainted": false
                    },
                    "deposed": [],
                    "provider": ""
                },
                "aws_api_gateway_rest_api.rodin_proxy_public_api.1": {
                    "type": "aws_api_gateway_rest_api",
                    "depends_on": [],
                    "primary": {
                        "id": "uqnz4lo6e8",
                        "attributes": {
                            "binary_media_types.#": "0",
                            "created_date": "2017-03-31T12:09:16Z",
                            "description": "",
                            "id": "uqnz4lo6e8",
                            "name": "rodin_dev_1",
                            "root_resource_id": "snmcnw05na"
                        },
                        "meta": {},
                        "tainted": false
                    },
                    "deposed": [],
                    "provider": ""
                },
                "aws_iam_policy.rodin_policy_lambda": {
                    "type": "aws_iam_policy",
                    "depends_on": [],
                    "primary": {
                        "id": "arn:aws:iam::401237329133:policy/rodin_policy_lambda_dev",
                        "attributes": {
                            "arn": "arn:aws:iam::401237329133:policy/rodin_policy_lambda_dev",
                            "id": "arn:aws:iam::401237329133:policy/rodin_policy_lambda_dev",
                            "name": "rodin_policy_lambda_dev",
                            "path": "/",
                            "policy": "{\r\n  \"Version\": \"2012-10-17\",\r\n  \"Statement\": [\r\n    {\r\n      \"Sid\": \"AccessCloudwatchLogs\",\r\n      \"Action\": [\"logs:*\"],\r\n      \"Effect\": \"Allow\",\r\n      \"Resource\": \"arn:aws:logs:*:*:*\"\r\n    },\r\n    {\r\n      \"Effect\": \"Allow\",\r\n      \"Action\": [\r\n        \"dynamodb:BatchGetItem\",\r\n        \"dynamodb:Query\",\r\n        \"dynamodb:DeleteItem\",\r\n        \"dynamodb:GetItem\",\r\n        \"dynamodb:PutItem\",\r\n        \"dynamodb:UpdateItem\",\r\n        \"dynamodb:Scan\"\r\n        ],\r\n      \"Resource\": \"arn:aws:dynamodb:eu-west-1:401237329133:table/rodin_*_dev\"\r\n    }\r\n   ]\r\n}\r\n"
                        },
                        "meta": {},
                        "tainted": false
                    },
                    "deposed": [],
                    "provider": ""
                },
                "aws_iam_role.rodin_role_lambda": {
                    "type": "aws_iam_role",
                    "depends_on": [],
                    "primary": {
                        "id": "rodin_role_lambda_dev",
                        "attributes": {
                            "arn": "arn:aws:iam::401237329133:role/rodin_role_lambda_dev",
                            "assume_role_policy": "{\"Version\":\"2012-10-17\",\"Statement\":[{\"Effect\":\"Allow\",\"Principal\":{\"Service\":\"lambda.amazonaws.com\"},\"Action\":\"sts:AssumeRole\"}]}",
                            "create_date": "2017-03-31T12:09:16Z",
                            "id": "rodin_role_lambda_dev",
                            "name": "rodin_role_lambda_dev",
                            "path": "/",
                            "unique_id": "AROAJFWBJPIIBQHUIWG52"
                        },
                        "meta": {},
                        "tainted": false
                    },
                    "deposed": [],
                    "provider": ""
                },
                "aws_iam_role_policy_attachment.rodin_role_attach_policy": {
                    "type": "aws_iam_role_policy_attachment",
                    "depends_on": [
                        "aws_iam_policy.rodin_policy_lambda",
                        "aws_iam_role.rodin_role_lambda"
                    ],
                    "primary": {
                        "id": "rodin_role_lambda_dev-00726d4cd4c8707b911fc0d773",
                        "attributes": {
                            "id": "rodin_role_lambda_dev-00726d4cd4c8707b911fc0d773",
                            "policy_arn": "arn:aws:iam::401237329133:policy/rodin_policy_lambda_dev",
                            "role": "rodin_role_lambda_dev"
                        },
                        "meta": {},
                        "tainted": false
                    },
                    "deposed": [],
                    "provider": ""
                },
                "aws_lambda_function.lambda_dummy.0": {
                    "type": "aws_lambda_function",
                    "depends_on": [
                        "aws_iam_role.rodin_role_lambda"
                    ],
                    "primary": {
                        "id": "rodin_php_lambda_proxy_dev_0",
                        "attributes": {
                            "arn": "arn:aws:lambda:eu-west-1:401237329133:function:rodin_php_lambda_proxy_dev_0",
                            "dead_letter_config.#": "0",
                            "description": "",
                            "environment.#": "0",
                            "filename": "/home/kkkj/artrunde/terraform-infrastructure/dev/services/rodin-multideploy/.terraform/modules/25ed2ff37f49029b482cb1a428454ece/dummy-nodejs4.3.zip",
                            "function_name": "rodin_php_lambda_proxy_dev_0",
                            "handler": "index.handler",
                            "id": "rodin_php_lambda_proxy_dev_0",
                            "kms_key_arn": "",
                            "last_modified": "2017-03-31T12:09:25.727+0000",
                            "memory_size": "1536",
                            "publish": "false",
                            "qualified_arn": "arn:aws:lambda:eu-west-1:401237329133:function:rodin_php_lambda_proxy_dev_0:$LATEST",
                            "role": "arn:aws:iam::401237329133:role/rodin_role_lambda_dev",
                            "runtime": "nodejs4.3",
                            "source_code_hash": "k5Fn2FlrMl081GaoS9MjQySzylshsxNCDEdwE3aWpPw=",
                            "timeout": "3",
                            "version": "$LATEST",
                            "vpc_config.#": "0"
                        },
                        "meta": {},
                        "tainted": false
                    },
                    "deposed": [],
                    "provider": ""
                },
                "aws_lambda_function.lambda_dummy.1": {
                    "type": "aws_lambda_function",
                    "depends_on": [
                        "aws_iam_role.rodin_role_lambda"
                    ],
                    "primary": {
                        "id": "rodin_php_lambda_proxy_dev_1",
                        "attributes": {
                            "arn": "arn:aws:lambda:eu-west-1:401237329133:function:rodin_php_lambda_proxy_dev_1",
                            "dead_letter_config.#": "0",
                            "description": "",
                            "environment.#": "0",
                            "filename": "/home/kkkj/artrunde/terraform-infrastructure/dev/services/rodin-multideploy/.terraform/modules/25ed2ff37f49029b482cb1a428454ece/dummy-nodejs4.3.zip",
                            "function_name": "rodin_php_lambda_proxy_dev_1",
                            "handler": "index.handler",
                            "id": "rodin_php_lambda_proxy_dev_1",
                            "kms_key_arn": "",
                            "last_modified": "2017-03-31T12:09:25.064+0000",
                            "memory_size": "1536",
                            "publish": "false",
                            "qualified_arn": "arn:aws:lambda:eu-west-1:401237329133:function:rodin_php_lambda_proxy_dev_1:$LATEST",
                            "role": "arn:aws:iam::401237329133:role/rodin_role_lambda_dev",
                            "runtime": "nodejs4.3",
                            "source_code_hash": "k5Fn2FlrMl081GaoS9MjQySzylshsxNCDEdwE3aWpPw=",
                            "timeout": "3",
                            "version": "$LATEST",
                            "vpc_config.#": "0"
                        },
                        "meta": {},
                        "tainted": false
                    },
                    "deposed": [],
                    "provider": ""
                },
                "aws_lambda_permission.allow_api_gateway.0": {
                    "type": "aws_lambda_permission",
                    "depends_on": [
                        "aws_api_gateway_resource.proxy_api_resource_proxy.*",
                        "aws_api_gateway_rest_api.rodin_proxy_public_api.*",
                        "aws_lambda_function.lambda_dummy.*"
                    ],
                    "primary": {
                        "id": "AllowExecutionFromApiGateway_ugvqt1wmje_7uud7f",
                        "attributes": {
                            "action": "lambda:InvokeFunction",
                            "function_name": "rodin_php_lambda_proxy_dev_0",
                            "id": "AllowExecutionFromApiGateway_ugvqt1wmje_7uud7f",
                            "principal": "apigateway.amazonaws.com",
                            "qualifier": "",
                            "source_arn": "arn:aws:execute-api:eu-west-1:401237329133:ugvqt1wmje/*/*",
                            "statement_id": "AllowExecutionFromApiGateway_ugvqt1wmje_7uud7f"
                        },
                        "meta": {},
                        "tainted": false
                    },
                    "deposed": [],
                    "provider": ""
                },
                "aws_lambda_permission.allow_api_gateway.1": {
                    "type": "aws_lambda_permission",
                    "depends_on": [
                        "aws_api_gateway_resource.proxy_api_resource_proxy.*",
                        "aws_api_gateway_rest_api.rodin_proxy_public_api.*",
                        "aws_lambda_function.lambda_dummy.*"
                    ],
                    "primary": {
                        "id": "AllowExecutionFromApiGateway_uqnz4lo6e8_p3nob7",
                        "attributes": {
                            "action": "lambda:InvokeFunction",
                            "function_name": "rodin_php_lambda_proxy_dev_1",
                            "id": "AllowExecutionFromApiGateway_uqnz4lo6e8_p3nob7",
                            "principal": "apigateway.amazonaws.com",
                            "qualifier": "",
                            "source_arn": "arn:aws:execute-api:eu-west-1:401237329133:uqnz4lo6e8/*/*",
                            "statement_id": "AllowExecutionFromApiGateway_uqnz4lo6e8_p3nob7"
                        },
                        "meta": {},
                        "tainted": false
                    },
                    "deposed": [],
                    "provider": ""
                }
            },
            "depends_on": []
        },
        {
            "path": [
                "root",
                "mapping_version"
            ],
            "outputs": {},
            "resources": {
                "aws_api_gateway_base_path_mapping.rodin_proxy_public_api_mapping": {
                    "type": "aws_api_gateway_base_path_mapping",
                    "depends_on": [],
                    "primary": {
                        "id": "api-rodin-dev.artrunde.com/v1",
                        "attributes": {
                            "api_id": "ugvqt1wmje",
                            "base_path": "v1",
                            "domain_name": "api-rodin-dev.artrunde.com",
                            "id": "api-rodin-dev.artrunde.com/v1",
                            "stage_name": "0"
                        },
                        "meta": {},
                        "tainted": false
                    },
                    "deposed": [],
                    "provider": ""
                }
            },
            "depends_on": []
        }
    ]
}
