{
    "version": 3,
    "terraform_version": "0.9.1",
    "serial": 9,
    "lineage": "887142f9-665c-42b8-8321-f1d8b1735871",
    "modules": [
        {
            "path": [
                "root"
            ],
            "outputs": {
                "lambda_filename_active": {
                    "sensitive": false,
                    "type": "string",
                    "value": "rodin_php_lambda_proxy_dev_1.zip"
                },
                "lambda_filename_staging": {
                    "sensitive": false,
                    "type": "string",
                    "value": "rodin_php_lambda_proxy_dev_2.zip"
                }
            },
            "resources": {
                "aws_api_gateway_base_path_mapping.rodin_proxy_public_api_mapping_1": {
                    "type": "aws_api_gateway_base_path_mapping",
                    "depends_on": [
                        "aws_api_gateway_deployment.proxy_public_api_deployment_1",
                        "aws_api_gateway_domain_name.rodin_api_domain_name",
                        "aws_api_gateway_rest_api.rodin_proxy_public_api_1"
                    ],
                    "primary": {
                        "id": "api-rodin-dev.artrunde.com/v1",
                        "attributes": {
                            "api_id": "emdj9nw2x4",
                            "base_path": "v1",
                            "domain_name": "api-rodin-dev.artrunde.com",
                            "id": "api-rodin-dev.artrunde.com/v1",
                            "stage_name": "1"
                        },
                        "meta": {},
                        "tainted": false
                    },
                    "deposed": [],
                    "provider": ""
                },
                "aws_api_gateway_deployment.proxy_public_api_deployment_1": {
                    "type": "aws_api_gateway_deployment",
                    "depends_on": [
                        "aws_api_gateway_rest_api.rodin_proxy_public_api_1",
                        "module.rodin_http_proxy_resource_admin_deployment_1",
                        "module.rodin_http_proxy_resource_public_deployment_1"
                    ],
                    "primary": {
                        "id": "huc4d5",
                        "attributes": {
                            "created_date": "2017-03-27T10:23:16Z",
                            "description": "",
                            "id": "huc4d5",
                            "rest_api_id": "emdj9nw2x4",
                            "stage_name": "1"
                        },
                        "meta": {},
                        "tainted": false
                    },
                    "deposed": [],
                    "provider": ""
                },
                "aws_api_gateway_deployment.proxy_public_api_deployment_2": {
                    "type": "aws_api_gateway_deployment",
                    "depends_on": [
                        "aws_api_gateway_rest_api.rodin_proxy_public_api_2",
                        "module.rodin_http_proxy_resource_admin_deployment_2",
                        "module.rodin_http_proxy_resource_public_deployment_2"
                    ],
                    "primary": {
                        "id": "o7x8ef",
                        "attributes": {
                            "created_date": "2017-03-27T10:23:16Z",
                            "description": "",
                            "id": "o7x8ef",
                            "rest_api_id": "68zwu501qk",
                            "stage_name": "2"
                        },
                        "meta": {},
                        "tainted": false
                    },
                    "deposed": [],
                    "provider": ""
                },
                "aws_api_gateway_domain_name.rodin_api_domain_name": {
                    "type": "aws_api_gateway_domain_name",
                    "depends_on": [],
                    "primary": {
                        "id": "api-rodin-dev.artrunde.com",
                        "attributes": {
                            "certificate_arn": "arn:aws:acm:us-east-1:401237329133:certificate/890f1dd0-214f-48ab-a600-0e49942fbde5",
                            "certificate_name": "",
                            "certificate_upload_date": "2017-03-27T12:19:04Z",
                            "cloudfront_domain_name": "d3tzzgteapu4zd.cloudfront.net",
                            "cloudfront_zone_id": "Z2FDTNDATAQYW2",
                            "domain_name": "api-rodin-dev.artrunde.com",
                            "id": "api-rodin-dev.artrunde.com"
                        },
                        "meta": {},
                        "tainted": false
                    },
                    "deposed": [],
                    "provider": ""
                },
                "aws_api_gateway_rest_api.rodin_proxy_public_api_1": {
                    "type": "aws_api_gateway_rest_api",
                    "depends_on": [],
                    "primary": {
                        "id": "emdj9nw2x4",
                        "attributes": {
                            "binary_media_types.#": "0",
                            "created_date": "2017-03-27T10:01:14Z",
                            "description": "",
                            "id": "emdj9nw2x4",
                            "name": "rodin_public_api_dev_1",
                            "root_resource_id": "jj1ja8s2m3"
                        },
                        "meta": {},
                        "tainted": false
                    },
                    "deposed": [],
                    "provider": ""
                },
                "aws_api_gateway_rest_api.rodin_proxy_public_api_2": {
                    "type": "aws_api_gateway_rest_api",
                    "depends_on": [],
                    "primary": {
                        "id": "68zwu501qk",
                        "attributes": {
                            "binary_media_types.#": "0",
                            "created_date": "2017-03-27T10:01:14Z",
                            "description": "",
                            "id": "68zwu501qk",
                            "name": "rodin_public_api_dev_2",
                            "root_resource_id": "de1lkdzref"
                        },
                        "meta": {},
                        "tainted": false
                    },
                    "deposed": [],
                    "provider": ""
                },
                "aws_iam_policy.rodin_policy_lambda": {
                    "type": "aws_iam_policy",
                    "depends_on": [],
                    "primary": {
                        "id": "arn:aws:iam::401237329133:policy/rodin_policy_dev",
                        "attributes": {
                            "arn": "arn:aws:iam::401237329133:policy/rodin_policy_dev",
                            "id": "arn:aws:iam::401237329133:policy/rodin_policy_dev",
                            "name": "rodin_policy_dev",
                            "path": "/",
                            "policy": "{\r\n  \"Version\": \"2012-10-17\",\r\n  \"Statement\": [\r\n    {\r\n      \"Sid\": \"AccessCloudwatchLogs\",\r\n      \"Action\": [\"logs:*\"],\r\n      \"Effect\": \"Allow\",\r\n      \"Resource\": \"arn:aws:logs:*:*:*\"\r\n    },\r\n    {\r\n      \"Sid\": \"RodinDevDynamoDBReadWrite\",\r\n      \"Effect\": \"Allow\",\r\n      \"Action\": [\r\n        \"dynamodb:BatchGetItem\",\r\n        \"dynamodb:Query\",\r\n        \"dynamodb:DeleteItem\",\r\n        \"dynamodb:GetItem\",\r\n        \"dynamodb:PutItem\",\r\n        \"dynamodb:UpdateItem\",\r\n        \"dynamodb:Scan\"\r\n        ],\r\n      \"Resource\": \"arn:aws:dynamodb:eu-west-1:401237329133:table/rodin_*_dev\"\r\n    }\r\n   ]\r\n}\r\n"
                        },
                        "meta": {},
                        "tainted": false
                    },
                    "deposed": [],
                    "provider": ""
                },
                "aws_iam_role.rodin_role_lambda": {
                    "type": "aws_iam_role",
                    "depends_on": [],
                    "primary": {
                        "id": "rodin_role_lambda_dev",
                        "attributes": {
                            "arn": "arn:aws:iam::401237329133:role/rodin_role_lambda_dev",
                            "assume_role_policy": "{\"Version\":\"2012-10-17\",\"Statement\":[{\"Effect\":\"Allow\",\"Principal\":{\"Service\":\"lambda.amazonaws.com\"},\"Action\":\"sts:AssumeRole\"}]}",
                            "create_date": "2017-03-27T10:01:14Z",
                            "id": "rodin_role_lambda_dev",
                            "name": "rodin_role_lambda_dev",
                            "path": "/",
                            "unique_id": "AROAJSS63RCHHNOTSOW6Q"
                        },
                        "meta": {},
                        "tainted": false
                    },
                    "deposed": [],
                    "provider": ""
                },
                "aws_iam_role_policy_attachment.rodin_role_attach_policy": {
                    "type": "aws_iam_role_policy_attachment",
                    "depends_on": [
                        "aws_iam_policy.rodin_policy_lambda",
                        "aws_iam_role.rodin_role_lambda"
                    ],
                    "primary": {
                        "id": "rodin_role_lambda_dev-004eb81607adaf989ffb5f52b5",
                        "attributes": {
                            "id": "rodin_role_lambda_dev-004eb81607adaf989ffb5f52b5",
                            "policy_arn": "arn:aws:iam::401237329133:policy/rodin_policy_dev",
                            "role": "rodin_role_lambda_dev"
                        },
                        "meta": {},
                        "tainted": false
                    },
                    "deposed": [],
                    "provider": ""
                },
                "aws_route53_record.example": {
                    "type": "aws_route53_record",
                    "depends_on": [
                        "aws_api_gateway_domain_name.rodin_api_domain_name",
                        "aws_api_gateway_domain_name.rodin_api_domain_name",
                        "aws_api_gateway_domain_name.rodin_api_domain_name",
                        "data.aws_route53_zone.primary"
                    ],
                    "primary": {
                        "id": "Z1SF9WIPWYI9IH_api-rodin-dev.artrunde.com_A",
                        "attributes": {
                            "alias.#": "1",
                            "alias.3446798289.evaluate_target_health": "true",
                            "alias.3446798289.name": "d3tzzgteapu4zd.cloudfront.net",
                            "alias.3446798289.zone_id": "Z2FDTNDATAQYW2",
                            "fqdn": "api-rodin-dev.artrunde.com",
                            "health_check_id": "",
                            "id": "Z1SF9WIPWYI9IH_api-rodin-dev.artrunde.com_A",
                            "name": "api-rodin-dev.artrunde.com",
                            "records.#": "0",
                            "set_identifier": "",
                            "ttl": "0",
                            "type": "A",
                            "zone_id": "Z1SF9WIPWYI9IH"
                        },
                        "meta": {
                            "schema_version": "2"
                        },
                        "tainted": false
                    },
                    "deposed": [],
                    "provider": ""
                },
                "data.aws_route53_zone.primary": {
                    "type": "aws_route53_zone",
                    "depends_on": [],
                    "primary": {
                        "id": "Z1SF9WIPWYI9IH",
                        "attributes": {
                            "caller_reference": "52923508-F90B-0794-9770-78108F58D89A",
                            "comment": "Root domain",
                            "id": "Z1SF9WIPWYI9IH",
                            "name": "artrunde.com.",
                            "private_zone": "false",
                            "resource_record_set_count": "10",
                            "zone_id": "Z1SF9WIPWYI9IH"
                        },
                        "meta": {},
                        "tainted": false
                    },
                    "deposed": [],
                    "provider": ""
                }
            },
            "depends_on": []
        },
        {
            "path": [
                "root",
                "lambda_deployment_1"
            ],
            "outputs": {
                "auto_deployment_filename": {
                    "sensitive": false,
                    "type": "string",
                    "value": "rodin_php_lambda_proxy_dev_1.zip"
                },
                "function_name": {
                    "sensitive": false,
                    "type": "string",
                    "value": "rodin_php_lambda_proxy_dev_1"
                }
            },
            "resources": {
                "aws_lambda_function.lambda-dummy": {
                    "type": "aws_lambda_function",
                    "depends_on": [],
                    "primary": {
                        "id": "rodin_php_lambda_proxy_dev_1",
                        "attributes": {
                            "arn": "arn:aws:lambda:eu-west-1:401237329133:function:rodin_php_lambda_proxy_dev_1",
                            "dead_letter_config.#": "0",
                            "description": "",
                            "environment.#": "0",
                            "filename": "/home/kkkj/artrunde/terraform-infrastructure/dev/services/rodin/proxy-api/.terraform/modules/52703e847c7e7b50956fdc03de7b2e0c/dummy-nodejs4.3.zip",
                            "function_name": "rodin_php_lambda_proxy_dev_1",
                            "handler": "index.handler",
                            "id": "rodin_php_lambda_proxy_dev_1",
                            "kms_key_arn": "",
                            "last_modified": "2017-03-27T10:19:02.835+0000",
                            "memory_size": "1536",
                            "publish": "false",
                            "qualified_arn": "arn:aws:lambda:eu-west-1:401237329133:function:rodin_php_lambda_proxy_dev_1:$LATEST",
                            "role": "arn:aws:iam::401237329133:role/rodin_role_lambda_dev",
                            "runtime": "nodejs4.3",
                            "source_code_hash": "k5Fn2FlrMl081GaoS9MjQySzylshsxNCDEdwE3aWpPw=",
                            "timeout": "3",
                            "version": "$LATEST",
                            "vpc_config.#": "0"
                        },
                        "meta": {},
                        "tainted": false
                    },
                    "deposed": [],
                    "provider": ""
                }
            },
            "depends_on": []
        },
        {
            "path": [
                "root",
                "lambda_deployment_2"
            ],
            "outputs": {
                "auto_deployment_filename": {
                    "sensitive": false,
                    "type": "string",
                    "value": "rodin_php_lambda_proxy_dev_2.zip"
                },
                "function_name": {
                    "sensitive": false,
                    "type": "string",
                    "value": "rodin_php_lambda_proxy_dev_2"
                }
            },
            "resources": {
                "aws_lambda_function.lambda-dummy": {
                    "type": "aws_lambda_function",
                    "depends_on": [],
                    "primary": {
                        "id": "rodin_php_lambda_proxy_dev_2",
                        "attributes": {
                            "arn": "arn:aws:lambda:eu-west-1:401237329133:function:rodin_php_lambda_proxy_dev_2",
                            "dead_letter_config.#": "0",
                            "description": "",
                            "environment.#": "0",
                            "filename": "/home/kkkj/artrunde/terraform-infrastructure/dev/services/rodin/proxy-api/.terraform/modules/a1bcef413bd0cf085550780f6b429c44/dummy-nodejs4.3.zip",
                            "function_name": "rodin_php_lambda_proxy_dev_2",
                            "handler": "index.handler",
                            "id": "rodin_php_lambda_proxy_dev_2",
                            "kms_key_arn": "",
                            "last_modified": "2017-03-27T10:19:04.145+0000",
                            "memory_size": "1536",
                            "publish": "false",
                            "qualified_arn": "arn:aws:lambda:eu-west-1:401237329133:function:rodin_php_lambda_proxy_dev_2:$LATEST",
                            "role": "arn:aws:iam::401237329133:role/rodin_role_lambda_dev",
                            "runtime": "nodejs4.3",
                            "source_code_hash": "k5Fn2FlrMl081GaoS9MjQySzylshsxNCDEdwE3aWpPw=",
                            "timeout": "3",
                            "version": "$LATEST",
                            "vpc_config.#": "0"
                        },
                        "meta": {},
                        "tainted": false
                    },
                    "deposed": [],
                    "provider": ""
                }
            },
            "depends_on": []
        },
        {
            "path": [
                "root",
                "rodin_http_proxy_resource_admin_deployment_1"
            ],
            "outputs": {},
            "resources": {
                "aws_api_gateway_integration.request_method_integration": {
                    "type": "aws_api_gateway_integration",
                    "depends_on": [
                        "aws_api_gateway_method.proxy_request_method",
                        "aws_api_gateway_resource.proxy_api_resource"
                    ],
                    "primary": {
                        "id": "agi-emdj9nw2x4-9swu9n-ANY",
                        "attributes": {
                            "content_handling": "",
                            "credentials": "",
                            "http_method": "ANY",
                            "id": "agi-emdj9nw2x4-9swu9n-ANY",
                            "integration_http_method": "POST",
                            "passthrough_behavior": "WHEN_NO_MATCH",
                            "request_parameters.%": "0",
                            "request_templates.%": "0",
                            "resource_id": "9swu9n",
                            "rest_api_id": "emdj9nw2x4",
                            "type": "AWS_PROXY",
                            "uri": "arn:aws:apigateway:eu-west-1:lambda:path/2015-03-31/functions/arn:aws:lambda:eu-west-1:401237329133:function:rodin_php_lambda_proxy_dev_1/invocations"
                        },
                        "meta": {},
                        "tainted": false
                    },
                    "deposed": [],
                    "provider": ""
                },
                "aws_api_gateway_integration_response.proxy_api_integration_response": {
                    "type": "aws_api_gateway_integration_response",
                    "depends_on": [
                        "aws_api_gateway_method_response.200",
                        "aws_api_gateway_resource.proxy_api_resource"
                    ],
                    "primary": {
                        "id": "agir-emdj9nw2x4-9swu9n-ANY-200",
                        "attributes": {
                            "http_method": "ANY",
                            "id": "agir-emdj9nw2x4-9swu9n-ANY-200",
                            "resource_id": "9swu9n",
                            "response_parameters.%": "0",
                            "response_templates.%": "0",
                            "rest_api_id": "emdj9nw2x4",
                            "selection_pattern": "",
                            "status_code": "200"
                        },
                        "meta": {},
                        "tainted": false
                    },
                    "deposed": [],
                    "provider": ""
                },
                "aws_api_gateway_method.proxy_request_method": {
                    "type": "aws_api_gateway_method",
                    "depends_on": [
                        "aws_api_gateway_resource.proxy_api_resource"
                    ],
                    "primary": {
                        "id": "agm-emdj9nw2x4-9swu9n-ANY",
                        "attributes": {
                            "api_key_required": "false",
                            "authorization": "NONE",
                            "authorizer_id": "",
                            "http_method": "ANY",
                            "id": "agm-emdj9nw2x4-9swu9n-ANY",
                            "request_models.%": "0",
                            "request_parameters.%": "0",
                            "resource_id": "9swu9n",
                            "rest_api_id": "emdj9nw2x4"
                        },
                        "meta": {},
                        "tainted": false
                    },
                    "deposed": [],
                    "provider": ""
                },
                "aws_api_gateway_method_response.200": {
                    "type": "aws_api_gateway_method_response",
                    "depends_on": [
                        "aws_api_gateway_resource.proxy_api_resource"
                    ],
                    "primary": {
                        "id": "agmr-emdj9nw2x4-9swu9n-ANY-200",
                        "attributes": {
                            "http_method": "ANY",
                            "id": "agmr-emdj9nw2x4-9swu9n-ANY-200",
                            "resource_id": "9swu9n",
                            "response_models.%": "0",
                            "response_parameters.%": "0",
                            "rest_api_id": "emdj9nw2x4",
                            "status_code": "200"
                        },
                        "meta": {},
                        "tainted": false
                    },
                    "deposed": [],
                    "provider": ""
                },
                "aws_api_gateway_resource.proxy_api_resource": {
                    "type": "aws_api_gateway_resource",
                    "depends_on": [],
                    "primary": {
                        "id": "9swu9n",
                        "attributes": {
                            "id": "9swu9n",
                            "parent_id": "jj1ja8s2m3",
                            "path": "/admin",
                            "path_part": "admin",
                            "rest_api_id": "emdj9nw2x4"
                        },
                        "meta": {},
                        "tainted": false
                    },
                    "deposed": [],
                    "provider": ""
                },
                "aws_api_gateway_resource.proxy_api_resource_proxy": {
                    "type": "aws_api_gateway_resource",
                    "depends_on": [
                        "aws_api_gateway_resource.proxy_api_resource"
                    ],
                    "primary": {
                        "id": "v6nhzf",
                        "attributes": {
                            "id": "v6nhzf",
                            "parent_id": "9swu9n",
                            "path": "/admin/{proxy+}",
                            "path_part": "{proxy+}",
                            "rest_api_id": "emdj9nw2x4"
                        },
                        "meta": {},
                        "tainted": false
                    },
                    "deposed": [],
                    "provider": ""
                },
                "aws_lambda_permission.allow_api_gateway": {
                    "type": "aws_lambda_permission",
                    "depends_on": [
                        "aws_api_gateway_resource.proxy_api_resource_proxy"
                    ],
                    "primary": {
                        "id": "AllowExecutionFromApiGateway_emdj9nw2x4_v6nhzf",
                        "attributes": {
                            "action": "lambda:InvokeFunction",
                            "function_name": "rodin_php_lambda_proxy_dev_1",
                            "id": "AllowExecutionFromApiGateway_emdj9nw2x4_v6nhzf",
                            "principal": "apigateway.amazonaws.com",
                            "qualifier": "",
                            "source_arn": "arn:aws:execute-api:eu-west-1:401237329133:emdj9nw2x4/*/*",
                            "statement_id": "AllowExecutionFromApiGateway_emdj9nw2x4_v6nhzf"
                        },
                        "meta": {},
                        "tainted": false
                    },
                    "deposed": [],
                    "provider": ""
                }
            },
            "depends_on": []
        },
        {
            "path": [
                "root",
                "rodin_http_proxy_resource_admin_deployment_2"
            ],
            "outputs": {},
            "resources": {
                "aws_api_gateway_integration.request_method_integration": {
                    "type": "aws_api_gateway_integration",
                    "depends_on": [
                        "aws_api_gateway_method.proxy_request_method",
                        "aws_api_gateway_resource.proxy_api_resource"
                    ],
                    "primary": {
                        "id": "agi-68zwu501qk-7a9vsv-ANY",
                        "attributes": {
                            "content_handling": "",
                            "credentials": "",
                            "http_method": "ANY",
                            "id": "agi-68zwu501qk-7a9vsv-ANY",
                            "integration_http_method": "POST",
                            "passthrough_behavior": "WHEN_NO_MATCH",
                            "request_parameters.%": "0",
                            "request_templates.%": "0",
                            "resource_id": "7a9vsv",
                            "rest_api_id": "68zwu501qk",
                            "type": "AWS_PROXY",
                            "uri": "arn:aws:apigateway:eu-west-1:lambda:path/2015-03-31/functions/arn:aws:lambda:eu-west-1:401237329133:function:rodin_php_lambda_proxy_dev_2/invocations"
                        },
                        "meta": {},
                        "tainted": false
                    },
                    "deposed": [],
                    "provider": ""
                },
                "aws_api_gateway_integration_response.proxy_api_integration_response": {
                    "type": "aws_api_gateway_integration_response",
                    "depends_on": [
                        "aws_api_gateway_method_response.200",
                        "aws_api_gateway_resource.proxy_api_resource"
                    ],
                    "primary": {
                        "id": "agir-68zwu501qk-7a9vsv-ANY-200",
                        "attributes": {
                            "http_method": "ANY",
                            "id": "agir-68zwu501qk-7a9vsv-ANY-200",
                            "resource_id": "7a9vsv",
                            "response_parameters.%": "0",
                            "response_templates.%": "0",
                            "rest_api_id": "68zwu501qk",
                            "selection_pattern": "",
                            "status_code": "200"
                        },
                        "meta": {},
                        "tainted": false
                    },
                    "deposed": [],
                    "provider": ""
                },
                "aws_api_gateway_method.proxy_request_method": {
                    "type": "aws_api_gateway_method",
                    "depends_on": [
                        "aws_api_gateway_resource.proxy_api_resource"
                    ],
                    "primary": {
                        "id": "agm-68zwu501qk-7a9vsv-ANY",
                        "attributes": {
                            "api_key_required": "false",
                            "authorization": "NONE",
                            "authorizer_id": "",
                            "http_method": "ANY",
                            "id": "agm-68zwu501qk-7a9vsv-ANY",
                            "request_models.%": "0",
                            "request_parameters.%": "0",
                            "resource_id": "7a9vsv",
                            "rest_api_id": "68zwu501qk"
                        },
                        "meta": {},
                        "tainted": false
                    },
                    "deposed": [],
                    "provider": ""
                },
                "aws_api_gateway_method_response.200": {
                    "type": "aws_api_gateway_method_response",
                    "depends_on": [
                        "aws_api_gateway_resource.proxy_api_resource"
                    ],
                    "primary": {
                        "id": "agmr-68zwu501qk-7a9vsv-ANY-200",
                        "attributes": {
                            "http_method": "ANY",
                            "id": "agmr-68zwu501qk-7a9vsv-ANY-200",
                            "resource_id": "7a9vsv",
                            "response_models.%": "0",
                            "response_parameters.%": "0",
                            "rest_api_id": "68zwu501qk",
                            "status_code": "200"
                        },
                        "meta": {},
                        "tainted": false
                    },
                    "deposed": [],
                    "provider": ""
                },
                "aws_api_gateway_resource.proxy_api_resource": {
                    "type": "aws_api_gateway_resource",
                    "depends_on": [],
                    "primary": {
                        "id": "7a9vsv",
                        "attributes": {
                            "id": "7a9vsv",
                            "parent_id": "de1lkdzref",
                            "path": "/admin",
                            "path_part": "admin",
                            "rest_api_id": "68zwu501qk"
                        },
                        "meta": {},
                        "tainted": false
                    },
                    "deposed": [],
                    "provider": ""
                },
                "aws_api_gateway_resource.proxy_api_resource_proxy": {
                    "type": "aws_api_gateway_resource",
                    "depends_on": [
                        "aws_api_gateway_resource.proxy_api_resource"
                    ],
                    "primary": {
                        "id": "nh9hc5",
                        "attributes": {
                            "id": "nh9hc5",
                            "parent_id": "7a9vsv",
                            "path": "/admin/{proxy+}",
                            "path_part": "{proxy+}",
                            "rest_api_id": "68zwu501qk"
                        },
                        "meta": {},
                        "tainted": false
                    },
                    "deposed": [],
                    "provider": ""
                },
                "aws_lambda_permission.allow_api_gateway": {
                    "type": "aws_lambda_permission",
                    "depends_on": [
                        "aws_api_gateway_resource.proxy_api_resource_proxy"
                    ],
                    "primary": {
                        "id": "AllowExecutionFromApiGateway_68zwu501qk_nh9hc5",
                        "attributes": {
                            "action": "lambda:InvokeFunction",
                            "function_name": "rodin_php_lambda_proxy_dev_2",
                            "id": "AllowExecutionFromApiGateway_68zwu501qk_nh9hc5",
                            "principal": "apigateway.amazonaws.com",
                            "qualifier": "",
                            "source_arn": "arn:aws:execute-api:eu-west-1:401237329133:68zwu501qk/*/*",
                            "statement_id": "AllowExecutionFromApiGateway_68zwu501qk_nh9hc5"
                        },
                        "meta": {},
                        "tainted": false
                    },
                    "deposed": [],
                    "provider": ""
                }
            },
            "depends_on": []
        },
        {
            "path": [
                "root",
                "rodin_http_proxy_resource_public_deployment_1"
            ],
            "outputs": {},
            "resources": {
                "aws_api_gateway_integration.request_method_integration": {
                    "type": "aws_api_gateway_integration",
                    "depends_on": [
                        "aws_api_gateway_method.proxy_request_method",
                        "aws_api_gateway_resource.proxy_api_resource"
                    ],
                    "primary": {
                        "id": "agi-emdj9nw2x4-qu35u4-ANY",
                        "attributes": {
                            "content_handling": "",
                            "credentials": "",
                            "http_method": "ANY",
                            "id": "agi-emdj9nw2x4-qu35u4-ANY",
                            "integration_http_method": "POST",
                            "passthrough_behavior": "WHEN_NO_MATCH",
                            "request_parameters.%": "0",
                            "request_templates.%": "0",
                            "resource_id": "qu35u4",
                            "rest_api_id": "emdj9nw2x4",
                            "type": "AWS_PROXY",
                            "uri": "arn:aws:apigateway:eu-west-1:lambda:path/2015-03-31/functions/arn:aws:lambda:eu-west-1:401237329133:function:rodin_php_lambda_proxy_dev_1/invocations"
                        },
                        "meta": {},
                        "tainted": false
                    },
                    "deposed": [],
                    "provider": ""
                },
                "aws_api_gateway_integration_response.proxy_api_integration_response": {
                    "type": "aws_api_gateway_integration_response",
                    "depends_on": [
                        "aws_api_gateway_method_response.200",
                        "aws_api_gateway_resource.proxy_api_resource"
                    ],
                    "primary": {
                        "id": "agir-emdj9nw2x4-qu35u4-ANY-200",
                        "attributes": {
                            "http_method": "ANY",
                            "id": "agir-emdj9nw2x4-qu35u4-ANY-200",
                            "resource_id": "qu35u4",
                            "response_parameters.%": "0",
                            "response_templates.%": "0",
                            "rest_api_id": "emdj9nw2x4",
                            "selection_pattern": "",
                            "status_code": "200"
                        },
                        "meta": {},
                        "tainted": false
                    },
                    "deposed": [],
                    "provider": ""
                },
                "aws_api_gateway_method.proxy_request_method": {
                    "type": "aws_api_gateway_method",
                    "depends_on": [
                        "aws_api_gateway_resource.proxy_api_resource"
                    ],
                    "primary": {
                        "id": "agm-emdj9nw2x4-qu35u4-ANY",
                        "attributes": {
                            "api_key_required": "false",
                            "authorization": "NONE",
                            "authorizer_id": "",
                            "http_method": "ANY",
                            "id": "agm-emdj9nw2x4-qu35u4-ANY",
                            "request_models.%": "0",
                            "request_parameters.%": "0",
                            "resource_id": "qu35u4",
                            "rest_api_id": "emdj9nw2x4"
                        },
                        "meta": {},
                        "tainted": false
                    },
                    "deposed": [],
                    "provider": ""
                },
                "aws_api_gateway_method_response.200": {
                    "type": "aws_api_gateway_method_response",
                    "depends_on": [
                        "aws_api_gateway_resource.proxy_api_resource"
                    ],
                    "primary": {
                        "id": "agmr-emdj9nw2x4-qu35u4-ANY-200",
                        "attributes": {
                            "http_method": "ANY",
                            "id": "agmr-emdj9nw2x4-qu35u4-ANY-200",
                            "resource_id": "qu35u4",
                            "response_models.%": "0",
                            "response_parameters.%": "0",
                            "rest_api_id": "emdj9nw2x4",
                            "status_code": "200"
                        },
                        "meta": {},
                        "tainted": false
                    },
                    "deposed": [],
                    "provider": ""
                },
                "aws_api_gateway_resource.proxy_api_resource": {
                    "type": "aws_api_gateway_resource",
                    "depends_on": [],
                    "primary": {
                        "id": "qu35u4",
                        "attributes": {
                            "id": "qu35u4",
                            "parent_id": "jj1ja8s2m3",
                            "path": "/public",
                            "path_part": "public",
                            "rest_api_id": "emdj9nw2x4"
                        },
                        "meta": {},
                        "tainted": false
                    },
                    "deposed": [],
                    "provider": ""
                },
                "aws_api_gateway_resource.proxy_api_resource_proxy": {
                    "type": "aws_api_gateway_resource",
                    "depends_on": [
                        "aws_api_gateway_resource.proxy_api_resource"
                    ],
                    "primary": {
                        "id": "6wept1",
                        "attributes": {
                            "id": "6wept1",
                            "parent_id": "qu35u4",
                            "path": "/public/{proxy+}",
                            "path_part": "{proxy+}",
                            "rest_api_id": "emdj9nw2x4"
                        },
                        "meta": {},
                        "tainted": false
                    },
                    "deposed": [],
                    "provider": ""
                },
                "aws_lambda_permission.allow_api_gateway": {
                    "type": "aws_lambda_permission",
                    "depends_on": [
                        "aws_api_gateway_resource.proxy_api_resource_proxy"
                    ],
                    "primary": {
                        "id": "AllowExecutionFromApiGateway_emdj9nw2x4_6wept1",
                        "attributes": {
                            "action": "lambda:InvokeFunction",
                            "function_name": "rodin_php_lambda_proxy_dev_1",
                            "id": "AllowExecutionFromApiGateway_emdj9nw2x4_6wept1",
                            "principal": "apigateway.amazonaws.com",
                            "qualifier": "",
                            "source_arn": "arn:aws:execute-api:eu-west-1:401237329133:emdj9nw2x4/*/*",
                            "statement_id": "AllowExecutionFromApiGateway_emdj9nw2x4_6wept1"
                        },
                        "meta": {},
                        "tainted": false
                    },
                    "deposed": [],
                    "provider": ""
                }
            },
            "depends_on": []
        },
        {
            "path": [
                "root",
                "rodin_http_proxy_resource_public_deployment_2"
            ],
            "outputs": {},
            "resources": {
                "aws_api_gateway_integration.request_method_integration": {
                    "type": "aws_api_gateway_integration",
                    "depends_on": [
                        "aws_api_gateway_method.proxy_request_method",
                        "aws_api_gateway_resource.proxy_api_resource"
                    ],
                    "primary": {
                        "id": "agi-68zwu501qk-lll5gr-ANY",
                        "attributes": {
                            "content_handling": "",
                            "credentials": "",
                            "http_method": "ANY",
                            "id": "agi-68zwu501qk-lll5gr-ANY",
                            "integration_http_method": "POST",
                            "passthrough_behavior": "WHEN_NO_MATCH",
                            "request_parameters.%": "0",
                            "request_templates.%": "0",
                            "resource_id": "lll5gr",
                            "rest_api_id": "68zwu501qk",
                            "type": "AWS_PROXY",
                            "uri": "arn:aws:apigateway:eu-west-1:lambda:path/2015-03-31/functions/arn:aws:lambda:eu-west-1:401237329133:function:rodin_php_lambda_proxy_dev_2/invocations"
                        },
                        "meta": {},
                        "tainted": false
                    },
                    "deposed": [],
                    "provider": ""
                },
                "aws_api_gateway_integration_response.proxy_api_integration_response": {
                    "type": "aws_api_gateway_integration_response",
                    "depends_on": [
                        "aws_api_gateway_method_response.200",
                        "aws_api_gateway_resource.proxy_api_resource"
                    ],
                    "primary": {
                        "id": "agir-68zwu501qk-lll5gr-ANY-200",
                        "attributes": {
                            "http_method": "ANY",
                            "id": "agir-68zwu501qk-lll5gr-ANY-200",
                            "resource_id": "lll5gr",
                            "response_parameters.%": "0",
                            "response_templates.%": "0",
                            "rest_api_id": "68zwu501qk",
                            "selection_pattern": "",
                            "status_code": "200"
                        },
                        "meta": {},
                        "tainted": false
                    },
                    "deposed": [],
                    "provider": ""
                },
                "aws_api_gateway_method.proxy_request_method": {
                    "type": "aws_api_gateway_method",
                    "depends_on": [
                        "aws_api_gateway_resource.proxy_api_resource"
                    ],
                    "primary": {
                        "id": "agm-68zwu501qk-lll5gr-ANY",
                        "attributes": {
                            "api_key_required": "false",
                            "authorization": "NONE",
                            "authorizer_id": "",
                            "http_method": "ANY",
                            "id": "agm-68zwu501qk-lll5gr-ANY",
                            "request_models.%": "0",
                            "request_parameters.%": "0",
                            "resource_id": "lll5gr",
                            "rest_api_id": "68zwu501qk"
                        },
                        "meta": {},
                        "tainted": false
                    },
                    "deposed": [],
                    "provider": ""
                },
                "aws_api_gateway_method_response.200": {
                    "type": "aws_api_gateway_method_response",
                    "depends_on": [
                        "aws_api_gateway_resource.proxy_api_resource"
                    ],
                    "primary": {
                        "id": "agmr-68zwu501qk-lll5gr-ANY-200",
                        "attributes": {
                            "http_method": "ANY",
                            "id": "agmr-68zwu501qk-lll5gr-ANY-200",
                            "resource_id": "lll5gr",
                            "response_models.%": "0",
                            "response_parameters.%": "0",
                            "rest_api_id": "68zwu501qk",
                            "status_code": "200"
                        },
                        "meta": {},
                        "tainted": false
                    },
                    "deposed": [],
                    "provider": ""
                },
                "aws_api_gateway_resource.proxy_api_resource": {
                    "type": "aws_api_gateway_resource",
                    "depends_on": [],
                    "primary": {
                        "id": "lll5gr",
                        "attributes": {
                            "id": "lll5gr",
                            "parent_id": "de1lkdzref",
                            "path": "/public",
                            "path_part": "public",
                            "rest_api_id": "68zwu501qk"
                        },
                        "meta": {},
                        "tainted": false
                    },
                    "deposed": [],
                    "provider": ""
                },
                "aws_api_gateway_resource.proxy_api_resource_proxy": {
                    "type": "aws_api_gateway_resource",
                    "depends_on": [
                        "aws_api_gateway_resource.proxy_api_resource"
                    ],
                    "primary": {
                        "id": "3h5rjv",
                        "attributes": {
                            "id": "3h5rjv",
                            "parent_id": "lll5gr",
                            "path": "/public/{proxy+}",
                            "path_part": "{proxy+}",
                            "rest_api_id": "68zwu501qk"
                        },
                        "meta": {},
                        "tainted": false
                    },
                    "deposed": [],
                    "provider": ""
                },
                "aws_lambda_permission.allow_api_gateway": {
                    "type": "aws_lambda_permission",
                    "depends_on": [
                        "aws_api_gateway_resource.proxy_api_resource_proxy"
                    ],
                    "primary": {
                        "id": "AllowExecutionFromApiGateway_68zwu501qk_3h5rjv",
                        "attributes": {
                            "action": "lambda:InvokeFunction",
                            "function_name": "rodin_php_lambda_proxy_dev_2",
                            "id": "AllowExecutionFromApiGateway_68zwu501qk_3h5rjv",
                            "principal": "apigateway.amazonaws.com",
                            "qualifier": "",
                            "source_arn": "arn:aws:execute-api:eu-west-1:401237329133:68zwu501qk/*/*",
                            "statement_id": "AllowExecutionFromApiGateway_68zwu501qk_3h5rjv"
                        },
                        "meta": {},
                        "tainted": false
                    },
                    "deposed": [],
                    "provider": ""
                }
            },
            "depends_on": []
        }
    ]
}
