{
    "version": 3,
    "terraform_version": "0.9.1",
    "serial": 13,
    "lineage": "10fc8c59-cd95-4a2b-9e56-8c2e9f613bbf",
    "modules": [
        {
            "path": [
                "root"
            ],
            "outputs": {
                "lambda_staging": {
                    "sensitive": false,
                    "type": "string",
                    "value": "rodin_php_lambda_proxy_dev_2"
                }
            },
            "resources": {
                "aws_api_gateway_deployment.proxy_public_api_deployment_1": {
                    "type": "aws_api_gateway_deployment",
                    "depends_on": [
                        "aws_api_gateway_rest_api.rodin_proxy_public_api_1",
                        "module.rodin_http_proxy_resource_admin_1",
                        "module.rodin_http_proxy_resource_public_1"
                    ],
                    "primary": {
                        "id": "x1pzpj",
                        "attributes": {
                            "created_date": "2017-03-28T13:14:13Z",
                            "description": "",
                            "id": "x1pzpj",
                            "rest_api_id": "j862ocdrg4",
                            "stage_name": "1"
                        },
                        "meta": {},
                        "tainted": false
                    },
                    "deposed": [],
                    "provider": ""
                },
                "aws_api_gateway_deployment.proxy_public_api_deployment_2": {
                    "type": "aws_api_gateway_deployment",
                    "depends_on": [
                        "aws_api_gateway_rest_api.rodin_proxy_public_api_2",
                        "module.rodin_http_proxy_resource_admin_2",
                        "module.rodin_http_proxy_resource_public_2"
                    ],
                    "primary": {
                        "id": "k0xro2",
                        "attributes": {
                            "created_date": "2017-03-28T13:17:07Z",
                            "description": "",
                            "id": "k0xro2",
                            "rest_api_id": "pckzm2hrh7",
                            "stage_name": "2"
                        },
                        "meta": {},
                        "tainted": false
                    },
                    "deposed": [],
                    "provider": ""
                },
                "aws_api_gateway_rest_api.rodin_proxy_public_api_1": {
                    "type": "aws_api_gateway_rest_api",
                    "depends_on": [],
                    "primary": {
                        "id": "j862ocdrg4",
                        "attributes": {
                            "binary_media_types.#": "0",
                            "created_date": "2017-03-28T13:13:41Z",
                            "description": "",
                            "id": "j862ocdrg4",
                            "name": "rodin_public_api_dev_1",
                            "root_resource_id": "y0j1m9mo9c"
                        },
                        "meta": {},
                        "tainted": false
                    },
                    "deposed": [],
                    "provider": ""
                },
                "aws_api_gateway_rest_api.rodin_proxy_public_api_2": {
                    "type": "aws_api_gateway_rest_api",
                    "depends_on": [],
                    "primary": {
                        "id": "pckzm2hrh7",
                        "attributes": {
                            "binary_media_types.#": "0",
                            "created_date": "2017-03-28T13:13:41Z",
                            "description": "",
                            "id": "pckzm2hrh7",
                            "name": "rodin_public_api_dev_2",
                            "root_resource_id": "zyj6q7tjq7"
                        },
                        "meta": {},
                        "tainted": false
                    },
                    "deposed": [],
                    "provider": ""
                },
                "aws_iam_policy.rodin_policy_lambda": {
                    "type": "aws_iam_policy",
                    "depends_on": [],
                    "primary": {
                        "id": "arn:aws:iam::401237329133:policy/rodin_policy_dev",
                        "attributes": {
                            "arn": "arn:aws:iam::401237329133:policy/rodin_policy_dev",
                            "id": "arn:aws:iam::401237329133:policy/rodin_policy_dev",
                            "name": "rodin_policy_dev",
                            "path": "/",
                            "policy": "{\r\n  \"Version\": \"2012-10-17\",\r\n  \"Statement\": [\r\n    {\r\n      \"Sid\": \"AccessCloudwatchLogs\",\r\n      \"Action\": [\"logs:*\"],\r\n      \"Effect\": \"Allow\",\r\n      \"Resource\": \"arn:aws:logs:*:*:*\"\r\n    },\r\n    {\r\n      \"Sid\": \"RodinDevDynamoDBReadWrite\",\r\n      \"Effect\": \"Allow\",\r\n      \"Action\": [\r\n        \"dynamodb:BatchGetItem\",\r\n        \"dynamodb:Query\",\r\n        \"dynamodb:DeleteItem\",\r\n        \"dynamodb:GetItem\",\r\n        \"dynamodb:PutItem\",\r\n        \"dynamodb:UpdateItem\",\r\n        \"dynamodb:Scan\"\r\n        ],\r\n      \"Resource\": \"arn:aws:dynamodb:eu-west-1:401237329133:table/rodin_*_dev\"\r\n    }\r\n   ]\r\n}\r\n"
                        },
                        "meta": {},
                        "tainted": false
                    },
                    "deposed": [],
                    "provider": ""
                },
                "aws_iam_role.rodin_role_lambda": {
                    "type": "aws_iam_role",
                    "depends_on": [],
                    "primary": {
                        "id": "rodin_role_lambda_dev",
                        "attributes": {
                            "arn": "arn:aws:iam::401237329133:role/rodin_role_lambda_dev",
                            "assume_role_policy": "{\"Version\":\"2012-10-17\",\"Statement\":[{\"Effect\":\"Allow\",\"Principal\":{\"Service\":\"lambda.amazonaws.com\"},\"Action\":\"sts:AssumeRole\"}]}",
                            "create_date": "2017-03-28T13:13:41Z",
                            "id": "rodin_role_lambda_dev",
                            "name": "rodin_role_lambda_dev",
                            "path": "/",
                            "unique_id": "AROAJOWRHYI746KUDXE7A"
                        },
                        "meta": {},
                        "tainted": false
                    },
                    "deposed": [],
                    "provider": ""
                },
                "aws_iam_role_policy_attachment.rodin_role_attach_policy": {
                    "type": "aws_iam_role_policy_attachment",
                    "depends_on": [
                        "aws_iam_policy.rodin_policy_lambda",
                        "aws_iam_role.rodin_role_lambda"
                    ],
                    "primary": {
                        "id": "rodin_role_lambda_dev-0029776b3d827b384880ce341a",
                        "attributes": {
                            "id": "rodin_role_lambda_dev-0029776b3d827b384880ce341a",
                            "policy_arn": "arn:aws:iam::401237329133:policy/rodin_policy_dev",
                            "role": "rodin_role_lambda_dev"
                        },
                        "meta": {},
                        "tainted": false
                    },
                    "deposed": [],
                    "provider": ""
                },
                "data.aws_route53_zone.primary": {
                    "type": "aws_route53_zone",
                    "depends_on": [],
                    "primary": {
                        "id": "Z1SF9WIPWYI9IH",
                        "attributes": {
                            "caller_reference": "52923508-F90B-0794-9770-78108F58D89A",
                            "comment": "Root domain",
                            "id": "Z1SF9WIPWYI9IH",
                            "name": "artrunde.com.",
                            "private_zone": "false",
                            "resource_record_set_count": "10",
                            "zone_id": "Z1SF9WIPWYI9IH"
                        },
                        "meta": {},
                        "tainted": false
                    },
                    "deposed": [],
                    "provider": ""
                }
            },
            "depends_on": []
        },
        {
            "path": [
                "root",
                "lambda_deployment_1"
            ],
            "outputs": {
                "auto_deployment_filename": {
                    "sensitive": false,
                    "type": "string",
                    "value": "rodin_php_lambda_proxy_dev_1.zip"
                },
                "function_name": {
                    "sensitive": false,
                    "type": "string",
                    "value": "rodin_php_lambda_proxy_dev_1"
                }
            },
            "resources": {
                "aws_lambda_function.lambda-dummy": {
                    "type": "aws_lambda_function",
                    "depends_on": [],
                    "primary": {
                        "id": "rodin_php_lambda_proxy_dev_1",
                        "attributes": {
                            "arn": "arn:aws:lambda:eu-west-1:401237329133:function:rodin_php_lambda_proxy_dev_1",
                            "dead_letter_config.#": "0",
                            "description": "",
                            "environment.#": "0",
                            "filename": "/home/kkkj/artrunde/terraform-infrastructure/dev/services/rodin/proxy-api/.terraform/modules/52703e847c7e7b50956fdc03de7b2e0c/dummy-nodejs4.3.zip",
                            "function_name": "rodin_php_lambda_proxy_dev_1",
                            "handler": "index.handler",
                            "id": "rodin_php_lambda_proxy_dev_1",
                            "kms_key_arn": "",
                            "last_modified": "2017-03-28T13:13:48.486+0000",
                            "memory_size": "1536",
                            "publish": "false",
                            "qualified_arn": "arn:aws:lambda:eu-west-1:401237329133:function:rodin_php_lambda_proxy_dev_1:$LATEST",
                            "role": "arn:aws:iam::401237329133:role/rodin_role_lambda_dev",
                            "runtime": "nodejs4.3",
                            "source_code_hash": "k5Fn2FlrMl081GaoS9MjQySzylshsxNCDEdwE3aWpPw=",
                            "timeout": "3",
                            "version": "$LATEST",
                            "vpc_config.#": "0"
                        },
                        "meta": {},
                        "tainted": false
                    },
                    "deposed": [],
                    "provider": ""
                }
            },
            "depends_on": []
        },
        {
            "path": [
                "root",
                "lambda_deployment_2"
            ],
            "outputs": {
                "auto_deployment_filename": {
                    "sensitive": false,
                    "type": "string",
                    "value": "rodin_php_lambda_proxy_dev_2.zip"
                },
                "function_name": {
                    "sensitive": false,
                    "type": "string",
                    "value": "rodin_php_lambda_proxy_dev_2"
                }
            },
            "resources": {
                "aws_lambda_function.lambda-dummy": {
                    "type": "aws_lambda_function",
                    "depends_on": [],
                    "primary": {
                        "id": "rodin_php_lambda_proxy_dev_2",
                        "attributes": {
                            "arn": "arn:aws:lambda:eu-west-1:401237329133:function:rodin_php_lambda_proxy_dev_2",
                            "dead_letter_config.#": "0",
                            "description": "",
                            "environment.#": "0",
                            "filename": "/home/kkkj/artrunde/terraform-infrastructure/dev/services/rodin/proxy-api/.terraform/modules/a1bcef413bd0cf085550780f6b429c44/dummy-nodejs4.3.zip",
                            "function_name": "rodin_php_lambda_proxy_dev_2",
                            "handler": "index.handler",
                            "id": "rodin_php_lambda_proxy_dev_2",
                            "kms_key_arn": "",
                            "last_modified": "2017-03-28T13:13:47.099+0000",
                            "memory_size": "1536",
                            "publish": "false",
                            "qualified_arn": "arn:aws:lambda:eu-west-1:401237329133:function:rodin_php_lambda_proxy_dev_2:$LATEST",
                            "role": "arn:aws:iam::401237329133:role/rodin_role_lambda_dev",
                            "runtime": "nodejs4.3",
                            "source_code_hash": "k5Fn2FlrMl081GaoS9MjQySzylshsxNCDEdwE3aWpPw=",
                            "timeout": "3",
                            "version": "$LATEST",
                            "vpc_config.#": "0"
                        },
                        "meta": {},
                        "tainted": false
                    },
                    "deposed": [],
                    "provider": ""
                }
            },
            "depends_on": []
        },
        {
            "path": [
                "root",
                "rodin_http_proxy_resource_admin"
            ],
            "outputs": {},
            "resources": {},
            "depends_on": []
        },
        {
            "path": [
                "root",
                "rodin_http_proxy_resource_admin_1"
            ],
            "outputs": {},
            "resources": {
                "aws_api_gateway_integration.request_method_integration": {
                    "type": "aws_api_gateway_integration",
                    "depends_on": [
                        "aws_api_gateway_method.proxy_request_method",
                        "aws_api_gateway_resource.proxy_api_resource"
                    ],
                    "primary": {
                        "id": "agi-j862ocdrg4-gin3t4-ANY",
                        "attributes": {
                            "content_handling": "",
                            "credentials": "",
                            "http_method": "ANY",
                            "id": "agi-j862ocdrg4-gin3t4-ANY",
                            "integration_http_method": "POST",
                            "passthrough_behavior": "WHEN_NO_MATCH",
                            "request_parameters.%": "0",
                            "request_templates.%": "0",
                            "resource_id": "gin3t4",
                            "rest_api_id": "j862ocdrg4",
                            "type": "AWS_PROXY",
                            "uri": "arn:aws:apigateway:eu-west-1:lambda:path/2015-03-31/functions/arn:aws:lambda:eu-west-1:401237329133:function:rodin_php_lambda_proxy_dev_1/invocations"
                        },
                        "meta": {},
                        "tainted": false
                    },
                    "deposed": [],
                    "provider": ""
                },
                "aws_api_gateway_integration_response.proxy_api_integration_response": {
                    "type": "aws_api_gateway_integration_response",
                    "depends_on": [
                        "aws_api_gateway_integration.request_method_integration",
                        "aws_api_gateway_method_response.200",
                        "aws_api_gateway_resource.proxy_api_resource",
                        "aws_lambda_permission.allow_api_gateway"
                    ],
                    "primary": {
                        "id": "agir-j862ocdrg4-gin3t4-ANY-200",
                        "attributes": {
                            "http_method": "ANY",
                            "id": "agir-j862ocdrg4-gin3t4-ANY-200",
                            "resource_id": "gin3t4",
                            "response_parameters.%": "0",
                            "response_templates.%": "0",
                            "rest_api_id": "j862ocdrg4",
                            "selection_pattern": "",
                            "status_code": "200"
                        },
                        "meta": {},
                        "tainted": false
                    },
                    "deposed": [],
                    "provider": ""
                },
                "aws_api_gateway_method.proxy_request_method": {
                    "type": "aws_api_gateway_method",
                    "depends_on": [
                        "aws_api_gateway_resource.proxy_api_resource"
                    ],
                    "primary": {
                        "id": "agm-j862ocdrg4-gin3t4-ANY",
                        "attributes": {
                            "api_key_required": "false",
                            "authorization": "NONE",
                            "authorizer_id": "",
                            "http_method": "ANY",
                            "id": "agm-j862ocdrg4-gin3t4-ANY",
                            "request_models.%": "0",
                            "request_parameters.%": "0",
                            "resource_id": "gin3t4",
                            "rest_api_id": "j862ocdrg4"
                        },
                        "meta": {},
                        "tainted": false
                    },
                    "deposed": [],
                    "provider": ""
                },
                "aws_api_gateway_method_response.200": {
                    "type": "aws_api_gateway_method_response",
                    "depends_on": [
                        "aws_api_gateway_resource.proxy_api_resource"
                    ],
                    "primary": {
                        "id": "agmr-j862ocdrg4-gin3t4-ANY-200",
                        "attributes": {
                            "http_method": "ANY",
                            "id": "agmr-j862ocdrg4-gin3t4-ANY-200",
                            "resource_id": "gin3t4",
                            "response_models.%": "0",
                            "response_parameters.%": "0",
                            "rest_api_id": "j862ocdrg4",
                            "status_code": "200"
                        },
                        "meta": {},
                        "tainted": false
                    },
                    "deposed": [],
                    "provider": ""
                },
                "aws_api_gateway_resource.proxy_api_resource": {
                    "type": "aws_api_gateway_resource",
                    "depends_on": [],
                    "primary": {
                        "id": "gin3t4",
                        "attributes": {
                            "id": "gin3t4",
                            "parent_id": "y0j1m9mo9c",
                            "path": "/admin",
                            "path_part": "admin",
                            "rest_api_id": "j862ocdrg4"
                        },
                        "meta": {},
                        "tainted": false
                    },
                    "deposed": [],
                    "provider": ""
                },
                "aws_api_gateway_resource.proxy_api_resource_proxy": {
                    "type": "aws_api_gateway_resource",
                    "depends_on": [
                        "aws_api_gateway_resource.proxy_api_resource"
                    ],
                    "primary": {
                        "id": "24iqpp",
                        "attributes": {
                            "id": "24iqpp",
                            "parent_id": "gin3t4",
                            "path": "/admin/{proxy+}",
                            "path_part": "{proxy+}",
                            "rest_api_id": "j862ocdrg4"
                        },
                        "meta": {},
                        "tainted": false
                    },
                    "deposed": [],
                    "provider": ""
                },
                "aws_lambda_permission.allow_api_gateway": {
                    "type": "aws_lambda_permission",
                    "depends_on": [
                        "aws_api_gateway_resource.proxy_api_resource_proxy"
                    ],
                    "primary": {
                        "id": "AllowExecutionFromApiGateway_j862ocdrg4_24iqpp",
                        "attributes": {
                            "action": "lambda:InvokeFunction",
                            "function_name": "rodin_php_lambda_proxy_dev_1",
                            "id": "AllowExecutionFromApiGateway_j862ocdrg4_24iqpp",
                            "principal": "apigateway.amazonaws.com",
                            "qualifier": "",
                            "source_arn": "arn:aws:execute-api:eu-west-1:401237329133:j862ocdrg4/*/*",
                            "statement_id": "AllowExecutionFromApiGateway_j862ocdrg4_24iqpp"
                        },
                        "meta": {},
                        "tainted": false
                    },
                    "deposed": [],
                    "provider": ""
                }
            },
            "depends_on": []
        },
        {
            "path": [
                "root",
                "rodin_http_proxy_resource_admin_2"
            ],
            "outputs": {},
            "resources": {
                "aws_api_gateway_integration.request_method_integration": {
                    "type": "aws_api_gateway_integration",
                    "depends_on": [
                        "aws_api_gateway_method.proxy_request_method",
                        "aws_api_gateway_resource.proxy_api_resource"
                    ],
                    "primary": {
                        "id": "agi-pckzm2hrh7-kjaebq-ANY",
                        "attributes": {
                            "content_handling": "",
                            "credentials": "",
                            "http_method": "ANY",
                            "id": "agi-pckzm2hrh7-kjaebq-ANY",
                            "integration_http_method": "POST",
                            "passthrough_behavior": "WHEN_NO_MATCH",
                            "request_parameters.%": "0",
                            "request_templates.%": "0",
                            "resource_id": "kjaebq",
                            "rest_api_id": "pckzm2hrh7",
                            "type": "AWS_PROXY",
                            "uri": "arn:aws:apigateway:eu-west-1:lambda:path/2015-03-31/functions/arn:aws:lambda:eu-west-1:401237329133:function:rodin_php_lambda_proxy_dev_2/invocations"
                        },
                        "meta": {},
                        "tainted": false
                    },
                    "deposed": [],
                    "provider": ""
                },
                "aws_api_gateway_integration_response.proxy_api_integration_response": {
                    "type": "aws_api_gateway_integration_response",
                    "depends_on": [
                        "aws_api_gateway_integration.request_method_integration",
                        "aws_api_gateway_method_response.200",
                        "aws_api_gateway_resource.proxy_api_resource",
                        "aws_lambda_permission.allow_api_gateway"
                    ],
                    "primary": {
                        "id": "agir-pckzm2hrh7-kjaebq-ANY-200",
                        "attributes": {
                            "http_method": "ANY",
                            "id": "agir-pckzm2hrh7-kjaebq-ANY-200",
                            "resource_id": "kjaebq",
                            "response_parameters.%": "0",
                            "response_templates.%": "0",
                            "rest_api_id": "pckzm2hrh7",
                            "selection_pattern": "",
                            "status_code": "200"
                        },
                        "meta": {},
                        "tainted": false
                    },
                    "deposed": [],
                    "provider": ""
                },
                "aws_api_gateway_method.proxy_request_method": {
                    "type": "aws_api_gateway_method",
                    "depends_on": [
                        "aws_api_gateway_resource.proxy_api_resource"
                    ],
                    "primary": {
                        "id": "agm-pckzm2hrh7-kjaebq-ANY",
                        "attributes": {
                            "api_key_required": "false",
                            "authorization": "NONE",
                            "authorizer_id": "",
                            "http_method": "ANY",
                            "id": "agm-pckzm2hrh7-kjaebq-ANY",
                            "request_models.%": "0",
                            "request_parameters.%": "0",
                            "resource_id": "kjaebq",
                            "rest_api_id": "pckzm2hrh7"
                        },
                        "meta": {},
                        "tainted": false
                    },
                    "deposed": [],
                    "provider": ""
                },
                "aws_api_gateway_method_response.200": {
                    "type": "aws_api_gateway_method_response",
                    "depends_on": [
                        "aws_api_gateway_resource.proxy_api_resource"
                    ],
                    "primary": {
                        "id": "agmr-pckzm2hrh7-kjaebq-ANY-200",
                        "attributes": {
                            "http_method": "ANY",
                            "id": "agmr-pckzm2hrh7-kjaebq-ANY-200",
                            "resource_id": "kjaebq",
                            "response_models.%": "0",
                            "response_parameters.%": "0",
                            "rest_api_id": "pckzm2hrh7",
                            "status_code": "200"
                        },
                        "meta": {},
                        "tainted": false
                    },
                    "deposed": [],
                    "provider": ""
                },
                "aws_api_gateway_resource.proxy_api_resource": {
                    "type": "aws_api_gateway_resource",
                    "depends_on": [],
                    "primary": {
                        "id": "kjaebq",
                        "attributes": {
                            "id": "kjaebq",
                            "parent_id": "zyj6q7tjq7",
                            "path": "/admin",
                            "path_part": "admin",
                            "rest_api_id": "pckzm2hrh7"
                        },
                        "meta": {},
                        "tainted": false
                    },
                    "deposed": [],
                    "provider": ""
                },
                "aws_api_gateway_resource.proxy_api_resource_proxy": {
                    "type": "aws_api_gateway_resource",
                    "depends_on": [
                        "aws_api_gateway_resource.proxy_api_resource"
                    ],
                    "primary": {
                        "id": "hwpovw",
                        "attributes": {
                            "id": "hwpovw",
                            "parent_id": "kjaebq",
                            "path": "/admin/{proxy+}",
                            "path_part": "{proxy+}",
                            "rest_api_id": "pckzm2hrh7"
                        },
                        "meta": {},
                        "tainted": false
                    },
                    "deposed": [],
                    "provider": ""
                },
                "aws_lambda_permission.allow_api_gateway": {
                    "type": "aws_lambda_permission",
                    "depends_on": [
                        "aws_api_gateway_resource.proxy_api_resource_proxy"
                    ],
                    "primary": {
                        "id": "AllowExecutionFromApiGateway_pckzm2hrh7_hwpovw",
                        "attributes": {
                            "action": "lambda:InvokeFunction",
                            "function_name": "rodin_php_lambda_proxy_dev_2",
                            "id": "AllowExecutionFromApiGateway_pckzm2hrh7_hwpovw",
                            "principal": "apigateway.amazonaws.com",
                            "qualifier": "",
                            "source_arn": "arn:aws:execute-api:eu-west-1:401237329133:pckzm2hrh7/*/*",
                            "statement_id": "AllowExecutionFromApiGateway_pckzm2hrh7_hwpovw"
                        },
                        "meta": {},
                        "tainted": false
                    },
                    "deposed": [],
                    "provider": ""
                }
            },
            "depends_on": []
        },
        {
            "path": [
                "root",
                "rodin_http_proxy_resource_public"
            ],
            "outputs": {},
            "resources": {},
            "depends_on": []
        },
        {
            "path": [
                "root",
                "rodin_http_proxy_resource_public_1"
            ],
            "outputs": {},
            "resources": {
                "aws_api_gateway_integration.request_method_integration": {
                    "type": "aws_api_gateway_integration",
                    "depends_on": [
                        "aws_api_gateway_method.proxy_request_method",
                        "aws_api_gateway_resource.proxy_api_resource"
                    ],
                    "primary": {
                        "id": "agi-j862ocdrg4-5axyq4-ANY",
                        "attributes": {
                            "content_handling": "",
                            "credentials": "",
                            "http_method": "ANY",
                            "id": "agi-j862ocdrg4-5axyq4-ANY",
                            "integration_http_method": "POST",
                            "passthrough_behavior": "WHEN_NO_MATCH",
                            "request_parameters.%": "0",
                            "request_templates.%": "0",
                            "resource_id": "5axyq4",
                            "rest_api_id": "j862ocdrg4",
                            "type": "AWS_PROXY",
                            "uri": "arn:aws:apigateway:eu-west-1:lambda:path/2015-03-31/functions/arn:aws:lambda:eu-west-1:401237329133:function:rodin_php_lambda_proxy_dev_1/invocations"
                        },
                        "meta": {},
                        "tainted": false
                    },
                    "deposed": [],
                    "provider": ""
                },
                "aws_api_gateway_integration_response.proxy_api_integration_response": {
                    "type": "aws_api_gateway_integration_response",
                    "depends_on": [
                        "aws_api_gateway_integration.request_method_integration",
                        "aws_api_gateway_method_response.200",
                        "aws_api_gateway_resource.proxy_api_resource",
                        "aws_lambda_permission.allow_api_gateway"
                    ],
                    "primary": {
                        "id": "agir-j862ocdrg4-5axyq4-ANY-200",
                        "attributes": {
                            "http_method": "ANY",
                            "id": "agir-j862ocdrg4-5axyq4-ANY-200",
                            "resource_id": "5axyq4",
                            "response_parameters.%": "0",
                            "response_templates.%": "0",
                            "rest_api_id": "j862ocdrg4",
                            "selection_pattern": "",
                            "status_code": "200"
                        },
                        "meta": {},
                        "tainted": false
                    },
                    "deposed": [],
                    "provider": ""
                },
                "aws_api_gateway_method.proxy_request_method": {
                    "type": "aws_api_gateway_method",
                    "depends_on": [
                        "aws_api_gateway_resource.proxy_api_resource"
                    ],
                    "primary": {
                        "id": "agm-j862ocdrg4-5axyq4-ANY",
                        "attributes": {
                            "api_key_required": "false",
                            "authorization": "NONE",
                            "authorizer_id": "",
                            "http_method": "ANY",
                            "id": "agm-j862ocdrg4-5axyq4-ANY",
                            "request_models.%": "0",
                            "request_parameters.%": "0",
                            "resource_id": "5axyq4",
                            "rest_api_id": "j862ocdrg4"
                        },
                        "meta": {},
                        "tainted": false
                    },
                    "deposed": [],
                    "provider": ""
                },
                "aws_api_gateway_method_response.200": {
                    "type": "aws_api_gateway_method_response",
                    "depends_on": [
                        "aws_api_gateway_resource.proxy_api_resource"
                    ],
                    "primary": {
                        "id": "agmr-j862ocdrg4-5axyq4-ANY-200",
                        "attributes": {
                            "http_method": "ANY",
                            "id": "agmr-j862ocdrg4-5axyq4-ANY-200",
                            "resource_id": "5axyq4",
                            "response_models.%": "0",
                            "response_parameters.%": "0",
                            "rest_api_id": "j862ocdrg4",
                            "status_code": "200"
                        },
                        "meta": {},
                        "tainted": false
                    },
                    "deposed": [],
                    "provider": ""
                },
                "aws_api_gateway_resource.proxy_api_resource": {
                    "type": "aws_api_gateway_resource",
                    "depends_on": [],
                    "primary": {
                        "id": "5axyq4",
                        "attributes": {
                            "id": "5axyq4",
                            "parent_id": "y0j1m9mo9c",
                            "path": "/public",
                            "path_part": "public",
                            "rest_api_id": "j862ocdrg4"
                        },
                        "meta": {},
                        "tainted": false
                    },
                    "deposed": [],
                    "provider": ""
                },
                "aws_api_gateway_resource.proxy_api_resource_proxy": {
                    "type": "aws_api_gateway_resource",
                    "depends_on": [
                        "aws_api_gateway_resource.proxy_api_resource"
                    ],
                    "primary": {
                        "id": "avjbeh",
                        "attributes": {
                            "id": "avjbeh",
                            "parent_id": "5axyq4",
                            "path": "/public/{proxy+}",
                            "path_part": "{proxy+}",
                            "rest_api_id": "j862ocdrg4"
                        },
                        "meta": {},
                        "tainted": false
                    },
                    "deposed": [],
                    "provider": ""
                },
                "aws_lambda_permission.allow_api_gateway": {
                    "type": "aws_lambda_permission",
                    "depends_on": [
                        "aws_api_gateway_resource.proxy_api_resource_proxy"
                    ],
                    "primary": {
                        "id": "AllowExecutionFromApiGateway_j862ocdrg4_avjbeh",
                        "attributes": {
                            "action": "lambda:InvokeFunction",
                            "function_name": "rodin_php_lambda_proxy_dev_1",
                            "id": "AllowExecutionFromApiGateway_j862ocdrg4_avjbeh",
                            "principal": "apigateway.amazonaws.com",
                            "qualifier": "",
                            "source_arn": "arn:aws:execute-api:eu-west-1:401237329133:j862ocdrg4/*/*",
                            "statement_id": "AllowExecutionFromApiGateway_j862ocdrg4_avjbeh"
                        },
                        "meta": {},
                        "tainted": false
                    },
                    "deposed": [],
                    "provider": ""
                }
            },
            "depends_on": []
        },
        {
            "path": [
                "root",
                "rodin_http_proxy_resource_public_2"
            ],
            "outputs": {},
            "resources": {
                "aws_api_gateway_integration.request_method_integration": {
                    "type": "aws_api_gateway_integration",
                    "depends_on": [
                        "aws_api_gateway_method.proxy_request_method",
                        "aws_api_gateway_resource.proxy_api_resource"
                    ],
                    "primary": {
                        "id": "agi-pckzm2hrh7-7czaar-ANY",
                        "attributes": {
                            "content_handling": "",
                            "credentials": "",
                            "http_method": "ANY",
                            "id": "agi-pckzm2hrh7-7czaar-ANY",
                            "integration_http_method": "POST",
                            "passthrough_behavior": "WHEN_NO_MATCH",
                            "request_parameters.%": "0",
                            "request_templates.%": "0",
                            "resource_id": "7czaar",
                            "rest_api_id": "pckzm2hrh7",
                            "type": "AWS_PROXY",
                            "uri": "arn:aws:apigateway:eu-west-1:lambda:path/2015-03-31/functions/arn:aws:lambda:eu-west-1:401237329133:function:rodin_php_lambda_proxy_dev_2/invocations"
                        },
                        "meta": {},
                        "tainted": false
                    },
                    "deposed": [],
                    "provider": ""
                },
                "aws_api_gateway_integration_response.proxy_api_integration_response": {
                    "type": "aws_api_gateway_integration_response",
                    "depends_on": [
                        "aws_api_gateway_integration.request_method_integration",
                        "aws_api_gateway_method_response.200",
                        "aws_api_gateway_resource.proxy_api_resource",
                        "aws_lambda_permission.allow_api_gateway"
                    ],
                    "primary": {
                        "id": "agir-pckzm2hrh7-7czaar-ANY-200",
                        "attributes": {
                            "http_method": "ANY",
                            "id": "agir-pckzm2hrh7-7czaar-ANY-200",
                            "resource_id": "7czaar",
                            "response_parameters.%": "0",
                            "response_templates.%": "0",
                            "rest_api_id": "pckzm2hrh7",
                            "selection_pattern": "",
                            "status_code": "200"
                        },
                        "meta": {},
                        "tainted": false
                    },
                    "deposed": [],
                    "provider": ""
                },
                "aws_api_gateway_method.proxy_request_method": {
                    "type": "aws_api_gateway_method",
                    "depends_on": [
                        "aws_api_gateway_resource.proxy_api_resource"
                    ],
                    "primary": {
                        "id": "agm-pckzm2hrh7-7czaar-ANY",
                        "attributes": {
                            "api_key_required": "false",
                            "authorization": "NONE",
                            "authorizer_id": "",
                            "http_method": "ANY",
                            "id": "agm-pckzm2hrh7-7czaar-ANY",
                            "request_models.%": "0",
                            "request_parameters.%": "0",
                            "resource_id": "7czaar",
                            "rest_api_id": "pckzm2hrh7"
                        },
                        "meta": {},
                        "tainted": false
                    },
                    "deposed": [],
                    "provider": ""
                },
                "aws_api_gateway_method_response.200": {
                    "type": "aws_api_gateway_method_response",
                    "depends_on": [
                        "aws_api_gateway_resource.proxy_api_resource"
                    ],
                    "primary": {
                        "id": "agmr-pckzm2hrh7-7czaar-ANY-200",
                        "attributes": {
                            "http_method": "ANY",
                            "id": "agmr-pckzm2hrh7-7czaar-ANY-200",
                            "resource_id": "7czaar",
                            "response_models.%": "0",
                            "response_parameters.%": "0",
                            "rest_api_id": "pckzm2hrh7",
                            "status_code": "200"
                        },
                        "meta": {},
                        "tainted": false
                    },
                    "deposed": [],
                    "provider": ""
                },
                "aws_api_gateway_resource.proxy_api_resource": {
                    "type": "aws_api_gateway_resource",
                    "depends_on": [],
                    "primary": {
                        "id": "7czaar",
                        "attributes": {
                            "id": "7czaar",
                            "parent_id": "zyj6q7tjq7",
                            "path": "/public",
                            "path_part": "public",
                            "rest_api_id": "pckzm2hrh7"
                        },
                        "meta": {},
                        "tainted": false
                    },
                    "deposed": [],
                    "provider": ""
                },
                "aws_api_gateway_resource.proxy_api_resource_proxy": {
                    "type": "aws_api_gateway_resource",
                    "depends_on": [
                        "aws_api_gateway_resource.proxy_api_resource"
                    ],
                    "primary": {
                        "id": "dtirv3",
                        "attributes": {
                            "id": "dtirv3",
                            "parent_id": "7czaar",
                            "path": "/public/{proxy+}",
                            "path_part": "{proxy+}",
                            "rest_api_id": "pckzm2hrh7"
                        },
                        "meta": {},
                        "tainted": false
                    },
                    "deposed": [],
                    "provider": ""
                },
                "aws_lambda_permission.allow_api_gateway": {
                    "type": "aws_lambda_permission",
                    "depends_on": [
                        "aws_api_gateway_resource.proxy_api_resource_proxy"
                    ],
                    "primary": {
                        "id": "AllowExecutionFromApiGateway_pckzm2hrh7_dtirv3",
                        "attributes": {
                            "action": "lambda:InvokeFunction",
                            "function_name": "rodin_php_lambda_proxy_dev_2",
                            "id": "AllowExecutionFromApiGateway_pckzm2hrh7_dtirv3",
                            "principal": "apigateway.amazonaws.com",
                            "qualifier": "",
                            "source_arn": "arn:aws:execute-api:eu-west-1:401237329133:pckzm2hrh7/*/*",
                            "statement_id": "AllowExecutionFromApiGateway_pckzm2hrh7_dtirv3"
                        },
                        "meta": {},
                        "tainted": false
                    },
                    "deposed": [],
                    "provider": ""
                }
            },
            "depends_on": []
        }
    ]
}
