{
    "version": 3,
    "terraform_version": "0.9.1",
    "serial": 29,
    "lineage": "10fc8c59-cd95-4a2b-9e56-8c2e9f613bbf",
    "modules": [
        {
            "path": [
                "root"
            ],
            "outputs": {
                "deployment_ids": {
                    "sensitive": false,
                    "type": "map",
                    "value": {
                        "active": "6ja8oys5ea:1",
                        "staging": "qhwxz4f8ad:2"
                    }
                },
                "deployment_urls": {
                    "sensitive": false,
                    "type": "map",
                    "value": {
                        "active": "https://6ja8oys5ea.execute-api.eu-west-1.amazonaws.com/1/",
                        "staging": "https://qhwxz4f8ad.execute-api.eu-west-1.amazonaws.com/2/"
                    }
                }
            },
            "resources": {
                "aws_api_gateway_deployment.proxy_public_api_deployment_1": {
                    "type": "aws_api_gateway_deployment",
                    "depends_on": [
                        "aws_api_gateway_rest_api.rodin_proxy_public_api_1",
                        "module.rodin_http_proxy_resource_admin_1",
                        "module.rodin_http_proxy_resource_public_1"
                    ],
                    "primary": {
                        "id": "3hrzy7",
                        "attributes": {
                            "created_date": "2017-03-30T07:13:48Z",
                            "description": "",
                            "id": "3hrzy7",
                            "rest_api_id": "6ja8oys5ea",
                            "stage_name": "1"
                        },
                        "meta": {},
                        "tainted": false
                    },
                    "deposed": [],
                    "provider": ""
                },
                "aws_api_gateway_deployment.proxy_public_api_deployment_2": {
                    "type": "aws_api_gateway_deployment",
                    "depends_on": [
                        "aws_api_gateway_rest_api.rodin_proxy_public_api_2",
                        "module.rodin_http_proxy_resource_admin_2",
                        "module.rodin_http_proxy_resource_public_2"
                    ],
                    "primary": {
                        "id": "y37c2t",
                        "attributes": {
                            "created_date": "2017-03-30T07:13:20Z",
                            "description": "",
                            "id": "y37c2t",
                            "rest_api_id": "qhwxz4f8ad",
                            "stage_name": "2"
                        },
                        "meta": {},
                        "tainted": false
                    },
                    "deposed": [],
                    "provider": ""
                },
                "aws_api_gateway_rest_api.rodin_proxy_public_api_1": {
                    "type": "aws_api_gateway_rest_api",
                    "depends_on": [
                        "random_id.random_name_1"
                    ],
                    "primary": {
                        "id": "6ja8oys5ea",
                        "attributes": {
                            "binary_media_types.#": "0",
                            "created_date": "2017-03-30T07:10:42Z",
                            "description": "",
                            "id": "6ja8oys5ea",
                            "name": "rodin_4ea28579c33dbb39_dev_1",
                            "root_resource_id": "bvt6ldr2wc"
                        },
                        "meta": {},
                        "tainted": false
                    },
                    "deposed": [],
                    "provider": ""
                },
                "aws_api_gateway_rest_api.rodin_proxy_public_api_2": {
                    "type": "aws_api_gateway_rest_api",
                    "depends_on": [
                        "random_id.random_name_2"
                    ],
                    "primary": {
                        "id": "qhwxz4f8ad",
                        "attributes": {
                            "binary_media_types.#": "0",
                            "created_date": "2017-03-30T07:10:42Z",
                            "description": "",
                            "id": "qhwxz4f8ad",
                            "name": "rodin_43d9afeb88951585_dev_2",
                            "root_resource_id": "14v3ylu0wl"
                        },
                        "meta": {},
                        "tainted": false
                    },
                    "deposed": [],
                    "provider": ""
                },
                "aws_iam_policy.rodin_policy_lambda": {
                    "type": "aws_iam_policy",
                    "depends_on": [],
                    "primary": {
                        "id": "arn:aws:iam::401237329133:policy/rodin_policy_dev",
                        "attributes": {
                            "arn": "arn:aws:iam::401237329133:policy/rodin_policy_dev",
                            "id": "arn:aws:iam::401237329133:policy/rodin_policy_dev",
                            "name": "rodin_policy_dev",
                            "path": "/",
                            "policy": "{\r\n  \"Version\": \"2012-10-17\",\r\n  \"Statement\": [\r\n    {\r\n      \"Sid\": \"AccessCloudwatchLogs\",\r\n      \"Action\": [\"logs:*\"],\r\n      \"Effect\": \"Allow\",\r\n      \"Resource\": \"arn:aws:logs:*:*:*\"\r\n    },\r\n    {\r\n      \"Sid\": \"RodinDevDynamoDBReadWrite\",\r\n      \"Effect\": \"Allow\",\r\n      \"Action\": [\r\n        \"dynamodb:BatchGetItem\",\r\n        \"dynamodb:Query\",\r\n        \"dynamodb:DeleteItem\",\r\n        \"dynamodb:GetItem\",\r\n        \"dynamodb:PutItem\",\r\n        \"dynamodb:UpdateItem\",\r\n        \"dynamodb:Scan\"\r\n        ],\r\n      \"Resource\": \"arn:aws:dynamodb:eu-west-1:401237329133:table/rodin_*_dev\"\r\n    }\r\n   ]\r\n}\r\n"
                        },
                        "meta": {},
                        "tainted": false
                    },
                    "deposed": [],
                    "provider": ""
                },
                "aws_iam_role.rodin_role_lambda": {
                    "type": "aws_iam_role",
                    "depends_on": [],
                    "primary": {
                        "id": "rodin_role_lambda_dev",
                        "attributes": {
                            "arn": "arn:aws:iam::401237329133:role/rodin_role_lambda_dev",
                            "assume_role_policy": "{\"Version\":\"2012-10-17\",\"Statement\":[{\"Effect\":\"Allow\",\"Principal\":{\"Service\":\"lambda.amazonaws.com\"},\"Action\":\"sts:AssumeRole\"}]}",
                            "create_date": "2017-03-30T07:10:42Z",
                            "id": "rodin_role_lambda_dev",
                            "name": "rodin_role_lambda_dev",
                            "path": "/",
                            "unique_id": "AROAI3UA37EMRAOIB7TAA"
                        },
                        "meta": {},
                        "tainted": false
                    },
                    "deposed": [],
                    "provider": ""
                },
                "aws_iam_role_policy_attachment.rodin_role_attach_policy": {
                    "type": "aws_iam_role_policy_attachment",
                    "depends_on": [
                        "aws_iam_policy.rodin_policy_lambda",
                        "aws_iam_role.rodin_role_lambda"
                    ],
                    "primary": {
                        "id": "rodin_role_lambda_dev-0012830cd9d19dd2f0f68f0821",
                        "attributes": {
                            "id": "rodin_role_lambda_dev-0012830cd9d19dd2f0f68f0821",
                            "policy_arn": "arn:aws:iam::401237329133:policy/rodin_policy_dev",
                            "role": "rodin_role_lambda_dev"
                        },
                        "meta": {},
                        "tainted": false
                    },
                    "deposed": [],
                    "provider": ""
                },
                "random_id.random_name_1": {
                    "type": "random_id",
                    "depends_on": [],
                    "primary": {
                        "id": "TqKFecM9uzk",
                        "attributes": {
                            "b64": "TqKFecM9uzk",
                            "b64_std": "TqKFecM9uzk=",
                            "b64_url": "TqKFecM9uzk",
                            "byte_length": "8",
                            "dec": "5666238039198645049",
                            "hex": "4ea28579c33dbb39",
                            "id": "TqKFecM9uzk"
                        },
                        "meta": {},
                        "tainted": false
                    },
                    "deposed": [],
                    "provider": ""
                },
                "random_id.random_name_2": {
                    "type": "random_id",
                    "depends_on": [],
                    "primary": {
                        "id": "Q9mv64iVFYU",
                        "attributes": {
                            "b64": "Q9mv64iVFYU",
                            "b64_std": "Q9mv64iVFYU=",
                            "b64_url": "Q9mv64iVFYU",
                            "byte_length": "8",
                            "dec": "4889132296631031173",
                            "hex": "43d9afeb88951585",
                            "id": "Q9mv64iVFYU"
                        },
                        "meta": {},
                        "tainted": false
                    },
                    "deposed": [],
                    "provider": ""
                }
            },
            "depends_on": []
        },
        {
            "path": [
                "root",
                "lambda_deployment_1"
            ],
            "outputs": {
                "auto_deployment_filename": {
                    "sensitive": false,
                    "type": "string",
                    "value": "rodin_php_lambda_proxy_dev_1.zip"
                },
                "function_name": {
                    "sensitive": false,
                    "type": "string",
                    "value": "rodin_php_lambda_proxy_dev_1"
                }
            },
            "resources": {
                "aws_lambda_function.lambda-dummy": {
                    "type": "aws_lambda_function",
                    "depends_on": [],
                    "primary": {
                        "id": "rodin_php_lambda_proxy_dev_1",
                        "attributes": {
                            "arn": "arn:aws:lambda:eu-west-1:401237329133:function:rodin_php_lambda_proxy_dev_1",
                            "dead_letter_config.#": "0",
                            "description": "",
                            "environment.#": "0",
                            "filename": "/home/kkkj/artrunde/terraform-infrastructure/dev/services/rodin/proxy-api/.terraform/modules/52703e847c7e7b50956fdc03de7b2e0c/dummy-nodejs4.3.zip",
                            "function_name": "rodin_php_lambda_proxy_dev_1",
                            "handler": "index.handler",
                            "id": "rodin_php_lambda_proxy_dev_1",
                            "kms_key_arn": "",
                            "last_modified": "2017-03-30T07:10:49.297+0000",
                            "memory_size": "1536",
                            "publish": "false",
                            "qualified_arn": "arn:aws:lambda:eu-west-1:401237329133:function:rodin_php_lambda_proxy_dev_1:$LATEST",
                            "role": "arn:aws:iam::401237329133:role/rodin_role_lambda_dev",
                            "runtime": "nodejs4.3",
                            "source_code_hash": "k5Fn2FlrMl081GaoS9MjQySzylshsxNCDEdwE3aWpPw=",
                            "timeout": "3",
                            "version": "$LATEST",
                            "vpc_config.#": "0"
                        },
                        "meta": {},
                        "tainted": false
                    },
                    "deposed": [],
                    "provider": ""
                }
            },
            "depends_on": []
        },
        {
            "path": [
                "root",
                "lambda_deployment_2"
            ],
            "outputs": {
                "auto_deployment_filename": {
                    "sensitive": false,
                    "type": "string",
                    "value": "rodin_php_lambda_proxy_dev_2.zip"
                },
                "function_name": {
                    "sensitive": false,
                    "type": "string",
                    "value": "rodin_php_lambda_proxy_dev_2"
                }
            },
            "resources": {
                "aws_lambda_function.lambda-dummy": {
                    "type": "aws_lambda_function",
                    "depends_on": [],
                    "primary": {
                        "id": "rodin_php_lambda_proxy_dev_2",
                        "attributes": {
                            "arn": "arn:aws:lambda:eu-west-1:401237329133:function:rodin_php_lambda_proxy_dev_2",
                            "dead_letter_config.#": "0",
                            "description": "",
                            "environment.#": "0",
                            "filename": "/home/kkkj/artrunde/terraform-infrastructure/dev/services/rodin/proxy-api/.terraform/modules/a1bcef413bd0cf085550780f6b429c44/dummy-nodejs4.3.zip",
                            "function_name": "rodin_php_lambda_proxy_dev_2",
                            "handler": "index.handler",
                            "id": "rodin_php_lambda_proxy_dev_2",
                            "kms_key_arn": "",
                            "last_modified": "2017-03-30T07:10:48.599+0000",
                            "memory_size": "1536",
                            "publish": "false",
                            "qualified_arn": "arn:aws:lambda:eu-west-1:401237329133:function:rodin_php_lambda_proxy_dev_2:$LATEST",
                            "role": "arn:aws:iam::401237329133:role/rodin_role_lambda_dev",
                            "runtime": "nodejs4.3",
                            "source_code_hash": "k5Fn2FlrMl081GaoS9MjQySzylshsxNCDEdwE3aWpPw=",
                            "timeout": "3",
                            "version": "$LATEST",
                            "vpc_config.#": "0"
                        },
                        "meta": {},
                        "tainted": false
                    },
                    "deposed": [],
                    "provider": ""
                }
            },
            "depends_on": []
        },
        {
            "path": [
                "root",
                "rodin_http_proxy_resource_admin"
            ],
            "outputs": {},
            "resources": {},
            "depends_on": []
        },
        {
            "path": [
                "root",
                "rodin_http_proxy_resource_admin_1"
            ],
            "outputs": {},
            "resources": {
                "aws_api_gateway_integration.request_method_integration": {
                    "type": "aws_api_gateway_integration",
                    "depends_on": [
                        "aws_api_gateway_method.proxy_request_method",
                        "aws_api_gateway_resource.proxy_api_resource_proxy"
                    ],
                    "primary": {
                        "id": "agi-6ja8oys5ea-r3lcf3-ANY",
                        "attributes": {
                            "content_handling": "",
                            "credentials": "",
                            "http_method": "ANY",
                            "id": "agi-6ja8oys5ea-r3lcf3-ANY",
                            "integration_http_method": "POST",
                            "passthrough_behavior": "WHEN_NO_MATCH",
                            "request_parameters.%": "0",
                            "request_templates.%": "0",
                            "resource_id": "r3lcf3",
                            "rest_api_id": "6ja8oys5ea",
                            "type": "AWS_PROXY",
                            "uri": "arn:aws:apigateway:eu-west-1:lambda:path/2015-03-31/functions/arn:aws:lambda:eu-west-1:401237329133:function:rodin_php_lambda_proxy_dev_1/invocations"
                        },
                        "meta": {},
                        "tainted": false
                    },
                    "deposed": [],
                    "provider": ""
                },
                "aws_api_gateway_integration_response.proxy_api_integration_response": {
                    "type": "aws_api_gateway_integration_response",
                    "depends_on": [
                        "aws_api_gateway_integration.request_method_integration",
                        "aws_api_gateway_method_response.200",
                        "aws_api_gateway_resource.proxy_api_resource_proxy",
                        "aws_lambda_permission.allow_api_gateway"
                    ],
                    "primary": {
                        "id": "agir-6ja8oys5ea-r3lcf3-ANY-200",
                        "attributes": {
                            "http_method": "ANY",
                            "id": "agir-6ja8oys5ea-r3lcf3-ANY-200",
                            "resource_id": "r3lcf3",
                            "response_parameters.%": "0",
                            "response_templates.%": "0",
                            "rest_api_id": "6ja8oys5ea",
                            "selection_pattern": "",
                            "status_code": "200"
                        },
                        "meta": {},
                        "tainted": false
                    },
                    "deposed": [],
                    "provider": ""
                },
                "aws_api_gateway_method.proxy_request_method": {
                    "type": "aws_api_gateway_method",
                    "depends_on": [
                        "aws_api_gateway_resource.proxy_api_resource_proxy"
                    ],
                    "primary": {
                        "id": "agm-6ja8oys5ea-r3lcf3-ANY",
                        "attributes": {
                            "api_key_required": "false",
                            "authorization": "NONE",
                            "authorizer_id": "",
                            "http_method": "ANY",
                            "id": "agm-6ja8oys5ea-r3lcf3-ANY",
                            "request_models.%": "0",
                            "request_parameters.%": "0",
                            "resource_id": "r3lcf3",
                            "rest_api_id": "6ja8oys5ea"
                        },
                        "meta": {},
                        "tainted": false
                    },
                    "deposed": [],
                    "provider": ""
                },
                "aws_api_gateway_method_response.200": {
                    "type": "aws_api_gateway_method_response",
                    "depends_on": [
                        "aws_api_gateway_resource.proxy_api_resource",
                        "aws_api_gateway_resource.proxy_api_resource_proxy",
                        "aws_api_gateway_resource.proxy_api_resource_proxy"
                    ],
                    "primary": {
                        "id": "agmr-6ja8oys5ea-r3lcf3-ANY-200",
                        "attributes": {
                            "http_method": "ANY",
                            "id": "agmr-6ja8oys5ea-r3lcf3-ANY-200",
                            "resource_id": "r3lcf3",
                            "response_models.%": "0",
                            "response_parameters.%": "0",
                            "rest_api_id": "6ja8oys5ea",
                            "status_code": "200"
                        },
                        "meta": {},
                        "tainted": false
                    },
                    "deposed": [],
                    "provider": ""
                },
                "aws_api_gateway_resource.proxy_api_resource": {
                    "type": "aws_api_gateway_resource",
                    "depends_on": [],
                    "primary": {
                        "id": "igabi4",
                        "attributes": {
                            "id": "igabi4",
                            "parent_id": "bvt6ldr2wc",
                            "path": "/admin",
                            "path_part": "admin",
                            "rest_api_id": "6ja8oys5ea"
                        },
                        "meta": {},
                        "tainted": false
                    },
                    "deposed": [],
                    "provider": ""
                },
                "aws_api_gateway_resource.proxy_api_resource_proxy": {
                    "type": "aws_api_gateway_resource",
                    "depends_on": [
                        "aws_api_gateway_resource.proxy_api_resource"
                    ],
                    "primary": {
                        "id": "r3lcf3",
                        "attributes": {
                            "id": "r3lcf3",
                            "parent_id": "igabi4",
                            "path": "/admin/{proxy+}",
                            "path_part": "{proxy+}",
                            "rest_api_id": "6ja8oys5ea"
                        },
                        "meta": {},
                        "tainted": false
                    },
                    "deposed": [],
                    "provider": ""
                },
                "aws_lambda_permission.allow_api_gateway": {
                    "type": "aws_lambda_permission",
                    "depends_on": [
                        "aws_api_gateway_resource.proxy_api_resource_proxy"
                    ],
                    "primary": {
                        "id": "AllowExecutionFromApiGateway_6ja8oys5ea_r3lcf3",
                        "attributes": {
                            "action": "lambda:InvokeFunction",
                            "function_name": "rodin_php_lambda_proxy_dev_1",
                            "id": "AllowExecutionFromApiGateway_6ja8oys5ea_r3lcf3",
                            "principal": "apigateway.amazonaws.com",
                            "qualifier": "",
                            "source_arn": "arn:aws:execute-api:eu-west-1:401237329133:6ja8oys5ea/*/*",
                            "statement_id": "AllowExecutionFromApiGateway_6ja8oys5ea_r3lcf3"
                        },
                        "meta": {},
                        "tainted": false
                    },
                    "deposed": [],
                    "provider": ""
                }
            },
            "depends_on": []
        },
        {
            "path": [
                "root",
                "rodin_http_proxy_resource_admin_2"
            ],
            "outputs": {},
            "resources": {
                "aws_api_gateway_integration.request_method_integration": {
                    "type": "aws_api_gateway_integration",
                    "depends_on": [
                        "aws_api_gateway_method.proxy_request_method",
                        "aws_api_gateway_resource.proxy_api_resource_proxy"
                    ],
                    "primary": {
                        "id": "agi-qhwxz4f8ad-84gg0q-ANY",
                        "attributes": {
                            "content_handling": "",
                            "credentials": "",
                            "http_method": "ANY",
                            "id": "agi-qhwxz4f8ad-84gg0q-ANY",
                            "integration_http_method": "POST",
                            "passthrough_behavior": "WHEN_NO_MATCH",
                            "request_parameters.%": "0",
                            "request_templates.%": "0",
                            "resource_id": "84gg0q",
                            "rest_api_id": "qhwxz4f8ad",
                            "type": "AWS_PROXY",
                            "uri": "arn:aws:apigateway:eu-west-1:lambda:path/2015-03-31/functions/arn:aws:lambda:eu-west-1:401237329133:function:rodin_php_lambda_proxy_dev_2/invocations"
                        },
                        "meta": {},
                        "tainted": false
                    },
                    "deposed": [],
                    "provider": ""
                },
                "aws_api_gateway_integration_response.proxy_api_integration_response": {
                    "type": "aws_api_gateway_integration_response",
                    "depends_on": [
                        "aws_api_gateway_integration.request_method_integration",
                        "aws_api_gateway_method_response.200",
                        "aws_api_gateway_resource.proxy_api_resource_proxy",
                        "aws_lambda_permission.allow_api_gateway"
                    ],
                    "primary": {
                        "id": "agir-qhwxz4f8ad-84gg0q-ANY-200",
                        "attributes": {
                            "http_method": "ANY",
                            "id": "agir-qhwxz4f8ad-84gg0q-ANY-200",
                            "resource_id": "84gg0q",
                            "response_parameters.%": "0",
                            "response_templates.%": "0",
                            "rest_api_id": "qhwxz4f8ad",
                            "selection_pattern": "",
                            "status_code": "200"
                        },
                        "meta": {},
                        "tainted": false
                    },
                    "deposed": [],
                    "provider": ""
                },
                "aws_api_gateway_method.proxy_request_method": {
                    "type": "aws_api_gateway_method",
                    "depends_on": [
                        "aws_api_gateway_resource.proxy_api_resource_proxy"
                    ],
                    "primary": {
                        "id": "agm-qhwxz4f8ad-84gg0q-ANY",
                        "attributes": {
                            "api_key_required": "false",
                            "authorization": "NONE",
                            "authorizer_id": "",
                            "http_method": "ANY",
                            "id": "agm-qhwxz4f8ad-84gg0q-ANY",
                            "request_models.%": "0",
                            "request_parameters.%": "0",
                            "resource_id": "84gg0q",
                            "rest_api_id": "qhwxz4f8ad"
                        },
                        "meta": {},
                        "tainted": false
                    },
                    "deposed": [],
                    "provider": ""
                },
                "aws_api_gateway_method_response.200": {
                    "type": "aws_api_gateway_method_response",
                    "depends_on": [
                        "aws_api_gateway_resource.proxy_api_resource",
                        "aws_api_gateway_resource.proxy_api_resource_proxy",
                        "aws_api_gateway_resource.proxy_api_resource_proxy"
                    ],
                    "primary": {
                        "id": "agmr-qhwxz4f8ad-84gg0q-ANY-200",
                        "attributes": {
                            "http_method": "ANY",
                            "id": "agmr-qhwxz4f8ad-84gg0q-ANY-200",
                            "resource_id": "84gg0q",
                            "response_models.%": "0",
                            "response_parameters.%": "0",
                            "rest_api_id": "qhwxz4f8ad",
                            "status_code": "200"
                        },
                        "meta": {},
                        "tainted": false
                    },
                    "deposed": [],
                    "provider": ""
                },
                "aws_api_gateway_resource.proxy_api_resource": {
                    "type": "aws_api_gateway_resource",
                    "depends_on": [],
                    "primary": {
                        "id": "100jdl",
                        "attributes": {
                            "id": "100jdl",
                            "parent_id": "14v3ylu0wl",
                            "path": "/admin",
                            "path_part": "admin",
                            "rest_api_id": "qhwxz4f8ad"
                        },
                        "meta": {},
                        "tainted": false
                    },
                    "deposed": [],
                    "provider": ""
                },
                "aws_api_gateway_resource.proxy_api_resource_proxy": {
                    "type": "aws_api_gateway_resource",
                    "depends_on": [
                        "aws_api_gateway_resource.proxy_api_resource"
                    ],
                    "primary": {
                        "id": "84gg0q",
                        "attributes": {
                            "id": "84gg0q",
                            "parent_id": "100jdl",
                            "path": "/admin/{proxy+}",
                            "path_part": "{proxy+}",
                            "rest_api_id": "qhwxz4f8ad"
                        },
                        "meta": {},
                        "tainted": false
                    },
                    "deposed": [],
                    "provider": ""
                },
                "aws_lambda_permission.allow_api_gateway": {
                    "type": "aws_lambda_permission",
                    "depends_on": [
                        "aws_api_gateway_resource.proxy_api_resource_proxy"
                    ],
                    "primary": {
                        "id": "AllowExecutionFromApiGateway_qhwxz4f8ad_84gg0q",
                        "attributes": {
                            "action": "lambda:InvokeFunction",
                            "function_name": "rodin_php_lambda_proxy_dev_2",
                            "id": "AllowExecutionFromApiGateway_qhwxz4f8ad_84gg0q",
                            "principal": "apigateway.amazonaws.com",
                            "qualifier": "",
                            "source_arn": "arn:aws:execute-api:eu-west-1:401237329133:qhwxz4f8ad/*/*",
                            "statement_id": "AllowExecutionFromApiGateway_qhwxz4f8ad_84gg0q"
                        },
                        "meta": {},
                        "tainted": false
                    },
                    "deposed": [],
                    "provider": ""
                }
            },
            "depends_on": []
        },
        {
            "path": [
                "root",
                "rodin_http_proxy_resource_public"
            ],
            "outputs": {},
            "resources": {},
            "depends_on": []
        },
        {
            "path": [
                "root",
                "rodin_http_proxy_resource_public_1"
            ],
            "outputs": {},
            "resources": {
                "aws_api_gateway_integration.request_method_integration": {
                    "type": "aws_api_gateway_integration",
                    "depends_on": [
                        "aws_api_gateway_method.proxy_request_method",
                        "aws_api_gateway_resource.proxy_api_resource_proxy"
                    ],
                    "primary": {
                        "id": "agi-6ja8oys5ea-utm77k-ANY",
                        "attributes": {
                            "content_handling": "",
                            "credentials": "",
                            "http_method": "ANY",
                            "id": "agi-6ja8oys5ea-utm77k-ANY",
                            "integration_http_method": "POST",
                            "passthrough_behavior": "WHEN_NO_MATCH",
                            "request_parameters.%": "0",
                            "request_templates.%": "0",
                            "resource_id": "utm77k",
                            "rest_api_id": "6ja8oys5ea",
                            "type": "AWS_PROXY",
                            "uri": "arn:aws:apigateway:eu-west-1:lambda:path/2015-03-31/functions/arn:aws:lambda:eu-west-1:401237329133:function:rodin_php_lambda_proxy_dev_1/invocations"
                        },
                        "meta": {},
                        "tainted": false
                    },
                    "deposed": [],
                    "provider": ""
                },
                "aws_api_gateway_integration_response.proxy_api_integration_response": {
                    "type": "aws_api_gateway_integration_response",
                    "depends_on": [
                        "aws_api_gateway_integration.request_method_integration",
                        "aws_api_gateway_method_response.200",
                        "aws_api_gateway_resource.proxy_api_resource_proxy",
                        "aws_lambda_permission.allow_api_gateway"
                    ],
                    "primary": {
                        "id": "agir-6ja8oys5ea-utm77k-ANY-200",
                        "attributes": {
                            "http_method": "ANY",
                            "id": "agir-6ja8oys5ea-utm77k-ANY-200",
                            "resource_id": "utm77k",
                            "response_parameters.%": "0",
                            "response_templates.%": "0",
                            "rest_api_id": "6ja8oys5ea",
                            "selection_pattern": "",
                            "status_code": "200"
                        },
                        "meta": {},
                        "tainted": false
                    },
                    "deposed": [],
                    "provider": ""
                },
                "aws_api_gateway_method.proxy_request_method": {
                    "type": "aws_api_gateway_method",
                    "depends_on": [
                        "aws_api_gateway_resource.proxy_api_resource_proxy"
                    ],
                    "primary": {
                        "id": "agm-6ja8oys5ea-utm77k-ANY",
                        "attributes": {
                            "api_key_required": "false",
                            "authorization": "NONE",
                            "authorizer_id": "",
                            "http_method": "ANY",
                            "id": "agm-6ja8oys5ea-utm77k-ANY",
                            "request_models.%": "0",
                            "request_parameters.%": "0",
                            "resource_id": "utm77k",
                            "rest_api_id": "6ja8oys5ea"
                        },
                        "meta": {},
                        "tainted": false
                    },
                    "deposed": [],
                    "provider": ""
                },
                "aws_api_gateway_method_response.200": {
                    "type": "aws_api_gateway_method_response",
                    "depends_on": [
                        "aws_api_gateway_resource.proxy_api_resource",
                        "aws_api_gateway_resource.proxy_api_resource_proxy",
                        "aws_api_gateway_resource.proxy_api_resource_proxy"
                    ],
                    "primary": {
                        "id": "agmr-6ja8oys5ea-utm77k-ANY-200",
                        "attributes": {
                            "http_method": "ANY",
                            "id": "agmr-6ja8oys5ea-utm77k-ANY-200",
                            "resource_id": "utm77k",
                            "response_models.%": "0",
                            "response_parameters.%": "0",
                            "rest_api_id": "6ja8oys5ea",
                            "status_code": "200"
                        },
                        "meta": {},
                        "tainted": false
                    },
                    "deposed": [],
                    "provider": ""
                },
                "aws_api_gateway_resource.proxy_api_resource": {
                    "type": "aws_api_gateway_resource",
                    "depends_on": [],
                    "primary": {
                        "id": "8aqfjd",
                        "attributes": {
                            "id": "8aqfjd",
                            "parent_id": "bvt6ldr2wc",
                            "path": "/public",
                            "path_part": "public",
                            "rest_api_id": "6ja8oys5ea"
                        },
                        "meta": {},
                        "tainted": false
                    },
                    "deposed": [],
                    "provider": ""
                },
                "aws_api_gateway_resource.proxy_api_resource_proxy": {
                    "type": "aws_api_gateway_resource",
                    "depends_on": [
                        "aws_api_gateway_resource.proxy_api_resource"
                    ],
                    "primary": {
                        "id": "utm77k",
                        "attributes": {
                            "id": "utm77k",
                            "parent_id": "8aqfjd",
                            "path": "/public/{proxy+}",
                            "path_part": "{proxy+}",
                            "rest_api_id": "6ja8oys5ea"
                        },
                        "meta": {},
                        "tainted": false
                    },
                    "deposed": [],
                    "provider": ""
                },
                "aws_lambda_permission.allow_api_gateway": {
                    "type": "aws_lambda_permission",
                    "depends_on": [
                        "aws_api_gateway_resource.proxy_api_resource_proxy"
                    ],
                    "primary": {
                        "id": "AllowExecutionFromApiGateway_6ja8oys5ea_utm77k",
                        "attributes": {
                            "action": "lambda:InvokeFunction",
                            "function_name": "rodin_php_lambda_proxy_dev_1",
                            "id": "AllowExecutionFromApiGateway_6ja8oys5ea_utm77k",
                            "principal": "apigateway.amazonaws.com",
                            "qualifier": "",
                            "source_arn": "arn:aws:execute-api:eu-west-1:401237329133:6ja8oys5ea/*/*",
                            "statement_id": "AllowExecutionFromApiGateway_6ja8oys5ea_utm77k"
                        },
                        "meta": {},
                        "tainted": false
                    },
                    "deposed": [],
                    "provider": ""
                }
            },
            "depends_on": []
        },
        {
            "path": [
                "root",
                "rodin_http_proxy_resource_public_2"
            ],
            "outputs": {},
            "resources": {
                "aws_api_gateway_integration.request_method_integration": {
                    "type": "aws_api_gateway_integration",
                    "depends_on": [
                        "aws_api_gateway_method.proxy_request_method",
                        "aws_api_gateway_resource.proxy_api_resource_proxy"
                    ],
                    "primary": {
                        "id": "agi-qhwxz4f8ad-b1ieol-ANY",
                        "attributes": {
                            "content_handling": "",
                            "credentials": "",
                            "http_method": "ANY",
                            "id": "agi-qhwxz4f8ad-b1ieol-ANY",
                            "integration_http_method": "POST",
                            "passthrough_behavior": "WHEN_NO_MATCH",
                            "request_parameters.%": "0",
                            "request_templates.%": "0",
                            "resource_id": "b1ieol",
                            "rest_api_id": "qhwxz4f8ad",
                            "type": "AWS_PROXY",
                            "uri": "arn:aws:apigateway:eu-west-1:lambda:path/2015-03-31/functions/arn:aws:lambda:eu-west-1:401237329133:function:rodin_php_lambda_proxy_dev_2/invocations"
                        },
                        "meta": {},
                        "tainted": false
                    },
                    "deposed": [],
                    "provider": ""
                },
                "aws_api_gateway_integration_response.proxy_api_integration_response": {
                    "type": "aws_api_gateway_integration_response",
                    "depends_on": [
                        "aws_api_gateway_integration.request_method_integration",
                        "aws_api_gateway_method_response.200",
                        "aws_api_gateway_resource.proxy_api_resource_proxy",
                        "aws_lambda_permission.allow_api_gateway"
                    ],
                    "primary": {
                        "id": "agir-qhwxz4f8ad-b1ieol-ANY-200",
                        "attributes": {
                            "http_method": "ANY",
                            "id": "agir-qhwxz4f8ad-b1ieol-ANY-200",
                            "resource_id": "b1ieol",
                            "response_parameters.%": "0",
                            "response_templates.%": "0",
                            "rest_api_id": "qhwxz4f8ad",
                            "selection_pattern": "",
                            "status_code": "200"
                        },
                        "meta": {},
                        "tainted": false
                    },
                    "deposed": [],
                    "provider": ""
                },
                "aws_api_gateway_method.proxy_request_method": {
                    "type": "aws_api_gateway_method",
                    "depends_on": [
                        "aws_api_gateway_resource.proxy_api_resource_proxy"
                    ],
                    "primary": {
                        "id": "agm-qhwxz4f8ad-b1ieol-ANY",
                        "attributes": {
                            "api_key_required": "false",
                            "authorization": "NONE",
                            "authorizer_id": "",
                            "http_method": "ANY",
                            "id": "agm-qhwxz4f8ad-b1ieol-ANY",
                            "request_models.%": "0",
                            "request_parameters.%": "0",
                            "resource_id": "b1ieol",
                            "rest_api_id": "qhwxz4f8ad"
                        },
                        "meta": {},
                        "tainted": false
                    },
                    "deposed": [],
                    "provider": ""
                },
                "aws_api_gateway_method_response.200": {
                    "type": "aws_api_gateway_method_response",
                    "depends_on": [
                        "aws_api_gateway_resource.proxy_api_resource",
                        "aws_api_gateway_resource.proxy_api_resource_proxy",
                        "aws_api_gateway_resource.proxy_api_resource_proxy"
                    ],
                    "primary": {
                        "id": "agmr-qhwxz4f8ad-b1ieol-ANY-200",
                        "attributes": {
                            "http_method": "ANY",
                            "id": "agmr-qhwxz4f8ad-b1ieol-ANY-200",
                            "resource_id": "b1ieol",
                            "response_models.%": "0",
                            "response_parameters.%": "0",
                            "rest_api_id": "qhwxz4f8ad",
                            "status_code": "200"
                        },
                        "meta": {},
                        "tainted": false
                    },
                    "deposed": [],
                    "provider": ""
                },
                "aws_api_gateway_resource.proxy_api_resource": {
                    "type": "aws_api_gateway_resource",
                    "depends_on": [],
                    "primary": {
                        "id": "m90noy",
                        "attributes": {
                            "id": "m90noy",
                            "parent_id": "14v3ylu0wl",
                            "path": "/public",
                            "path_part": "public",
                            "rest_api_id": "qhwxz4f8ad"
                        },
                        "meta": {},
                        "tainted": false
                    },
                    "deposed": [],
                    "provider": ""
                },
                "aws_api_gateway_resource.proxy_api_resource_proxy": {
                    "type": "aws_api_gateway_resource",
                    "depends_on": [
                        "aws_api_gateway_resource.proxy_api_resource"
                    ],
                    "primary": {
                        "id": "b1ieol",
                        "attributes": {
                            "id": "b1ieol",
                            "parent_id": "m90noy",
                            "path": "/public/{proxy+}",
                            "path_part": "{proxy+}",
                            "rest_api_id": "qhwxz4f8ad"
                        },
                        "meta": {},
                        "tainted": false
                    },
                    "deposed": [],
                    "provider": ""
                },
                "aws_lambda_permission.allow_api_gateway": {
                    "type": "aws_lambda_permission",
                    "depends_on": [
                        "aws_api_gateway_resource.proxy_api_resource_proxy"
                    ],
                    "primary": {
                        "id": "AllowExecutionFromApiGateway_qhwxz4f8ad_b1ieol",
                        "attributes": {
                            "action": "lambda:InvokeFunction",
                            "function_name": "rodin_php_lambda_proxy_dev_2",
                            "id": "AllowExecutionFromApiGateway_qhwxz4f8ad_b1ieol",
                            "principal": "apigateway.amazonaws.com",
                            "qualifier": "",
                            "source_arn": "arn:aws:execute-api:eu-west-1:401237329133:qhwxz4f8ad/*/*",
                            "statement_id": "AllowExecutionFromApiGateway_qhwxz4f8ad_b1ieol"
                        },
                        "meta": {},
                        "tainted": false
                    },
                    "deposed": [],
                    "provider": ""
                }
            },
            "depends_on": []
        }
    ]
}
