{
    "version": 3,
    "terraform_version": "0.8.6",
    "serial": 0,
    "lineage": "858779c5-d409-455e-99f1-b72fdb7685d9",
    "modules": [
        {
            "path": [
                "root"
            ],
            "outputs": {
                "api_path": {
                    "sensitive": false,
                    "type": "string",
                    "value": "/hello"
                }
            },
            "resources": {
                "aws_api_gateway_deployment.hello_api_deployment": {
                    "type": "aws_api_gateway_deployment",
                    "depends_on": [
                        "aws_api_gateway_rest_api.hello_api",
                        "module.hello_get",
                        "module.hello_post"
                    ],
                    "primary": {
                        "id": "hegile",
                        "attributes": {
                            "created_date": "2017-02-19T20:27:10Z",
                            "description": "Deploy methods: GET POST",
                            "id": "hegile",
                            "rest_api_id": "afyjqejn64",
                            "stage_name": "v1"
                        },
                        "meta": {},
                        "tainted": false
                    },
                    "deposed": [],
                    "provider": ""
                },
                "aws_api_gateway_resource.hello_api_res_hello": {
                    "type": "aws_api_gateway_resource",
                    "depends_on": [
                        "aws_api_gateway_rest_api.hello_api",
                        "aws_api_gateway_rest_api.hello_api"
                    ],
                    "primary": {
                        "id": "bz8g9p",
                        "attributes": {
                            "id": "bz8g9p",
                            "parent_id": "sgpw6w2akk",
                            "path": "/hello",
                            "path_part": "hello",
                            "rest_api_id": "afyjqejn64"
                        },
                        "meta": {},
                        "tainted": false
                    },
                    "deposed": [],
                    "provider": ""
                },
                "aws_api_gateway_rest_api.hello_api": {
                    "type": "aws_api_gateway_rest_api",
                    "depends_on": [],
                    "primary": {
                        "id": "afyjqejn64",
                        "attributes": {
                            "binary_media_types.#": "0",
                            "created_date": "2017-02-19T20:26:08Z",
                            "description": "",
                            "id": "afyjqejn64",
                            "name": "Hello API",
                            "root_resource_id": "sgpw6w2akk"
                        },
                        "meta": {},
                        "tainted": false
                    },
                    "deposed": [],
                    "provider": ""
                },
                "aws_iam_role.iam_role_for_lambda": {
                    "type": "aws_iam_role",
                    "depends_on": [],
                    "primary": {
                        "id": "iam_role_for_lambda",
                        "attributes": {
                            "arn": "arn:aws:iam::401237329133:role/iam_role_for_lambda",
                            "assume_role_policy": "{\n  \"Version\": \"2012-10-17\",\n  \"Statement\": [\n    {\n      \"Sid\": \"\",\n      \"Effect\": \"Allow\",\n      \"Principal\": {\n        \"Service\": \"lambda.amazonaws.com\"\n      },\n      \"Action\": \"sts:AssumeRole\"\n    }\n  ]\n}\n",
                            "create_date": "2017-02-19T20:26:08Z",
                            "id": "iam_role_for_lambda",
                            "name": "iam_role_for_lambda",
                            "path": "/",
                            "unique_id": "AROAJJR6WMRLLC6EXOJXA"
                        },
                        "meta": {},
                        "tainted": false
                    },
                    "deposed": [],
                    "provider": ""
                }
            },
            "depends_on": []
        },
        {
            "path": [
                "root",
                "hello_get"
            ],
            "outputs": {
                "http_method": {
                    "sensitive": false,
                    "type": "string",
                    "value": "GET"
                }
            },
            "resources": {
                "aws_api_gateway_integration.request_method_integration": {
                    "type": "aws_api_gateway_integration",
                    "depends_on": [
                        "aws_api_gateway_method.request_method"
                    ],
                    "primary": {
                        "id": "agi-afyjqejn64-bz8g9p-GET",
                        "attributes": {
                            "http_method": "GET",
                            "id": "agi-afyjqejn64-bz8g9p-GET",
                            "integration_http_method": "POST",
                            "resource_id": "bz8g9p",
                            "rest_api_id": "afyjqejn64",
                            "type": "AWS",
                            "uri": "arn:aws:apigateway:eu-west-1:lambda:path/2015-03-31/functions/arn:aws:lambda:eu-west-1:401237329133:function:hello_lambda_handler/invocations"
                        },
                        "meta": {},
                        "tainted": false
                    },
                    "deposed": [],
                    "provider": ""
                },
                "aws_api_gateway_integration_response.response_method_integration": {
                    "type": "aws_api_gateway_integration_response",
                    "depends_on": [
                        "aws_api_gateway_method_response.response_method",
                        "aws_api_gateway_method_response.response_method"
                    ],
                    "primary": {
                        "id": "agir-afyjqejn64-bz8g9p-GET-200",
                        "attributes": {
                            "http_method": "GET",
                            "id": "agir-afyjqejn64-bz8g9p-GET-200",
                            "resource_id": "bz8g9p",
                            "response_parameters.%": "0",
                            "response_templates.%": "1",
                            "response_templates.application/json": "",
                            "rest_api_id": "afyjqejn64",
                            "selection_pattern": "",
                            "status_code": "200"
                        },
                        "meta": {},
                        "tainted": false
                    },
                    "deposed": [],
                    "provider": ""
                },
                "aws_api_gateway_method.request_method": {
                    "type": "aws_api_gateway_method",
                    "depends_on": [],
                    "primary": {
                        "id": "agm-afyjqejn64-bz8g9p-GET",
                        "attributes": {
                            "api_key_required": "false",
                            "authorization": "NONE",
                            "http_method": "GET",
                            "id": "agm-afyjqejn64-bz8g9p-GET",
                            "resource_id": "bz8g9p",
                            "rest_api_id": "afyjqejn64"
                        },
                        "meta": {},
                        "tainted": false
                    },
                    "deposed": [],
                    "provider": ""
                },
                "aws_api_gateway_method_response.response_method": {
                    "type": "aws_api_gateway_method_response",
                    "depends_on": [
                        "aws_api_gateway_integration.request_method_integration"
                    ],
                    "primary": {
                        "id": "agmr-afyjqejn64-bz8g9p-GET-200",
                        "attributes": {
                            "http_method": "GET",
                            "id": "agmr-afyjqejn64-bz8g9p-GET-200",
                            "resource_id": "bz8g9p",
                            "response_models.%": "1",
                            "response_models.application/json": "Empty",
                            "rest_api_id": "afyjqejn64",
                            "status_code": "200"
                        },
                        "meta": {},
                        "tainted": false
                    },
                    "deposed": [],
                    "provider": ""
                },
                "aws_lambda_permission.allow_api_gateway": {
                    "type": "aws_lambda_permission",
                    "depends_on": [],
                    "primary": {
                        "id": "AllowExecutionFromApiGateway",
                        "attributes": {
                            "action": "lambda:InvokeFunction",
                            "function_name": "hello_lambda_handler",
                            "id": "AllowExecutionFromApiGateway",
                            "principal": "apigateway.amazonaws.com",
                            "source_arn": "arn:aws:execute-api:eu-west-1:401237329133:afyjqejn64/*/GET/hello",
                            "statement_id": "AllowExecutionFromApiGateway"
                        },
                        "meta": {},
                        "tainted": false
                    },
                    "deposed": [],
                    "provider": ""
                }
            },
            "depends_on": []
        },
        {
            "path": [
                "root",
                "hello_post"
            ],
            "outputs": {
                "http_method": {
                    "sensitive": false,
                    "type": "string",
                    "value": "POST"
                }
            },
            "resources": {
                "aws_api_gateway_integration.request_method_integration": {
                    "type": "aws_api_gateway_integration",
                    "depends_on": [
                        "aws_api_gateway_method.request_method"
                    ],
                    "primary": {
                        "id": "agi-afyjqejn64-bz8g9p-POST",
                        "attributes": {
                            "http_method": "POST",
                            "id": "agi-afyjqejn64-bz8g9p-POST",
                            "integration_http_method": "POST",
                            "resource_id": "bz8g9p",
                            "rest_api_id": "afyjqejn64",
                            "type": "AWS",
                            "uri": "arn:aws:apigateway:eu-west-1:lambda:path/2015-03-31/functions/arn:aws:lambda:eu-west-1:401237329133:function:hello_lambda_post_handler/invocations"
                        },
                        "meta": {},
                        "tainted": false
                    },
                    "deposed": [],
                    "provider": ""
                },
                "aws_api_gateway_integration_response.response_method_integration": {
                    "type": "aws_api_gateway_integration_response",
                    "depends_on": [
                        "aws_api_gateway_method_response.response_method",
                        "aws_api_gateway_method_response.response_method"
                    ],
                    "primary": {
                        "id": "agir-afyjqejn64-bz8g9p-POST-200",
                        "attributes": {
                            "http_method": "POST",
                            "id": "agir-afyjqejn64-bz8g9p-POST-200",
                            "resource_id": "bz8g9p",
                            "response_parameters.%": "0",
                            "response_templates.%": "1",
                            "response_templates.application/json": "",
                            "rest_api_id": "afyjqejn64",
                            "selection_pattern": "",
                            "status_code": "200"
                        },
                        "meta": {},
                        "tainted": false
                    },
                    "deposed": [],
                    "provider": ""
                },
                "aws_api_gateway_method.request_method": {
                    "type": "aws_api_gateway_method",
                    "depends_on": [],
                    "primary": {
                        "id": "agm-afyjqejn64-bz8g9p-POST",
                        "attributes": {
                            "api_key_required": "false",
                            "authorization": "NONE",
                            "http_method": "POST",
                            "id": "agm-afyjqejn64-bz8g9p-POST",
                            "resource_id": "bz8g9p",
                            "rest_api_id": "afyjqejn64"
                        },
                        "meta": {},
                        "tainted": false
                    },
                    "deposed": [],
                    "provider": ""
                },
                "aws_api_gateway_method_response.response_method": {
                    "type": "aws_api_gateway_method_response",
                    "depends_on": [
                        "aws_api_gateway_integration.request_method_integration"
                    ],
                    "primary": {
                        "id": "agmr-afyjqejn64-bz8g9p-POST-200",
                        "attributes": {
                            "http_method": "POST",
                            "id": "agmr-afyjqejn64-bz8g9p-POST-200",
                            "resource_id": "bz8g9p",
                            "response_models.%": "1",
                            "response_models.application/json": "Empty",
                            "rest_api_id": "afyjqejn64",
                            "status_code": "200"
                        },
                        "meta": {},
                        "tainted": false
                    },
                    "deposed": [],
                    "provider": ""
                },
                "aws_lambda_permission.allow_api_gateway": {
                    "type": "aws_lambda_permission",
                    "depends_on": [],
                    "primary": {
                        "id": "AllowExecutionFromApiGateway",
                        "attributes": {
                            "action": "lambda:InvokeFunction",
                            "function_name": "hello_lambda_post_handler",
                            "id": "AllowExecutionFromApiGateway",
                            "principal": "apigateway.amazonaws.com",
                            "source_arn": "arn:aws:execute-api:eu-west-1:401237329133:afyjqejn64/*/POST/hello",
                            "statement_id": "AllowExecutionFromApiGateway"
                        },
                        "meta": {},
                        "tainted": false
                    },
                    "deposed": [],
                    "provider": ""
                }
            },
            "depends_on": []
        },
        {
            "path": [
                "root",
                "lambda"
            ],
            "outputs": {
                "name": {
                    "sensitive": false,
                    "type": "string",
                    "value": "hello_lambda_handler"
                }
            },
            "resources": {
                "aws_lambda_function.lambda": {
                    "type": "aws_lambda_function",
                    "depends_on": [],
                    "primary": {
                        "id": "hello_lambda_handler",
                        "attributes": {
                            "arn": "arn:aws:lambda:eu-west-1:401237329133:function:hello_lambda_handler",
                            "description": "",
                            "environment.#": "0",
                            "filename": "hello_lambda.zip",
                            "function_name": "hello_lambda_handler",
                            "handler": "hello_lambda.handler",
                            "id": "hello_lambda_handler",
                            "kms_key_arn": "",
                            "last_modified": "2017-02-19T20:26:34.110+0000",
                            "memory_size": "128",
                            "publish": "false",
                            "qualified_arn": "arn:aws:lambda:eu-west-1:401237329133:function:hello_lambda_handler:$LATEST",
                            "role": "arn:aws:iam::401237329133:role/iam_role_for_lambda",
                            "runtime": "python2.7",
                            "source_code_hash": "Ffs0L/Ga4ABN0wSpsN1IAnoKgZjBXC8c/JcWaRR2CH4=",
                            "timeout": "3",
                            "version": "$LATEST",
                            "vpc_config.#": "0"
                        },
                        "meta": {},
                        "tainted": false
                    },
                    "deposed": [],
                    "provider": ""
                }
            },
            "depends_on": []
        },
        {
            "path": [
                "root",
                "lambda_post"
            ],
            "outputs": {
                "name": {
                    "sensitive": false,
                    "type": "string",
                    "value": "hello_lambda_post_handler"
                }
            },
            "resources": {
                "aws_lambda_function.lambda": {
                    "type": "aws_lambda_function",
                    "depends_on": [],
                    "primary": {
                        "id": "hello_lambda_post_handler",
                        "attributes": {
                            "arn": "arn:aws:lambda:eu-west-1:401237329133:function:hello_lambda_post_handler",
                            "description": "",
                            "environment.#": "0",
                            "filename": "hello_lambda.zip",
                            "function_name": "hello_lambda_post_handler",
                            "handler": "hello_lambda.post_handler",
                            "id": "hello_lambda_post_handler",
                            "kms_key_arn": "",
                            "last_modified": "2017-02-19T20:26:18.372+0000",
                            "memory_size": "128",
                            "publish": "false",
                            "qualified_arn": "arn:aws:lambda:eu-west-1:401237329133:function:hello_lambda_post_handler:$LATEST",
                            "role": "arn:aws:iam::401237329133:role/iam_role_for_lambda",
                            "runtime": "python2.7",
                            "source_code_hash": "Ffs0L/Ga4ABN0wSpsN1IAnoKgZjBXC8c/JcWaRR2CH4=",
                            "timeout": "3",
                            "version": "$LATEST",
                            "vpc_config.#": "0"
                        },
                        "meta": {},
                        "tainted": false
                    },
                    "deposed": [],
                    "provider": ""
                }
            },
            "depends_on": []
        }
    ]
}
