{
    "version": 3,
    "terraform_version": "0.8.8",
    "serial": 4,
    "lineage": "5f391775-da72-498e-833e-15a6f6faf1a6",
    "modules": [
        {
            "path": [
                "root"
            ],
            "outputs": {
                "auto_deployment_filename": {
                    "sensitive": false,
                    "type": "string",
                    "value": "simple-test-php-dev.zip"
                },
                "http_stage_endpoint": {
                    "sensitive": false,
                    "type": "string",
                    "value": "https://bx8imines8.execute-api.eu-west-1.amazonaws.com/v1"
                }
            },
            "resources": {
                "aws_dynamodb_table.basic_dynamodb_table": {
                    "type": "aws_dynamodb_table",
                    "depends_on": [],
                    "primary": {
                        "id": "subscribers",
                        "attributes": {
                            "arn": "arn:aws:dynamodb:eu-west-1:401237329133:table/subscribers",
                            "attribute.#": "1",
                            "attribute.3226637473.name": "email",
                            "attribute.3226637473.type": "S",
                            "global_secondary_index.#": "0",
                            "hash_key": "email",
                            "id": "subscribers",
                            "local_secondary_index.#": "0",
                            "name": "subscribers",
                            "read_capacity": "3",
                            "tags.%": "2",
                            "tags.env": "dev",
                            "tags.name": "dynamo-table-subscribers",
                            "write_capacity": "3"
                        },
                        "meta": {},
                        "tainted": false
                    },
                    "deposed": [],
                    "provider": ""
                },
                "aws_iam_policy.demo_policy_lambda": {
                    "type": "aws_iam_policy",
                    "depends_on": [
                        "aws_dynamodb_table.basic_dynamodb_table"
                    ],
                    "primary": {
                        "id": "arn:aws:iam::401237329133:policy/demo_policy",
                        "attributes": {
                            "arn": "arn:aws:iam::401237329133:policy/demo_policy",
                            "id": "arn:aws:iam::401237329133:policy/demo_policy",
                            "name": "demo_policy",
                            "path": "/",
                            "policy": "{\r\n  \"Version\": \"2012-10-17\",\r\n  \"Statement\": [\r\n    {\r\n      \"Sid\": \"AccessCloudwatchLogs\",\r\n      \"Action\": [\"logs:*\"],\r\n      \"Effect\": \"Allow\",\r\n      \"Resource\": \"arn:aws:logs:*:*:*\"\r\n    },\r\n    {\r\n      \"Sid\": \"SubscribersDynamoDBReadWrite\",\r\n      \"Effect\": \"Allow\",\r\n      \"Action\": [\r\n                  \"dynamodb:DeleteItem\",\r\n                  \"dynamodb:GetItem\",\r\n                  \"dynamodb:PutItem\",\r\n                  \"dynamodb:UpdateItem\",\r\n                  \"dynamodb:Scan\"\r\n                  ],\r\n      \"Resource\": \"arn:aws:dynamodb:eu-west-1:401237329133:table/subscribers\"\r\n    }\r\n   ]\r\n}\r\n"
                        },
                        "meta": {},
                        "tainted": false
                    },
                    "deposed": [],
                    "provider": ""
                },
                "aws_iam_role.demo_role_lambda": {
                    "type": "aws_iam_role",
                    "depends_on": [],
                    "primary": {
                        "id": "demo_role_lambda",
                        "attributes": {
                            "arn": "arn:aws:iam::401237329133:role/demo_role_lambda",
                            "assume_role_policy": "{\"Version\":\"2012-10-17\",\"Statement\":[{\"Effect\":\"Allow\",\"Principal\":{\"Service\":\"lambda.amazonaws.com\"},\"Action\":\"sts:AssumeRole\"}]}",
                            "create_date": "2017-03-06T09:59:18Z",
                            "id": "demo_role_lambda",
                            "name": "demo_role_lambda",
                            "path": "/",
                            "unique_id": "AROAITSESERCJFD2YXBWI"
                        },
                        "meta": {},
                        "tainted": false
                    },
                    "deposed": [],
                    "provider": ""
                },
                "aws_iam_role_policy_attachment.demo_attach_policy": {
                    "type": "aws_iam_role_policy_attachment",
                    "depends_on": [
                        "aws_iam_policy.demo_policy_lambda",
                        "aws_iam_role.demo_role_lambda"
                    ],
                    "primary": {
                        "id": "demo_role_lambda-002fc518a23c1251ca1c26d3f0",
                        "attributes": {
                            "id": "demo_role_lambda-002fc518a23c1251ca1c26d3f0",
                            "policy_arn": "arn:aws:iam::401237329133:policy/demo_policy",
                            "role": "demo_role_lambda"
                        },
                        "meta": {},
                        "tainted": false
                    },
                    "deposed": [],
                    "provider": ""
                }
            },
            "depends_on": []
        },
        {
            "path": [
                "root",
                "demo_http_proxy"
            ],
            "outputs": {
                "http_stage_endpoint": {
                    "sensitive": false,
                    "type": "string",
                    "value": "https://bx8imines8.execute-api.eu-west-1.amazonaws.com/v1"
                }
            },
            "resources": {
                "aws_api_gateway_deployment.proxy_api_deployment": {
                    "type": "aws_api_gateway_deployment",
                    "depends_on": [
                        "aws_api_gateway_method_response.200",
                        "aws_api_gateway_rest_api.proxy_api"
                    ],
                    "primary": {
                        "id": "cuyrc2",
                        "attributes": {
                            "created_date": "2017-03-06T10:03:01Z",
                            "description": "",
                            "id": "cuyrc2",
                            "rest_api_id": "bx8imines8",
                            "stage_name": "v1"
                        },
                        "meta": {},
                        "tainted": false
                    },
                    "deposed": [],
                    "provider": ""
                },
                "aws_api_gateway_integration.request_method_integration": {
                    "type": "aws_api_gateway_integration",
                    "depends_on": [
                        "aws_api_gateway_method.proxy_request_method",
                        "aws_api_gateway_resource.proxy_api_resource",
                        "aws_api_gateway_rest_api.proxy_api"
                    ],
                    "primary": {
                        "id": "agi-bx8imines8-9boyef-ANY",
                        "attributes": {
                            "content_handling": "",
                            "credentials": "",
                            "http_method": "ANY",
                            "id": "agi-bx8imines8-9boyef-ANY",
                            "integration_http_method": "POST",
                            "passthrough_behavior": "WHEN_NO_MATCH",
                            "request_parameters.%": "0",
                            "request_templates.%": "0",
                            "resource_id": "9boyef",
                            "rest_api_id": "bx8imines8",
                            "type": "AWS_PROXY",
                            "uri": "arn:aws:apigateway:eu-west-1:lambda:path/2015-03-31/functions/arn:aws:lambda:eu-west-1:401237329133:function:simple-test-php-dev/invocations"
                        },
                        "meta": {},
                        "tainted": false
                    },
                    "deposed": [],
                    "provider": ""
                },
                "aws_api_gateway_integration_response.proxy_api_integration_response": {
                    "type": "aws_api_gateway_integration_response",
                    "depends_on": [
                        "aws_api_gateway_method_response.200",
                        "aws_api_gateway_resource.proxy_api_resource",
                        "aws_api_gateway_rest_api.proxy_api"
                    ],
                    "primary": {
                        "id": "agir-bx8imines8-9boyef-ANY-200",
                        "attributes": {
                            "http_method": "ANY",
                            "id": "agir-bx8imines8-9boyef-ANY-200",
                            "resource_id": "9boyef",
                            "response_parameters.%": "0",
                            "response_templates.%": "0",
                            "rest_api_id": "bx8imines8",
                            "selection_pattern": "",
                            "status_code": "200"
                        },
                        "meta": {},
                        "tainted": false
                    },
                    "deposed": [],
                    "provider": ""
                },
                "aws_api_gateway_method.proxy_request_method": {
                    "type": "aws_api_gateway_method",
                    "depends_on": [
                        "aws_api_gateway_resource.proxy_api_resource",
                        "aws_api_gateway_rest_api.proxy_api"
                    ],
                    "primary": {
                        "id": "agm-bx8imines8-9boyef-ANY",
                        "attributes": {
                            "api_key_required": "false",
                            "authorization": "NONE",
                            "authorizer_id": "",
                            "http_method": "ANY",
                            "id": "agm-bx8imines8-9boyef-ANY",
                            "request_models.%": "0",
                            "request_parameters.%": "0",
                            "resource_id": "9boyef",
                            "rest_api_id": "bx8imines8"
                        },
                        "meta": {},
                        "tainted": false
                    },
                    "deposed": [],
                    "provider": ""
                },
                "aws_api_gateway_method_response.200": {
                    "type": "aws_api_gateway_method_response",
                    "depends_on": [
                        "aws_api_gateway_resource.proxy_api_resource",
                        "aws_api_gateway_rest_api.proxy_api"
                    ],
                    "primary": {
                        "id": "agmr-bx8imines8-9boyef-ANY-200",
                        "attributes": {
                            "http_method": "ANY",
                            "id": "agmr-bx8imines8-9boyef-ANY-200",
                            "resource_id": "9boyef",
                            "rest_api_id": "bx8imines8",
                            "status_code": "200"
                        },
                        "meta": {},
                        "tainted": false
                    },
                    "deposed": [],
                    "provider": ""
                },
                "aws_api_gateway_resource.proxy_api_resource": {
                    "type": "aws_api_gateway_resource",
                    "depends_on": [
                        "aws_api_gateway_rest_api.proxy_api",
                        "aws_api_gateway_rest_api.proxy_api"
                    ],
                    "primary": {
                        "id": "9boyef",
                        "attributes": {
                            "id": "9boyef",
                            "parent_id": "0ivfylbkj0",
                            "path": "/{proxy+}",
                            "path_part": "{proxy+}",
                            "rest_api_id": "bx8imines8"
                        },
                        "meta": {},
                        "tainted": false
                    },
                    "deposed": [],
                    "provider": ""
                },
                "aws_api_gateway_rest_api.proxy_api": {
                    "type": "aws_api_gateway_rest_api",
                    "depends_on": [],
                    "primary": {
                        "id": "bx8imines8",
                        "attributes": {
                            "binary_media_types.#": "0",
                            "created_date": "2017-03-06T09:59:29Z",
                            "description": "",
                            "id": "bx8imines8",
                            "name": "DemoAPI",
                            "root_resource_id": "0ivfylbkj0"
                        },
                        "meta": {},
                        "tainted": false
                    },
                    "deposed": [],
                    "provider": ""
                },
                "aws_lambda_permission.allow_api_gateway": {
                    "type": "aws_lambda_permission",
                    "depends_on": [
                        "aws_api_gateway_rest_api.proxy_api"
                    ],
                    "primary": {
                        "id": "AllowExecutionFromApiGateway",
                        "attributes": {
                            "action": "lambda:InvokeFunction",
                            "function_name": "simple-test-php-dev",
                            "id": "AllowExecutionFromApiGateway",
                            "principal": "apigateway.amazonaws.com",
                            "qualifier": "",
                            "source_arn": "arn:aws:execute-api:eu-west-1:401237329133:bx8imines8/*/*",
                            "statement_id": "AllowExecutionFromApiGateway"
                        },
                        "meta": {},
                        "tainted": false
                    },
                    "deposed": [],
                    "provider": ""
                }
            },
            "depends_on": []
        },
        {
            "path": [
                "root",
                "lambda"
            ],
            "outputs": {
                "auto_deployment_filename": {
                    "sensitive": false,
                    "type": "string",
                    "value": "simple-test-php-dev.zip"
                },
                "function_name": {
                    "sensitive": false,
                    "type": "string",
                    "value": "simple-test-php-dev"
                }
            },
            "resources": {
                "aws_lambda_function.lambda-dummy": {
                    "type": "aws_lambda_function",
                    "depends_on": [],
                    "primary": {
                        "id": "simple-test-php-dev",
                        "attributes": {
                            "arn": "arn:aws:lambda:eu-west-1:401237329133:function:simple-test-php-dev",
                            "description": "",
                            "environment.#": "0",
                            "filename": "/home/kkkj/artrunde/terraform-infrastructure/dev/services/backend/api/demo-api/v1/.terraform/modules/0f3c3922714b6c66c8749d6f8cf8ee5d/dummy-nodejs4.3.zip",
                            "function_name": "simple-test-php-dev",
                            "handler": "index.handler",
                            "id": "simple-test-php-dev",
                            "kms_key_arn": "",
                            "last_modified": "2017-03-06T09:59:25.141+0000",
                            "memory_size": "1536",
                            "publish": "false",
                            "qualified_arn": "arn:aws:lambda:eu-west-1:401237329133:function:simple-test-php-dev:$LATEST",
                            "role": "arn:aws:iam::401237329133:role/demo_role_lambda",
                            "runtime": "nodejs4.3",
                            "source_code_hash": "k5Fn2FlrMl081GaoS9MjQySzylshsxNCDEdwE3aWpPw=",
                            "timeout": "3",
                            "version": "$LATEST",
                            "vpc_config.#": "0"
                        },
                        "meta": {},
                        "tainted": false
                    },
                    "deposed": [],
                    "provider": ""
                }
            },
            "depends_on": []
        }
    ]
}
