{
    "version": 3,
    "terraform_version": "0.8.6",
    "serial": 2,
    "lineage": "162ae6b0-70f9-4882-85ec-07e232af6212",
    "modules": [
        {
            "path": [
                "root"
            ],
            "outputs": {},
            "resources": {
                "aws_route53_record.mail-autodiscover": {
                    "type": "aws_route53_record",
                    "depends_on": [
                        "aws_route53_zone.root"
                    ],
                    "primary": {
                        "id": "Z1R1GKGF59MQ04_autodiscover.artrunde.com._CNAME",
                        "attributes": {
                            "fqdn": "autodiscover.artrunde.com",
                            "health_check_id": "",
                            "id": "Z1R1GKGF59MQ04_autodiscover.artrunde.com._CNAME",
                            "name": "autodiscover.artrunde.com",
                            "records.#": "1",
                            "records.196319345": "autodiscover.mail.eu-west-1.awsapps.com.",
                            "set_identifier": "",
                            "ttl": "300",
                            "type": "CNAME",
                            "zone_id": "Z1R1GKGF59MQ04"
                        },
                        "meta": {
                            "schema_version": "2"
                        },
                        "tainted": false
                    },
                    "deposed": [],
                    "provider": ""
                },
                "aws_route53_record.mail-domainkey-01": {
                    "type": "aws_route53_record",
                    "depends_on": [
                        "aws_route53_zone.root"
                    ],
                    "primary": {
                        "id": "Z1R1GKGF59MQ04_igq2pdsgn5wntnoeljujo66zib6t3iex._domainkey.artrunde.com._CNAME",
                        "attributes": {
                            "fqdn": "igq2pdsgn5wntnoeljujo66zib6t3iex._domainkey.artrunde.com",
                            "health_check_id": "",
                            "id": "Z1R1GKGF59MQ04_igq2pdsgn5wntnoeljujo66zib6t3iex._domainkey.artrunde.com._CNAME",
                            "name": "igq2pdsgn5wntnoeljujo66zib6t3iex._domainkey.artrunde.com",
                            "records.#": "1",
                            "records.1129458542": "igq2pdsgn5wntnoeljujo66zib6t3iex.dkim.amazonses.com.",
                            "set_identifier": "",
                            "ttl": "300",
                            "type": "CNAME",
                            "zone_id": "Z1R1GKGF59MQ04"
                        },
                        "meta": {
                            "schema_version": "2"
                        },
                        "tainted": false
                    },
                    "deposed": [],
                    "provider": ""
                },
                "aws_route53_record.mail-domainkey-02": {
                    "type": "aws_route53_record",
                    "depends_on": [
                        "aws_route53_zone.root"
                    ],
                    "primary": {
                        "id": "Z1R1GKGF59MQ04_ut53hk64hamdnhz37i4mglge7k4mhwdx._domainkey.artrunde.com._CNAME",
                        "attributes": {
                            "fqdn": "ut53hk64hamdnhz37i4mglge7k4mhwdx._domainkey.artrunde.com",
                            "health_check_id": "",
                            "id": "Z1R1GKGF59MQ04_ut53hk64hamdnhz37i4mglge7k4mhwdx._domainkey.artrunde.com._CNAME",
                            "name": "ut53hk64hamdnhz37i4mglge7k4mhwdx._domainkey.artrunde.com",
                            "records.#": "1",
                            "records.33104350": "ut53hk64hamdnhz37i4mglge7k4mhwdx.dkim.amazonses.com.",
                            "set_identifier": "",
                            "ttl": "300",
                            "type": "CNAME",
                            "zone_id": "Z1R1GKGF59MQ04"
                        },
                        "meta": {
                            "schema_version": "2"
                        },
                        "tainted": false
                    },
                    "deposed": [],
                    "provider": ""
                },
                "aws_route53_record.mail-domainkey-03": {
                    "type": "aws_route53_record",
                    "depends_on": [
                        "aws_route53_zone.root"
                    ],
                    "primary": {
                        "id": "Z1R1GKGF59MQ04_b3cgk65xmmrdtkt57c2qcawoqctgsnf5._domainkey.artrunde.com._CNAME",
                        "attributes": {
                            "fqdn": "b3cgk65xmmrdtkt57c2qcawoqctgsnf5._domainkey.artrunde.com",
                            "health_check_id": "",
                            "id": "Z1R1GKGF59MQ04_b3cgk65xmmrdtkt57c2qcawoqctgsnf5._domainkey.artrunde.com._CNAME",
                            "name": "b3cgk65xmmrdtkt57c2qcawoqctgsnf5._domainkey.artrunde.com",
                            "records.#": "1",
                            "records.2347713043": "b3cgk65xmmrdtkt57c2qcawoqctgsnf5.dkim.amazonses.com.",
                            "set_identifier": "",
                            "ttl": "300",
                            "type": "CNAME",
                            "zone_id": "Z1R1GKGF59MQ04"
                        },
                        "meta": {
                            "schema_version": "2"
                        },
                        "tainted": false
                    },
                    "deposed": [],
                    "provider": ""
                },
                "aws_route53_record.mail-mx": {
                    "type": "aws_route53_record",
                    "depends_on": [
                        "aws_route53_zone.root"
                    ],
                    "primary": {
                        "id": "Z1R1GKGF59MQ04_artrunde.com._MX",
                        "attributes": {
                            "fqdn": "artrunde.com",
                            "health_check_id": "",
                            "id": "Z1R1GKGF59MQ04_artrunde.com._MX",
                            "name": "artrunde.com",
                            "records.#": "1",
                            "records.445374474": "10 inbound-smtp.eu-west-1.amazonaws.com.",
                            "set_identifier": "",
                            "ttl": "300",
                            "type": "MX",
                            "zone_id": "Z1R1GKGF59MQ04"
                        },
                        "meta": {
                            "schema_version": "2"
                        },
                        "tainted": false
                    },
                    "deposed": [],
                    "provider": ""
                },
                "aws_route53_zone.root": {
                    "type": "aws_route53_zone",
                    "depends_on": [],
                    "primary": {
                        "id": "Z1R1GKGF59MQ04",
                        "attributes": {
                            "comment": "Managed by Terraform",
                            "force_destroy": "false",
                            "id": "Z1R1GKGF59MQ04",
                            "name": "artrunde.com",
                            "name_servers.#": "4",
                            "name_servers.0": "ns-1320.awsdns-37.org",
                            "name_servers.1": "ns-1732.awsdns-24.co.uk",
                            "name_servers.2": "ns-307.awsdns-38.com",
                            "name_servers.3": "ns-692.awsdns-22.net",
                            "tags.%": "1",
                            "tags.env": "prod",
                            "zone_id": "Z1R1GKGF59MQ04"
                        },
                        "meta": {},
                        "tainted": false
                    },
                    "deposed": [],
                    "provider": ""
                }
            },
            "depends_on": []
        }
    ]
}
