{
    "version": 3,
    "terraform_version": "0.8.6",
    "serial": 33,
    "lineage": "d60d0501-0eb4-4a48-8d09-06c4fe6d8066",
    "modules": [
        {
            "path": [
                "root"
            ],
            "outputs": {
                "bucket_assets_domain_name": {
                    "sensitive": false,
                    "type": "string",
                    "value": "dev-assets.artrunde.com.s3.amazonaws.com"
                },
                "bucket_html_domain_name": {
                    "sensitive": false,
                    "type": "string",
                    "value": "dev-www.artrunde.com.s3.amazonaws.com"
                }
            },
            "resources": {},
            "depends_on": []
        },
        {
            "path": [
                "root",
                "frontend-assets"
            ],
            "outputs": {},
            "resources": {},
            "depends_on": []
        },
        {
            "path": [
                "root",
                "frontend-html"
            ],
            "outputs": {},
            "resources": {},
            "depends_on": []
        },
        {
            "path": [
                "root",
                "frontend-root"
            ],
            "outputs": {},
            "resources": {},
            "depends_on": []
        },
        {
            "path": [
                "root",
                "www-public"
            ],
            "outputs": {
                "bucket_assets_domain_name": {
                    "sensitive": false,
                    "type": "string",
                    "value": "dev-assets.artrunde.com.s3.amazonaws.com"
                },
                "bucket_html_domain_name": {
                    "sensitive": false,
                    "type": "string",
                    "value": "dev-www.artrunde.com.s3.amazonaws.com"
                }
            },
            "resources": {
                "aws_route53_record.assets": {
                    "type": "aws_route53_record",
                    "depends_on": [
                        "aws_s3_bucket.www-public-assets",
                        "data.aws_route53_zone.primary"
                    ],
                    "primary": {
                        "id": "Z2068AR33PXHJW_dev-assets_CNAME",
                        "attributes": {
                            "fqdn": "dev-assets.artrunde.com",
                            "health_check_id": "",
                            "id": "Z2068AR33PXHJW_dev-assets_CNAME",
                            "name": "dev-assets",
                            "records.#": "1",
                            "records.2814027953": "dev-assets.artrunde.com.s3.amazonaws.com",
                            "set_identifier": "",
                            "ttl": "300",
                            "type": "CNAME",
                            "zone_id": "Z2068AR33PXHJW"
                        },
                        "meta": {
                            "schema_version": "2"
                        },
                        "tainted": false
                    },
                    "deposed": [],
                    "provider": ""
                },
                "aws_route53_record.www": {
                    "type": "aws_route53_record",
                    "depends_on": [
                        "aws_s3_bucket.www-public-html",
                        "data.aws_route53_zone.primary"
                    ],
                    "primary": {
                        "id": "Z2068AR33PXHJW_dev-www_CNAME",
                        "attributes": {
                            "fqdn": "dev-www.artrunde.com",
                            "health_check_id": "",
                            "id": "Z2068AR33PXHJW_dev-www_CNAME",
                            "name": "dev-www",
                            "records.#": "1",
                            "records.1873736679": "dev-www.artrunde.com.s3.amazonaws.com",
                            "set_identifier": "",
                            "ttl": "300",
                            "type": "CNAME",
                            "zone_id": "Z2068AR33PXHJW"
                        },
                        "meta": {
                            "schema_version": "2"
                        },
                        "tainted": false
                    },
                    "deposed": [],
                    "provider": ""
                },
                "aws_s3_bucket.www-public-assets": {
                    "type": "aws_s3_bucket",
                    "depends_on": [
                        "aws_s3_bucket.www-public-logs"
                    ],
                    "primary": {
                        "id": "dev-assets.artrunde.com",
                        "attributes": {
                            "acceleration_status": "",
                            "acl": "public-read",
                            "arn": "arn:aws:s3:::dev-assets.artrunde.com",
                            "bucket": "dev-assets.artrunde.com",
                            "bucket_domain_name": "dev-assets.artrunde.com.s3.amazonaws.com",
                            "cors_rule.#": "1",
                            "cors_rule.0.allowed_headers.#": "1",
                            "cors_rule.0.allowed_headers.0": "*",
                            "cors_rule.0.allowed_methods.#": "1",
                            "cors_rule.0.allowed_methods.0": "GET",
                            "cors_rule.0.allowed_origins.#": "1",
                            "cors_rule.0.allowed_origins.0": "*",
                            "cors_rule.0.expose_headers.#": "1",
                            "cors_rule.0.expose_headers.0": "ETag",
                            "cors_rule.0.max_age_seconds": "86400",
                            "force_destroy": "true",
                            "hosted_zone_id": "Z21DNDUVLTQW6Q",
                            "id": "dev-assets.artrunde.com",
                            "logging.#": "1",
                            "logging.3079147370.target_bucket": "www-public-logs-artrunde-edffefefb1fcc9c1",
                            "logging.3079147370.target_prefix": "dev-assets.artrunde.com",
                            "policy": "{\"Statement\":[{\"Action\":\"s3:GetObject\",\"Effect\":\"Allow\",\"Principal\":\"*\",\"Resource\":\"arn:aws:s3:::dev-assets.artrunde.com/*\",\"Sid\":\"PublicReadGetObject\"}],\"Version\":\"2012-10-17\"}",
                            "region": "eu-central-1",
                            "request_payer": "BucketOwner",
                            "tags.%": "2",
                            "tags.env": "dev",
                            "tags.name": "Frontend service for assets",
                            "versioning.#": "1",
                            "versioning.0.enabled": "false",
                            "versioning.0.mfa_delete": "false",
                            "website.#": "1",
                            "website.0.error_document": "error.html",
                            "website.0.index_document": "index.html",
                            "website.0.redirect_all_requests_to": "",
                            "website.0.routing_rules": "",
                            "website_domain": "s3-website.eu-central-1.amazonaws.com",
                            "website_endpoint": "dev-assets.artrunde.com.s3-website.eu-central-1.amazonaws.com"
                        },
                        "meta": {},
                        "tainted": false
                    },
                    "deposed": [],
                    "provider": ""
                },
                "aws_s3_bucket.www-public-html": {
                    "type": "aws_s3_bucket",
                    "depends_on": [
                        "aws_s3_bucket.www-public-logs"
                    ],
                    "primary": {
                        "id": "dev-www.artrunde.com",
                        "attributes": {
                            "acceleration_status": "",
                            "acl": "public-read",
                            "arn": "arn:aws:s3:::dev-www.artrunde.com",
                            "bucket": "dev-www.artrunde.com",
                            "bucket_domain_name": "dev-www.artrunde.com.s3.amazonaws.com",
                            "cors_rule.#": "1",
                            "cors_rule.0.allowed_headers.#": "1",
                            "cors_rule.0.allowed_headers.0": "*",
                            "cors_rule.0.allowed_methods.#": "1",
                            "cors_rule.0.allowed_methods.0": "GET",
                            "cors_rule.0.allowed_origins.#": "1",
                            "cors_rule.0.allowed_origins.0": "*",
                            "cors_rule.0.expose_headers.#": "1",
                            "cors_rule.0.expose_headers.0": "ETag",
                            "cors_rule.0.max_age_seconds": "300",
                            "force_destroy": "true",
                            "hosted_zone_id": "Z21DNDUVLTQW6Q",
                            "id": "dev-www.artrunde.com",
                            "logging.#": "1",
                            "logging.1321848332.target_bucket": "www-public-logs-artrunde-edffefefb1fcc9c1",
                            "logging.1321848332.target_prefix": "dev-www.artrunde.com",
                            "policy": "{\"Statement\":[{\"Action\":\"s3:GetObject\",\"Effect\":\"Allow\",\"Principal\":\"*\",\"Resource\":\"arn:aws:s3:::dev-www.artrunde.com/*\",\"Sid\":\"PublicReadGetObject\"}],\"Version\":\"2012-10-17\"}",
                            "region": "eu-central-1",
                            "request_payer": "BucketOwner",
                            "tags.%": "2",
                            "tags.env": "dev",
                            "tags.name": "Frontend service for HTML",
                            "versioning.#": "1",
                            "versioning.0.enabled": "false",
                            "versioning.0.mfa_delete": "false",
                            "website.#": "1",
                            "website.0.error_document": "error.html",
                            "website.0.index_document": "index.html",
                            "website.0.redirect_all_requests_to": "",
                            "website.0.routing_rules": "",
                            "website_domain": "s3-website.eu-central-1.amazonaws.com",
                            "website_endpoint": "dev-www.artrunde.com.s3-website.eu-central-1.amazonaws.com"
                        },
                        "meta": {},
                        "tainted": false
                    },
                    "deposed": [],
                    "provider": ""
                },
                "aws_s3_bucket.www-public-logs": {
                    "type": "aws_s3_bucket",
                    "depends_on": [
                        "random_id.www-public-logs"
                    ],
                    "primary": {
                        "id": "www-public-logs-artrunde-edffefefb1fcc9c1",
                        "attributes": {
                            "acceleration_status": "",
                            "acl": "log-delivery-write",
                            "arn": "arn:aws:s3:::www-public-logs-artrunde-edffefefb1fcc9c1",
                            "bucket": "www-public-logs-artrunde-edffefefb1fcc9c1",
                            "bucket_domain_name": "www-public-logs-artrunde-edffefefb1fcc9c1.s3.amazonaws.com",
                            "force_destroy": "false",
                            "hosted_zone_id": "Z21DNDUVLTQW6Q",
                            "id": "www-public-logs-artrunde-edffefefb1fcc9c1",
                            "region": "eu-central-1",
                            "request_payer": "BucketOwner",
                            "tags.%": "2",
                            "tags.env": "dev",
                            "tags.name": "www-public-logs",
                            "versioning.#": "1",
                            "versioning.0.enabled": "false",
                            "versioning.0.mfa_delete": "false",
                            "website.#": "0"
                        },
                        "meta": {},
                        "tainted": false
                    },
                    "deposed": [],
                    "provider": ""
                },
                "data.aws_route53_zone.primary": {
                    "type": "aws_route53_zone",
                    "depends_on": [],
                    "primary": {
                        "id": "Z2068AR33PXHJW",
                        "attributes": {
                            "caller_reference": "2017-02-15T15:21:32.151754702+01:00",
                            "comment": "Managed by Terraform",
                            "id": "Z2068AR33PXHJW",
                            "name": "artrunde.com.",
                            "private_zone": "false",
                            "resource_record_set_count": "7",
                            "zone_id": "Z2068AR33PXHJW"
                        },
                        "meta": {},
                        "tainted": false
                    },
                    "deposed": [],
                    "provider": ""
                },
                "random_id.www-public-logs": {
                    "type": "random_id",
                    "depends_on": [],
                    "primary": {
                        "id": "7f_v77H8ycE",
                        "attributes": {
                            "b64": "7f_v77H8ycE",
                            "b64_std": "7f/v77H8ycE=",
                            "b64_url": "7f_v77H8ycE",
                            "byte_length": "8",
                            "dec": "17149689718812494273",
                            "hex": "edffefefb1fcc9c1",
                            "id": "7f_v77H8ycE"
                        },
                        "meta": {},
                        "tainted": false
                    },
                    "deposed": [],
                    "provider": ""
                }
            },
            "depends_on": []
        }
    ]
}
