{
    "version": 3,
    "terraform_version": "0.8.6",
    "serial": 2,
    "lineage": "83424b75-4ff2-4701-8ca5-8576777f71b7",
    "modules": [
        {
            "path": [
                "root"
            ],
            "outputs": {
                "bucket_assets_domain_name": {
                    "sensitive": false,
                    "type": "string",
                    "value": "dev-assets.artrunde.com.s3.amazonaws.com"
                },
                "bucket_html_domain_name": {
                    "sensitive": false,
                    "type": "string",
                    "value": "dev-www.artrunde.com.s3.amazonaws.com"
                }
            },
            "resources": {},
            "depends_on": []
        },
        {
            "path": [
                "root",
                "www-public"
            ],
            "outputs": {
                "bucket_assets_domain_name": {
                    "sensitive": false,
                    "type": "string",
                    "value": "dev-assets.artrunde.com.s3.amazonaws.com"
                },
                "bucket_html_domain_name": {
                    "sensitive": false,
                    "type": "string",
                    "value": "dev-www.artrunde.com.s3.amazonaws.com"
                }
            },
            "resources": {
                "aws_cloudfront_origin_access_identity.origin_access_identity": {
                    "type": "aws_cloudfront_origin_access_identity",
                    "depends_on": [],
                    "primary": {
                        "id": "E2OKQ9J3HHYAB3",
                        "attributes": {
                            "caller_reference": "2017-02-16T15:01:47.858609751+01:00",
                            "cloudfront_access_identity_path": "origin-access-identity/cloudfront/E2OKQ9J3HHYAB3",
                            "comment": "Some comment",
                            "etag": "E1J3EVCRYOJ493",
                            "iam_arn": "arn:aws:iam::cloudfront:user/CloudFront Origin Access Identity E2OKQ9J3HHYAB3",
                            "id": "E2OKQ9J3HHYAB3",
                            "s3_canonical_user_id": "946ea8f726210490152cdb7c32d18fb214837a3de62961d81337b2d1248261f4f40153a3028d564aa8560751f44ca5f5"
                        },
                        "meta": {},
                        "tainted": false
                    },
                    "deposed": [],
                    "provider": ""
                },
                "aws_route53_record.assets": {
                    "type": "aws_route53_record",
                    "depends_on": [
                        "aws_s3_bucket.www-public-assets",
                        "aws_s3_bucket.www-public-assets",
                        "data.aws_route53_zone.primary"
                    ],
                    "primary": {
                        "id": "Z1SF9WIPWYI9IH_dev-assets_A",
                        "attributes": {
                            "alias.#": "1",
                            "alias.1470388263.evaluate_target_health": "true",
                            "alias.1470388263.name": "s3-website.eu-central-1.amazonaws.com",
                            "alias.1470388263.zone_id": "Z21DNDUVLTQW6Q",
                            "fqdn": "dev-assets.artrunde.com",
                            "health_check_id": "",
                            "id": "Z1SF9WIPWYI9IH_dev-assets_A",
                            "name": "dev-assets",
                            "records.#": "0",
                            "set_identifier": "",
                            "ttl": "0",
                            "type": "A",
                            "zone_id": "Z1SF9WIPWYI9IH"
                        },
                        "meta": {
                            "schema_version": "2"
                        },
                        "tainted": false
                    },
                    "deposed": [],
                    "provider": ""
                },
                "aws_route53_record.www": {
                    "type": "aws_route53_record",
                    "depends_on": [
                        "aws_s3_bucket.www-public-html",
                        "aws_s3_bucket.www-public-html",
                        "data.aws_route53_zone.primary"
                    ],
                    "primary": {
                        "id": "Z1SF9WIPWYI9IH_dev-www_A",
                        "attributes": {
                            "alias.#": "1",
                            "alias.1470388263.evaluate_target_health": "true",
                            "alias.1470388263.name": "s3-website.eu-central-1.amazonaws.com",
                            "alias.1470388263.zone_id": "Z21DNDUVLTQW6Q",
                            "fqdn": "dev-www.artrunde.com",
                            "health_check_id": "",
                            "id": "Z1SF9WIPWYI9IH_dev-www_A",
                            "name": "dev-www",
                            "records.#": "0",
                            "set_identifier": "",
                            "ttl": "0",
                            "type": "A",
                            "zone_id": "Z1SF9WIPWYI9IH"
                        },
                        "meta": {
                            "schema_version": "2"
                        },
                        "tainted": false
                    },
                    "deposed": [],
                    "provider": ""
                },
                "aws_s3_bucket.www-public-assets": {
                    "type": "aws_s3_bucket",
                    "depends_on": [
                        "aws_s3_bucket.www-public-logs"
                    ],
                    "primary": {
                        "id": "dev-assets.artrunde.com",
                        "attributes": {
                            "acceleration_status": "",
                            "acl": "public-read",
                            "arn": "arn:aws:s3:::dev-assets.artrunde.com",
                            "bucket": "dev-assets.artrunde.com",
                            "bucket_domain_name": "dev-assets.artrunde.com.s3.amazonaws.com",
                            "cors_rule.#": "1",
                            "cors_rule.0.allowed_headers.#": "1",
                            "cors_rule.0.allowed_headers.0": "*",
                            "cors_rule.0.allowed_methods.#": "1",
                            "cors_rule.0.allowed_methods.0": "GET",
                            "cors_rule.0.allowed_origins.#": "1",
                            "cors_rule.0.allowed_origins.0": "*",
                            "cors_rule.0.expose_headers.#": "1",
                            "cors_rule.0.expose_headers.0": "ETag",
                            "cors_rule.0.max_age_seconds": "86400",
                            "force_destroy": "true",
                            "hosted_zone_id": "Z21DNDUVLTQW6Q",
                            "id": "dev-assets.artrunde.com",
                            "logging.#": "1",
                            "logging.2431498512.target_bucket": "www-public-logs-artrunde-e18a67cd796d366c",
                            "logging.2431498512.target_prefix": "dev-assets.artrunde.com-",
                            "policy": "{\"Statement\":[{\"Action\":\"s3:GetObject\",\"Effect\":\"Allow\",\"Principal\":\"*\",\"Resource\":\"arn:aws:s3:::dev-assets.artrunde.com/*\",\"Sid\":\"PublicReadGetObject\"}],\"Version\":\"2012-10-17\"}",
                            "region": "eu-central-1",
                            "request_payer": "BucketOwner",
                            "tags.%": "2",
                            "tags.env": "dev",
                            "tags.name": "Frontend service for assets",
                            "versioning.#": "1",
                            "versioning.0.enabled": "false",
                            "versioning.0.mfa_delete": "false",
                            "website.#": "1",
                            "website.0.error_document": "error.html",
                            "website.0.index_document": "index.html",
                            "website.0.redirect_all_requests_to": "",
                            "website.0.routing_rules": "",
                            "website_domain": "s3-website.eu-central-1.amazonaws.com",
                            "website_endpoint": "dev-assets.artrunde.com.s3-website.eu-central-1.amazonaws.com"
                        },
                        "meta": {},
                        "tainted": false
                    },
                    "deposed": [],
                    "provider": ""
                },
                "aws_s3_bucket.www-public-html": {
                    "type": "aws_s3_bucket",
                    "depends_on": [
                        "aws_s3_bucket.www-public-logs"
                    ],
                    "primary": {
                        "id": "dev-www.artrunde.com",
                        "attributes": {
                            "acceleration_status": "",
                            "acl": "public-read",
                            "arn": "arn:aws:s3:::dev-www.artrunde.com",
                            "bucket": "dev-www.artrunde.com",
                            "bucket_domain_name": "dev-www.artrunde.com.s3.amazonaws.com",
                            "cors_rule.#": "1",
                            "cors_rule.0.allowed_headers.#": "1",
                            "cors_rule.0.allowed_headers.0": "*",
                            "cors_rule.0.allowed_methods.#": "1",
                            "cors_rule.0.allowed_methods.0": "GET",
                            "cors_rule.0.allowed_origins.#": "1",
                            "cors_rule.0.allowed_origins.0": "*",
                            "cors_rule.0.expose_headers.#": "1",
                            "cors_rule.0.expose_headers.0": "ETag",
                            "cors_rule.0.max_age_seconds": "300",
                            "force_destroy": "true",
                            "hosted_zone_id": "Z21DNDUVLTQW6Q",
                            "id": "dev-www.artrunde.com",
                            "logging.#": "1",
                            "logging.781004688.target_bucket": "www-public-logs-artrunde-e18a67cd796d366c",
                            "logging.781004688.target_prefix": "dev-www.artrunde.com-",
                            "policy": "{\"Statement\":[{\"Action\":\"s3:GetObject\",\"Effect\":\"Allow\",\"Principal\":\"*\",\"Resource\":\"arn:aws:s3:::dev-www.artrunde.com/*\",\"Sid\":\"PublicReadGetObject\"}],\"Version\":\"2012-10-17\"}",
                            "region": "eu-central-1",
                            "request_payer": "BucketOwner",
                            "tags.%": "2",
                            "tags.env": "dev",
                            "tags.name": "Frontend service for HTML",
                            "versioning.#": "1",
                            "versioning.0.enabled": "false",
                            "versioning.0.mfa_delete": "false",
                            "website.#": "1",
                            "website.0.error_document": "error.html",
                            "website.0.index_document": "index.html",
                            "website.0.redirect_all_requests_to": "",
                            "website.0.routing_rules": "",
                            "website_domain": "s3-website.eu-central-1.amazonaws.com",
                            "website_endpoint": "dev-www.artrunde.com.s3-website.eu-central-1.amazonaws.com"
                        },
                        "meta": {},
                        "tainted": false
                    },
                    "deposed": [],
                    "provider": ""
                },
                "aws_s3_bucket.www-public-logs": {
                    "type": "aws_s3_bucket",
                    "depends_on": [
                        "random_id.www-public-logs"
                    ],
                    "primary": {
                        "id": "www-public-logs-artrunde-e18a67cd796d366c",
                        "attributes": {
                            "acceleration_status": "",
                            "acl": "log-delivery-write",
                            "arn": "arn:aws:s3:::www-public-logs-artrunde-e18a67cd796d366c",
                            "bucket": "www-public-logs-artrunde-e18a67cd796d366c",
                            "bucket_domain_name": "www-public-logs-artrunde-e18a67cd796d366c.s3.amazonaws.com",
                            "force_destroy": "false",
                            "hosted_zone_id": "Z21DNDUVLTQW6Q",
                            "id": "www-public-logs-artrunde-e18a67cd796d366c",
                            "region": "eu-central-1",
                            "request_payer": "BucketOwner",
                            "tags.%": "2",
                            "tags.env": "dev",
                            "tags.name": "www-public-logs",
                            "versioning.#": "1",
                            "versioning.0.enabled": "false",
                            "versioning.0.mfa_delete": "false",
                            "website.#": "0"
                        },
                        "meta": {},
                        "tainted": false
                    },
                    "deposed": [],
                    "provider": ""
                },
                "data.aws_route53_zone.primary": {
                    "type": "aws_route53_zone",
                    "depends_on": [],
                    "primary": {
                        "id": "Z1SF9WIPWYI9IH",
                        "attributes": {
                            "caller_reference": "52923508-F90B-0794-9770-78108F58D89A",
                            "comment": "Root domain",
                            "id": "Z1SF9WIPWYI9IH",
                            "name": "artrunde.com.",
                            "private_zone": "false",
                            "resource_record_set_count": "9",
                            "zone_id": "Z1SF9WIPWYI9IH"
                        },
                        "meta": {},
                        "tainted": false
                    },
                    "deposed": [],
                    "provider": ""
                },
                "random_id.www-public-logs": {
                    "type": "random_id",
                    "depends_on": [],
                    "primary": {
                        "id": "4YpnzXltNmw",
                        "attributes": {
                            "b64": "4YpnzXltNmw",
                            "b64_std": "4YpnzXltNmw=",
                            "b64_url": "4YpnzXltNmw",
                            "byte_length": "8",
                            "dec": "16251916337523013228",
                            "hex": "e18a67cd796d366c",
                            "id": "4YpnzXltNmw"
                        },
                        "meta": {},
                        "tainted": false
                    },
                    "deposed": [],
                    "provider": ""
                }
            },
            "depends_on": []
        }
    ]
}
