{
    "version": 3,
    "terraform_version": "0.9.1",
    "serial": 10,
    "lineage": "65311679-b1f2-4912-adb2-44ce3c89d0ad",
    "modules": [
        {
            "path": [
                "root"
            ],
            "outputs": {},
            "resources": {
                "aws_api_gateway_deployment.proxy_api_deployment": {
                    "type": "aws_api_gateway_deployment",
                    "depends_on": [
                        "aws_api_gateway_rest_api.dali_proxy_api",
                        "module.dali_public_http_proxy_resource"
                    ],
                    "primary": {
                        "id": "wt1yf7",
                        "attributes": {
                            "created_date": "2017-03-22T13:45:55Z",
                            "description": "",
                            "id": "wt1yf7",
                            "rest_api_id": "qy2y34oki9",
                            "stage_name": "api"
                        },
                        "meta": {},
                        "tainted": false
                    },
                    "deposed": [],
                    "provider": ""
                },
                "aws_api_gateway_rest_api.dali_proxy_api": {
                    "type": "aws_api_gateway_rest_api",
                    "depends_on": [],
                    "primary": {
                        "id": "qy2y34oki9",
                        "attributes": {
                            "binary_media_types.#": "0",
                            "created_date": "2017-03-22T13:19:02Z",
                            "description": "",
                            "id": "qy2y34oki9",
                            "name": "dali_dev_api",
                            "root_resource_id": "qwstlagj5a"
                        },
                        "meta": {},
                        "tainted": false
                    },
                    "deposed": [],
                    "provider": ""
                },
                "aws_dynamodb_table.places_dynamodb_table": {
                    "type": "aws_dynamodb_table",
                    "depends_on": [],
                    "primary": {
                        "id": "dali_dev_places",
                        "attributes": {
                            "arn": "arn:aws:dynamodb:eu-west-1:401237329133:table/dali_dev_places",
                            "attribute.#": "1",
                            "attribute.4089167258.name": "place_id",
                            "attribute.4089167258.type": "S",
                            "global_secondary_index.#": "0",
                            "hash_key": "place_id",
                            "id": "dali_dev_places",
                            "local_secondary_index.#": "0",
                            "name": "dali_dev_places",
                            "read_capacity": "3",
                            "tags.%": "2",
                            "tags.env": "dev",
                            "tags.name": "dali_dev_places",
                            "write_capacity": "3"
                        },
                        "meta": {},
                        "tainted": false
                    },
                    "deposed": [],
                    "provider": ""
                },
                "aws_dynamodb_table.search_terms_dynamodb_table": {
                    "type": "aws_dynamodb_table",
                    "depends_on": [],
                    "primary": {
                        "id": "dali_dev_search_terms",
                        "attributes": {
                            "arn": "arn:aws:dynamodb:eu-west-1:401237329133:table/dali_dev_search_terms",
                            "attribute.#": "2",
                            "attribute.850763855.name": "priority",
                            "attribute.850763855.type": "N",
                            "attribute.865045071.name": "search_term_id",
                            "attribute.865045071.type": "S",
                            "global_secondary_index.#": "0",
                            "hash_key": "search_term_id",
                            "id": "dali_dev_search_terms",
                            "local_secondary_index.#": "0",
                            "name": "dali_dev_search_terms",
                            "range_key": "priority",
                            "read_capacity": "3",
                            "tags.%": "2",
                            "tags.env": "dev",
                            "tags.name": "dali_dev_search_terms",
                            "write_capacity": "3"
                        },
                        "meta": {},
                        "tainted": false
                    },
                    "deposed": [],
                    "provider": ""
                },
                "aws_dynamodb_table.tags_dynamodb_table": {
                    "type": "aws_dynamodb_table",
                    "depends_on": [],
                    "primary": {
                        "id": "dali_dev_tags",
                        "attributes": {
                            "arn": "arn:aws:dynamodb:eu-west-1:401237329133:table/dali_dev_tags",
                            "attribute.#": "2",
                            "attribute.4089167258.name": "place_id",
                            "attribute.4089167258.type": "S",
                            "attribute.4258742633.name": "tag_id",
                            "attribute.4258742633.type": "S",
                            "global_secondary_index.#": "0",
                            "hash_key": "tag_id",
                            "id": "dali_dev_tags",
                            "local_secondary_index.#": "0",
                            "name": "dali_dev_tags",
                            "range_key": "place_id",
                            "read_capacity": "3",
                            "tags.%": "2",
                            "tags.env": "dev",
                            "tags.name": "dali_dev_tags",
                            "write_capacity": "3"
                        },
                        "meta": {},
                        "tainted": false
                    },
                    "deposed": [],
                    "provider": ""
                },
                "aws_iam_policy.dali_policy_lambda": {
                    "type": "aws_iam_policy",
                    "depends_on": [],
                    "primary": {
                        "id": "arn:aws:iam::401237329133:policy/dali_dev_policy",
                        "attributes": {
                            "arn": "arn:aws:iam::401237329133:policy/dali_dev_policy",
                            "id": "arn:aws:iam::401237329133:policy/dali_dev_policy",
                            "name": "dali_dev_policy",
                            "path": "/",
                            "policy": "{\r\n  \"Version\": \"2012-10-17\",\r\n  \"Statement\": [\r\n    {\r\n      \"Sid\": \"AccessCloudwatchLogs\",\r\n      \"Action\": [\"logs:*\"],\r\n      \"Effect\": \"Allow\",\r\n      \"Resource\": \"arn:aws:logs:*:*:*\"\r\n    },\r\n    {\r\n      \"Sid\": \"DaliDevDynamoDBReadWrite\",\r\n      \"Effect\": \"Allow\",\r\n      \"Action\": [\r\n        \"dynamodb:BatchGetItem\",\r\n        \"dynamodb:Query\",\r\n        \"dynamodb:DeleteItem\",\r\n        \"dynamodb:GetItem\",\r\n        \"dynamodb:PutItem\",\r\n        \"dynamodb:UpdateItem\",\r\n        \"dynamodb:Scan\"\r\n        ],\r\n      \"Resource\": \"arn:aws:dynamodb:eu-west-1:401237329133:table/dali_dev_*\"\r\n    }\r\n   ]\r\n}\r\n"
                        },
                        "meta": {},
                        "tainted": false
                    },
                    "deposed": [],
                    "provider": ""
                },
                "aws_iam_role.dali_role_lambda": {
                    "type": "aws_iam_role",
                    "depends_on": [],
                    "primary": {
                        "id": "dali_dev_role_lambda",
                        "attributes": {
                            "arn": "arn:aws:iam::401237329133:role/dali_dev_role_lambda",
                            "assume_role_policy": "{\"Version\":\"2012-10-17\",\"Statement\":[{\"Effect\":\"Allow\",\"Principal\":{\"Service\":\"lambda.amazonaws.com\"},\"Action\":\"sts:AssumeRole\"}]}",
                            "create_date": "2017-03-22T12:52:36Z",
                            "id": "dali_dev_role_lambda",
                            "name": "dali_dev_role_lambda",
                            "path": "/",
                            "unique_id": "AROAIQ2CKIG4VDGQHQX5U"
                        },
                        "meta": {},
                        "tainted": false
                    },
                    "deposed": [],
                    "provider": ""
                },
                "aws_iam_role_policy_attachment.dali_role_attach_policy": {
                    "type": "aws_iam_role_policy_attachment",
                    "depends_on": [
                        "aws_iam_policy.dali_policy_lambda",
                        "aws_iam_role.dali_role_lambda"
                    ],
                    "primary": {
                        "id": "dali_dev_role_lambda-0095f64f7bc57e9256a7da1162",
                        "attributes": {
                            "id": "dali_dev_role_lambda-0095f64f7bc57e9256a7da1162",
                            "policy_arn": "arn:aws:iam::401237329133:policy/dali_dev_policy",
                            "role": "dali_dev_role_lambda"
                        },
                        "meta": {},
                        "tainted": false
                    },
                    "deposed": [],
                    "provider": ""
                }
            },
            "depends_on": []
        },
        {
            "path": [
                "root",
                "dali_public_http_proxy_resource"
            ],
            "outputs": {},
            "resources": {
                "aws_api_gateway_integration.request_method_integration": {
                    "type": "aws_api_gateway_integration",
                    "depends_on": [
                        "aws_api_gateway_method.proxy_request_method",
                        "aws_api_gateway_resource.proxy_api_resource"
                    ],
                    "primary": {
                        "id": "agi-qy2y34oki9-sxpxqk-ANY",
                        "attributes": {
                            "content_handling": "",
                            "credentials": "",
                            "http_method": "ANY",
                            "id": "agi-qy2y34oki9-sxpxqk-ANY",
                            "integration_http_method": "POST",
                            "passthrough_behavior": "WHEN_NO_MATCH",
                            "request_parameters.%": "0",
                            "request_templates.%": "0",
                            "resource_id": "sxpxqk",
                            "rest_api_id": "qy2y34oki9",
                            "type": "AWS_PROXY",
                            "uri": "arn:aws:apigateway:eu-west-1:lambda:path/2015-03-31/functions/arn:aws:lambda:eu-west-1:401237329133:function:dali_dev/invocations"
                        },
                        "meta": {},
                        "tainted": false
                    },
                    "deposed": [],
                    "provider": ""
                },
                "aws_api_gateway_integration_response.proxy_api_integration_response": {
                    "type": "aws_api_gateway_integration_response",
                    "depends_on": [
                        "aws_api_gateway_method_response.200",
                        "aws_api_gateway_resource.proxy_api_resource"
                    ],
                    "primary": {
                        "id": "agir-qy2y34oki9-sxpxqk-ANY-200",
                        "attributes": {
                            "http_method": "ANY",
                            "id": "agir-qy2y34oki9-sxpxqk-ANY-200",
                            "resource_id": "sxpxqk",
                            "response_parameters.%": "0",
                            "response_templates.%": "0",
                            "rest_api_id": "qy2y34oki9",
                            "selection_pattern": "",
                            "status_code": "200"
                        },
                        "meta": {},
                        "tainted": false
                    },
                    "deposed": [],
                    "provider": ""
                },
                "aws_api_gateway_method.proxy_request_method": {
                    "type": "aws_api_gateway_method",
                    "depends_on": [
                        "aws_api_gateway_resource.proxy_api_resource"
                    ],
                    "primary": {
                        "id": "agm-qy2y34oki9-sxpxqk-ANY",
                        "attributes": {
                            "api_key_required": "false",
                            "authorization": "NONE",
                            "authorizer_id": "",
                            "http_method": "ANY",
                            "id": "agm-qy2y34oki9-sxpxqk-ANY",
                            "request_models.%": "0",
                            "request_parameters.%": "0",
                            "resource_id": "sxpxqk",
                            "rest_api_id": "qy2y34oki9"
                        },
                        "meta": {},
                        "tainted": false
                    },
                    "deposed": [],
                    "provider": ""
                },
                "aws_api_gateway_method_response.200": {
                    "type": "aws_api_gateway_method_response",
                    "depends_on": [
                        "aws_api_gateway_resource.proxy_api_resource"
                    ],
                    "primary": {
                        "id": "agmr-qy2y34oki9-sxpxqk-ANY-200",
                        "attributes": {
                            "http_method": "ANY",
                            "id": "agmr-qy2y34oki9-sxpxqk-ANY-200",
                            "resource_id": "sxpxqk",
                            "response_models.%": "0",
                            "response_parameters.%": "0",
                            "rest_api_id": "qy2y34oki9",
                            "status_code": "200"
                        },
                        "meta": {},
                        "tainted": false
                    },
                    "deposed": [],
                    "provider": ""
                },
                "aws_api_gateway_resource.api_resource": {
                    "type": "aws_api_gateway_resource",
                    "depends_on": [],
                    "primary": {
                        "id": "hxlj41",
                        "attributes": {
                            "id": "hxlj41",
                            "parent_id": "qwstlagj5a",
                            "path": "/dali-public",
                            "path_part": "dali-public",
                            "rest_api_id": "qy2y34oki9"
                        },
                        "meta": {},
                        "tainted": false
                    },
                    "deposed": [],
                    "provider": ""
                },
                "aws_api_gateway_resource.proxy_api_resource": {
                    "type": "aws_api_gateway_resource",
                    "depends_on": [
                        "aws_api_gateway_resource.api_resource"
                    ],
                    "primary": {
                        "id": "sxpxqk",
                        "attributes": {
                            "id": "sxpxqk",
                            "parent_id": "hxlj41",
                            "path": "/dali-public/{proxy+}",
                            "path_part": "{proxy+}",
                            "rest_api_id": "qy2y34oki9"
                        },
                        "meta": {},
                        "tainted": false
                    },
                    "deposed": [],
                    "provider": ""
                },
                "aws_lambda_permission.allow_api_gateway": {
                    "type": "aws_lambda_permission",
                    "depends_on": [],
                    "primary": {
                        "id": "AllowExecutionFromApiGateway",
                        "attributes": {
                            "action": "lambda:InvokeFunction",
                            "function_name": "dali_dev",
                            "id": "AllowExecutionFromApiGateway",
                            "principal": "apigateway.amazonaws.com",
                            "qualifier": "",
                            "source_arn": "arn:aws:execute-api:eu-west-1:401237329133:qy2y34oki9/*/*",
                            "statement_id": "AllowExecutionFromApiGateway"
                        },
                        "meta": {},
                        "tainted": false
                    },
                    "deposed": [],
                    "provider": ""
                }
            },
            "depends_on": []
        },
        {
            "path": [
                "root",
                "lambda"
            ],
            "outputs": {
                "auto_deployment_filename": {
                    "sensitive": false,
                    "type": "string",
                    "value": "dali_dev.zip"
                },
                "function_name": {
                    "sensitive": false,
                    "type": "string",
                    "value": "dali_dev"
                }
            },
            "resources": {
                "aws_lambda_function.lambda-dummy": {
                    "type": "aws_lambda_function",
                    "depends_on": [],
                    "primary": {
                        "id": "dali_dev",
                        "attributes": {
                            "arn": "arn:aws:lambda:eu-west-1:401237329133:function:dali_dev",
                            "dead_letter_config.#": "0",
                            "description": "",
                            "environment.#": "0",
                            "filename": "/home/kkkj/artrunde/terraform-infrastructure/dev/services/backend/api/dali-api/.terraform/modules/ae461942a88afb72a9861f4f21a7aab4/dummy-nodejs4.3.zip",
                            "function_name": "dali_dev",
                            "handler": "index.handler",
                            "id": "dali_dev",
                            "kms_key_arn": "",
                            "last_modified": "2017-03-22T13:35:15.368+0000",
                            "memory_size": "1536",
                            "publish": "false",
                            "qualified_arn": "arn:aws:lambda:eu-west-1:401237329133:function:dali_dev:$LATEST",
                            "role": "arn:aws:iam::401237329133:role/dali_dev_role_lambda",
                            "runtime": "nodejs4.3",
                            "source_code_hash": "k5Fn2FlrMl081GaoS9MjQySzylshsxNCDEdwE3aWpPw=",
                            "timeout": "3",
                            "version": "$LATEST",
                            "vpc_config.#": "0"
                        },
                        "meta": {},
                        "tainted": false
                    },
                    "deposed": [],
                    "provider": ""
                }
            },
            "depends_on": []
        }
    ]
}
