{
    "version": 3,
    "terraform_version": "0.8.6",
    "serial": 3,
    "lineage": "d309904a-7b57-45e5-9606-fe005e292888",
    "modules": [
        {
            "path": [
                "root"
            ],
            "outputs": {},
            "resources": {},
            "depends_on": []
        },
        {
            "path": [
                "root",
                "frontend-assets"
            ],
            "outputs": {},
            "resources": {
                "aws_s3_bucket.s3-website-log": {
                    "type": "aws_s3_bucket",
                    "depends_on": [
                        "random_id.log-suffix"
                    ],
                    "primary": {
                        "id": "dev-assets.artrunde.com-logs-328b1d0431d14f11",
                        "attributes": {
                            "acceleration_status": "",
                            "acl": "log-delivery-write",
                            "arn": "arn:aws:s3:::dev-assets.artrunde.com-logs-328b1d0431d14f11",
                            "bucket": "dev-assets.artrunde.com-logs-328b1d0431d14f11",
                            "bucket_domain_name": "dev-assets.artrunde.com-logs-328b1d0431d14f11.s3.amazonaws.com",
                            "force_destroy": "false",
                            "hosted_zone_id": "Z3AQBSTGFYJSTF",
                            "id": "dev-assets.artrunde.com-logs-328b1d0431d14f11",
                            "region": "us-east-1",
                            "request_payer": "BucketOwner",
                            "tags.%": "1",
                            "tags.env": "dev",
                            "versioning.#": "1",
                            "versioning.0.enabled": "false",
                            "versioning.0.mfa_delete": "false",
                            "website.#": "0"
                        },
                        "meta": {},
                        "tainted": false
                    },
                    "deposed": [],
                    "provider": ""
                },
                "random_id.log-suffix": {
                    "type": "random_id",
                    "depends_on": [],
                    "primary": {
                        "id": "MosdBDHRTxE",
                        "attributes": {
                            "b64": "MosdBDHRTxE",
                            "b64_std": "MosdBDHRTxE=",
                            "b64_url": "MosdBDHRTxE",
                            "byte_length": "8",
                            "dec": "3642036627512053521",
                            "hex": "328b1d0431d14f11",
                            "id": "MosdBDHRTxE"
                        },
                        "meta": {},
                        "tainted": false
                    },
                    "deposed": [],
                    "provider": ""
                }
            },
            "depends_on": []
        },
        {
            "path": [
                "root",
                "frontend-html"
            ],
            "outputs": {},
            "resources": {
                "aws_s3_bucket.s3-website-log": {
                    "type": "aws_s3_bucket",
                    "depends_on": [
                        "random_id.log-suffix"
                    ],
                    "primary": {
                        "id": "dev-www.artrunde.com-logs-505b33912b12af2a",
                        "attributes": {
                            "acceleration_status": "",
                            "acl": "log-delivery-write",
                            "arn": "arn:aws:s3:::dev-www.artrunde.com-logs-505b33912b12af2a",
                            "bucket": "dev-www.artrunde.com-logs-505b33912b12af2a",
                            "bucket_domain_name": "dev-www.artrunde.com-logs-505b33912b12af2a.s3.amazonaws.com",
                            "force_destroy": "false",
                            "hosted_zone_id": "Z3AQBSTGFYJSTF",
                            "id": "dev-www.artrunde.com-logs-505b33912b12af2a",
                            "region": "us-east-1",
                            "request_payer": "BucketOwner",
                            "tags.%": "1",
                            "tags.env": "dev",
                            "versioning.#": "1",
                            "versioning.0.enabled": "false",
                            "versioning.0.mfa_delete": "false",
                            "website.#": "0"
                        },
                        "meta": {},
                        "tainted": false
                    },
                    "deposed": [],
                    "provider": ""
                },
                "random_id.log-suffix": {
                    "type": "random_id",
                    "depends_on": [],
                    "primary": {
                        "id": "UFszkSsSryo",
                        "attributes": {
                            "b64": "UFszkSsSryo",
                            "b64_std": "UFszkSsSryo=",
                            "b64_url": "UFszkSsSryo",
                            "byte_length": "8",
                            "dec": "5790278444500823850",
                            "hex": "505b33912b12af2a",
                            "id": "UFszkSsSryo"
                        },
                        "meta": {},
                        "tainted": false
                    },
                    "deposed": [],
                    "provider": ""
                }
            },
            "depends_on": []
        }
    ]
}
