{
    "version": 3,
    "terraform_version": "0.8.6",
    "serial": 0,
    "lineage": "bcc09d23-088e-43f5-bb97-11d8f7b3e002",
    "modules": [
        {
            "path": [
                "root"
            ],
            "outputs": {
                "frontend_assets_bucket_id": {
                    "sensitive": false,
                    "type": "string",
                    "value": "dev-assets.artrunde.com"
                },
                "frontend_assets_s3_website_endpoint": {
                    "sensitive": false,
                    "type": "string",
                    "value": "dev-assets.artrunde.com.s3-website.eu-central-1.amazonaws.com"
                },
                "frontend_html_bucket_id": {
                    "sensitive": false,
                    "type": "string",
                    "value": "dev-www.artrunde.com"
                },
                "frontend_html_s3_website_endpoint": {
                    "sensitive": false,
                    "type": "string",
                    "value": "dev-www.artrunde.com.s3-website.eu-central-1.amazonaws.com"
                }
            },
            "resources": {},
            "depends_on": []
        },
        {
            "path": [
                "root",
                "frontend-assets"
            ],
            "outputs": {
                "s3_bucket_id": {
                    "sensitive": false,
                    "type": "string",
                    "value": "dev-assets.artrunde.com"
                },
                "s3_website_endpoint": {
                    "sensitive": false,
                    "type": "string",
                    "value": "dev-assets.artrunde.com.s3-website.eu-central-1.amazonaws.com"
                }
            },
            "resources": {
                "aws_cloudfront_distribution.cdn_distribution": {
                    "type": "aws_cloudfront_distribution",
                    "depends_on": [
                        "aws_cloudfront_origin_access_identity.origin_identity",
                        "aws_cloudfront_origin_access_identity.origin_identity",
                        "aws_s3_bucket.s3-website"
                    ],
                    "primary": {
                        "id": "E1BECTNT6FB3GS",
                        "attributes": {
                            "active_trusted_signers.%": "2",
                            "active_trusted_signers.enabled": "false",
                            "active_trusted_signers.items.#": "0",
                            "aliases.#": "1",
                            "aliases.2752305154": "dev-assets.artrunde.com",
                            "arn": "arn:aws:cloudfront::401237329133:distribution/E1BECTNT6FB3GS",
                            "cache_behavior.#": "0",
                            "caller_reference": "2017-02-18T20:41:17.13222513+01:00",
                            "comment": "Cloudfront assets distribution",
                            "custom_error_response.#": "0",
                            "default_cache_behavior.#": "1",
                            "default_cache_behavior.1753559947.allowed_methods.#": "3",
                            "default_cache_behavior.1753559947.allowed_methods.0": "HEAD",
                            "default_cache_behavior.1753559947.allowed_methods.1": "GET",
                            "default_cache_behavior.1753559947.allowed_methods.2": "OPTIONS",
                            "default_cache_behavior.1753559947.cached_methods.#": "2",
                            "default_cache_behavior.1753559947.cached_methods.0": "HEAD",
                            "default_cache_behavior.1753559947.cached_methods.1": "GET",
                            "default_cache_behavior.1753559947.compress": "false",
                            "default_cache_behavior.1753559947.default_ttl": "8640000",
                            "default_cache_behavior.1753559947.forwarded_values.#": "1",
                            "default_cache_behavior.1753559947.forwarded_values.2759845635.cookies.#": "1",
                            "default_cache_behavior.1753559947.forwarded_values.2759845635.cookies.2625240281.forward": "none",
                            "default_cache_behavior.1753559947.forwarded_values.2759845635.cookies.2625240281.whitelisted_names.#": "0",
                            "default_cache_behavior.1753559947.forwarded_values.2759845635.headers.#": "0",
                            "default_cache_behavior.1753559947.forwarded_values.2759845635.query_string": "false",
                            "default_cache_behavior.1753559947.forwarded_values.2759845635.query_string_cache_keys.#": "0",
                            "default_cache_behavior.1753559947.lambda_function_association.#": "0",
                            "default_cache_behavior.1753559947.max_ttl": "8640000",
                            "default_cache_behavior.1753559947.min_ttl": "86400",
                            "default_cache_behavior.1753559947.smooth_streaming": "false",
                            "default_cache_behavior.1753559947.target_origin_id": "E1F5YKLCKPJHBZ",
                            "default_cache_behavior.1753559947.trusted_signers.#": "0",
                            "default_cache_behavior.1753559947.viewer_protocol_policy": "allow-all",
                            "default_root_object": "index.html",
                            "domain_name": "d3ngd9i14gtl65.cloudfront.net",
                            "enabled": "true",
                            "etag": "E3VCDEP7474WBU",
                            "hosted_zone_id": "Z2FDTNDATAQYW2",
                            "http_version": "http2",
                            "id": "E1BECTNT6FB3GS",
                            "in_progress_validation_batches": "0",
                            "is_ipv6_enabled": "true",
                            "last_modified_time": "2017-02-18 19:41:24.801 +0000 UTC",
                            "logging_config.#": "0",
                            "origin.#": "1",
                            "origin.401039363.custom_header.#": "0",
                            "origin.401039363.custom_origin_config.#": "0",
                            "origin.401039363.domain_name": "dev-assets.artrunde.com.s3.amazonaws.com",
                            "origin.401039363.origin_id": "E1F5YKLCKPJHBZ",
                            "origin.401039363.origin_path": "",
                            "origin.401039363.s3_origin_config.#": "1",
                            "origin.401039363.s3_origin_config.2080663394.origin_access_identity": "origin-access-identity/cloudfront/E1F5YKLCKPJHBZ",
                            "price_class": "PriceClass_100",
                            "restrictions.#": "1",
                            "restrictions.1097372288.geo_restriction.#": "1",
                            "restrictions.1097372288.geo_restriction.2625240281.locations.#": "0",
                            "restrictions.1097372288.geo_restriction.2625240281.restriction_type": "none",
                            "retain_on_delete": "false",
                            "status": "InProgress",
                            "tags.%": "1",
                            "tags.env": "dev",
                            "viewer_certificate.#": "1",
                            "viewer_certificate.2205341285.acm_certificate_arn": "arn:aws:acm:us-east-1:401237329133:certificate/890f1dd0-214f-48ab-a600-0e49942fbde5",
                            "viewer_certificate.2205341285.cloudfront_default_certificate": "false",
                            "viewer_certificate.2205341285.iam_certificate_id": "",
                            "viewer_certificate.2205341285.minimum_protocol_version": "TLSv1",
                            "viewer_certificate.2205341285.ssl_support_method": "sni-only",
                            "web_acl_id": ""
                        },
                        "meta": {},
                        "tainted": false
                    },
                    "deposed": [],
                    "provider": ""
                },
                "aws_cloudfront_origin_access_identity.origin_identity": {
                    "type": "aws_cloudfront_origin_access_identity",
                    "depends_on": [],
                    "primary": {
                        "id": "E1F5YKLCKPJHBZ",
                        "attributes": {
                            "caller_reference": "2017-02-18T20:41:07.66210215+01:00",
                            "cloudfront_access_identity_path": "origin-access-identity/cloudfront/E1F5YKLCKPJHBZ",
                            "comment": "Origin identity",
                            "etag": "E29KXEDTAP0APN",
                            "iam_arn": "arn:aws:iam::cloudfront:user/CloudFront Origin Access Identity E1F5YKLCKPJHBZ",
                            "id": "E1F5YKLCKPJHBZ",
                            "s3_canonical_user_id": "ac68eae833dedeb38d816d6061ba8de92d3e33369a3af8a8ff3f240f0ed91be980eba1b5f35f42278b9a5a398c05d74d"
                        },
                        "meta": {},
                        "tainted": false
                    },
                    "deposed": [],
                    "provider": ""
                },
                "aws_route53_record.cdn_assets": {
                    "type": "aws_route53_record",
                    "depends_on": [
                        "aws_cloudfront_distribution.cdn_distribution",
                        "aws_cloudfront_distribution.cdn_distribution",
                        "data.aws_route53_zone.root-domain"
                    ],
                    "primary": {
                        "id": "Z1SF9WIPWYI9IH_dev-assets_A",
                        "attributes": {
                            "alias.#": "1",
                            "alias.666987922.evaluate_target_health": "false",
                            "alias.666987922.name": "d3ngd9i14gtl65.cloudfront.net",
                            "alias.666987922.zone_id": "Z2FDTNDATAQYW2",
                            "fqdn": "dev-assets.artrunde.com",
                            "health_check_id": "",
                            "id": "Z1SF9WIPWYI9IH_dev-assets_A",
                            "name": "dev-assets",
                            "records.#": "0",
                            "set_identifier": "",
                            "ttl": "0",
                            "type": "A",
                            "zone_id": "Z1SF9WIPWYI9IH"
                        },
                        "meta": {
                            "schema_version": "2"
                        },
                        "tainted": false
                    },
                    "deposed": [],
                    "provider": ""
                },
                "aws_s3_bucket.s3-website": {
                    "type": "aws_s3_bucket",
                    "depends_on": [
                        "aws_s3_bucket.s3-website-log"
                    ],
                    "primary": {
                        "id": "dev-assets.artrunde.com",
                        "attributes": {
                            "acceleration_status": "",
                            "acl": "public-read",
                            "arn": "arn:aws:s3:::dev-assets.artrunde.com",
                            "bucket": "dev-assets.artrunde.com",
                            "bucket_domain_name": "dev-assets.artrunde.com.s3.amazonaws.com",
                            "cors_rule.#": "1",
                            "cors_rule.0.allowed_headers.#": "1",
                            "cors_rule.0.allowed_headers.0": "*",
                            "cors_rule.0.allowed_methods.#": "1",
                            "cors_rule.0.allowed_methods.0": "GET",
                            "cors_rule.0.allowed_origins.#": "1",
                            "cors_rule.0.allowed_origins.0": "*",
                            "cors_rule.0.expose_headers.#": "1",
                            "cors_rule.0.expose_headers.0": "ETag",
                            "cors_rule.0.max_age_seconds": "300",
                            "force_destroy": "true",
                            "hosted_zone_id": "Z21DNDUVLTQW6Q",
                            "id": "dev-assets.artrunde.com",
                            "logging.#": "1",
                            "logging.3820680492.target_bucket": "dev-assets.artrunde.com-logs-a19de15973da10ff",
                            "logging.3820680492.target_prefix": "",
                            "policy": "{\"Statement\":[{\"Action\":\"s3:GetObject\",\"Effect\":\"Allow\",\"Principal\":\"*\",\"Resource\":\"arn:aws:s3:::dev-assets.artrunde.com/*\",\"Sid\":\"PublicReadGetObject\"}],\"Version\":\"2012-10-17\"}",
                            "region": "eu-central-1",
                            "request_payer": "BucketOwner",
                            "tags.%": "1",
                            "tags.env": "dev",
                            "versioning.#": "1",
                            "versioning.0.enabled": "false",
                            "versioning.0.mfa_delete": "false",
                            "website.#": "1",
                            "website.0.error_document": "error.html",
                            "website.0.index_document": "index.html",
                            "website.0.redirect_all_requests_to": "",
                            "website.0.routing_rules": "",
                            "website_domain": "s3-website.eu-central-1.amazonaws.com",
                            "website_endpoint": "dev-assets.artrunde.com.s3-website.eu-central-1.amazonaws.com"
                        },
                        "meta": {},
                        "tainted": false
                    },
                    "deposed": [],
                    "provider": ""
                },
                "aws_s3_bucket.s3-website-log": {
                    "type": "aws_s3_bucket",
                    "depends_on": [
                        "random_id.log-suffix"
                    ],
                    "primary": {
                        "id": "dev-assets.artrunde.com-logs-a19de15973da10ff",
                        "attributes": {
                            "acceleration_status": "",
                            "acl": "log-delivery-write",
                            "arn": "arn:aws:s3:::dev-assets.artrunde.com-logs-a19de15973da10ff",
                            "bucket": "dev-assets.artrunde.com-logs-a19de15973da10ff",
                            "bucket_domain_name": "dev-assets.artrunde.com-logs-a19de15973da10ff.s3.amazonaws.com",
                            "force_destroy": "false",
                            "hosted_zone_id": "Z21DNDUVLTQW6Q",
                            "id": "dev-assets.artrunde.com-logs-a19de15973da10ff",
                            "region": "eu-central-1",
                            "request_payer": "BucketOwner",
                            "tags.%": "1",
                            "tags.env": "dev",
                            "versioning.#": "1",
                            "versioning.0.enabled": "false",
                            "versioning.0.mfa_delete": "false",
                            "website.#": "0"
                        },
                        "meta": {},
                        "tainted": false
                    },
                    "deposed": [],
                    "provider": ""
                },
                "data.aws_route53_zone.root-domain": {
                    "type": "aws_route53_zone",
                    "depends_on": [],
                    "primary": {
                        "id": "Z1SF9WIPWYI9IH",
                        "attributes": {
                            "caller_reference": "52923508-F90B-0794-9770-78108F58D89A",
                            "comment": "Root domain",
                            "id": "Z1SF9WIPWYI9IH",
                            "name": "artrunde.com.",
                            "private_zone": "false",
                            "resource_record_set_count": "7",
                            "zone_id": "Z1SF9WIPWYI9IH"
                        },
                        "meta": {},
                        "tainted": false
                    },
                    "deposed": [],
                    "provider": ""
                },
                "random_id.log-suffix": {
                    "type": "random_id",
                    "depends_on": [],
                    "primary": {
                        "id": "oZ3hWXPaEP8",
                        "attributes": {
                            "b64": "oZ3hWXPaEP8",
                            "b64_std": "oZ3hWXPaEP8=",
                            "b64_url": "oZ3hWXPaEP8",
                            "byte_length": "8",
                            "dec": "11645711985761980671",
                            "hex": "a19de15973da10ff",
                            "id": "oZ3hWXPaEP8"
                        },
                        "meta": {},
                        "tainted": false
                    },
                    "deposed": [],
                    "provider": ""
                }
            },
            "depends_on": []
        },
        {
            "path": [
                "root",
                "frontend-html"
            ],
            "outputs": {
                "s3_bucket_id": {
                    "sensitive": false,
                    "type": "string",
                    "value": "dev-www.artrunde.com"
                },
                "s3_website_endpoint": {
                    "sensitive": false,
                    "type": "string",
                    "value": "dev-www.artrunde.com.s3-website.eu-central-1.amazonaws.com"
                }
            },
            "resources": {
                "aws_cloudfront_distribution.cdn_distribution": {
                    "type": "aws_cloudfront_distribution",
                    "depends_on": [
                        "aws_cloudfront_origin_access_identity.origin_identity",
                        "aws_cloudfront_origin_access_identity.origin_identity",
                        "aws_s3_bucket.s3-website"
                    ],
                    "primary": {
                        "id": "E2J8VMQ2SHTGY8",
                        "attributes": {
                            "active_trusted_signers.%": "2",
                            "active_trusted_signers.enabled": "false",
                            "active_trusted_signers.items.#": "0",
                            "aliases.#": "1",
                            "aliases.2870030672": "dev-www.artrunde.com",
                            "arn": "arn:aws:cloudfront::401237329133:distribution/E2J8VMQ2SHTGY8",
                            "cache_behavior.#": "0",
                            "caller_reference": "2017-02-18T20:41:14.758007979+01:00",
                            "comment": "Cloudfront assets distribution",
                            "custom_error_response.#": "0",
                            "default_cache_behavior.#": "1",
                            "default_cache_behavior.3447462781.allowed_methods.#": "3",
                            "default_cache_behavior.3447462781.allowed_methods.0": "HEAD",
                            "default_cache_behavior.3447462781.allowed_methods.1": "GET",
                            "default_cache_behavior.3447462781.allowed_methods.2": "OPTIONS",
                            "default_cache_behavior.3447462781.cached_methods.#": "2",
                            "default_cache_behavior.3447462781.cached_methods.0": "HEAD",
                            "default_cache_behavior.3447462781.cached_methods.1": "GET",
                            "default_cache_behavior.3447462781.compress": "false",
                            "default_cache_behavior.3447462781.default_ttl": "60",
                            "default_cache_behavior.3447462781.forwarded_values.#": "1",
                            "default_cache_behavior.3447462781.forwarded_values.2759845635.cookies.#": "1",
                            "default_cache_behavior.3447462781.forwarded_values.2759845635.cookies.2625240281.forward": "none",
                            "default_cache_behavior.3447462781.forwarded_values.2759845635.cookies.2625240281.whitelisted_names.#": "0",
                            "default_cache_behavior.3447462781.forwarded_values.2759845635.headers.#": "0",
                            "default_cache_behavior.3447462781.forwarded_values.2759845635.query_string": "false",
                            "default_cache_behavior.3447462781.forwarded_values.2759845635.query_string_cache_keys.#": "0",
                            "default_cache_behavior.3447462781.lambda_function_association.#": "0",
                            "default_cache_behavior.3447462781.max_ttl": "300",
                            "default_cache_behavior.3447462781.min_ttl": "0",
                            "default_cache_behavior.3447462781.smooth_streaming": "false",
                            "default_cache_behavior.3447462781.target_origin_id": "E2OO1NZO4C2GWF",
                            "default_cache_behavior.3447462781.trusted_signers.#": "0",
                            "default_cache_behavior.3447462781.viewer_protocol_policy": "allow-all",
                            "default_root_object": "index.html",
                            "domain_name": "d31ki4y5bbi0fy.cloudfront.net",
                            "enabled": "true",
                            "etag": "E3E72YMPZ1XK78",
                            "hosted_zone_id": "Z2FDTNDATAQYW2",
                            "http_version": "http2",
                            "id": "E2J8VMQ2SHTGY8",
                            "in_progress_validation_batches": "0",
                            "is_ipv6_enabled": "true",
                            "last_modified_time": "2017-02-18 19:41:22.444 +0000 UTC",
                            "logging_config.#": "0",
                            "origin.#": "1",
                            "origin.2862486415.custom_header.#": "0",
                            "origin.2862486415.custom_origin_config.#": "0",
                            "origin.2862486415.domain_name": "dev-www.artrunde.com.s3.amazonaws.com",
                            "origin.2862486415.origin_id": "E2OO1NZO4C2GWF",
                            "origin.2862486415.origin_path": "",
                            "origin.2862486415.s3_origin_config.#": "1",
                            "origin.2862486415.s3_origin_config.1073734688.origin_access_identity": "origin-access-identity/cloudfront/E2OO1NZO4C2GWF",
                            "price_class": "PriceClass_100",
                            "restrictions.#": "1",
                            "restrictions.1097372288.geo_restriction.#": "1",
                            "restrictions.1097372288.geo_restriction.2625240281.locations.#": "0",
                            "restrictions.1097372288.geo_restriction.2625240281.restriction_type": "none",
                            "retain_on_delete": "false",
                            "status": "InProgress",
                            "tags.%": "1",
                            "tags.env": "dev",
                            "viewer_certificate.#": "1",
                            "viewer_certificate.2205341285.acm_certificate_arn": "arn:aws:acm:us-east-1:401237329133:certificate/890f1dd0-214f-48ab-a600-0e49942fbde5",
                            "viewer_certificate.2205341285.cloudfront_default_certificate": "false",
                            "viewer_certificate.2205341285.iam_certificate_id": "",
                            "viewer_certificate.2205341285.minimum_protocol_version": "TLSv1",
                            "viewer_certificate.2205341285.ssl_support_method": "sni-only",
                            "web_acl_id": ""
                        },
                        "meta": {},
                        "tainted": false
                    },
                    "deposed": [],
                    "provider": ""
                },
                "aws_cloudfront_origin_access_identity.origin_identity": {
                    "type": "aws_cloudfront_origin_access_identity",
                    "depends_on": [],
                    "primary": {
                        "id": "E2OO1NZO4C2GWF",
                        "attributes": {
                            "caller_reference": "2017-02-18T20:41:07.531806879+01:00",
                            "cloudfront_access_identity_path": "origin-access-identity/cloudfront/E2OO1NZO4C2GWF",
                            "comment": "Origin identity",
                            "etag": "E22UGS6RQ1T5CO",
                            "iam_arn": "arn:aws:iam::cloudfront:user/CloudFront Origin Access Identity E2OO1NZO4C2GWF",
                            "id": "E2OO1NZO4C2GWF",
                            "s3_canonical_user_id": "93c7b47d328f71de9abbee3c77eda76fad135a2c1d461a3a69f87445290e803b1d7fd99a9e20655d2834c495dc7ab1cb"
                        },
                        "meta": {},
                        "tainted": false
                    },
                    "deposed": [],
                    "provider": ""
                },
                "aws_route53_record.cdn_assets": {
                    "type": "aws_route53_record",
                    "depends_on": [
                        "aws_cloudfront_distribution.cdn_distribution",
                        "aws_cloudfront_distribution.cdn_distribution",
                        "data.aws_route53_zone.root-domain"
                    ],
                    "primary": {
                        "id": "Z1SF9WIPWYI9IH_dev-www_A",
                        "attributes": {
                            "alias.#": "1",
                            "alias.3576364452.evaluate_target_health": "false",
                            "alias.3576364452.name": "d31ki4y5bbi0fy.cloudfront.net",
                            "alias.3576364452.zone_id": "Z2FDTNDATAQYW2",
                            "fqdn": "dev-www.artrunde.com",
                            "health_check_id": "",
                            "id": "Z1SF9WIPWYI9IH_dev-www_A",
                            "name": "dev-www",
                            "records.#": "0",
                            "set_identifier": "",
                            "ttl": "0",
                            "type": "A",
                            "zone_id": "Z1SF9WIPWYI9IH"
                        },
                        "meta": {
                            "schema_version": "2"
                        },
                        "tainted": false
                    },
                    "deposed": [],
                    "provider": ""
                },
                "aws_s3_bucket.s3-website": {
                    "type": "aws_s3_bucket",
                    "depends_on": [
                        "aws_s3_bucket.s3-website-log"
                    ],
                    "primary": {
                        "id": "dev-www.artrunde.com",
                        "attributes": {
                            "acceleration_status": "",
                            "acl": "public-read",
                            "arn": "arn:aws:s3:::dev-www.artrunde.com",
                            "bucket": "dev-www.artrunde.com",
                            "bucket_domain_name": "dev-www.artrunde.com.s3.amazonaws.com",
                            "cors_rule.#": "1",
                            "cors_rule.0.allowed_headers.#": "1",
                            "cors_rule.0.allowed_headers.0": "*",
                            "cors_rule.0.allowed_methods.#": "1",
                            "cors_rule.0.allowed_methods.0": "GET",
                            "cors_rule.0.allowed_origins.#": "1",
                            "cors_rule.0.allowed_origins.0": "*",
                            "cors_rule.0.expose_headers.#": "1",
                            "cors_rule.0.expose_headers.0": "ETag",
                            "cors_rule.0.max_age_seconds": "300",
                            "force_destroy": "true",
                            "hosted_zone_id": "Z21DNDUVLTQW6Q",
                            "id": "dev-www.artrunde.com",
                            "logging.#": "1",
                            "logging.2093393156.target_bucket": "dev-www.artrunde.com-logs-427a98e333b19090",
                            "logging.2093393156.target_prefix": "",
                            "policy": "",
                            "region": "eu-central-1",
                            "request_payer": "BucketOwner",
                            "tags.%": "1",
                            "tags.env": "dev",
                            "versioning.#": "1",
                            "versioning.0.enabled": "false",
                            "versioning.0.mfa_delete": "false",
                            "website.#": "1",
                            "website.0.error_document": "error.html",
                            "website.0.index_document": "index.html",
                            "website.0.redirect_all_requests_to": "",
                            "website.0.routing_rules": "",
                            "website_domain": "s3-website.eu-central-1.amazonaws.com",
                            "website_endpoint": "dev-www.artrunde.com.s3-website.eu-central-1.amazonaws.com"
                        },
                        "meta": {},
                        "tainted": false
                    },
                    "deposed": [],
                    "provider": ""
                },
                "aws_s3_bucket.s3-website-log": {
                    "type": "aws_s3_bucket",
                    "depends_on": [
                        "random_id.log-suffix"
                    ],
                    "primary": {
                        "id": "dev-www.artrunde.com-logs-427a98e333b19090",
                        "attributes": {
                            "acceleration_status": "",
                            "acl": "log-delivery-write",
                            "arn": "arn:aws:s3:::dev-www.artrunde.com-logs-427a98e333b19090",
                            "bucket": "dev-www.artrunde.com-logs-427a98e333b19090",
                            "bucket_domain_name": "dev-www.artrunde.com-logs-427a98e333b19090.s3.amazonaws.com",
                            "force_destroy": "false",
                            "hosted_zone_id": "Z21DNDUVLTQW6Q",
                            "id": "dev-www.artrunde.com-logs-427a98e333b19090",
                            "region": "eu-central-1",
                            "request_payer": "BucketOwner",
                            "tags.%": "1",
                            "tags.env": "dev",
                            "versioning.#": "1",
                            "versioning.0.enabled": "false",
                            "versioning.0.mfa_delete": "false",
                            "website.#": "0"
                        },
                        "meta": {},
                        "tainted": false
                    },
                    "deposed": [],
                    "provider": ""
                },
                "data.aws_route53_zone.root-domain": {
                    "type": "aws_route53_zone",
                    "depends_on": [],
                    "primary": {
                        "id": "Z1SF9WIPWYI9IH",
                        "attributes": {
                            "caller_reference": "52923508-F90B-0794-9770-78108F58D89A",
                            "comment": "Root domain",
                            "id": "Z1SF9WIPWYI9IH",
                            "name": "artrunde.com.",
                            "private_zone": "false",
                            "resource_record_set_count": "7",
                            "zone_id": "Z1SF9WIPWYI9IH"
                        },
                        "meta": {},
                        "tainted": false
                    },
                    "deposed": [],
                    "provider": ""
                },
                "random_id.log-suffix": {
                    "type": "random_id",
                    "depends_on": [],
                    "primary": {
                        "id": "QnqY4zOxkJA",
                        "attributes": {
                            "b64": "QnqY4zOxkJA",
                            "b64_std": "QnqY4zOxkJA=",
                            "b64_url": "QnqY4zOxkJA",
                            "byte_length": "8",
                            "dec": "4790309255254216848",
                            "hex": "427a98e333b19090",
                            "id": "QnqY4zOxkJA"
                        },
                        "meta": {},
                        "tainted": false
                    },
                    "deposed": [],
                    "provider": ""
                }
            },
            "depends_on": []
        }
    ]
}
