{
    "version": 3,
    "terraform_version": "0.8.6",
    "serial": 1,
    "lineage": "8cd6f73a-cad9-4f04-affd-61d4bb3eb80d",
    "modules": [
        {
            "path": [
                "root"
            ],
            "outputs": {
                "s3_assets_bucket_domain_name": {
                    "sensitive": false,
                    "type": "string",
                    "value": "dev-assets.artrunde.com.s3.amazonaws.com"
                },
                "s3_assets_bucket_id": {
                    "sensitive": false,
                    "type": "string",
                    "value": "dev-assets.artrunde.com"
                },
                "s3_assets_website_endpoint": {
                    "sensitive": false,
                    "type": "string",
                    "value": "dev-assets.artrunde.com.s3-website.eu-central-1.amazonaws.com"
                },
                "s3_www_bucket_domain_name": {
                    "sensitive": false,
                    "type": "string",
                    "value": "dev-www.artrunde.com.s3.amazonaws.com"
                },
                "s3_www_bucket_id": {
                    "sensitive": false,
                    "type": "string",
                    "value": "dev-www.artrunde.com"
                },
                "s3_www_website_endpoint": {
                    "sensitive": false,
                    "type": "string",
                    "value": "dev-www.artrunde.com.s3-website.eu-central-1.amazonaws.com"
                }
            },
            "resources": {},
            "depends_on": []
        },
        {
            "path": [
                "root",
                "frontend-static"
            ],
            "outputs": {
                "s3_assets_bucket_domain_name": {
                    "sensitive": false,
                    "type": "string",
                    "value": "dev-assets.artrunde.com.s3.amazonaws.com"
                },
                "s3_assets_bucket_id": {
                    "sensitive": false,
                    "type": "string",
                    "value": "dev-assets.artrunde.com"
                },
                "s3_assets_website_endpoint": {
                    "sensitive": false,
                    "type": "string",
                    "value": "dev-assets.artrunde.com.s3-website.eu-central-1.amazonaws.com"
                },
                "s3_www_bucket_domain_name": {
                    "sensitive": false,
                    "type": "string",
                    "value": "dev-www.artrunde.com.s3.amazonaws.com"
                },
                "s3_www_bucket_id": {
                    "sensitive": false,
                    "type": "string",
                    "value": "dev-www.artrunde.com"
                },
                "s3_www_website_endpoint": {
                    "sensitive": false,
                    "type": "string",
                    "value": "dev-www.artrunde.com.s3-website.eu-central-1.amazonaws.com"
                }
            },
            "resources": {
                "aws_cloudfront_distribution.assets_distribution": {
                    "type": "aws_cloudfront_distribution",
                    "depends_on": [
                        "aws_cloudfront_origin_access_identity.origin_access_identity",
                        "aws_cloudfront_origin_access_identity.origin_access_identity",
                        "aws_s3_bucket.www-public-assets"
                    ],
                    "primary": {
                        "id": "E35PBWFBQDCCRU",
                        "attributes": {
                            "active_trusted_signers.%": "2",
                            "active_trusted_signers.enabled": "false",
                            "active_trusted_signers.items.#": "0",
                            "aliases.#": "1",
                            "aliases.2752305154": "dev-assets.artrunde.com",
                            "arn": "arn:aws:cloudfront::401237329133:distribution/E35PBWFBQDCCRU",
                            "cache_behavior.#": "0",
                            "caller_reference": "2017-02-17T10:26:33.705853559+01:00",
                            "comment": "Cloudfront assets distribution",
                            "custom_error_response.#": "0",
                            "default_cache_behavior.#": "1",
                            "default_cache_behavior.281384337.allowed_methods.#": "3",
                            "default_cache_behavior.281384337.allowed_methods.0": "HEAD",
                            "default_cache_behavior.281384337.allowed_methods.1": "GET",
                            "default_cache_behavior.281384337.allowed_methods.2": "OPTIONS",
                            "default_cache_behavior.281384337.cached_methods.#": "2",
                            "default_cache_behavior.281384337.cached_methods.0": "HEAD",
                            "default_cache_behavior.281384337.cached_methods.1": "GET",
                            "default_cache_behavior.281384337.compress": "false",
                            "default_cache_behavior.281384337.default_ttl": "60",
                            "default_cache_behavior.281384337.forwarded_values.#": "1",
                            "default_cache_behavior.281384337.forwarded_values.2759845635.cookies.#": "1",
                            "default_cache_behavior.281384337.forwarded_values.2759845635.cookies.2625240281.forward": "none",
                            "default_cache_behavior.281384337.forwarded_values.2759845635.cookies.2625240281.whitelisted_names.#": "0",
                            "default_cache_behavior.281384337.forwarded_values.2759845635.headers.#": "0",
                            "default_cache_behavior.281384337.forwarded_values.2759845635.query_string": "false",
                            "default_cache_behavior.281384337.forwarded_values.2759845635.query_string_cache_keys.#": "0",
                            "default_cache_behavior.281384337.lambda_function_association.#": "0",
                            "default_cache_behavior.281384337.max_ttl": "300",
                            "default_cache_behavior.281384337.min_ttl": "0",
                            "default_cache_behavior.281384337.smooth_streaming": "false",
                            "default_cache_behavior.281384337.target_origin_id": "E1PWXJ7HNCVVEO",
                            "default_cache_behavior.281384337.trusted_signers.#": "0",
                            "default_cache_behavior.281384337.viewer_protocol_policy": "allow-all",
                            "default_root_object": "index.html",
                            "domain_name": "dcj2008r2yygi.cloudfront.net",
                            "enabled": "true",
                            "etag": "E2CF7U38NZ18JF",
                            "hosted_zone_id": "Z2FDTNDATAQYW2",
                            "http_version": "http2",
                            "id": "E35PBWFBQDCCRU",
                            "in_progress_validation_batches": "0",
                            "is_ipv6_enabled": "true",
                            "last_modified_time": "2017-02-17 09:26:40.757 +0000 UTC",
                            "logging_config.#": "0",
                            "origin.#": "1",
                            "origin.409918130.custom_header.#": "0",
                            "origin.409918130.custom_origin_config.#": "0",
                            "origin.409918130.domain_name": "dev-assets.artrunde.com.s3.amazonaws.com",
                            "origin.409918130.origin_id": "E1PWXJ7HNCVVEO",
                            "origin.409918130.origin_path": "",
                            "origin.409918130.s3_origin_config.#": "1",
                            "origin.409918130.s3_origin_config.1560931454.origin_access_identity": "origin-access-identity/cloudfront/E1PWXJ7HNCVVEO",
                            "price_class": "PriceClass_100",
                            "restrictions.#": "1",
                            "restrictions.1097372288.geo_restriction.#": "1",
                            "restrictions.1097372288.geo_restriction.2625240281.locations.#": "0",
                            "restrictions.1097372288.geo_restriction.2625240281.restriction_type": "none",
                            "retain_on_delete": "false",
                            "status": "InProgress",
                            "tags.%": "2",
                            "tags.env": "dev",
                            "tags.name": "CDN distribution for dev assets",
                            "viewer_certificate.#": "1",
                            "viewer_certificate.2205341285.acm_certificate_arn": "arn:aws:acm:us-east-1:401237329133:certificate/890f1dd0-214f-48ab-a600-0e49942fbde5",
                            "viewer_certificate.2205341285.cloudfront_default_certificate": "false",
                            "viewer_certificate.2205341285.iam_certificate_id": "",
                            "viewer_certificate.2205341285.minimum_protocol_version": "TLSv1",
                            "viewer_certificate.2205341285.ssl_support_method": "sni-only",
                            "web_acl_id": ""
                        },
                        "meta": {},
                        "tainted": false
                    },
                    "deposed": [],
                    "provider": ""
                },
                "aws_cloudfront_origin_access_identity.origin_access_identity": {
                    "type": "aws_cloudfront_origin_access_identity",
                    "depends_on": [],
                    "primary": {
                        "id": "E1PWXJ7HNCVVEO",
                        "attributes": {
                            "caller_reference": "2017-02-17T10:26:20.12591447+01:00",
                            "cloudfront_access_identity_path": "origin-access-identity/cloudfront/E1PWXJ7HNCVVEO",
                            "comment": "Asset origin identity",
                            "etag": "E21XYB4GP6LNVJ",
                            "iam_arn": "arn:aws:iam::cloudfront:user/CloudFront Origin Access Identity E1PWXJ7HNCVVEO",
                            "id": "E1PWXJ7HNCVVEO",
                            "s3_canonical_user_id": "b82be86b246fa2601853121150275ae7c8934c804aee3bb807d360773fb27021c5fd307dcd0837a583dc952c19de3276"
                        },
                        "meta": {},
                        "tainted": false
                    },
                    "deposed": [],
                    "provider": ""
                },
                "aws_route53_record.cdn_assets": {
                    "type": "aws_route53_record",
                    "depends_on": [
                        "aws_cloudfront_distribution.assets_distribution",
                        "aws_cloudfront_distribution.assets_distribution",
                        "data.aws_route53_zone.primary"
                    ],
                    "primary": {
                        "id": "Z1SF9WIPWYI9IH_dev-assets_A",
                        "attributes": {
                            "alias.#": "1",
                            "alias.2686229166.evaluate_target_health": "false",
                            "alias.2686229166.name": "dcj2008r2yygi.cloudfront.net",
                            "alias.2686229166.zone_id": "Z2FDTNDATAQYW2",
                            "fqdn": "dev-assets.artrunde.com",
                            "health_check_id": "",
                            "id": "Z1SF9WIPWYI9IH_dev-assets_A",
                            "name": "dev-assets",
                            "records.#": "0",
                            "set_identifier": "",
                            "ttl": "0",
                            "type": "A",
                            "zone_id": "Z1SF9WIPWYI9IH"
                        },
                        "meta": {
                            "schema_version": "2"
                        },
                        "tainted": false
                    },
                    "deposed": [],
                    "provider": ""
                },
                "aws_route53_record.www": {
                    "type": "aws_route53_record",
                    "depends_on": [
                        "aws_s3_bucket.www-public",
                        "aws_s3_bucket.www-public",
                        "data.aws_route53_zone.primary"
                    ],
                    "primary": {
                        "id": "Z1SF9WIPWYI9IH_dev-www_A",
                        "attributes": {
                            "alias.#": "1",
                            "alias.1470388263.evaluate_target_health": "true",
                            "alias.1470388263.name": "s3-website.eu-central-1.amazonaws.com",
                            "alias.1470388263.zone_id": "Z21DNDUVLTQW6Q",
                            "fqdn": "dev-www.artrunde.com",
                            "health_check_id": "",
                            "id": "Z1SF9WIPWYI9IH_dev-www_A",
                            "name": "dev-www",
                            "records.#": "0",
                            "set_identifier": "",
                            "ttl": "0",
                            "type": "A",
                            "zone_id": "Z1SF9WIPWYI9IH"
                        },
                        "meta": {
                            "schema_version": "2"
                        },
                        "tainted": false
                    },
                    "deposed": [],
                    "provider": ""
                },
                "aws_s3_bucket.www-public": {
                    "type": "aws_s3_bucket",
                    "depends_on": [
                        "aws_s3_bucket.www-public-logs"
                    ],
                    "primary": {
                        "id": "dev-www.artrunde.com",
                        "attributes": {
                            "acceleration_status": "",
                            "acl": "public-read",
                            "arn": "arn:aws:s3:::dev-www.artrunde.com",
                            "bucket": "dev-www.artrunde.com",
                            "bucket_domain_name": "dev-www.artrunde.com.s3.amazonaws.com",
                            "cors_rule.#": "1",
                            "cors_rule.0.allowed_headers.#": "1",
                            "cors_rule.0.allowed_headers.0": "*",
                            "cors_rule.0.allowed_methods.#": "1",
                            "cors_rule.0.allowed_methods.0": "GET",
                            "cors_rule.0.allowed_origins.#": "1",
                            "cors_rule.0.allowed_origins.0": "*",
                            "cors_rule.0.expose_headers.#": "1",
                            "cors_rule.0.expose_headers.0": "ETag",
                            "cors_rule.0.max_age_seconds": "300",
                            "force_destroy": "true",
                            "hosted_zone_id": "Z21DNDUVLTQW6Q",
                            "id": "dev-www.artrunde.com",
                            "logging.#": "1",
                            "logging.508020605.target_bucket": "www-public-logs-artrunde-bd25bccb34cbc270",
                            "logging.508020605.target_prefix": "dev-www.artrunde.com-",
                            "policy": "{\"Statement\":[{\"Action\":\"s3:GetObject\",\"Effect\":\"Allow\",\"Principal\":\"*\",\"Resource\":\"arn:aws:s3:::dev-www.artrunde.com/*\",\"Sid\":\"PublicReadGetObject\"}],\"Version\":\"2012-10-17\"}",
                            "region": "eu-central-1",
                            "request_payer": "BucketOwner",
                            "tags.%": "2",
                            "tags.env": "dev",
                            "tags.name": "Frontend service for HTML",
                            "versioning.#": "1",
                            "versioning.0.enabled": "false",
                            "versioning.0.mfa_delete": "false",
                            "website.#": "1",
                            "website.0.error_document": "error.html",
                            "website.0.index_document": "index.html",
                            "website.0.redirect_all_requests_to": "",
                            "website.0.routing_rules": "",
                            "website_domain": "s3-website.eu-central-1.amazonaws.com",
                            "website_endpoint": "dev-www.artrunde.com.s3-website.eu-central-1.amazonaws.com"
                        },
                        "meta": {},
                        "tainted": false
                    },
                    "deposed": [],
                    "provider": ""
                },
                "aws_s3_bucket.www-public-assets": {
                    "type": "aws_s3_bucket",
                    "depends_on": [
                        "aws_s3_bucket.www-public-logs"
                    ],
                    "primary": {
                        "id": "dev-assets.artrunde.com",
                        "attributes": {
                            "acceleration_status": "",
                            "acl": "public-read",
                            "arn": "arn:aws:s3:::dev-assets.artrunde.com",
                            "bucket": "dev-assets.artrunde.com",
                            "bucket_domain_name": "dev-assets.artrunde.com.s3.amazonaws.com",
                            "cors_rule.#": "1",
                            "cors_rule.0.allowed_headers.#": "1",
                            "cors_rule.0.allowed_headers.0": "*",
                            "cors_rule.0.allowed_methods.#": "1",
                            "cors_rule.0.allowed_methods.0": "GET",
                            "cors_rule.0.allowed_origins.#": "1",
                            "cors_rule.0.allowed_origins.0": "*",
                            "cors_rule.0.expose_headers.#": "1",
                            "cors_rule.0.expose_headers.0": "ETag",
                            "cors_rule.0.max_age_seconds": "86400",
                            "force_destroy": "true",
                            "hosted_zone_id": "Z21DNDUVLTQW6Q",
                            "id": "dev-assets.artrunde.com",
                            "logging.#": "1",
                            "logging.3703679129.target_bucket": "www-public-logs-artrunde-bd25bccb34cbc270",
                            "logging.3703679129.target_prefix": "dev-assets.artrunde.com-",
                            "policy": "{\"Statement\":[{\"Action\":\"s3:GetObject\",\"Effect\":\"Allow\",\"Principal\":\"*\",\"Resource\":\"arn:aws:s3:::dev-assets.artrunde.com/*\",\"Sid\":\"PublicReadGetObject\"}],\"Version\":\"2012-10-17\"}",
                            "region": "eu-central-1",
                            "request_payer": "BucketOwner",
                            "tags.%": "2",
                            "tags.env": "dev",
                            "tags.name": "Frontend service for assets",
                            "versioning.#": "1",
                            "versioning.0.enabled": "false",
                            "versioning.0.mfa_delete": "false",
                            "website.#": "1",
                            "website.0.error_document": "error.html",
                            "website.0.index_document": "index.html",
                            "website.0.redirect_all_requests_to": "",
                            "website.0.routing_rules": "",
                            "website_domain": "s3-website.eu-central-1.amazonaws.com",
                            "website_endpoint": "dev-assets.artrunde.com.s3-website.eu-central-1.amazonaws.com"
                        },
                        "meta": {},
                        "tainted": false
                    },
                    "deposed": [],
                    "provider": ""
                },
                "aws_s3_bucket.www-public-logs": {
                    "type": "aws_s3_bucket",
                    "depends_on": [
                        "random_id.www-public-logs"
                    ],
                    "primary": {
                        "id": "www-public-logs-artrunde-bd25bccb34cbc270",
                        "attributes": {
                            "acceleration_status": "",
                            "acl": "log-delivery-write",
                            "arn": "arn:aws:s3:::www-public-logs-artrunde-bd25bccb34cbc270",
                            "bucket": "www-public-logs-artrunde-bd25bccb34cbc270",
                            "bucket_domain_name": "www-public-logs-artrunde-bd25bccb34cbc270.s3.amazonaws.com",
                            "force_destroy": "false",
                            "hosted_zone_id": "Z21DNDUVLTQW6Q",
                            "id": "www-public-logs-artrunde-bd25bccb34cbc270",
                            "region": "eu-central-1",
                            "request_payer": "BucketOwner",
                            "tags.%": "2",
                            "tags.env": "dev",
                            "tags.name": "www-public-logs",
                            "versioning.#": "1",
                            "versioning.0.enabled": "false",
                            "versioning.0.mfa_delete": "false",
                            "website.#": "0"
                        },
                        "meta": {},
                        "tainted": false
                    },
                    "deposed": [],
                    "provider": ""
                },
                "data.aws_route53_zone.primary": {
                    "type": "aws_route53_zone",
                    "depends_on": [],
                    "primary": {
                        "id": "Z1SF9WIPWYI9IH",
                        "attributes": {
                            "caller_reference": "52923508-F90B-0794-9770-78108F58D89A",
                            "comment": "Root domain",
                            "id": "Z1SF9WIPWYI9IH",
                            "name": "artrunde.com.",
                            "private_zone": "false",
                            "resource_record_set_count": "9",
                            "zone_id": "Z1SF9WIPWYI9IH"
                        },
                        "meta": {},
                        "tainted": false
                    },
                    "deposed": [],
                    "provider": ""
                },
                "random_id.www-public-logs": {
                    "type": "random_id",
                    "depends_on": [],
                    "primary": {
                        "id": "vSW8yzTLwnA",
                        "attributes": {
                            "b64": "vSW8yzTLwnA",
                            "b64_std": "vSW8yzTLwnA=",
                            "b64_url": "vSW8yzTLwnA",
                            "byte_length": "8",
                            "dec": "13629507428256825968",
                            "hex": "bd25bccb34cbc270",
                            "id": "vSW8yzTLwnA"
                        },
                        "meta": {},
                        "tainted": false
                    },
                    "deposed": [],
                    "provider": ""
                }
            },
            "depends_on": []
        }
    ]
}
