{
    "version": 3,
    "terraform_version": "0.8.6",
    "serial": 3,
    "lineage": "368a2604-885b-450d-97ba-35e119965cd1",
    "modules": [
        {
            "path": [
                "root"
            ],
            "outputs": {
                "frontend_assets_bucket_id": {
                    "sensitive": false,
                    "type": "string",
                    "value": "dev-assets.artrunde.com"
                },
                "frontend_assets_s3_website_endpoint": {
                    "sensitive": false,
                    "type": "string",
                    "value": "dev-assets.artrunde.com.s3-website-us-east-1.amazonaws.com"
                },
                "frontend_html_bucket_id": {
                    "sensitive": false,
                    "type": "string",
                    "value": "dev-www.artrunde.com"
                },
                "frontend_html_s3_website_endpoint": {
                    "sensitive": false,
                    "type": "string",
                    "value": "dev-www.artrunde.com.s3-website-us-east-1.amazonaws.com"
                }
            },
            "resources": {
                "aws_iam_user_policy.circleci-frontend-policy": {
                    "type": "aws_iam_user_policy",
                    "depends_on": [
                        "module.frontend-assets",
                        "module.frontend-html"
                    ],
                    "primary": {
                        "id": "circleci-frontend:circleci-frontend-policy",
                        "attributes": {
                            "id": "circleci-frontend:circleci-frontend-policy",
                            "name": "circleci-frontend-policy",
                            "policy": "{\r\n  \"Version\": \"2012-10-17\",\r\n  \"Statement\": [\r\n    {\r\n      \"Sid\": \"CircleCIS3\",\r\n      \"Action\": [\r\n        \"s3:*\"\r\n      ],\r\n      \"Effect\": \"Allow\",\r\n      \"Resource\": [\r\n        \"arn:aws:s3:::dev-www.artrunde.com/*\",\r\n        \"arn:aws:s3:::dev-assets.artrunde.com/*\"\r\n      ]\r\n    }\r\n  ]\r\n}\r\n",
                            "user": "circleci-frontend"
                        },
                        "meta": {},
                        "tainted": false
                    },
                    "deposed": [],
                    "provider": ""
                }
            },
            "depends_on": []
        },
        {
            "path": [
                "root",
                "frontend-assets"
            ],
            "outputs": {
                "s3_bucket_id": {
                    "sensitive": false,
                    "type": "string",
                    "value": "dev-assets.artrunde.com"
                },
                "s3_website_endpoint": {
                    "sensitive": false,
                    "type": "string",
                    "value": "dev-assets.artrunde.com.s3-website-us-east-1.amazonaws.com"
                }
            },
            "resources": {
                "aws_route53_record.s3-website-dns-record": {
                    "type": "aws_route53_record",
                    "depends_on": [
                        "aws_s3_bucket.s3-website",
                        "aws_s3_bucket.s3-website",
                        "data.aws_route53_zone.root-domain"
                    ],
                    "primary": {
                        "id": "Z1SF9WIPWYI9IH_dev-assets_A",
                        "attributes": {
                            "alias.#": "1",
                            "alias.3804557109.evaluate_target_health": "true",
                            "alias.3804557109.name": "s3-website-us-east-1.amazonaws.com",
                            "alias.3804557109.zone_id": "Z3AQBSTGFYJSTF",
                            "fqdn": "dev-assets.artrunde.com",
                            "health_check_id": "",
                            "id": "Z1SF9WIPWYI9IH_dev-assets_A",
                            "name": "dev-assets",
                            "records.#": "0",
                            "set_identifier": "",
                            "ttl": "0",
                            "type": "A",
                            "zone_id": "Z1SF9WIPWYI9IH"
                        },
                        "meta": {
                            "schema_version": "2"
                        },
                        "tainted": false
                    },
                    "deposed": [],
                    "provider": ""
                },
                "aws_s3_bucket.s3-website": {
                    "type": "aws_s3_bucket",
                    "depends_on": [
                        "aws_s3_bucket.s3-website-log"
                    ],
                    "primary": {
                        "id": "dev-assets.artrunde.com",
                        "attributes": {
                            "acceleration_status": "",
                            "acl": "public-read",
                            "arn": "arn:aws:s3:::dev-assets.artrunde.com",
                            "bucket": "dev-assets.artrunde.com",
                            "bucket_domain_name": "dev-assets.artrunde.com.s3.amazonaws.com",
                            "cors_rule.#": "1",
                            "cors_rule.0.allowed_headers.#": "1",
                            "cors_rule.0.allowed_headers.0": "*",
                            "cors_rule.0.allowed_methods.#": "1",
                            "cors_rule.0.allowed_methods.0": "GET",
                            "cors_rule.0.allowed_origins.#": "1",
                            "cors_rule.0.allowed_origins.0": "*",
                            "cors_rule.0.expose_headers.#": "1",
                            "cors_rule.0.expose_headers.0": "ETag",
                            "cors_rule.0.max_age_seconds": "300",
                            "force_destroy": "true",
                            "hosted_zone_id": "Z3AQBSTGFYJSTF",
                            "id": "dev-assets.artrunde.com",
                            "logging.#": "1",
                            "logging.382842598.target_bucket": "dev-assets.artrunde.com-logs-2b81e0c7dca1b4b8",
                            "logging.382842598.target_prefix": "",
                            "policy": "{\"Statement\":[{\"Action\":\"s3:GetObject\",\"Effect\":\"Allow\",\"Principal\":\"*\",\"Resource\":\"arn:aws:s3:::dev-assets.artrunde.com/*\",\"Sid\":\"PublicReadGetObject\"}],\"Version\":\"2012-10-17\"}",
                            "region": "us-east-1",
                            "request_payer": "BucketOwner",
                            "tags.%": "1",
                            "tags.env": "dev",
                            "versioning.#": "1",
                            "versioning.0.enabled": "false",
                            "versioning.0.mfa_delete": "false",
                            "website.#": "1",
                            "website.0.error_document": "error.html",
                            "website.0.index_document": "index.html",
                            "website.0.redirect_all_requests_to": "",
                            "website.0.routing_rules": "",
                            "website_domain": "s3-website-us-east-1.amazonaws.com",
                            "website_endpoint": "dev-assets.artrunde.com.s3-website-us-east-1.amazonaws.com"
                        },
                        "meta": {},
                        "tainted": false
                    },
                    "deposed": [],
                    "provider": ""
                },
                "aws_s3_bucket.s3-website-log": {
                    "type": "aws_s3_bucket",
                    "depends_on": [
                        "random_id.log-suffix"
                    ],
                    "primary": {
                        "id": "dev-assets.artrunde.com-logs-2b81e0c7dca1b4b8",
                        "attributes": {
                            "acceleration_status": "",
                            "acl": "log-delivery-write",
                            "arn": "arn:aws:s3:::dev-assets.artrunde.com-logs-2b81e0c7dca1b4b8",
                            "bucket": "dev-assets.artrunde.com-logs-2b81e0c7dca1b4b8",
                            "bucket_domain_name": "dev-assets.artrunde.com-logs-2b81e0c7dca1b4b8.s3.amazonaws.com",
                            "force_destroy": "false",
                            "hosted_zone_id": "Z3AQBSTGFYJSTF",
                            "id": "dev-assets.artrunde.com-logs-2b81e0c7dca1b4b8",
                            "region": "us-east-1",
                            "request_payer": "BucketOwner",
                            "tags.%": "1",
                            "tags.env": "dev",
                            "versioning.#": "1",
                            "versioning.0.enabled": "false",
                            "versioning.0.mfa_delete": "false",
                            "website.#": "0"
                        },
                        "meta": {},
                        "tainted": false
                    },
                    "deposed": [],
                    "provider": ""
                },
                "data.aws_route53_zone.root-domain": {
                    "type": "aws_route53_zone",
                    "depends_on": [],
                    "primary": {
                        "id": "Z1SF9WIPWYI9IH",
                        "attributes": {
                            "caller_reference": "52923508-F90B-0794-9770-78108F58D89A",
                            "comment": "Root domain",
                            "id": "Z1SF9WIPWYI9IH",
                            "name": "artrunde.com.",
                            "private_zone": "false",
                            "resource_record_set_count": "7",
                            "zone_id": "Z1SF9WIPWYI9IH"
                        },
                        "meta": {},
                        "tainted": false
                    },
                    "deposed": [],
                    "provider": ""
                },
                "random_id.log-suffix": {
                    "type": "random_id",
                    "depends_on": [],
                    "primary": {
                        "id": "K4Hgx9yhtLg",
                        "attributes": {
                            "b64": "K4Hgx9yhtLg",
                            "b64_std": "K4Hgx9yhtLg=",
                            "b64_url": "K4Hgx9yhtLg",
                            "byte_length": "8",
                            "dec": "3135033964631274680",
                            "hex": "2b81e0c7dca1b4b8",
                            "id": "K4Hgx9yhtLg"
                        },
                        "meta": {},
                        "tainted": false
                    },
                    "deposed": [],
                    "provider": ""
                }
            },
            "depends_on": []
        },
        {
            "path": [
                "root",
                "frontend-html"
            ],
            "outputs": {
                "s3_bucket_id": {
                    "sensitive": false,
                    "type": "string",
                    "value": "dev-www.artrunde.com"
                },
                "s3_website_endpoint": {
                    "sensitive": false,
                    "type": "string",
                    "value": "dev-www.artrunde.com.s3-website-us-east-1.amazonaws.com"
                }
            },
            "resources": {
                "aws_route53_record.s3-website-dns-record": {
                    "type": "aws_route53_record",
                    "depends_on": [
                        "aws_s3_bucket.s3-website",
                        "aws_s3_bucket.s3-website",
                        "data.aws_route53_zone.root-domain"
                    ],
                    "primary": {
                        "id": "Z1SF9WIPWYI9IH_dev-www_A",
                        "attributes": {
                            "alias.#": "1",
                            "alias.3804557109.evaluate_target_health": "true",
                            "alias.3804557109.name": "s3-website-us-east-1.amazonaws.com",
                            "alias.3804557109.zone_id": "Z3AQBSTGFYJSTF",
                            "fqdn": "dev-www.artrunde.com",
                            "health_check_id": "",
                            "id": "Z1SF9WIPWYI9IH_dev-www_A",
                            "name": "dev-www",
                            "records.#": "0",
                            "set_identifier": "",
                            "ttl": "0",
                            "type": "A",
                            "zone_id": "Z1SF9WIPWYI9IH"
                        },
                        "meta": {
                            "schema_version": "2"
                        },
                        "tainted": false
                    },
                    "deposed": [],
                    "provider": ""
                },
                "aws_s3_bucket.s3-website": {
                    "type": "aws_s3_bucket",
                    "depends_on": [
                        "aws_s3_bucket.s3-website-log"
                    ],
                    "primary": {
                        "id": "dev-www.artrunde.com",
                        "attributes": {
                            "acceleration_status": "",
                            "acl": "public-read",
                            "arn": "arn:aws:s3:::dev-www.artrunde.com",
                            "bucket": "dev-www.artrunde.com",
                            "bucket_domain_name": "dev-www.artrunde.com.s3.amazonaws.com",
                            "cors_rule.#": "1",
                            "cors_rule.0.allowed_headers.#": "1",
                            "cors_rule.0.allowed_headers.0": "*",
                            "cors_rule.0.allowed_methods.#": "1",
                            "cors_rule.0.allowed_methods.0": "GET",
                            "cors_rule.0.allowed_origins.#": "1",
                            "cors_rule.0.allowed_origins.0": "*",
                            "cors_rule.0.expose_headers.#": "1",
                            "cors_rule.0.expose_headers.0": "ETag",
                            "cors_rule.0.max_age_seconds": "300",
                            "force_destroy": "true",
                            "hosted_zone_id": "Z3AQBSTGFYJSTF",
                            "id": "dev-www.artrunde.com",
                            "logging.#": "1",
                            "logging.3786270880.target_bucket": "dev-www.artrunde.com-logs-8a13f7d5f0bd2e59",
                            "logging.3786270880.target_prefix": "",
                            "policy": "{\"Statement\":[{\"Action\":\"s3:GetObject\",\"Effect\":\"Allow\",\"Principal\":\"*\",\"Resource\":\"arn:aws:s3:::dev-www.artrunde.com/*\",\"Sid\":\"PublicReadGetObject\"}],\"Version\":\"2012-10-17\"}",
                            "region": "us-east-1",
                            "request_payer": "BucketOwner",
                            "tags.%": "1",
                            "tags.env": "dev",
                            "versioning.#": "1",
                            "versioning.0.enabled": "false",
                            "versioning.0.mfa_delete": "false",
                            "website.#": "1",
                            "website.0.error_document": "error.html",
                            "website.0.index_document": "index.html",
                            "website.0.redirect_all_requests_to": "",
                            "website.0.routing_rules": "",
                            "website_domain": "s3-website-us-east-1.amazonaws.com",
                            "website_endpoint": "dev-www.artrunde.com.s3-website-us-east-1.amazonaws.com"
                        },
                        "meta": {},
                        "tainted": false
                    },
                    "deposed": [],
                    "provider": ""
                },
                "aws_s3_bucket.s3-website-log": {
                    "type": "aws_s3_bucket",
                    "depends_on": [
                        "random_id.log-suffix"
                    ],
                    "primary": {
                        "id": "dev-www.artrunde.com-logs-8a13f7d5f0bd2e59",
                        "attributes": {
                            "acceleration_status": "",
                            "acl": "log-delivery-write",
                            "arn": "arn:aws:s3:::dev-www.artrunde.com-logs-8a13f7d5f0bd2e59",
                            "bucket": "dev-www.artrunde.com-logs-8a13f7d5f0bd2e59",
                            "bucket_domain_name": "dev-www.artrunde.com-logs-8a13f7d5f0bd2e59.s3.amazonaws.com",
                            "force_destroy": "false",
                            "hosted_zone_id": "Z3AQBSTGFYJSTF",
                            "id": "dev-www.artrunde.com-logs-8a13f7d5f0bd2e59",
                            "region": "us-east-1",
                            "request_payer": "BucketOwner",
                            "tags.%": "1",
                            "tags.env": "dev",
                            "versioning.#": "1",
                            "versioning.0.enabled": "false",
                            "versioning.0.mfa_delete": "false",
                            "website.#": "0"
                        },
                        "meta": {},
                        "tainted": false
                    },
                    "deposed": [],
                    "provider": ""
                },
                "data.aws_route53_zone.root-domain": {
                    "type": "aws_route53_zone",
                    "depends_on": [],
                    "primary": {
                        "id": "Z1SF9WIPWYI9IH",
                        "attributes": {
                            "caller_reference": "52923508-F90B-0794-9770-78108F58D89A",
                            "comment": "Root domain",
                            "id": "Z1SF9WIPWYI9IH",
                            "name": "artrunde.com.",
                            "private_zone": "false",
                            "resource_record_set_count": "7",
                            "zone_id": "Z1SF9WIPWYI9IH"
                        },
                        "meta": {},
                        "tainted": false
                    },
                    "deposed": [],
                    "provider": ""
                },
                "random_id.log-suffix": {
                    "type": "random_id",
                    "depends_on": [],
                    "primary": {
                        "id": "ihP31fC9Llk",
                        "attributes": {
                            "b64": "ihP31fC9Llk",
                            "b64_std": "ihP31fC9Llk=",
                            "b64_url": "ihP31fC9Llk",
                            "byte_length": "8",
                            "dec": "9949568500030582361",
                            "hex": "8a13f7d5f0bd2e59",
                            "id": "ihP31fC9Llk"
                        },
                        "meta": {},
                        "tainted": false
                    },
                    "deposed": [],
                    "provider": ""
                }
            },
            "depends_on": []
        }
    ]
}
