{
    "version": 3,
    "terraform_version": "0.8.6",
    "serial": 0,
    "lineage": "d309904a-7b57-45e5-9606-fe005e292888",
    "modules": [
        {
            "path": [
                "root"
            ],
            "outputs": {
                "frontend_assets_bucket_id": {
                    "sensitive": false,
                    "type": "string",
                    "value": "dev-assets.artrunde.com"
                },
                "frontend_assets_s3_website_endpoint": {
                    "sensitive": false,
                    "type": "string",
                    "value": "dev-assets.artrunde.com.s3-website-us-east-1.amazonaws.com"
                },
                "frontend_html_bucket_id": {
                    "sensitive": false,
                    "type": "string",
                    "value": "dev-www.artrunde.com"
                },
                "frontend_html_s3_website_endpoint": {
                    "sensitive": false,
                    "type": "string",
                    "value": "dev-www.artrunde.com.s3-website-us-east-1.amazonaws.com"
                }
            },
            "resources": {},
            "depends_on": []
        },
        {
            "path": [
                "root",
                "frontend-assets"
            ],
            "outputs": {
                "s3_bucket_id": {
                    "sensitive": false,
                    "type": "string",
                    "value": "dev-assets.artrunde.com"
                },
                "s3_website_endpoint": {
                    "sensitive": false,
                    "type": "string",
                    "value": "dev-assets.artrunde.com.s3-website-us-east-1.amazonaws.com"
                }
            },
            "resources": {
                "aws_cloudfront_distribution.cdn_distribution": {
                    "type": "aws_cloudfront_distribution",
                    "depends_on": [
                        "aws_cloudfront_origin_access_identity.origin_identity",
                        "aws_cloudfront_origin_access_identity.origin_identity",
                        "aws_s3_bucket.s3-website"
                    ],
                    "primary": {
                        "id": "E22YNGTAZ83T7H",
                        "attributes": {
                            "active_trusted_signers.%": "2",
                            "active_trusted_signers.enabled": "false",
                            "active_trusted_signers.items.#": "0",
                            "aliases.#": "1",
                            "aliases.2752305154": "dev-assets.artrunde.com",
                            "arn": "arn:aws:cloudfront::401237329133:distribution/E22YNGTAZ83T7H",
                            "cache_behavior.#": "0",
                            "caller_reference": "2017-02-19T16:00:48.683565349+01:00",
                            "comment": "Cloudfront assets distribution",
                            "custom_error_response.#": "0",
                            "default_cache_behavior.#": "1",
                            "default_cache_behavior.967250822.allowed_methods.#": "3",
                            "default_cache_behavior.967250822.allowed_methods.0": "HEAD",
                            "default_cache_behavior.967250822.allowed_methods.1": "GET",
                            "default_cache_behavior.967250822.allowed_methods.2": "OPTIONS",
                            "default_cache_behavior.967250822.cached_methods.#": "2",
                            "default_cache_behavior.967250822.cached_methods.0": "HEAD",
                            "default_cache_behavior.967250822.cached_methods.1": "GET",
                            "default_cache_behavior.967250822.compress": "false",
                            "default_cache_behavior.967250822.default_ttl": "8640000",
                            "default_cache_behavior.967250822.forwarded_values.#": "1",
                            "default_cache_behavior.967250822.forwarded_values.2759845635.cookies.#": "1",
                            "default_cache_behavior.967250822.forwarded_values.2759845635.cookies.2625240281.forward": "none",
                            "default_cache_behavior.967250822.forwarded_values.2759845635.cookies.2625240281.whitelisted_names.#": "0",
                            "default_cache_behavior.967250822.forwarded_values.2759845635.headers.#": "0",
                            "default_cache_behavior.967250822.forwarded_values.2759845635.query_string": "false",
                            "default_cache_behavior.967250822.forwarded_values.2759845635.query_string_cache_keys.#": "0",
                            "default_cache_behavior.967250822.lambda_function_association.#": "0",
                            "default_cache_behavior.967250822.max_ttl": "8640000",
                            "default_cache_behavior.967250822.min_ttl": "86400",
                            "default_cache_behavior.967250822.smooth_streaming": "false",
                            "default_cache_behavior.967250822.target_origin_id": "E1X3T0I15EY1X0",
                            "default_cache_behavior.967250822.trusted_signers.#": "0",
                            "default_cache_behavior.967250822.viewer_protocol_policy": "allow-all",
                            "default_root_object": "index.html",
                            "domain_name": "dv26xxlktel7z.cloudfront.net",
                            "enabled": "true",
                            "etag": "E2OIT26OZC3QTP",
                            "hosted_zone_id": "Z2FDTNDATAQYW2",
                            "http_version": "http2",
                            "id": "E22YNGTAZ83T7H",
                            "in_progress_validation_batches": "0",
                            "is_ipv6_enabled": "true",
                            "last_modified_time": "2017-02-19 15:00:56.755 +0000 UTC",
                            "logging_config.#": "0",
                            "origin.#": "1",
                            "origin.3486780350.custom_header.#": "0",
                            "origin.3486780350.custom_origin_config.#": "0",
                            "origin.3486780350.domain_name": "dev-assets.artrunde.com.s3.amazonaws.com",
                            "origin.3486780350.origin_id": "E1X3T0I15EY1X0",
                            "origin.3486780350.origin_path": "",
                            "origin.3486780350.s3_origin_config.#": "1",
                            "origin.3486780350.s3_origin_config.3969849267.origin_access_identity": "origin-access-identity/cloudfront/E1X3T0I15EY1X0",
                            "price_class": "PriceClass_100",
                            "restrictions.#": "1",
                            "restrictions.1097372288.geo_restriction.#": "1",
                            "restrictions.1097372288.geo_restriction.2625240281.locations.#": "0",
                            "restrictions.1097372288.geo_restriction.2625240281.restriction_type": "none",
                            "retain_on_delete": "false",
                            "status": "InProgress",
                            "tags.%": "1",
                            "tags.env": "dev",
                            "viewer_certificate.#": "1",
                            "viewer_certificate.2205341285.acm_certificate_arn": "arn:aws:acm:us-east-1:401237329133:certificate/890f1dd0-214f-48ab-a600-0e49942fbde5",
                            "viewer_certificate.2205341285.cloudfront_default_certificate": "false",
                            "viewer_certificate.2205341285.iam_certificate_id": "",
                            "viewer_certificate.2205341285.minimum_protocol_version": "TLSv1",
                            "viewer_certificate.2205341285.ssl_support_method": "sni-only",
                            "web_acl_id": ""
                        },
                        "meta": {},
                        "tainted": false
                    },
                    "deposed": [],
                    "provider": ""
                },
                "aws_cloudfront_origin_access_identity.origin_identity": {
                    "type": "aws_cloudfront_origin_access_identity",
                    "depends_on": [],
                    "primary": {
                        "id": "E1X3T0I15EY1X0",
                        "attributes": {
                            "caller_reference": "2017-02-19T16:00:31.73838429+01:00",
                            "cloudfront_access_identity_path": "origin-access-identity/cloudfront/E1X3T0I15EY1X0",
                            "comment": "Origin identity",
                            "etag": "E2CQMDQAZM0EOP",
                            "iam_arn": "arn:aws:iam::cloudfront:user/CloudFront Origin Access Identity E1X3T0I15EY1X0",
                            "id": "E1X3T0I15EY1X0",
                            "s3_canonical_user_id": "9f302130cadf6bd80f7030ea8f549a45e0a1ab7115c8a0e7a683e401f115b0aae690828c44233893c7cfb6e5bb723132"
                        },
                        "meta": {},
                        "tainted": false
                    },
                    "deposed": [],
                    "provider": ""
                },
                "aws_route53_record.cdn_assets": {
                    "type": "aws_route53_record",
                    "depends_on": [
                        "aws_cloudfront_distribution.cdn_distribution",
                        "aws_cloudfront_distribution.cdn_distribution",
                        "data.aws_route53_zone.root-domain"
                    ],
                    "primary": {
                        "id": "Z1SF9WIPWYI9IH_dev-assets_A",
                        "attributes": {
                            "alias.#": "1",
                            "alias.3004946555.evaluate_target_health": "false",
                            "alias.3004946555.name": "dv26xxlktel7z.cloudfront.net",
                            "alias.3004946555.zone_id": "Z2FDTNDATAQYW2",
                            "fqdn": "dev-assets.artrunde.com",
                            "health_check_id": "",
                            "id": "Z1SF9WIPWYI9IH_dev-assets_A",
                            "name": "dev-assets",
                            "records.#": "0",
                            "set_identifier": "",
                            "ttl": "0",
                            "type": "A",
                            "zone_id": "Z1SF9WIPWYI9IH"
                        },
                        "meta": {
                            "schema_version": "2"
                        },
                        "tainted": false
                    },
                    "deposed": [],
                    "provider": ""
                },
                "aws_s3_bucket.s3-website": {
                    "type": "aws_s3_bucket",
                    "depends_on": [
                        "aws_s3_bucket.s3-website-log"
                    ],
                    "primary": {
                        "id": "dev-assets.artrunde.com",
                        "attributes": {
                            "acceleration_status": "",
                            "acl": "public-read",
                            "arn": "arn:aws:s3:::dev-assets.artrunde.com",
                            "bucket": "dev-assets.artrunde.com",
                            "bucket_domain_name": "dev-assets.artrunde.com.s3.amazonaws.com",
                            "cors_rule.#": "1",
                            "cors_rule.0.allowed_headers.#": "1",
                            "cors_rule.0.allowed_headers.0": "*",
                            "cors_rule.0.allowed_methods.#": "1",
                            "cors_rule.0.allowed_methods.0": "GET",
                            "cors_rule.0.allowed_origins.#": "1",
                            "cors_rule.0.allowed_origins.0": "*",
                            "cors_rule.0.expose_headers.#": "1",
                            "cors_rule.0.expose_headers.0": "ETag",
                            "cors_rule.0.max_age_seconds": "300",
                            "force_destroy": "true",
                            "hosted_zone_id": "Z3AQBSTGFYJSTF",
                            "id": "dev-assets.artrunde.com",
                            "logging.#": "1",
                            "logging.134386558.target_bucket": "dev-assets.artrunde.com-logs-328b1d0431d14f11",
                            "logging.134386558.target_prefix": "",
                            "policy": "{\"Statement\":[{\"Action\":\"s3:GetObject\",\"Effect\":\"Allow\",\"Principal\":\"*\",\"Resource\":\"arn:aws:s3:::dev-assets.artrunde.com/*\",\"Sid\":\"PublicReadGetObject\"}],\"Version\":\"2012-10-17\"}",
                            "region": "us-east-1",
                            "request_payer": "BucketOwner",
                            "tags.%": "1",
                            "tags.env": "dev",
                            "versioning.#": "1",
                            "versioning.0.enabled": "false",
                            "versioning.0.mfa_delete": "false",
                            "website.#": "1",
                            "website.0.error_document": "error.html",
                            "website.0.index_document": "index.html",
                            "website.0.redirect_all_requests_to": "",
                            "website.0.routing_rules": "",
                            "website_domain": "s3-website-us-east-1.amazonaws.com",
                            "website_endpoint": "dev-assets.artrunde.com.s3-website-us-east-1.amazonaws.com"
                        },
                        "meta": {},
                        "tainted": false
                    },
                    "deposed": [],
                    "provider": ""
                },
                "aws_s3_bucket.s3-website-log": {
                    "type": "aws_s3_bucket",
                    "depends_on": [
                        "random_id.log-suffix"
                    ],
                    "primary": {
                        "id": "dev-assets.artrunde.com-logs-328b1d0431d14f11",
                        "attributes": {
                            "acceleration_status": "",
                            "acl": "log-delivery-write",
                            "arn": "arn:aws:s3:::dev-assets.artrunde.com-logs-328b1d0431d14f11",
                            "bucket": "dev-assets.artrunde.com-logs-328b1d0431d14f11",
                            "bucket_domain_name": "dev-assets.artrunde.com-logs-328b1d0431d14f11.s3.amazonaws.com",
                            "force_destroy": "false",
                            "hosted_zone_id": "Z3AQBSTGFYJSTF",
                            "id": "dev-assets.artrunde.com-logs-328b1d0431d14f11",
                            "region": "us-east-1",
                            "request_payer": "BucketOwner",
                            "tags.%": "1",
                            "tags.env": "dev",
                            "versioning.#": "1",
                            "versioning.0.enabled": "false",
                            "versioning.0.mfa_delete": "false",
                            "website.#": "0"
                        },
                        "meta": {},
                        "tainted": false
                    },
                    "deposed": [],
                    "provider": ""
                },
                "data.aws_route53_zone.root-domain": {
                    "type": "aws_route53_zone",
                    "depends_on": [],
                    "primary": {
                        "id": "Z1SF9WIPWYI9IH",
                        "attributes": {
                            "caller_reference": "52923508-F90B-0794-9770-78108F58D89A",
                            "comment": "Root domain",
                            "id": "Z1SF9WIPWYI9IH",
                            "name": "artrunde.com.",
                            "private_zone": "false",
                            "resource_record_set_count": "7",
                            "zone_id": "Z1SF9WIPWYI9IH"
                        },
                        "meta": {},
                        "tainted": false
                    },
                    "deposed": [],
                    "provider": ""
                },
                "random_id.log-suffix": {
                    "type": "random_id",
                    "depends_on": [],
                    "primary": {
                        "id": "MosdBDHRTxE",
                        "attributes": {
                            "b64": "MosdBDHRTxE",
                            "b64_std": "MosdBDHRTxE=",
                            "b64_url": "MosdBDHRTxE",
                            "byte_length": "8",
                            "dec": "3642036627512053521",
                            "hex": "328b1d0431d14f11",
                            "id": "MosdBDHRTxE"
                        },
                        "meta": {},
                        "tainted": false
                    },
                    "deposed": [],
                    "provider": ""
                }
            },
            "depends_on": []
        },
        {
            "path": [
                "root",
                "frontend-html"
            ],
            "outputs": {
                "s3_bucket_id": {
                    "sensitive": false,
                    "type": "string",
                    "value": "dev-www.artrunde.com"
                },
                "s3_website_endpoint": {
                    "sensitive": false,
                    "type": "string",
                    "value": "dev-www.artrunde.com.s3-website-us-east-1.amazonaws.com"
                }
            },
            "resources": {
                "aws_cloudfront_distribution.cdn_distribution": {
                    "type": "aws_cloudfront_distribution",
                    "depends_on": [
                        "aws_cloudfront_origin_access_identity.origin_identity",
                        "aws_cloudfront_origin_access_identity.origin_identity",
                        "aws_s3_bucket.s3-website"
                    ],
                    "primary": {
                        "id": "E32G22HXYY3RHV",
                        "attributes": {
                            "active_trusted_signers.%": "2",
                            "active_trusted_signers.enabled": "false",
                            "active_trusted_signers.items.#": "0",
                            "aliases.#": "1",
                            "aliases.2870030672": "dev-www.artrunde.com",
                            "arn": "arn:aws:cloudfront::401237329133:distribution/E32G22HXYY3RHV",
                            "cache_behavior.#": "0",
                            "caller_reference": "2017-02-19T16:00:48.808619464+01:00",
                            "comment": "Cloudfront assets distribution",
                            "custom_error_response.#": "0",
                            "default_cache_behavior.#": "1",
                            "default_cache_behavior.2222212390.allowed_methods.#": "3",
                            "default_cache_behavior.2222212390.allowed_methods.0": "HEAD",
                            "default_cache_behavior.2222212390.allowed_methods.1": "GET",
                            "default_cache_behavior.2222212390.allowed_methods.2": "OPTIONS",
                            "default_cache_behavior.2222212390.cached_methods.#": "2",
                            "default_cache_behavior.2222212390.cached_methods.0": "HEAD",
                            "default_cache_behavior.2222212390.cached_methods.1": "GET",
                            "default_cache_behavior.2222212390.compress": "false",
                            "default_cache_behavior.2222212390.default_ttl": "60",
                            "default_cache_behavior.2222212390.forwarded_values.#": "1",
                            "default_cache_behavior.2222212390.forwarded_values.2759845635.cookies.#": "1",
                            "default_cache_behavior.2222212390.forwarded_values.2759845635.cookies.2625240281.forward": "none",
                            "default_cache_behavior.2222212390.forwarded_values.2759845635.cookies.2625240281.whitelisted_names.#": "0",
                            "default_cache_behavior.2222212390.forwarded_values.2759845635.headers.#": "0",
                            "default_cache_behavior.2222212390.forwarded_values.2759845635.query_string": "false",
                            "default_cache_behavior.2222212390.forwarded_values.2759845635.query_string_cache_keys.#": "0",
                            "default_cache_behavior.2222212390.lambda_function_association.#": "0",
                            "default_cache_behavior.2222212390.max_ttl": "300",
                            "default_cache_behavior.2222212390.min_ttl": "0",
                            "default_cache_behavior.2222212390.smooth_streaming": "false",
                            "default_cache_behavior.2222212390.target_origin_id": "E2NBPXCOXSOGWW",
                            "default_cache_behavior.2222212390.trusted_signers.#": "0",
                            "default_cache_behavior.2222212390.viewer_protocol_policy": "allow-all",
                            "default_root_object": "index.html",
                            "domain_name": "d7b6ag0vyj4po.cloudfront.net",
                            "enabled": "true",
                            "etag": "E1L1ZGJFJZ0IS7",
                            "hosted_zone_id": "Z2FDTNDATAQYW2",
                            "http_version": "http2",
                            "id": "E32G22HXYY3RHV",
                            "in_progress_validation_batches": "0",
                            "is_ipv6_enabled": "true",
                            "last_modified_time": "2017-02-19 15:00:56.888 +0000 UTC",
                            "logging_config.#": "0",
                            "origin.#": "1",
                            "origin.962060249.custom_header.#": "0",
                            "origin.962060249.custom_origin_config.#": "0",
                            "origin.962060249.domain_name": "dev-www.artrunde.com.s3.amazonaws.com",
                            "origin.962060249.origin_id": "E2NBPXCOXSOGWW",
                            "origin.962060249.origin_path": "",
                            "origin.962060249.s3_origin_config.#": "1",
                            "origin.962060249.s3_origin_config.3658765138.origin_access_identity": "origin-access-identity/cloudfront/E2NBPXCOXSOGWW",
                            "price_class": "PriceClass_100",
                            "restrictions.#": "1",
                            "restrictions.1097372288.geo_restriction.#": "1",
                            "restrictions.1097372288.geo_restriction.2625240281.locations.#": "0",
                            "restrictions.1097372288.geo_restriction.2625240281.restriction_type": "none",
                            "retain_on_delete": "false",
                            "status": "InProgress",
                            "tags.%": "1",
                            "tags.env": "dev",
                            "viewer_certificate.#": "1",
                            "viewer_certificate.2205341285.acm_certificate_arn": "arn:aws:acm:us-east-1:401237329133:certificate/890f1dd0-214f-48ab-a600-0e49942fbde5",
                            "viewer_certificate.2205341285.cloudfront_default_certificate": "false",
                            "viewer_certificate.2205341285.iam_certificate_id": "",
                            "viewer_certificate.2205341285.minimum_protocol_version": "TLSv1",
                            "viewer_certificate.2205341285.ssl_support_method": "sni-only",
                            "web_acl_id": ""
                        },
                        "meta": {},
                        "tainted": false
                    },
                    "deposed": [],
                    "provider": ""
                },
                "aws_cloudfront_origin_access_identity.origin_identity": {
                    "type": "aws_cloudfront_origin_access_identity",
                    "depends_on": [],
                    "primary": {
                        "id": "E2NBPXCOXSOGWW",
                        "attributes": {
                            "caller_reference": "2017-02-19T16:00:30.788159239+01:00",
                            "cloudfront_access_identity_path": "origin-access-identity/cloudfront/E2NBPXCOXSOGWW",
                            "comment": "Origin identity",
                            "etag": "E16ZFTAMAWCZHB",
                            "iam_arn": "arn:aws:iam::cloudfront:user/CloudFront Origin Access Identity E2NBPXCOXSOGWW",
                            "id": "E2NBPXCOXSOGWW",
                            "s3_canonical_user_id": "20f3d575e3cd70e28586aa61e79df2d38d8da281dee3abb1859231d1cb3edff952f4651ad5b1aaea780d785cdc8adbbc"
                        },
                        "meta": {},
                        "tainted": false
                    },
                    "deposed": [],
                    "provider": ""
                },
                "aws_route53_record.cdn_assets": {
                    "type": "aws_route53_record",
                    "depends_on": [
                        "aws_cloudfront_distribution.cdn_distribution",
                        "aws_cloudfront_distribution.cdn_distribution",
                        "data.aws_route53_zone.root-domain"
                    ],
                    "primary": {
                        "id": "Z1SF9WIPWYI9IH_dev-www_A",
                        "attributes": {
                            "alias.#": "1",
                            "alias.2557988698.evaluate_target_health": "false",
                            "alias.2557988698.name": "d7b6ag0vyj4po.cloudfront.net",
                            "alias.2557988698.zone_id": "Z2FDTNDATAQYW2",
                            "fqdn": "dev-www.artrunde.com",
                            "health_check_id": "",
                            "id": "Z1SF9WIPWYI9IH_dev-www_A",
                            "name": "dev-www",
                            "records.#": "0",
                            "set_identifier": "",
                            "ttl": "0",
                            "type": "A",
                            "zone_id": "Z1SF9WIPWYI9IH"
                        },
                        "meta": {
                            "schema_version": "2"
                        },
                        "tainted": false
                    },
                    "deposed": [],
                    "provider": ""
                },
                "aws_s3_bucket.s3-website": {
                    "type": "aws_s3_bucket",
                    "depends_on": [
                        "aws_s3_bucket.s3-website-log"
                    ],
                    "primary": {
                        "id": "dev-www.artrunde.com",
                        "attributes": {
                            "acceleration_status": "",
                            "acl": "public-read",
                            "arn": "arn:aws:s3:::dev-www.artrunde.com",
                            "bucket": "dev-www.artrunde.com",
                            "bucket_domain_name": "dev-www.artrunde.com.s3.amazonaws.com",
                            "cors_rule.#": "1",
                            "cors_rule.0.allowed_headers.#": "1",
                            "cors_rule.0.allowed_headers.0": "*",
                            "cors_rule.0.allowed_methods.#": "1",
                            "cors_rule.0.allowed_methods.0": "GET",
                            "cors_rule.0.allowed_origins.#": "1",
                            "cors_rule.0.allowed_origins.0": "*",
                            "cors_rule.0.expose_headers.#": "1",
                            "cors_rule.0.expose_headers.0": "ETag",
                            "cors_rule.0.max_age_seconds": "300",
                            "force_destroy": "true",
                            "hosted_zone_id": "Z3AQBSTGFYJSTF",
                            "id": "dev-www.artrunde.com",
                            "logging.#": "1",
                            "logging.147694728.target_bucket": "dev-www.artrunde.com-logs-505b33912b12af2a",
                            "logging.147694728.target_prefix": "",
                            "policy": "{\"Statement\":[{\"Action\":\"s3:GetObject\",\"Effect\":\"Allow\",\"Principal\":\"*\",\"Resource\":\"arn:aws:s3:::dev-www.artrunde.com/*\",\"Sid\":\"PublicReadGetObject\"}],\"Version\":\"2012-10-17\"}",
                            "region": "us-east-1",
                            "request_payer": "BucketOwner",
                            "tags.%": "1",
                            "tags.env": "dev",
                            "versioning.#": "1",
                            "versioning.0.enabled": "false",
                            "versioning.0.mfa_delete": "false",
                            "website.#": "1",
                            "website.0.error_document": "error.html",
                            "website.0.index_document": "index.html",
                            "website.0.redirect_all_requests_to": "",
                            "website.0.routing_rules": "",
                            "website_domain": "s3-website-us-east-1.amazonaws.com",
                            "website_endpoint": "dev-www.artrunde.com.s3-website-us-east-1.amazonaws.com"
                        },
                        "meta": {},
                        "tainted": false
                    },
                    "deposed": [],
                    "provider": ""
                },
                "aws_s3_bucket.s3-website-log": {
                    "type": "aws_s3_bucket",
                    "depends_on": [
                        "random_id.log-suffix"
                    ],
                    "primary": {
                        "id": "dev-www.artrunde.com-logs-505b33912b12af2a",
                        "attributes": {
                            "acceleration_status": "",
                            "acl": "log-delivery-write",
                            "arn": "arn:aws:s3:::dev-www.artrunde.com-logs-505b33912b12af2a",
                            "bucket": "dev-www.artrunde.com-logs-505b33912b12af2a",
                            "bucket_domain_name": "dev-www.artrunde.com-logs-505b33912b12af2a.s3.amazonaws.com",
                            "force_destroy": "false",
                            "hosted_zone_id": "Z3AQBSTGFYJSTF",
                            "id": "dev-www.artrunde.com-logs-505b33912b12af2a",
                            "region": "us-east-1",
                            "request_payer": "BucketOwner",
                            "tags.%": "1",
                            "tags.env": "dev",
                            "versioning.#": "1",
                            "versioning.0.enabled": "false",
                            "versioning.0.mfa_delete": "false",
                            "website.#": "0"
                        },
                        "meta": {},
                        "tainted": false
                    },
                    "deposed": [],
                    "provider": ""
                },
                "data.aws_route53_zone.root-domain": {
                    "type": "aws_route53_zone",
                    "depends_on": [],
                    "primary": {
                        "id": "Z1SF9WIPWYI9IH",
                        "attributes": {
                            "caller_reference": "52923508-F90B-0794-9770-78108F58D89A",
                            "comment": "Root domain",
                            "id": "Z1SF9WIPWYI9IH",
                            "name": "artrunde.com.",
                            "private_zone": "false",
                            "resource_record_set_count": "7",
                            "zone_id": "Z1SF9WIPWYI9IH"
                        },
                        "meta": {},
                        "tainted": false
                    },
                    "deposed": [],
                    "provider": ""
                },
                "random_id.log-suffix": {
                    "type": "random_id",
                    "depends_on": [],
                    "primary": {
                        "id": "UFszkSsSryo",
                        "attributes": {
                            "b64": "UFszkSsSryo",
                            "b64_std": "UFszkSsSryo=",
                            "b64_url": "UFszkSsSryo",
                            "byte_length": "8",
                            "dec": "5790278444500823850",
                            "hex": "505b33912b12af2a",
                            "id": "UFszkSsSryo"
                        },
                        "meta": {},
                        "tainted": false
                    },
                    "deposed": [],
                    "provider": ""
                }
            },
            "depends_on": []
        }
    ]
}
