{
    "version": 3,
    "terraform_version": "0.8.6",
    "serial": 0,
    "lineage": "368a2604-885b-450d-97ba-35e119965cd1",
    "modules": [
        {
            "path": [
                "root"
            ],
            "outputs": {
                "frontend_assets_bucket_id": {
                    "sensitive": false,
                    "type": "string",
                    "value": "dev-assets.artrunde.com"
                },
                "frontend_assets_s3_website_endpoint": {
                    "sensitive": false,
                    "type": "string",
                    "value": "dev-assets.artrunde.com.s3-website-us-east-1.amazonaws.com"
                },
                "frontend_html_bucket_id": {
                    "sensitive": false,
                    "type": "string",
                    "value": "dev-www.artrunde.com"
                },
                "frontend_html_s3_website_endpoint": {
                    "sensitive": false,
                    "type": "string",
                    "value": "dev-www.artrunde.com.s3-website-us-east-1.amazonaws.com"
                }
            },
            "resources": {
                "aws_iam_access_key.circleci-frontend-key": {
                    "type": "aws_iam_access_key",
                    "depends_on": [
                        "aws_iam_user.circleci-frontend-user"
                    ],
                    "primary": {
                        "id": "AKIAJPCIRY53L2OHHMCA",
                        "attributes": {
                            "id": "AKIAJPCIRY53L2OHHMCA",
                            "secret": "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",
                            "ses_smtp_password": "Ap6xzNbazsQg7bq0kr2YNM2a9IAcYgrE3sJqYd45pkSL",
                            "status": "Active",
                            "user": "circleci-frontend"
                        },
                        "meta": {},
                        "tainted": false
                    },
                    "deposed": [],
                    "provider": ""
                },
                "aws_iam_user.circleci-frontend-user": {
                    "type": "aws_iam_user",
                    "depends_on": [],
                    "primary": {
                        "id": "circleci-frontend",
                        "attributes": {
                            "arn": "arn:aws:iam::401237329133:user/circleci-frontend",
                            "force_destroy": "false",
                            "id": "circleci-frontend",
                            "name": "circleci-frontend",
                            "path": "/",
                            "unique_id": "AIDAI4TSZPPC4GZBI63QE"
                        },
                        "meta": {},
                        "tainted": false
                    },
                    "deposed": [],
                    "provider": ""
                }
            },
            "depends_on": []
        },
        {
            "path": [
                "root",
                "frontend-assets"
            ],
            "outputs": {
                "s3_bucket_id": {
                    "sensitive": false,
                    "type": "string",
                    "value": "dev-assets.artrunde.com"
                },
                "s3_website_endpoint": {
                    "sensitive": false,
                    "type": "string",
                    "value": "dev-assets.artrunde.com.s3-website-us-east-1.amazonaws.com"
                }
            },
            "resources": {
                "aws_route53_record.s3-website-dns-record": {
                    "type": "aws_route53_record",
                    "depends_on": [
                        "aws_s3_bucket.s3-website",
                        "aws_s3_bucket.s3-website",
                        "data.aws_route53_zone.root-domain"
                    ],
                    "primary": {
                        "id": "Z1SF9WIPWYI9IH_dev-assets_A",
                        "attributes": {
                            "alias.#": "1",
                            "alias.3804557109.evaluate_target_health": "true",
                            "alias.3804557109.name": "s3-website-us-east-1.amazonaws.com",
                            "alias.3804557109.zone_id": "Z3AQBSTGFYJSTF",
                            "fqdn": "dev-assets.artrunde.com",
                            "health_check_id": "",
                            "id": "Z1SF9WIPWYI9IH_dev-assets_A",
                            "name": "dev-assets",
                            "records.#": "0",
                            "set_identifier": "",
                            "ttl": "0",
                            "type": "A",
                            "zone_id": "Z1SF9WIPWYI9IH"
                        },
                        "meta": {
                            "schema_version": "2"
                        },
                        "tainted": false
                    },
                    "deposed": [],
                    "provider": ""
                },
                "aws_s3_bucket.s3-website": {
                    "type": "aws_s3_bucket",
                    "depends_on": [
                        "aws_s3_bucket.s3-website-log"
                    ],
                    "primary": {
                        "id": "dev-assets.artrunde.com",
                        "attributes": {
                            "acceleration_status": "",
                            "acl": "public-read",
                            "arn": "arn:aws:s3:::dev-assets.artrunde.com",
                            "bucket": "dev-assets.artrunde.com",
                            "bucket_domain_name": "dev-assets.artrunde.com.s3.amazonaws.com",
                            "cors_rule.#": "1",
                            "cors_rule.0.allowed_headers.#": "1",
                            "cors_rule.0.allowed_headers.0": "*",
                            "cors_rule.0.allowed_methods.#": "1",
                            "cors_rule.0.allowed_methods.0": "GET",
                            "cors_rule.0.allowed_origins.#": "1",
                            "cors_rule.0.allowed_origins.0": "*",
                            "cors_rule.0.expose_headers.#": "1",
                            "cors_rule.0.expose_headers.0": "ETag",
                            "cors_rule.0.max_age_seconds": "300",
                            "force_destroy": "true",
                            "hosted_zone_id": "Z3AQBSTGFYJSTF",
                            "id": "dev-assets.artrunde.com",
                            "logging.#": "1",
                            "logging.561945487.target_bucket": "dev-assets.artrunde.com-logs-fe94eb4ae747ce12",
                            "logging.561945487.target_prefix": "",
                            "policy": "{\"Statement\":[{\"Action\":\"s3:GetObject\",\"Effect\":\"Allow\",\"Principal\":\"*\",\"Resource\":\"arn:aws:s3:::dev-assets.artrunde.com/*\",\"Sid\":\"PublicReadGetObject\"}],\"Version\":\"2012-10-17\"}",
                            "region": "us-east-1",
                            "request_payer": "BucketOwner",
                            "tags.%": "1",
                            "tags.env": "dev",
                            "versioning.#": "1",
                            "versioning.0.enabled": "false",
                            "versioning.0.mfa_delete": "false",
                            "website.#": "1",
                            "website.0.error_document": "error.html",
                            "website.0.index_document": "index.html",
                            "website.0.redirect_all_requests_to": "",
                            "website.0.routing_rules": "",
                            "website_domain": "s3-website-us-east-1.amazonaws.com",
                            "website_endpoint": "dev-assets.artrunde.com.s3-website-us-east-1.amazonaws.com"
                        },
                        "meta": {},
                        "tainted": false
                    },
                    "deposed": [],
                    "provider": ""
                },
                "aws_s3_bucket.s3-website-log": {
                    "type": "aws_s3_bucket",
                    "depends_on": [
                        "random_id.log-suffix"
                    ],
                    "primary": {
                        "id": "dev-assets.artrunde.com-logs-fe94eb4ae747ce12",
                        "attributes": {
                            "acceleration_status": "",
                            "acl": "log-delivery-write",
                            "arn": "arn:aws:s3:::dev-assets.artrunde.com-logs-fe94eb4ae747ce12",
                            "bucket": "dev-assets.artrunde.com-logs-fe94eb4ae747ce12",
                            "bucket_domain_name": "dev-assets.artrunde.com-logs-fe94eb4ae747ce12.s3.amazonaws.com",
                            "force_destroy": "false",
                            "hosted_zone_id": "Z3AQBSTGFYJSTF",
                            "id": "dev-assets.artrunde.com-logs-fe94eb4ae747ce12",
                            "region": "us-east-1",
                            "request_payer": "BucketOwner",
                            "tags.%": "1",
                            "tags.env": "dev",
                            "versioning.#": "1",
                            "versioning.0.enabled": "false",
                            "versioning.0.mfa_delete": "false",
                            "website.#": "0"
                        },
                        "meta": {},
                        "tainted": false
                    },
                    "deposed": [],
                    "provider": ""
                },
                "data.aws_route53_zone.root-domain": {
                    "type": "aws_route53_zone",
                    "depends_on": [],
                    "primary": {
                        "id": "Z1SF9WIPWYI9IH",
                        "attributes": {
                            "caller_reference": "52923508-F90B-0794-9770-78108F58D89A",
                            "comment": "Root domain",
                            "id": "Z1SF9WIPWYI9IH",
                            "name": "artrunde.com.",
                            "private_zone": "false",
                            "resource_record_set_count": "7",
                            "zone_id": "Z1SF9WIPWYI9IH"
                        },
                        "meta": {},
                        "tainted": false
                    },
                    "deposed": [],
                    "provider": ""
                },
                "random_id.log-suffix": {
                    "type": "random_id",
                    "depends_on": [],
                    "primary": {
                        "id": "_pTrSudHzhI",
                        "attributes": {
                            "b64": "_pTrSudHzhI",
                            "b64_std": "/pTrSudHzhI=",
                            "b64_url": "_pTrSudHzhI",
                            "byte_length": "8",
                            "dec": "18344545889127222802",
                            "hex": "fe94eb4ae747ce12",
                            "id": "_pTrSudHzhI"
                        },
                        "meta": {},
                        "tainted": false
                    },
                    "deposed": [],
                    "provider": ""
                }
            },
            "depends_on": []
        },
        {
            "path": [
                "root",
                "frontend-html"
            ],
            "outputs": {
                "s3_bucket_id": {
                    "sensitive": false,
                    "type": "string",
                    "value": "dev-www.artrunde.com"
                },
                "s3_website_endpoint": {
                    "sensitive": false,
                    "type": "string",
                    "value": "dev-www.artrunde.com.s3-website-us-east-1.amazonaws.com"
                }
            },
            "resources": {
                "aws_route53_record.s3-website-dns-record": {
                    "type": "aws_route53_record",
                    "depends_on": [
                        "aws_s3_bucket.s3-website",
                        "aws_s3_bucket.s3-website",
                        "data.aws_route53_zone.root-domain"
                    ],
                    "primary": {
                        "id": "Z1SF9WIPWYI9IH_dev-www_A",
                        "attributes": {
                            "alias.#": "1",
                            "alias.3804557109.evaluate_target_health": "true",
                            "alias.3804557109.name": "s3-website-us-east-1.amazonaws.com",
                            "alias.3804557109.zone_id": "Z3AQBSTGFYJSTF",
                            "fqdn": "dev-www.artrunde.com",
                            "health_check_id": "",
                            "id": "Z1SF9WIPWYI9IH_dev-www_A",
                            "name": "dev-www",
                            "records.#": "0",
                            "set_identifier": "",
                            "ttl": "0",
                            "type": "A",
                            "zone_id": "Z1SF9WIPWYI9IH"
                        },
                        "meta": {
                            "schema_version": "2"
                        },
                        "tainted": false
                    },
                    "deposed": [],
                    "provider": ""
                },
                "aws_s3_bucket.s3-website": {
                    "type": "aws_s3_bucket",
                    "depends_on": [
                        "aws_s3_bucket.s3-website-log"
                    ],
                    "primary": {
                        "id": "dev-www.artrunde.com",
                        "attributes": {
                            "acceleration_status": "",
                            "acl": "public-read",
                            "arn": "arn:aws:s3:::dev-www.artrunde.com",
                            "bucket": "dev-www.artrunde.com",
                            "bucket_domain_name": "dev-www.artrunde.com.s3.amazonaws.com",
                            "cors_rule.#": "1",
                            "cors_rule.0.allowed_headers.#": "1",
                            "cors_rule.0.allowed_headers.0": "*",
                            "cors_rule.0.allowed_methods.#": "1",
                            "cors_rule.0.allowed_methods.0": "GET",
                            "cors_rule.0.allowed_origins.#": "1",
                            "cors_rule.0.allowed_origins.0": "*",
                            "cors_rule.0.expose_headers.#": "1",
                            "cors_rule.0.expose_headers.0": "ETag",
                            "cors_rule.0.max_age_seconds": "300",
                            "force_destroy": "true",
                            "hosted_zone_id": "Z3AQBSTGFYJSTF",
                            "id": "dev-www.artrunde.com",
                            "logging.#": "1",
                            "logging.1758357353.target_bucket": "dev-www.artrunde.com-logs-a3e9006a9ad33c88",
                            "logging.1758357353.target_prefix": "",
                            "policy": "{\"Statement\":[{\"Action\":\"s3:GetObject\",\"Effect\":\"Allow\",\"Principal\":\"*\",\"Resource\":\"arn:aws:s3:::dev-www.artrunde.com/*\",\"Sid\":\"PublicReadGetObject\"}],\"Version\":\"2012-10-17\"}",
                            "region": "us-east-1",
                            "request_payer": "BucketOwner",
                            "tags.%": "1",
                            "tags.env": "dev",
                            "versioning.#": "1",
                            "versioning.0.enabled": "false",
                            "versioning.0.mfa_delete": "false",
                            "website.#": "1",
                            "website.0.error_document": "error.html",
                            "website.0.index_document": "index.html",
                            "website.0.redirect_all_requests_to": "",
                            "website.0.routing_rules": "",
                            "website_domain": "s3-website-us-east-1.amazonaws.com",
                            "website_endpoint": "dev-www.artrunde.com.s3-website-us-east-1.amazonaws.com"
                        },
                        "meta": {},
                        "tainted": false
                    },
                    "deposed": [],
                    "provider": ""
                },
                "aws_s3_bucket.s3-website-log": {
                    "type": "aws_s3_bucket",
                    "depends_on": [
                        "random_id.log-suffix"
                    ],
                    "primary": {
                        "id": "dev-www.artrunde.com-logs-a3e9006a9ad33c88",
                        "attributes": {
                            "acceleration_status": "",
                            "acl": "log-delivery-write",
                            "arn": "arn:aws:s3:::dev-www.artrunde.com-logs-a3e9006a9ad33c88",
                            "bucket": "dev-www.artrunde.com-logs-a3e9006a9ad33c88",
                            "bucket_domain_name": "dev-www.artrunde.com-logs-a3e9006a9ad33c88.s3.amazonaws.com",
                            "force_destroy": "false",
                            "hosted_zone_id": "Z3AQBSTGFYJSTF",
                            "id": "dev-www.artrunde.com-logs-a3e9006a9ad33c88",
                            "region": "us-east-1",
                            "request_payer": "BucketOwner",
                            "tags.%": "1",
                            "tags.env": "dev",
                            "versioning.#": "1",
                            "versioning.0.enabled": "false",
                            "versioning.0.mfa_delete": "false",
                            "website.#": "0"
                        },
                        "meta": {},
                        "tainted": false
                    },
                    "deposed": [],
                    "provider": ""
                },
                "data.aws_route53_zone.root-domain": {
                    "type": "aws_route53_zone",
                    "depends_on": [],
                    "primary": {
                        "id": "Z1SF9WIPWYI9IH",
                        "attributes": {
                            "caller_reference": "52923508-F90B-0794-9770-78108F58D89A",
                            "comment": "Root domain",
                            "id": "Z1SF9WIPWYI9IH",
                            "name": "artrunde.com.",
                            "private_zone": "false",
                            "resource_record_set_count": "7",
                            "zone_id": "Z1SF9WIPWYI9IH"
                        },
                        "meta": {},
                        "tainted": false
                    },
                    "deposed": [],
                    "provider": ""
                },
                "random_id.log-suffix": {
                    "type": "random_id",
                    "depends_on": [],
                    "primary": {
                        "id": "o-kAaprTPIg",
                        "attributes": {
                            "b64": "o-kAaprTPIg",
                            "b64_std": "o+kAaprTPIg=",
                            "b64_url": "o-kAaprTPIg",
                            "byte_length": "8",
                            "dec": "11810971955619904648",
                            "hex": "a3e9006a9ad33c88",
                            "id": "o-kAaprTPIg"
                        },
                        "meta": {},
                        "tainted": false
                    },
                    "deposed": [],
                    "provider": ""
                }
            },
            "depends_on": []
        }
    ]
}
